{
  "name": "stratus-red-team-infostealer",
  "version": "1.0.0",
  "lockfileVersion": 3,
  "requires": true,
  "packages": {
    "": {
      "name": "stratus-red-team-infostealer",
      "version": "1.0.0",
      "dependencies": {
        "malicious-package": "file:./malicious-package"
      }
    },
    "malicious-package": {
      "version": "1.0.0",
      "hasInstallScript": true,
      "dependencies": {
        "semver": "^7.6.0"
      }
    },
    "node_modules/malicious-package": {
      "resolved": "malicious-package",
      "link": true
    },
    "node_modules/semver": {
      "version": "7.7.3",
      "resolved": "https://registry.npmjs.org/semver/-/semver-7.7.3.tgz",
      "integrity": "sha512-SdsKMrI9TdgjdweUSR9MweHA4EJ8YxHn8DFaDisvhVlUOe4BF1tLD7GAj0lIqWVl+dPb/rExr0Btby5loQm20Q==",
      "bin": {
        "semver": "bin/semver.js"
      },
      "engines": {
        "node": ">=10"
      }
    }
  }
}
