{
  "version": 4,
  "terraform_version": "1.12.2",
  "serial": 943,
  "lineage": "c26e796d-1323-14a8-e774-77e107c3a6ed",
  "outputs": {
    "container_names": {
      "value": [
        "container-1",
        "container-2",
        "container-3",
        "container-4",
        "container-5"
      ],
      "type": [
        "tuple",
        [
          "string",
          "string",
          "string",
          "string",
          "string"
        ]
      ]
    },
    "display": {
      "value": "Storage account stratusrtrx7agq containing 51 blobs across 5 containers ready",
      "type": "string"
    },
    "resource_group_name": {
      "value": "stratus-red-team-storage-deletion-rg-rx7agq",
      "type": "string"
    },
    "storage_account_name": {
      "value": "stratusrtrx7agq",
      "type": "string"
    }
  },
  "resources": [
    {
      "mode": "managed",
      "type": "azurerm_resource_group",
      "name": "rg",
      "provider": "provider[\"registry.terraform.io/hashicorp/azurerm\"]",
      "instances": [
        {
          "schema_version": 0,
          "attributes": {
            "id": "/subscriptions/fa3f98d4-2d5c-44ae-950f-ecbb74b5fab6/resourceGroups/stratus-red-team-storage-deletion-rg-rx7agq",
            "location": "westus",
            "managed_by": "",
            "name": "stratus-red-team-storage-deletion-rg-rx7agq",
            "tags": null,
            "timeouts": null
          },
          "sensitive_attributes": [],
          "identity_schema_version": 0,
          "identity": {
            "name": "stratus-red-team-storage-deletion-rg-rx7agq",
            "subscription_id": "fa3f98d4-2d5c-44ae-950f-ecbb74b5fab6"
          },
          "private": "eyJlMmJmYjczMC1lY2FhLTExZTYtOGY4OC0zNDM2M2JjN2M0YzAiOnsiY3JlYXRlIjo1NDAwMDAwMDAwMDAwLCJkZWxldGUiOjU0MDAwMDAwMDAwMDAsInJlYWQiOjMwMDAwMDAwMDAwMCwidXBkYXRlIjo1NDAwMDAwMDAwMDAwfX0=",
          "dependencies": [
            "random_string.suffix"
          ]
        }
      ]
    },
    {
      "mode": "managed",
      "type": "azurerm_storage_account",
      "name": "storage",
      "provider": "provider[\"registry.terraform.io/hashicorp/azurerm\"]",
      "instances": [
        {
          "schema_version": 4,
          "attributes": {
            "access_tier": "Hot",
            "account_kind": "StorageV2",
            "account_replication_type": "LRS",
            "account_tier": "Standard",
            "allow_nested_items_to_be_public": true,
            "allowed_copy_scope": "",
            "azure_files_authentication": [],
            "blob_properties": [
              {
                "change_feed_enabled": false,
                "change_feed_retention_in_days": 0,
                "container_delete_retention_policy": [],
                "cors_rule": [],
                "default_service_version": "",
                "delete_retention_policy": [],
                "last_access_time_enabled": false,
                "restore_policy": [],
                "versioning_enabled": true
              }
            ],
            "cross_tenant_replication_enabled": false,
            "custom_domain": [],
            "customer_managed_key": [],
            "default_to_oauth_authentication": false,
            "dns_endpoint_type": "Standard",
            "edge_zone": "",
            "https_traffic_only_enabled": true,
            "id": "/subscriptions/fa3f98d4-2d5c-44ae-950f-ecbb74b5fab6/resourceGroups/stratus-red-team-storage-deletion-rg-rx7agq/providers/Microsoft.Storage/storageAccounts/stratusrtrx7agq",
            "identity": [],
            "immutability_policy": [],
            "infrastructure_encryption_enabled": false,
            "is_hns_enabled": false,
            "large_file_share_enabled": false,
            "local_user_enabled": true,
            "location": "westus",
            "min_tls_version": "TLS1_2",
            "name": "stratusrtrx7agq",
            "network_rules": [],
            "nfsv3_enabled": false,
            "primary_access_key": "ksQUyn1tgQjZQDRT9DsSOg1xueYz6uaK8WmkwjNB3V437zvsSGrtv/M+qIlBGCP1AaxgDkMAOE+P+AStddI7gQ==",
            "primary_blob_connection_string": "DefaultEndpointsProtocol=https;BlobEndpoint=https://stratusrtrx7agq.blob.core.windows.net/;AccountName=stratusrtrx7agq;AccountKey=ksQUyn1tgQjZQDRT9DsSOg1xueYz6uaK8WmkwjNB3V437zvsSGrtv/M+qIlBGCP1AaxgDkMAOE+P+AStddI7gQ==",
            "primary_blob_endpoint": "https://stratusrtrx7agq.blob.core.windows.net/",
            "primary_blob_host": "stratusrtrx7agq.blob.core.windows.net",
            "primary_blob_internet_endpoint": "",
            "primary_blob_internet_host": "",
            "primary_blob_microsoft_endpoint": "",
            "primary_blob_microsoft_host": "",
            "primary_connection_string": "DefaultEndpointsProtocol=https;AccountName=stratusrtrx7agq;AccountKey=ksQUyn1tgQjZQDRT9DsSOg1xueYz6uaK8WmkwjNB3V437zvsSGrtv/M+qIlBGCP1AaxgDkMAOE+P+AStddI7gQ==;EndpointSuffix=core.windows.net",
            "primary_dfs_endpoint": "https://stratusrtrx7agq.dfs.core.windows.net/",
            "primary_dfs_host": "stratusrtrx7agq.dfs.core.windows.net",
            "primary_dfs_internet_endpoint": "",
            "primary_dfs_internet_host": "",
            "primary_dfs_microsoft_endpoint": "",
            "primary_dfs_microsoft_host": "",
            "primary_file_endpoint": "https://stratusrtrx7agq.file.core.windows.net/",
            "primary_file_host": "stratusrtrx7agq.file.core.windows.net",
            "primary_file_internet_endpoint": "",
            "primary_file_internet_host": "",
            "primary_file_microsoft_endpoint": "",
            "primary_file_microsoft_host": "",
            "primary_location": "westus",
            "primary_queue_endpoint": "https://stratusrtrx7agq.queue.core.windows.net/",
            "primary_queue_host": "stratusrtrx7agq.queue.core.windows.net",
            "primary_queue_microsoft_endpoint": "",
            "primary_queue_microsoft_host": "",
            "primary_table_endpoint": "https://stratusrtrx7agq.table.core.windows.net/",
            "primary_table_host": "stratusrtrx7agq.table.core.windows.net",
            "primary_table_microsoft_endpoint": "",
            "primary_table_microsoft_host": "",
            "primary_web_endpoint": "https://stratusrtrx7agq.z22.web.core.windows.net/",
            "primary_web_host": "stratusrtrx7agq.z22.web.core.windows.net",
            "primary_web_internet_endpoint": "",
            "primary_web_internet_host": "",
            "primary_web_microsoft_endpoint": "",
            "primary_web_microsoft_host": "",
            "provisioned_billing_model_version": "",
            "public_network_access_enabled": true,
            "queue_encryption_key_type": "Service",
            "queue_properties": [
              {
                "cors_rule": [],
                "hour_metrics": [
                  {
                    "enabled": false,
                    "include_apis": false,
                    "retention_policy_days": 0,
                    "version": "1.0"
                  }
                ],
                "logging": [
                  {
                    "delete": false,
                    "read": false,
                    "retention_policy_days": 0,
                    "version": "1.0",
                    "write": false
                  }
                ],
                "minute_metrics": [
                  {
                    "enabled": false,
                    "include_apis": false,
                    "retention_policy_days": 0,
                    "version": "1.0"
                  }
                ]
              }
            ],
            "resource_group_name": "stratus-red-team-storage-deletion-rg-rx7agq",
            "routing": [],
            "sas_policy": [],
            "secondary_access_key": "Effa1/Acc0T0zl/m36rv3zdoK9vr4MgJwctWda+dcKEtdmtj9ZhEk1y8O9V4nWe+CnW9qK9NqO8u+ASt3b53xg==",
            "secondary_blob_connection_string": "",
            "secondary_blob_endpoint": "",
            "secondary_blob_host": "",
            "secondary_blob_internet_endpoint": "",
            "secondary_blob_internet_host": "",
            "secondary_blob_microsoft_endpoint": "",
            "secondary_blob_microsoft_host": "",
            "secondary_connection_string": "DefaultEndpointsProtocol=https;AccountName=stratusrtrx7agq;AccountKey=Effa1/Acc0T0zl/m36rv3zdoK9vr4MgJwctWda+dcKEtdmtj9ZhEk1y8O9V4nWe+CnW9qK9NqO8u+ASt3b53xg==;EndpointSuffix=core.windows.net",
            "secondary_dfs_endpoint": "",
            "secondary_dfs_host": "",
            "secondary_dfs_internet_endpoint": "",
            "secondary_dfs_internet_host": "",
            "secondary_dfs_microsoft_endpoint": "",
            "secondary_dfs_microsoft_host": "",
            "secondary_file_endpoint": "",
            "secondary_file_host": "",
            "secondary_file_internet_endpoint": "",
            "secondary_file_internet_host": "",
            "secondary_file_microsoft_endpoint": "",
            "secondary_file_microsoft_host": "",
            "secondary_location": "",
            "secondary_queue_endpoint": "",
            "secondary_queue_host": "",
            "secondary_queue_microsoft_endpoint": "",
            "secondary_queue_microsoft_host": "",
            "secondary_table_endpoint": "",
            "secondary_table_host": "",
            "secondary_table_microsoft_endpoint": "",
            "secondary_table_microsoft_host": "",
            "secondary_web_endpoint": "",
            "secondary_web_host": "",
            "secondary_web_internet_endpoint": "",
            "secondary_web_internet_host": "",
            "secondary_web_microsoft_endpoint": "",
            "secondary_web_microsoft_host": "",
            "sftp_enabled": false,
            "share_properties": [
              {
                "cors_rule": [],
                "retention_policy": [
                  {
                    "days": 7
                  }
                ],
                "smb": []
              }
            ],
            "shared_access_key_enabled": true,
            "static_website": [],
            "table_encryption_key_type": "Service",
            "tags": null,
            "timeouts": null
          },
          "sensitive_attributes": [
            [
              {
                "type": "get_attr",
                "value": "primary_access_key"
              }
            ],
            [
              {
                "type": "get_attr",
                "value": "primary_blob_connection_string"
              }
            ],
            [
              {
                "type": "get_attr",
                "value": "primary_connection_string"
              }
            ],
            [
              {
                "type": "get_attr",
                "value": "secondary_access_key"
              }
            ],
            [
              {
                "type": "get_attr",
                "value": "secondary_blob_connection_string"
              }
            ],
            [
              {
                "type": "get_attr",
                "value": "secondary_connection_string"
              }
            ]
          ],
          "identity_schema_version": 0,
          "identity": {
            "name": "stratusrtrx7agq",
            "resource_group_name": "stratus-red-team-storage-deletion-rg-rx7agq",
            "subscription_id": "fa3f98d4-2d5c-44ae-950f-ecbb74b5fab6"
          },
          "private": "eyJlMmJmYjczMC1lY2FhLTExZTYtOGY4OC0zNDM2M2JjN2M0YzAiOnsiY3JlYXRlIjozNjAwMDAwMDAwMDAwLCJkZWxldGUiOjM2MDAwMDAwMDAwMDAsInJlYWQiOjMwMDAwMDAwMDAwMCwidXBkYXRlIjozNjAwMDAwMDAwMDAwfSwic2NoZW1hX3ZlcnNpb24iOiI0In0=",
          "dependencies": [
            "azurerm_resource_group.rg",
            "random_string.suffix"
          ]
        }
      ]
    },
    {
      "mode": "managed",
      "type": "azurerm_storage_blob",
      "name": "fake_blobs",
      "provider": "provider[\"registry.terraform.io/hashicorp/azurerm\"]",
      "instances": [
        {
          "index_key": 0,
          "schema_version": 1,
          "attributes": {
            "access_tier": "Hot",
            "cache_control": "",
            "content_md5": "",
            "content_type": "application/octet-stream",
            "encryption_scope": "",
            "id": "https://stratusrtrx7agq.blob.core.windows.net/container-1/outlet margarine.txt",
            "metadata": {},
            "name": "outlet margarine.txt",
            "parallelism": 8,
            "size": 0,
            "source": null,
            "source_content": "428830311074f2fdfc3b514bcf5b37ee3962ca7f88148de263f31281d1f040ed3d3c92ccbf10b0272d9c1b5c4ba3deed470da98c070d59584a013a4b893116f6769dbaaacb81fa7c2594c6a2363020afbfeb7a6156c59e7fab4ff76ca0edca57b15e532fe8db30fbffa854f99ac290d7883cd9fa565e669b6246199df8f32fc4f398ffca53df7359952037e8e02abac47e62447b50daf51ad285092a364ee88129",
            "source_uri": null,
            "storage_account_name": "stratusrtrx7agq",
            "storage_container_name": "container-1",
            "timeouts": null,
            "type": "Block",
            "url": "https://stratusrtrx7agq.blob.core.windows.net/container-1/outlet margarine.txt"
          },
          "sensitive_attributes": [],
          "identity_schema_version": 0,
          "private": "eyJlMmJmYjczMC1lY2FhLTExZTYtOGY4OC0zNDM2M2JjN2M0YzAiOnsiY3JlYXRlIjoxODAwMDAwMDAwMDAwLCJkZWxldGUiOjE4MDAwMDAwMDAwMDAsInJlYWQiOjMwMDAwMDAwMDAwMCwidXBkYXRlIjoxODAwMDAwMDAwMDAwfSwic2NoZW1hX3ZlcnNpb24iOiIxIn0=",
          "dependencies": [
            "azurerm_resource_group.rg",
            "azurerm_storage_account.storage",
            "azurerm_storage_container.containers",
            "random_id.fake_blobs_content",
            "random_integer.fake_blobs_size",
            "random_shuffle.fake_blobs_extensions",
            "random_shuffle.fake_blobs_name_separators",
            "random_shuffle.fake_blobs_names",
            "random_string.suffix"
          ]
        },
        {
          "index_key": 1,
          "schema_version": 1,
          "attributes": {
            "access_tier": "Hot",
            "cache_control": "",
            "content_md5": "",
            "content_type": "application/octet-stream",
            "encryption_scope": "",
            "id": "https://stratusrtrx7agq.blob.core.windows.net/container-2/sixtieth_germinate.pdf",
            "metadata": {},
            "name": "sixtieth_germinate.pdf",
            "parallelism": 8,
            "size": 0,
            "source": null,
            "source_content": "b53f01d6dbfeecf4512d21e4feeaa2a05a36b7d2b4a53463ddd139e7a65cbd841fb40bf77677d2a22260af8f0d96f4b48a54df151b102b",
            "source_uri": null,
            "storage_account_name": "stratusrtrx7agq",
            "storage_container_name": "container-2",
            "timeouts": null,
            "type": "Block",
            "url": "https://stratusrtrx7agq.blob.core.windows.net/container-2/sixtieth_germinate.pdf"
          },
          "sensitive_attributes": [],
          "identity_schema_version": 0,
          "private": "eyJlMmJmYjczMC1lY2FhLTExZTYtOGY4OC0zNDM2M2JjN2M0YzAiOnsiY3JlYXRlIjoxODAwMDAwMDAwMDAwLCJkZWxldGUiOjE4MDAwMDAwMDAwMDAsInJlYWQiOjMwMDAwMDAwMDAwMCwidXBkYXRlIjoxODAwMDAwMDAwMDAwfSwic2NoZW1hX3ZlcnNpb24iOiIxIn0=",
          "dependencies": [
            "azurerm_resource_group.rg",
            "azurerm_storage_account.storage",
            "azurerm_storage_container.containers",
            "random_id.fake_blobs_content",
            "random_integer.fake_blobs_size",
            "random_shuffle.fake_blobs_extensions",
            "random_shuffle.fake_blobs_name_separators",
            "random_shuffle.fake_blobs_names",
            "random_string.suffix"
          ]
        },
        {
          "index_key": 2,
          "schema_version": 1,
          "attributes": {
            "access_tier": "Hot",
            "cache_control": "",
            "content_md5": "",
            "content_type": "application/octet-stream",
            "encryption_scope": "",
            "id": "https://stratusrtrx7agq.blob.core.windows.net/container-3/overfill-aeration.docx",
            "metadata": {},
            "name": "overfill-aeration.docx",
            "parallelism": 8,
            "size": 0,
            "source": null,
            "source_content": "adf79b25ca11722c08",
            "source_uri": null,
            "storage_account_name": "stratusrtrx7agq",
            "storage_container_name": "container-3",
            "timeouts": null,
            "type": "Block",
            "url": "https://stratusrtrx7agq.blob.core.windows.net/container-3/overfill-aeration.docx"
          },
          "sensitive_attributes": [],
          "identity_schema_version": 0,
          "private": "eyJlMmJmYjczMC1lY2FhLTExZTYtOGY4OC0zNDM2M2JjN2M0YzAiOnsiY3JlYXRlIjoxODAwMDAwMDAwMDAwLCJkZWxldGUiOjE4MDAwMDAwMDAwMDAsInJlYWQiOjMwMDAwMDAwMDAwMCwidXBkYXRlIjoxODAwMDAwMDAwMDAwfSwic2NoZW1hX3ZlcnNpb24iOiIxIn0=",
          "dependencies": [
            "azurerm_resource_group.rg",
            "azurerm_storage_account.storage",
            "azurerm_storage_container.containers",
            "random_id.fake_blobs_content",
            "random_integer.fake_blobs_size",
            "random_shuffle.fake_blobs_extensions",
            "random_shuffle.fake_blobs_name_separators",
            "random_shuffle.fake_blobs_names",
            "random_string.suffix"
          ]
        },
        {
          "index_key": 3,
          "schema_version": 1,
          "attributes": {
            "access_tier": "Hot",
            "cache_control": "",
            "content_md5": "",
            "content_type": "application/octet-stream",
            "encryption_scope": "",
            "id": "https://stratusrtrx7agq.blob.core.windows.net/container-4/retrial art.txt",
            "metadata": {},
            "name": "retrial art.txt",
            "parallelism": 8,
            "size": 0,
            "source": null,
            "source_content": "4d9b98bc983da5bd9325c0cde97ac9f2042d8e18d6e39a090384f7bd844e113e2f1288973234f31163fb3e1be3e129a0598e7f43e48ec3fb6cb974f0f3c7843aa61e26e44888999af3145c62ae8a2dd3050ace1e2671fad7e99e485f49d742f8700a2d50cc4e233fd78cd21d1fa816bf9423c0d1134b7f0b5a4ae24c1e639d79c2d985d943894ed2f4e0ec5af0f99791fd8023d52fc061caf732",
            "source_uri": null,
            "storage_account_name": "stratusrtrx7agq",
            "storage_container_name": "container-4",
            "timeouts": null,
            "type": "Block",
            "url": "https://stratusrtrx7agq.blob.core.windows.net/container-4/retrial art.txt"
          },
          "sensitive_attributes": [],
          "identity_schema_version": 0,
          "private": "eyJlMmJmYjczMC1lY2FhLTExZTYtOGY4OC0zNDM2M2JjN2M0YzAiOnsiY3JlYXRlIjoxODAwMDAwMDAwMDAwLCJkZWxldGUiOjE4MDAwMDAwMDAwMDAsInJlYWQiOjMwMDAwMDAwMDAwMCwidXBkYXRlIjoxODAwMDAwMDAwMDAwfSwic2NoZW1hX3ZlcnNpb24iOiIxIn0=",
          "dependencies": [
            "azurerm_resource_group.rg",
            "azurerm_storage_account.storage",
            "azurerm_storage_container.containers",
            "random_id.fake_blobs_content",
            "random_integer.fake_blobs_size",
            "random_shuffle.fake_blobs_extensions",
            "random_shuffle.fake_blobs_name_separators",
            "random_shuffle.fake_blobs_names",
            "random_string.suffix"
          ]
        },
        {
          "index_key": 4,
          "schema_version": 1,
          "attributes": {
            "access_tier": "Hot",
            "cache_control": "",
            "content_md5": "",
            "content_type": "application/octet-stream",
            "encryption_scope": "",
            "id": "https://stratusrtrx7agq.blob.core.windows.net/container-5/crabbing carton.sql",
            "metadata": {},
            "name": "crabbing carton.sql",
            "parallelism": 8,
            "size": 0,
            "source": null,
            "source_content": "2c383e63c12226676343f01b5dee2c90e6243923b3ebc51e864d0382d878f435ec9eedec6ed2c07d964d98f014f3555fcd64b927",
            "source_uri": null,
            "storage_account_name": "stratusrtrx7agq",
            "storage_container_name": "container-5",
            "timeouts": null,
            "type": "Block",
            "url": "https://stratusrtrx7agq.blob.core.windows.net/container-5/crabbing carton.sql"
          },
          "sensitive_attributes": [],
          "identity_schema_version": 0,
          "private": "eyJlMmJmYjczMC1lY2FhLTExZTYtOGY4OC0zNDM2M2JjN2M0YzAiOnsiY3JlYXRlIjoxODAwMDAwMDAwMDAwLCJkZWxldGUiOjE4MDAwMDAwMDAwMDAsInJlYWQiOjMwMDAwMDAwMDAwMCwidXBkYXRlIjoxODAwMDAwMDAwMDAwfSwic2NoZW1hX3ZlcnNpb24iOiIxIn0=",
          "dependencies": [
            "azurerm_resource_group.rg",
            "azurerm_storage_account.storage",
            "azurerm_storage_container.containers",
            "random_id.fake_blobs_content",
            "random_integer.fake_blobs_size",
            "random_shuffle.fake_blobs_extensions",
            "random_shuffle.fake_blobs_name_separators",
            "random_shuffle.fake_blobs_names",
            "random_string.suffix"
          ]
        },
        {
          "index_key": 5,
          "schema_version": 1,
          "attributes": {
            "access_tier": "Hot",
            "cache_control": "",
            "content_md5": "",
            "content_type": "application/octet-stream",
            "encryption_scope": "",
            "id": "https://stratusrtrx7agq.blob.core.windows.net/container-1/gliding_dotted.sql",
            "metadata": {},
            "name": "gliding_dotted.sql",
            "parallelism": 8,
            "size": 0,
            "source": null,
            "source_content": "62639d94d01fcfd9a81740897f5c8423dace9ed5341e12632728901dab432405e13d335631b7c4f89fede849254827c04f4fa83f830f391f196428e30ef7c229e46a8b3002350c57bfccbb91bf429a2d0d2d32c0d36d2966141ff9eefe5c7fc12d7655c62e646a51ba1be2ca79930fcb71f89cf30df2c2c7ee3eb36e09cebe99acae9f77fd1250460f91fa37693e580100b09f93d289f429514f409268bf8e12ddfafaa5a35ac2d89168b3413cbeb34fd87b4a4f267156ec",
            "source_uri": null,
            "storage_account_name": "stratusrtrx7agq",
            "storage_container_name": "container-1",
            "timeouts": null,
            "type": "Block",
            "url": "https://stratusrtrx7agq.blob.core.windows.net/container-1/gliding_dotted.sql"
          },
          "sensitive_attributes": [],
          "identity_schema_version": 0,
          "private": "eyJlMmJmYjczMC1lY2FhLTExZTYtOGY4OC0zNDM2M2JjN2M0YzAiOnsiY3JlYXRlIjoxODAwMDAwMDAwMDAwLCJkZWxldGUiOjE4MDAwMDAwMDAwMDAsInJlYWQiOjMwMDAwMDAwMDAwMCwidXBkYXRlIjoxODAwMDAwMDAwMDAwfSwic2NoZW1hX3ZlcnNpb24iOiIxIn0=",
          "dependencies": [
            "azurerm_resource_group.rg",
            "azurerm_storage_account.storage",
            "azurerm_storage_container.containers",
            "random_id.fake_blobs_content",
            "random_integer.fake_blobs_size",
            "random_shuffle.fake_blobs_extensions",
            "random_shuffle.fake_blobs_name_separators",
            "random_shuffle.fake_blobs_names",
            "random_string.suffix"
          ]
        },
        {
          "index_key": 6,
          "schema_version": 1,
          "attributes": {
            "access_tier": "Hot",
            "cache_control": "",
            "content_md5": "",
            "content_type": "application/octet-stream",
            "encryption_scope": "",
            "id": "https://stratusrtrx7agq.blob.core.windows.net/container-2/chevy boss.docx",
            "metadata": {},
            "name": "chevy boss.docx",
            "parallelism": 8,
            "size": 0,
            "source": null,
            "source_content": "b362483e2686c43f3a9729d9f41230150883bbba3bd6eb44b995c27e31cb40ea6ca9abe7d36614933368a8819c3750e939f9eaf34a3bad900b4043200635ea72a6986082190782a3",
            "source_uri": null,
            "storage_account_name": "stratusrtrx7agq",
            "storage_container_name": "container-2",
            "timeouts": null,
            "type": "Block",
            "url": "https://stratusrtrx7agq.blob.core.windows.net/container-2/chevy boss.docx"
          },
          "sensitive_attributes": [],
          "identity_schema_version": 0,
          "private": "eyJlMmJmYjczMC1lY2FhLTExZTYtOGY4OC0zNDM2M2JjN2M0YzAiOnsiY3JlYXRlIjoxODAwMDAwMDAwMDAwLCJkZWxldGUiOjE4MDAwMDAwMDAwMDAsInJlYWQiOjMwMDAwMDAwMDAwMCwidXBkYXRlIjoxODAwMDAwMDAwMDAwfSwic2NoZW1hX3ZlcnNpb24iOiIxIn0=",
          "dependencies": [
            "azurerm_resource_group.rg",
            "azurerm_storage_account.storage",
            "azurerm_storage_container.containers",
            "random_id.fake_blobs_content",
            "random_integer.fake_blobs_size",
            "random_shuffle.fake_blobs_extensions",
            "random_shuffle.fake_blobs_name_separators",
            "random_shuffle.fake_blobs_names",
            "random_string.suffix"
          ]
        },
        {
          "index_key": 7,
          "schema_version": 1,
          "attributes": {
            "access_tier": "Hot",
            "cache_control": "",
            "content_md5": "",
            "content_type": "application/octet-stream",
            "encryption_scope": "",
            "id": "https://stratusrtrx7agq.blob.core.windows.net/container-3/ritzy_handheld.txt",
            "metadata": {},
            "name": "ritzy_handheld.txt",
            "parallelism": 8,
            "size": 0,
            "source": null,
            "source_content": "96211033768ba0c5ee6242924ad4d5f6f960e727a524ab160fe0dc0d83114511d8d90b6db18d1a5a007ad23371a4d1f2961aab0e5bd7e0b23beb956822eef3e3665ee21d0ab0b73548d27daa472be823ecef9a17bd8b977faff96bed40849df9529b1d6509cdf8c15858403a6e16f62c2042b20241e9d052b08df37ca1ce4c3adde52f0694f675a67de104abef5c5241e7257d9a9bb373d1c6ee3a7904cde9e9d6365851d6bedff958e424b8d4da4ef41d1d8f10f8a30cab384b146b1ccdf8dd6f",
            "source_uri": null,
            "storage_account_name": "stratusrtrx7agq",
            "storage_container_name": "container-3",
            "timeouts": null,
            "type": "Block",
            "url": "https://stratusrtrx7agq.blob.core.windows.net/container-3/ritzy_handheld.txt"
          },
          "sensitive_attributes": [],
          "identity_schema_version": 0,
          "private": "eyJlMmJmYjczMC1lY2FhLTExZTYtOGY4OC0zNDM2M2JjN2M0YzAiOnsiY3JlYXRlIjoxODAwMDAwMDAwMDAwLCJkZWxldGUiOjE4MDAwMDAwMDAwMDAsInJlYWQiOjMwMDAwMDAwMDAwMCwidXBkYXRlIjoxODAwMDAwMDAwMDAwfSwic2NoZW1hX3ZlcnNpb24iOiIxIn0=",
          "dependencies": [
            "azurerm_resource_group.rg",
            "azurerm_storage_account.storage",
            "azurerm_storage_container.containers",
            "random_id.fake_blobs_content",
            "random_integer.fake_blobs_size",
            "random_shuffle.fake_blobs_extensions",
            "random_shuffle.fake_blobs_name_separators",
            "random_shuffle.fake_blobs_names",
            "random_string.suffix"
          ]
        },
        {
          "index_key": 8,
          "schema_version": 1,
          "attributes": {
            "access_tier": "Hot",
            "cache_control": "",
            "content_md5": "",
            "content_type": "application/octet-stream",
            "encryption_scope": "",
            "id": "https://stratusrtrx7agq.blob.core.windows.net/container-4/freebee_guise.txt",
            "metadata": {},
            "name": "freebee_guise.txt",
            "parallelism": 8,
            "size": 0,
            "source": null,
            "source_content": "bc3840da1e73737942079edc0b32e6f5ebe3425f941237bf049b9bd6471c2c22b5a70a092a6745bc56b4bee96305b7bb797068cf125276dfc9aeb2e4501a82e672e1bc435bda12",
            "source_uri": null,
            "storage_account_name": "stratusrtrx7agq",
            "storage_container_name": "container-4",
            "timeouts": null,
            "type": "Block",
            "url": "https://stratusrtrx7agq.blob.core.windows.net/container-4/freebee_guise.txt"
          },
          "sensitive_attributes": [],
          "identity_schema_version": 0,
          "private": "eyJlMmJmYjczMC1lY2FhLTExZTYtOGY4OC0zNDM2M2JjN2M0YzAiOnsiY3JlYXRlIjoxODAwMDAwMDAwMDAwLCJkZWxldGUiOjE4MDAwMDAwMDAwMDAsInJlYWQiOjMwMDAwMDAwMDAwMCwidXBkYXRlIjoxODAwMDAwMDAwMDAwfSwic2NoZW1hX3ZlcnNpb24iOiIxIn0=",
          "dependencies": [
            "azurerm_resource_group.rg",
            "azurerm_storage_account.storage",
            "azurerm_storage_container.containers",
            "random_id.fake_blobs_content",
            "random_integer.fake_blobs_size",
            "random_shuffle.fake_blobs_extensions",
            "random_shuffle.fake_blobs_name_separators",
            "random_shuffle.fake_blobs_names",
            "random_string.suffix"
          ]
        },
        {
          "index_key": 9,
          "schema_version": 1,
          "attributes": {
            "access_tier": "Hot",
            "cache_control": "",
            "content_md5": "",
            "content_type": "application/octet-stream",
            "encryption_scope": "",
            "id": "https://stratusrtrx7agq.blob.core.windows.net/container-5/abiding cosigner.sql",
            "metadata": {},
            "name": "abiding cosigner.sql",
            "parallelism": 8,
            "size": 0,
            "source": null,
            "source_content": "50a8abf9386b7d14e34c8e2fcc6045fc9a370f56e53d4855b2efbf6f7dc1057c2a01bf9a1da711154eaa0111fa9c030817104a8fd74756e48db9abe5aace96f4c1f2e48d491012aa637b334787f7fc4b47db8fba49f160b74789baa5bc5854d5cf663fc6329d1366b962d72ef3bd",
            "source_uri": null,
            "storage_account_name": "stratusrtrx7agq",
            "storage_container_name": "container-5",
            "timeouts": null,
            "type": "Block",
            "url": "https://stratusrtrx7agq.blob.core.windows.net/container-5/abiding cosigner.sql"
          },
          "sensitive_attributes": [],
          "identity_schema_version": 0,
          "private": "eyJlMmJmYjczMC1lY2FhLTExZTYtOGY4OC0zNDM2M2JjN2M0YzAiOnsiY3JlYXRlIjoxODAwMDAwMDAwMDAwLCJkZWxldGUiOjE4MDAwMDAwMDAwMDAsInJlYWQiOjMwMDAwMDAwMDAwMCwidXBkYXRlIjoxODAwMDAwMDAwMDAwfSwic2NoZW1hX3ZlcnNpb24iOiIxIn0=",
          "dependencies": [
            "azurerm_resource_group.rg",
            "azurerm_storage_account.storage",
            "azurerm_storage_container.containers",
            "random_id.fake_blobs_content",
            "random_integer.fake_blobs_size",
            "random_shuffle.fake_blobs_extensions",
            "random_shuffle.fake_blobs_name_separators",
            "random_shuffle.fake_blobs_names",
            "random_string.suffix"
          ]
        },
        {
          "index_key": 10,
          "schema_version": 1,
          "attributes": {
            "access_tier": "Hot",
            "cache_control": "",
            "content_md5": "",
            "content_type": "application/octet-stream",
            "encryption_scope": "",
            "id": "https://stratusrtrx7agq.blob.core.windows.net/container-1/sandpit-drizzly.docx",
            "metadata": {},
            "name": "sandpit-drizzly.docx",
            "parallelism": 8,
            "size": 0,
            "source": null,
            "source_content": "83f37b6d4f873a11c9159d422e8e55a1e1186b7f7ad5c4c2bd8679f32ebaadae1946a0c8a01c6e56d22a195a90dbcc39c2605bdb9b56e36164937aee03861da3b9ce77667c6c6820f8f488b24b7f6b7037dc8b1093a5fde6def3f41b",
            "source_uri": null,
            "storage_account_name": "stratusrtrx7agq",
            "storage_container_name": "container-1",
            "timeouts": null,
            "type": "Block",
            "url": "https://stratusrtrx7agq.blob.core.windows.net/container-1/sandpit-drizzly.docx"
          },
          "sensitive_attributes": [],
          "identity_schema_version": 0,
          "private": "eyJlMmJmYjczMC1lY2FhLTExZTYtOGY4OC0zNDM2M2JjN2M0YzAiOnsiY3JlYXRlIjoxODAwMDAwMDAwMDAwLCJkZWxldGUiOjE4MDAwMDAwMDAwMDAsInJlYWQiOjMwMDAwMDAwMDAwMCwidXBkYXRlIjoxODAwMDAwMDAwMDAwfSwic2NoZW1hX3ZlcnNpb24iOiIxIn0=",
          "dependencies": [
            "azurerm_resource_group.rg",
            "azurerm_storage_account.storage",
            "azurerm_storage_container.containers",
            "random_id.fake_blobs_content",
            "random_integer.fake_blobs_size",
            "random_shuffle.fake_blobs_extensions",
            "random_shuffle.fake_blobs_name_separators",
            "random_shuffle.fake_blobs_names",
            "random_string.suffix"
          ]
        },
        {
          "index_key": 11,
          "schema_version": 1,
          "attributes": {
            "access_tier": "Hot",
            "cache_control": "",
            "content_md5": "",
            "content_type": "application/octet-stream",
            "encryption_scope": "",
            "id": "https://stratusrtrx7agq.blob.core.windows.net/container-2/truth_glowing.tar.gz",
            "metadata": {},
            "name": "truth_glowing.tar.gz",
            "parallelism": 8,
            "size": 0,
            "source": null,
            "source_content": "6aaed9f8562acb6a258f68e95552bae0105a9a17c269837f7f55e82be660a28a2e62f5e80119cf8d9224c45de0a286562acfa691fb1e589d8b9e318b9172ce27f4d95faff99000992cf6fb8a57fd9da164f3b52c817cf1c25757d637bcc414267874013c29f897fa5fdd8fd3c41a3df107a0841a4ba0eddad3a6a844",
            "source_uri": null,
            "storage_account_name": "stratusrtrx7agq",
            "storage_container_name": "container-2",
            "timeouts": null,
            "type": "Block",
            "url": "https://stratusrtrx7agq.blob.core.windows.net/container-2/truth_glowing.tar.gz"
          },
          "sensitive_attributes": [],
          "identity_schema_version": 0,
          "private": "eyJlMmJmYjczMC1lY2FhLTExZTYtOGY4OC0zNDM2M2JjN2M0YzAiOnsiY3JlYXRlIjoxODAwMDAwMDAwMDAwLCJkZWxldGUiOjE4MDAwMDAwMDAwMDAsInJlYWQiOjMwMDAwMDAwMDAwMCwidXBkYXRlIjoxODAwMDAwMDAwMDAwfSwic2NoZW1hX3ZlcnNpb24iOiIxIn0=",
          "dependencies": [
            "azurerm_resource_group.rg",
            "azurerm_storage_account.storage",
            "azurerm_storage_container.containers",
            "random_id.fake_blobs_content",
            "random_integer.fake_blobs_size",
            "random_shuffle.fake_blobs_extensions",
            "random_shuffle.fake_blobs_name_separators",
            "random_shuffle.fake_blobs_names",
            "random_string.suffix"
          ]
        },
        {
          "index_key": 12,
          "schema_version": 1,
          "attributes": {
            "access_tier": "Hot",
            "cache_control": "",
            "content_md5": "",
            "content_type": "application/octet-stream",
            "encryption_scope": "",
            "id": "https://stratusrtrx7agq.blob.core.windows.net/container-3/frill_gorged.pdf",
            "metadata": {},
            "name": "frill_gorged.pdf",
            "parallelism": 8,
            "size": 0,
            "source": null,
            "source_content": "37e696e53d82eb72000bd57611222b6427132dc11b18a3cef7729ca777291186eefd257d455b11c9a9a5faf4721decad61cd3c9cdbfc89dd83c265ecbfd65b55d5fa06e22b9fcfa3d44a9c3e9d962153545b5d6175953b390d8c5dd8f3",
            "source_uri": null,
            "storage_account_name": "stratusrtrx7agq",
            "storage_container_name": "container-3",
            "timeouts": null,
            "type": "Block",
            "url": "https://stratusrtrx7agq.blob.core.windows.net/container-3/frill_gorged.pdf"
          },
          "sensitive_attributes": [],
          "identity_schema_version": 0,
          "private": "eyJlMmJmYjczMC1lY2FhLTExZTYtOGY4OC0zNDM2M2JjN2M0YzAiOnsiY3JlYXRlIjoxODAwMDAwMDAwMDAwLCJkZWxldGUiOjE4MDAwMDAwMDAwMDAsInJlYWQiOjMwMDAwMDAwMDAwMCwidXBkYXRlIjoxODAwMDAwMDAwMDAwfSwic2NoZW1hX3ZlcnNpb24iOiIxIn0=",
          "dependencies": [
            "azurerm_resource_group.rg",
            "azurerm_storage_account.storage",
            "azurerm_storage_container.containers",
            "random_id.fake_blobs_content",
            "random_integer.fake_blobs_size",
            "random_shuffle.fake_blobs_extensions",
            "random_shuffle.fake_blobs_name_separators",
            "random_shuffle.fake_blobs_names",
            "random_string.suffix"
          ]
        },
        {
          "index_key": 13,
          "schema_version": 1,
          "attributes": {
            "access_tier": "Hot",
            "cache_control": "",
            "content_md5": "",
            "content_type": "application/octet-stream",
            "encryption_scope": "",
            "id": "https://stratusrtrx7agq.blob.core.windows.net/container-4/ritzy handheld.txt",
            "metadata": {},
            "name": "ritzy handheld.txt",
            "parallelism": 8,
            "size": 0,
            "source": null,
            "source_content": "6cdfd6fa7671f2c4d1623480ed10024d5b3e00ce406224a0b8cbfaecfb0e1eb13c7f8ff30729ae3c163cb1198cbf5a08f238081a3a0dd8836b36c7b293e69784eb1591dc5891946ca87a3bb9c319e8a97f7fb8f416de497d011832b9c9130545d72487eec470d5d3340ac69da906c816bb6ca72cad4f377317bf3e1faa09f32fb5c0849d97c9ee7f",
            "source_uri": null,
            "storage_account_name": "stratusrtrx7agq",
            "storage_container_name": "container-4",
            "timeouts": null,
            "type": "Block",
            "url": "https://stratusrtrx7agq.blob.core.windows.net/container-4/ritzy handheld.txt"
          },
          "sensitive_attributes": [],
          "identity_schema_version": 0,
          "private": "eyJlMmJmYjczMC1lY2FhLTExZTYtOGY4OC0zNDM2M2JjN2M0YzAiOnsiY3JlYXRlIjoxODAwMDAwMDAwMDAwLCJkZWxldGUiOjE4MDAwMDAwMDAwMDAsInJlYWQiOjMwMDAwMDAwMDAwMCwidXBkYXRlIjoxODAwMDAwMDAwMDAwfSwic2NoZW1hX3ZlcnNpb24iOiIxIn0=",
          "dependencies": [
            "azurerm_resource_group.rg",
            "azurerm_storage_account.storage",
            "azurerm_storage_container.containers",
            "random_id.fake_blobs_content",
            "random_integer.fake_blobs_size",
            "random_shuffle.fake_blobs_extensions",
            "random_shuffle.fake_blobs_name_separators",
            "random_shuffle.fake_blobs_names",
            "random_string.suffix"
          ]
        },
        {
          "index_key": 14,
          "schema_version": 1,
          "attributes": {
            "access_tier": "Hot",
            "cache_control": "",
            "content_md5": "",
            "content_type": "application/octet-stream",
            "encryption_scope": "",
            "id": "https://stratusrtrx7agq.blob.core.windows.net/container-5/acclaim_overcast.png",
            "metadata": {},
            "name": "acclaim_overcast.png",
            "parallelism": 8,
            "size": 0,
            "source": null,
            "source_content": "9724ad27d60332ac37d4265a16d4cf8a2c74262cc0fa8c55d8437370a186b2bc538b7a9a66c7afe4d7a84df94a56ec7eb60313a5a8231769",
            "source_uri": null,
            "storage_account_name": "stratusrtrx7agq",
            "storage_container_name": "container-5",
            "timeouts": null,
            "type": "Block",
            "url": "https://stratusrtrx7agq.blob.core.windows.net/container-5/acclaim_overcast.png"
          },
          "sensitive_attributes": [],
          "identity_schema_version": 0,
          "private": "eyJlMmJmYjczMC1lY2FhLTExZTYtOGY4OC0zNDM2M2JjN2M0YzAiOnsiY3JlYXRlIjoxODAwMDAwMDAwMDAwLCJkZWxldGUiOjE4MDAwMDAwMDAwMDAsInJlYWQiOjMwMDAwMDAwMDAwMCwidXBkYXRlIjoxODAwMDAwMDAwMDAwfSwic2NoZW1hX3ZlcnNpb24iOiIxIn0=",
          "dependencies": [
            "azurerm_resource_group.rg",
            "azurerm_storage_account.storage",
            "azurerm_storage_container.containers",
            "random_id.fake_blobs_content",
            "random_integer.fake_blobs_size",
            "random_shuffle.fake_blobs_extensions",
            "random_shuffle.fake_blobs_name_separators",
            "random_shuffle.fake_blobs_names",
            "random_string.suffix"
          ]
        },
        {
          "index_key": 15,
          "schema_version": 1,
          "attributes": {
            "access_tier": "Hot",
            "cache_control": "",
            "content_md5": "",
            "content_type": "application/octet-stream",
            "encryption_scope": "",
            "id": "https://stratusrtrx7agq.blob.core.windows.net/container-1/sincerity riveting.sql",
            "metadata": {},
            "name": "sincerity riveting.sql",
            "parallelism": 8,
            "size": 0,
            "source": null,
            "source_content": "cba7bb26b0d73402295db93e",
            "source_uri": null,
            "storage_account_name": "stratusrtrx7agq",
            "storage_container_name": "container-1",
            "timeouts": null,
            "type": "Block",
            "url": "https://stratusrtrx7agq.blob.core.windows.net/container-1/sincerity riveting.sql"
          },
          "sensitive_attributes": [],
          "identity_schema_version": 0,
          "private": "eyJlMmJmYjczMC1lY2FhLTExZTYtOGY4OC0zNDM2M2JjN2M0YzAiOnsiY3JlYXRlIjoxODAwMDAwMDAwMDAwLCJkZWxldGUiOjE4MDAwMDAwMDAwMDAsInJlYWQiOjMwMDAwMDAwMDAwMCwidXBkYXRlIjoxODAwMDAwMDAwMDAwfSwic2NoZW1hX3ZlcnNpb24iOiIxIn0=",
          "dependencies": [
            "azurerm_resource_group.rg",
            "azurerm_storage_account.storage",
            "azurerm_storage_container.containers",
            "random_id.fake_blobs_content",
            "random_integer.fake_blobs_size",
            "random_shuffle.fake_blobs_extensions",
            "random_shuffle.fake_blobs_name_separators",
            "random_shuffle.fake_blobs_names",
            "random_string.suffix"
          ]
        },
        {
          "index_key": 16,
          "schema_version": 1,
          "attributes": {
            "access_tier": "Hot",
            "cache_control": "",
            "content_md5": "",
            "content_type": "application/octet-stream",
            "encryption_scope": "",
            "id": "https://stratusrtrx7agq.blob.core.windows.net/container-2/flashy-carton.png",
            "metadata": {},
            "name": "flashy-carton.png",
            "parallelism": 8,
            "size": 0,
            "source": null,
            "source_content": "66a8dab4fe2333c332386fb7ded1e8d0577250748db4606803538c69303953d8fddd1b807dfa75d77d2442b1495259477c023cd2ae87ed66bec03b2ee48a6c4d408ee6ae1b68ed1f048abf8af9fd9e8e440c1ffd020f993958c88e0fae6aae9eed9d24822a43b156a53600ceaf1019a73e84ec13a97d6bf492e928c2fbe2ad76ad9961dd6ce13b9b56e632b42d7739586e6977ae6461c29f956e05d4ebd87aa9cdb7d7bd9b78c3997459395a8c8e1f860e2da10dd13fce676fa38feee35a8a",
            "source_uri": null,
            "storage_account_name": "stratusrtrx7agq",
            "storage_container_name": "container-2",
            "timeouts": null,
            "type": "Block",
            "url": "https://stratusrtrx7agq.blob.core.windows.net/container-2/flashy-carton.png"
          },
          "sensitive_attributes": [],
          "identity_schema_version": 0,
          "private": "eyJlMmJmYjczMC1lY2FhLTExZTYtOGY4OC0zNDM2M2JjN2M0YzAiOnsiY3JlYXRlIjoxODAwMDAwMDAwMDAwLCJkZWxldGUiOjE4MDAwMDAwMDAwMDAsInJlYWQiOjMwMDAwMDAwMDAwMCwidXBkYXRlIjoxODAwMDAwMDAwMDAwfSwic2NoZW1hX3ZlcnNpb24iOiIxIn0=",
          "dependencies": [
            "azurerm_resource_group.rg",
            "azurerm_storage_account.storage",
            "azurerm_storage_container.containers",
            "random_id.fake_blobs_content",
            "random_integer.fake_blobs_size",
            "random_shuffle.fake_blobs_extensions",
            "random_shuffle.fake_blobs_name_separators",
            "random_shuffle.fake_blobs_names",
            "random_string.suffix"
          ]
        },
        {
          "index_key": 17,
          "schema_version": 1,
          "attributes": {
            "access_tier": "Hot",
            "cache_control": "",
            "content_md5": "",
            "content_type": "application/octet-stream",
            "encryption_scope": "",
            "id": "https://stratusrtrx7agq.blob.core.windows.net/container-3/waviness-unexpired.txt",
            "metadata": {},
            "name": "waviness-unexpired.txt",
            "parallelism": 8,
            "size": 0,
            "source": null,
            "source_content": "f0475cd2fb03fc5eda7cf0d4fa8fc5ac059eef037ae95671a219d4e9c6aef2751276d8fdb0b251fa9bf66cc645affde72faf1fbaddf80db4e3ecc5a7ed9650923146a79aa62101c1c63ab0f32516b86e8b15dd230b3ef4f8ad58ef21ceea283acfb75d3d7ab2b4ae253a3a24dad91603aa47ee3bf4eb496f602adae9fac84c8f27b11c78de7c89aed129350079084bf636fb0da2a86b0259cf4be1f2dd300df61684d6b8",
            "source_uri": null,
            "storage_account_name": "stratusrtrx7agq",
            "storage_container_name": "container-3",
            "timeouts": null,
            "type": "Block",
            "url": "https://stratusrtrx7agq.blob.core.windows.net/container-3/waviness-unexpired.txt"
          },
          "sensitive_attributes": [],
          "identity_schema_version": 0,
          "private": "eyJlMmJmYjczMC1lY2FhLTExZTYtOGY4OC0zNDM2M2JjN2M0YzAiOnsiY3JlYXRlIjoxODAwMDAwMDAwMDAwLCJkZWxldGUiOjE4MDAwMDAwMDAwMDAsInJlYWQiOjMwMDAwMDAwMDAwMCwidXBkYXRlIjoxODAwMDAwMDAwMDAwfSwic2NoZW1hX3ZlcnNpb24iOiIxIn0=",
          "dependencies": [
            "azurerm_resource_group.rg",
            "azurerm_storage_account.storage",
            "azurerm_storage_container.containers",
            "random_id.fake_blobs_content",
            "random_integer.fake_blobs_size",
            "random_shuffle.fake_blobs_extensions",
            "random_shuffle.fake_blobs_name_separators",
            "random_shuffle.fake_blobs_names",
            "random_string.suffix"
          ]
        },
        {
          "index_key": 18,
          "schema_version": 1,
          "attributes": {
            "access_tier": "Hot",
            "cache_control": "",
            "content_md5": "",
            "content_type": "application/octet-stream",
            "encryption_scope": "",
            "id": "https://stratusrtrx7agq.blob.core.windows.net/container-4/conch_broom.txt",
            "metadata": {},
            "name": "conch_broom.txt",
            "parallelism": 8,
            "size": 0,
            "source": null,
            "source_content": "55cc5eb6cdfc51df4a760f6c9ef61ae70c24f412f66fb960c1fad2894ce945f41e59188ba8d85b9778f925ffebdfea369e6748452804e5914d44eb7ece87982a0f890ba7cd255232ce4bf2c88042f63a63568e900a4f25da8dc188e0e564a34dea428873485b129114be8e7d091df9809f6be13e1d3b31e65b65af10ace9cde5641044c28a687d7986692f13d1d1d0ee712576c66fa6f23e2d07c252fa1f1fe810a16ddad2f9ef64",
            "source_uri": null,
            "storage_account_name": "stratusrtrx7agq",
            "storage_container_name": "container-4",
            "timeouts": null,
            "type": "Block",
            "url": "https://stratusrtrx7agq.blob.core.windows.net/container-4/conch_broom.txt"
          },
          "sensitive_attributes": [],
          "identity_schema_version": 0,
          "private": "eyJlMmJmYjczMC1lY2FhLTExZTYtOGY4OC0zNDM2M2JjN2M0YzAiOnsiY3JlYXRlIjoxODAwMDAwMDAwMDAwLCJkZWxldGUiOjE4MDAwMDAwMDAwMDAsInJlYWQiOjMwMDAwMDAwMDAwMCwidXBkYXRlIjoxODAwMDAwMDAwMDAwfSwic2NoZW1hX3ZlcnNpb24iOiIxIn0=",
          "dependencies": [
            "azurerm_resource_group.rg",
            "azurerm_storage_account.storage",
            "azurerm_storage_container.containers",
            "random_id.fake_blobs_content",
            "random_integer.fake_blobs_size",
            "random_shuffle.fake_blobs_extensions",
            "random_shuffle.fake_blobs_name_separators",
            "random_shuffle.fake_blobs_names",
            "random_string.suffix"
          ]
        },
        {
          "index_key": 19,
          "schema_version": 1,
          "attributes": {
            "access_tier": "Hot",
            "cache_control": "",
            "content_md5": "",
            "content_type": "application/octet-stream",
            "encryption_scope": "",
            "id": "https://stratusrtrx7agq.blob.core.windows.net/container-5/ajar_hypocrisy.tar.gz",
            "metadata": {},
            "name": "ajar_hypocrisy.tar.gz",
            "parallelism": 8,
            "size": 0,
            "source": null,
            "source_content": "70682d4de5030ddd942844271fa00bc70466d7ff1b3bdbb5b7226da81af6bd22ecc84edbcb9bd11e65b739efed9528a7c40bcf41d9d10612f945ff66c06ad1a7a108ed6fa000e4f687608c2d55565507a68f4906ed6f5f90be2b8f",
            "source_uri": null,
            "storage_account_name": "stratusrtrx7agq",
            "storage_container_name": "container-5",
            "timeouts": null,
            "type": "Block",
            "url": "https://stratusrtrx7agq.blob.core.windows.net/container-5/ajar_hypocrisy.tar.gz"
          },
          "sensitive_attributes": [],
          "identity_schema_version": 0,
          "private": "eyJlMmJmYjczMC1lY2FhLTExZTYtOGY4OC0zNDM2M2JjN2M0YzAiOnsiY3JlYXRlIjoxODAwMDAwMDAwMDAwLCJkZWxldGUiOjE4MDAwMDAwMDAwMDAsInJlYWQiOjMwMDAwMDAwMDAwMCwidXBkYXRlIjoxODAwMDAwMDAwMDAwfSwic2NoZW1hX3ZlcnNpb24iOiIxIn0=",
          "dependencies": [
            "azurerm_resource_group.rg",
            "azurerm_storage_account.storage",
            "azurerm_storage_container.containers",
            "random_id.fake_blobs_content",
            "random_integer.fake_blobs_size",
            "random_shuffle.fake_blobs_extensions",
            "random_shuffle.fake_blobs_name_separators",
            "random_shuffle.fake_blobs_names",
            "random_string.suffix"
          ]
        },
        {
          "index_key": 20,
          "schema_version": 1,
          "attributes": {
            "access_tier": "Hot",
            "cache_control": "",
            "content_md5": "",
            "content_type": "application/octet-stream",
            "encryption_scope": "",
            "id": "https://stratusrtrx7agq.blob.core.windows.net/container-1/sandbag sulfate.sql",
            "metadata": {},
            "name": "sandbag sulfate.sql",
            "parallelism": 8,
            "size": 0,
            "source": null,
            "source_content": "3540e5ed813a059c3a3c55a8ded5296a34077b8d3c2ec27f55a08d1a52238644753b7fc1f97d272fe3981fbb51ddb39ac57adfd5a1259581b44b7db3593b0aeb55657dfdc209a8015bde73e107147e857419ea2e26b9e65fb7464b4a16",
            "source_uri": null,
            "storage_account_name": "stratusrtrx7agq",
            "storage_container_name": "container-1",
            "timeouts": null,
            "type": "Block",
            "url": "https://stratusrtrx7agq.blob.core.windows.net/container-1/sandbag sulfate.sql"
          },
          "sensitive_attributes": [],
          "identity_schema_version": 0,
          "private": "eyJlMmJmYjczMC1lY2FhLTExZTYtOGY4OC0zNDM2M2JjN2M0YzAiOnsiY3JlYXRlIjoxODAwMDAwMDAwMDAwLCJkZWxldGUiOjE4MDAwMDAwMDAwMDAsInJlYWQiOjMwMDAwMDAwMDAwMCwidXBkYXRlIjoxODAwMDAwMDAwMDAwfSwic2NoZW1hX3ZlcnNpb24iOiIxIn0=",
          "dependencies": [
            "azurerm_resource_group.rg",
            "azurerm_storage_account.storage",
            "azurerm_storage_container.containers",
            "random_id.fake_blobs_content",
            "random_integer.fake_blobs_size",
            "random_shuffle.fake_blobs_extensions",
            "random_shuffle.fake_blobs_name_separators",
            "random_shuffle.fake_blobs_names",
            "random_string.suffix"
          ]
        },
        {
          "index_key": 21,
          "schema_version": 1,
          "attributes": {
            "access_tier": "Hot",
            "cache_control": "",
            "content_md5": "",
            "content_type": "application/octet-stream",
            "encryption_scope": "",
            "id": "https://stratusrtrx7agq.blob.core.windows.net/container-2/overrate shiftless.sql",
            "metadata": {},
            "name": "overrate shiftless.sql",
            "parallelism": 8,
            "size": 0,
            "source": null,
            "source_content": "a189f11626c3b4cada54fb392a5fa13627d27fb165d99020cbe6e6a9c535188df83adeb5cf03686ec2e0b3bd72b257e4399b2bc455387d7b2a28722e",
            "source_uri": null,
            "storage_account_name": "stratusrtrx7agq",
            "storage_container_name": "container-2",
            "timeouts": null,
            "type": "Block",
            "url": "https://stratusrtrx7agq.blob.core.windows.net/container-2/overrate shiftless.sql"
          },
          "sensitive_attributes": [],
          "identity_schema_version": 0,
          "private": "eyJlMmJmYjczMC1lY2FhLTExZTYtOGY4OC0zNDM2M2JjN2M0YzAiOnsiY3JlYXRlIjoxODAwMDAwMDAwMDAwLCJkZWxldGUiOjE4MDAwMDAwMDAwMDAsInJlYWQiOjMwMDAwMDAwMDAwMCwidXBkYXRlIjoxODAwMDAwMDAwMDAwfSwic2NoZW1hX3ZlcnNpb24iOiIxIn0=",
          "dependencies": [
            "azurerm_resource_group.rg",
            "azurerm_storage_account.storage",
            "azurerm_storage_container.containers",
            "random_id.fake_blobs_content",
            "random_integer.fake_blobs_size",
            "random_shuffle.fake_blobs_extensions",
            "random_shuffle.fake_blobs_name_separators",
            "random_shuffle.fake_blobs_names",
            "random_string.suffix"
          ]
        },
        {
          "index_key": 22,
          "schema_version": 1,
          "attributes": {
            "access_tier": "Hot",
            "cache_control": "",
            "content_md5": "",
            "content_type": "application/octet-stream",
            "encryption_scope": "",
            "id": "https://stratusrtrx7agq.blob.core.windows.net/container-3/riveting_unchanged.sql",
            "metadata": {},
            "name": "riveting_unchanged.sql",
            "parallelism": 8,
            "size": 0,
            "source": null,
            "source_content": "a2f133752260a3529c32fd73b51b40a7565e480ccf96fe00d5c9280b95797b154ed2a8910eb473edc25fedde7289a7993449da8e94cf8dc4f3237c8e29a2537fbb2cad92821e7768a474d23fd31137a4f498a999f76b61ea95e0154db51a787bcdd96beeb168f9addd28c3612f631bb90727604f7fb3572b7cff68142edafc94906c37863e3e0d4c1c019ca9a333a79636d3",
            "source_uri": null,
            "storage_account_name": "stratusrtrx7agq",
            "storage_container_name": "container-3",
            "timeouts": null,
            "type": "Block",
            "url": "https://stratusrtrx7agq.blob.core.windows.net/container-3/riveting_unchanged.sql"
          },
          "sensitive_attributes": [],
          "identity_schema_version": 0,
          "private": "eyJlMmJmYjczMC1lY2FhLTExZTYtOGY4OC0zNDM2M2JjN2M0YzAiOnsiY3JlYXRlIjoxODAwMDAwMDAwMDAwLCJkZWxldGUiOjE4MDAwMDAwMDAwMDAsInJlYWQiOjMwMDAwMDAwMDAwMCwidXBkYXRlIjoxODAwMDAwMDAwMDAwfSwic2NoZW1hX3ZlcnNpb24iOiIxIn0=",
          "dependencies": [
            "azurerm_resource_group.rg",
            "azurerm_storage_account.storage",
            "azurerm_storage_container.containers",
            "random_id.fake_blobs_content",
            "random_integer.fake_blobs_size",
            "random_shuffle.fake_blobs_extensions",
            "random_shuffle.fake_blobs_name_separators",
            "random_shuffle.fake_blobs_names",
            "random_string.suffix"
          ]
        },
        {
          "index_key": 23,
          "schema_version": 1,
          "attributes": {
            "access_tier": "Hot",
            "cache_control": "",
            "content_md5": "",
            "content_type": "application/octet-stream",
            "encryption_scope": "",
            "id": "https://stratusrtrx7agq.blob.core.windows.net/container-4/tantrum robust.png",
            "metadata": {},
            "name": "tantrum robust.png",
            "parallelism": 8,
            "size": 0,
            "source": null,
            "source_content": "d9a8d1c2422258bf2e3d4024989f90778a6f3adbe5fe7ec8f7d4584eec415c94c01f74",
            "source_uri": null,
            "storage_account_name": "stratusrtrx7agq",
            "storage_container_name": "container-4",
            "timeouts": null,
            "type": "Block",
            "url": "https://stratusrtrx7agq.blob.core.windows.net/container-4/tantrum robust.png"
          },
          "sensitive_attributes": [],
          "identity_schema_version": 0,
          "private": "eyJlMmJmYjczMC1lY2FhLTExZTYtOGY4OC0zNDM2M2JjN2M0YzAiOnsiY3JlYXRlIjoxODAwMDAwMDAwMDAwLCJkZWxldGUiOjE4MDAwMDAwMDAwMDAsInJlYWQiOjMwMDAwMDAwMDAwMCwidXBkYXRlIjoxODAwMDAwMDAwMDAwfSwic2NoZW1hX3ZlcnNpb24iOiIxIn0=",
          "dependencies": [
            "azurerm_resource_group.rg",
            "azurerm_storage_account.storage",
            "azurerm_storage_container.containers",
            "random_id.fake_blobs_content",
            "random_integer.fake_blobs_size",
            "random_shuffle.fake_blobs_extensions",
            "random_shuffle.fake_blobs_name_separators",
            "random_shuffle.fake_blobs_names",
            "random_string.suffix"
          ]
        },
        {
          "index_key": 24,
          "schema_version": 1,
          "attributes": {
            "access_tier": "Hot",
            "cache_control": "",
            "content_md5": "",
            "content_type": "application/octet-stream",
            "encryption_scope": "",
            "id": "https://stratusrtrx7agq.blob.core.windows.net/container-5/falcon_tamper.png",
            "metadata": {},
            "name": "falcon_tamper.png",
            "parallelism": 8,
            "size": 0,
            "source": null,
            "source_content": "f9e5935f435619ed1351bcfcf7d364aebe8b034fea2ce04ad1e54ea85cf24593d48bb35f24ac399c548ad98147f5f2a95f55af45c9f7",
            "source_uri": null,
            "storage_account_name": "stratusrtrx7agq",
            "storage_container_name": "container-5",
            "timeouts": null,
            "type": "Block",
            "url": "https://stratusrtrx7agq.blob.core.windows.net/container-5/falcon_tamper.png"
          },
          "sensitive_attributes": [],
          "identity_schema_version": 0,
          "private": "eyJlMmJmYjczMC1lY2FhLTExZTYtOGY4OC0zNDM2M2JjN2M0YzAiOnsiY3JlYXRlIjoxODAwMDAwMDAwMDAwLCJkZWxldGUiOjE4MDAwMDAwMDAwMDAsInJlYWQiOjMwMDAwMDAwMDAwMCwidXBkYXRlIjoxODAwMDAwMDAwMDAwfSwic2NoZW1hX3ZlcnNpb24iOiIxIn0=",
          "dependencies": [
            "azurerm_resource_group.rg",
            "azurerm_storage_account.storage",
            "azurerm_storage_container.containers",
            "random_id.fake_blobs_content",
            "random_integer.fake_blobs_size",
            "random_shuffle.fake_blobs_extensions",
            "random_shuffle.fake_blobs_name_separators",
            "random_shuffle.fake_blobs_names",
            "random_string.suffix"
          ]
        },
        {
          "index_key": 25,
          "schema_version": 1,
          "attributes": {
            "access_tier": "Hot",
            "cache_control": "",
            "content_md5": "",
            "content_type": "application/octet-stream",
            "encryption_scope": "",
            "id": "https://stratusrtrx7agq.blob.core.windows.net/container-1/throat-erupt.pdf",
            "metadata": {},
            "name": "throat-erupt.pdf",
            "parallelism": 8,
            "size": 0,
            "source": null,
            "source_content": "afb471d49d80ef1ea27358d8aab2177794583ac1b8b27066e533c2171ddd51aac4caa5",
            "source_uri": null,
            "storage_account_name": "stratusrtrx7agq",
            "storage_container_name": "container-1",
            "timeouts": null,
            "type": "Block",
            "url": "https://stratusrtrx7agq.blob.core.windows.net/container-1/throat-erupt.pdf"
          },
          "sensitive_attributes": [],
          "identity_schema_version": 0,
          "private": "eyJlMmJmYjczMC1lY2FhLTExZTYtOGY4OC0zNDM2M2JjN2M0YzAiOnsiY3JlYXRlIjoxODAwMDAwMDAwMDAwLCJkZWxldGUiOjE4MDAwMDAwMDAwMDAsInJlYWQiOjMwMDAwMDAwMDAwMCwidXBkYXRlIjoxODAwMDAwMDAwMDAwfSwic2NoZW1hX3ZlcnNpb24iOiIxIn0=",
          "dependencies": [
            "azurerm_resource_group.rg",
            "azurerm_storage_account.storage",
            "azurerm_storage_container.containers",
            "random_id.fake_blobs_content",
            "random_integer.fake_blobs_size",
            "random_shuffle.fake_blobs_extensions",
            "random_shuffle.fake_blobs_name_separators",
            "random_shuffle.fake_blobs_names",
            "random_string.suffix"
          ]
        },
        {
          "index_key": 26,
          "schema_version": 1,
          "attributes": {
            "access_tier": "Hot",
            "cache_control": "",
            "content_md5": "",
            "content_type": "application/octet-stream",
            "encryption_scope": "",
            "id": "https://stratusrtrx7agq.blob.core.windows.net/container-2/riveting compacted.tar.gz",
            "metadata": {},
            "name": "riveting compacted.tar.gz",
            "parallelism": 8,
            "size": 0,
            "source": null,
            "source_content": "e4fd26a8c7dd6a6f2bd35b583a3b8282e165eac5b6cbcaba3b608b92e184c4494324c718a5fbd322edd2e6",
            "source_uri": null,
            "storage_account_name": "stratusrtrx7agq",
            "storage_container_name": "container-2",
            "timeouts": null,
            "type": "Block",
            "url": "https://stratusrtrx7agq.blob.core.windows.net/container-2/riveting compacted.tar.gz"
          },
          "sensitive_attributes": [],
          "identity_schema_version": 0,
          "private": "eyJlMmJmYjczMC1lY2FhLTExZTYtOGY4OC0zNDM2M2JjN2M0YzAiOnsiY3JlYXRlIjoxODAwMDAwMDAwMDAwLCJkZWxldGUiOjE4MDAwMDAwMDAwMDAsInJlYWQiOjMwMDAwMDAwMDAwMCwidXBkYXRlIjoxODAwMDAwMDAwMDAwfSwic2NoZW1hX3ZlcnNpb24iOiIxIn0=",
          "dependencies": [
            "azurerm_resource_group.rg",
            "azurerm_storage_account.storage",
            "azurerm_storage_container.containers",
            "random_id.fake_blobs_content",
            "random_integer.fake_blobs_size",
            "random_shuffle.fake_blobs_extensions",
            "random_shuffle.fake_blobs_name_separators",
            "random_shuffle.fake_blobs_names",
            "random_string.suffix"
          ]
        },
        {
          "index_key": 27,
          "schema_version": 1,
          "attributes": {
            "access_tier": "Hot",
            "cache_control": "",
            "content_md5": "",
            "content_type": "application/octet-stream",
            "encryption_scope": "",
            "id": "https://stratusrtrx7agq.blob.core.windows.net/container-3/ritzy brook.tar.gz",
            "metadata": {},
            "name": "ritzy brook.tar.gz",
            "parallelism": 8,
            "size": 0,
            "source": null,
            "source_content": "0359920977c68ec058",
            "source_uri": null,
            "storage_account_name": "stratusrtrx7agq",
            "storage_container_name": "container-3",
            "timeouts": null,
            "type": "Block",
            "url": "https://stratusrtrx7agq.blob.core.windows.net/container-3/ritzy brook.tar.gz"
          },
          "sensitive_attributes": [],
          "identity_schema_version": 0,
          "private": "eyJlMmJmYjczMC1lY2FhLTExZTYtOGY4OC0zNDM2M2JjN2M0YzAiOnsiY3JlYXRlIjoxODAwMDAwMDAwMDAwLCJkZWxldGUiOjE4MDAwMDAwMDAwMDAsInJlYWQiOjMwMDAwMDAwMDAwMCwidXBkYXRlIjoxODAwMDAwMDAwMDAwfSwic2NoZW1hX3ZlcnNpb24iOiIxIn0=",
          "dependencies": [
            "azurerm_resource_group.rg",
            "azurerm_storage_account.storage",
            "azurerm_storage_container.containers",
            "random_id.fake_blobs_content",
            "random_integer.fake_blobs_size",
            "random_shuffle.fake_blobs_extensions",
            "random_shuffle.fake_blobs_name_separators",
            "random_shuffle.fake_blobs_names",
            "random_string.suffix"
          ]
        },
        {
          "index_key": 28,
          "schema_version": 1,
          "attributes": {
            "access_tier": "Hot",
            "cache_control": "",
            "content_md5": "",
            "content_type": "application/octet-stream",
            "encryption_scope": "",
            "id": "https://stratusrtrx7agq.blob.core.windows.net/container-4/secluded-curse.sql",
            "metadata": {},
            "name": "secluded-curse.sql",
            "parallelism": 8,
            "size": 0,
            "source": null,
            "source_content": "5c81760178ee4a8074ea26817d8d3ae75d6e08170db8e5a57935266d1666983a4b84484459dc9b7d54887231ce665fa122636ebaba57a4077cd986d21529baf463969b38632b1904d7ca6d41f946def3c02cd12e98d428236d07",
            "source_uri": null,
            "storage_account_name": "stratusrtrx7agq",
            "storage_container_name": "container-4",
            "timeouts": null,
            "type": "Block",
            "url": "https://stratusrtrx7agq.blob.core.windows.net/container-4/secluded-curse.sql"
          },
          "sensitive_attributes": [],
          "identity_schema_version": 0,
          "private": "eyJlMmJmYjczMC1lY2FhLTExZTYtOGY4OC0zNDM2M2JjN2M0YzAiOnsiY3JlYXRlIjoxODAwMDAwMDAwMDAwLCJkZWxldGUiOjE4MDAwMDAwMDAwMDAsInJlYWQiOjMwMDAwMDAwMDAwMCwidXBkYXRlIjoxODAwMDAwMDAwMDAwfSwic2NoZW1hX3ZlcnNpb24iOiIxIn0=",
          "dependencies": [
            "azurerm_resource_group.rg",
            "azurerm_storage_account.storage",
            "azurerm_storage_container.containers",
            "random_id.fake_blobs_content",
            "random_integer.fake_blobs_size",
            "random_shuffle.fake_blobs_extensions",
            "random_shuffle.fake_blobs_name_separators",
            "random_shuffle.fake_blobs_names",
            "random_string.suffix"
          ]
        },
        {
          "index_key": 29,
          "schema_version": 1,
          "attributes": {
            "access_tier": "Hot",
            "cache_control": "",
            "content_md5": "",
            "content_type": "application/octet-stream",
            "encryption_scope": "",
            "id": "https://stratusrtrx7agq.blob.core.windows.net/container-5/camcorder-sixtieth.docx",
            "metadata": {},
            "name": "camcorder-sixtieth.docx",
            "parallelism": 8,
            "size": 0,
            "source": null,
            "source_content": "18055f102ba26b613d4e19ef3e0a",
            "source_uri": null,
            "storage_account_name": "stratusrtrx7agq",
            "storage_container_name": "container-5",
            "timeouts": null,
            "type": "Block",
            "url": "https://stratusrtrx7agq.blob.core.windows.net/container-5/camcorder-sixtieth.docx"
          },
          "sensitive_attributes": [],
          "identity_schema_version": 0,
          "private": "eyJlMmJmYjczMC1lY2FhLTExZTYtOGY4OC0zNDM2M2JjN2M0YzAiOnsiY3JlYXRlIjoxODAwMDAwMDAwMDAwLCJkZWxldGUiOjE4MDAwMDAwMDAwMDAsInJlYWQiOjMwMDAwMDAwMDAwMCwidXBkYXRlIjoxODAwMDAwMDAwMDAwfSwic2NoZW1hX3ZlcnNpb24iOiIxIn0=",
          "dependencies": [
            "azurerm_resource_group.rg",
            "azurerm_storage_account.storage",
            "azurerm_storage_container.containers",
            "random_id.fake_blobs_content",
            "random_integer.fake_blobs_size",
            "random_shuffle.fake_blobs_extensions",
            "random_shuffle.fake_blobs_name_separators",
            "random_shuffle.fake_blobs_names",
            "random_string.suffix"
          ]
        },
        {
          "index_key": 30,
          "schema_version": 1,
          "attributes": {
            "access_tier": "Hot",
            "cache_control": "",
            "content_md5": "",
            "content_type": "application/octet-stream",
            "encryption_scope": "",
            "id": "https://stratusrtrx7agq.blob.core.windows.net/container-1/onlooker-sandbag.docx",
            "metadata": {},
            "name": "onlooker-sandbag.docx",
            "parallelism": 8,
            "size": 0,
            "source": null,
            "source_content": "348d928edab6708a8836ee51c170267a6935001982f69e27719a79b302d9d328f05b9b8902ccf14205212381a01598e34b8cb6151a427a1af85f7ee16b6e7eb7873fbaa1cc5f3bfd5166ac58cdb716b99072100543606c",
            "source_uri": null,
            "storage_account_name": "stratusrtrx7agq",
            "storage_container_name": "container-1",
            "timeouts": null,
            "type": "Block",
            "url": "https://stratusrtrx7agq.blob.core.windows.net/container-1/onlooker-sandbag.docx"
          },
          "sensitive_attributes": [],
          "identity_schema_version": 0,
          "private": "eyJlMmJmYjczMC1lY2FhLTExZTYtOGY4OC0zNDM2M2JjN2M0YzAiOnsiY3JlYXRlIjoxODAwMDAwMDAwMDAwLCJkZWxldGUiOjE4MDAwMDAwMDAwMDAsInJlYWQiOjMwMDAwMDAwMDAwMCwidXBkYXRlIjoxODAwMDAwMDAwMDAwfSwic2NoZW1hX3ZlcnNpb24iOiIxIn0=",
          "dependencies": [
            "azurerm_resource_group.rg",
            "azurerm_storage_account.storage",
            "azurerm_storage_container.containers",
            "random_id.fake_blobs_content",
            "random_integer.fake_blobs_size",
            "random_shuffle.fake_blobs_extensions",
            "random_shuffle.fake_blobs_name_separators",
            "random_shuffle.fake_blobs_names",
            "random_string.suffix"
          ]
        },
        {
          "index_key": 31,
          "schema_version": 1,
          "attributes": {
            "access_tier": "Hot",
            "cache_control": "",
            "content_md5": "",
            "content_type": "application/octet-stream",
            "encryption_scope": "",
            "id": "https://stratusrtrx7agq.blob.core.windows.net/container-2/onyx_jubilant.pdf",
            "metadata": {},
            "name": "onyx_jubilant.pdf",
            "parallelism": 8,
            "size": 0,
            "source": null,
            "source_content": "40777fe067e2ba7a662dd1a72c1fa9d4e6e9016e13b31992186b6d7689195e6988f244850025b50f819d8cc1d5f5ce761db9e7cb36e0",
            "source_uri": null,
            "storage_account_name": "stratusrtrx7agq",
            "storage_container_name": "container-2",
            "timeouts": null,
            "type": "Block",
            "url": "https://stratusrtrx7agq.blob.core.windows.net/container-2/onyx_jubilant.pdf"
          },
          "sensitive_attributes": [],
          "identity_schema_version": 0,
          "private": "eyJlMmJmYjczMC1lY2FhLTExZTYtOGY4OC0zNDM2M2JjN2M0YzAiOnsiY3JlYXRlIjoxODAwMDAwMDAwMDAwLCJkZWxldGUiOjE4MDAwMDAwMDAwMDAsInJlYWQiOjMwMDAwMDAwMDAwMCwidXBkYXRlIjoxODAwMDAwMDAwMDAwfSwic2NoZW1hX3ZlcnNpb24iOiIxIn0=",
          "dependencies": [
            "azurerm_resource_group.rg",
            "azurerm_storage_account.storage",
            "azurerm_storage_container.containers",
            "random_id.fake_blobs_content",
            "random_integer.fake_blobs_size",
            "random_shuffle.fake_blobs_extensions",
            "random_shuffle.fake_blobs_name_separators",
            "random_shuffle.fake_blobs_names",
            "random_string.suffix"
          ]
        },
        {
          "index_key": 32,
          "schema_version": 1,
          "attributes": {
            "access_tier": "Hot",
            "cache_control": "",
            "content_md5": "",
            "content_type": "application/octet-stream",
            "encryption_scope": "",
            "id": "https://stratusrtrx7agq.blob.core.windows.net/container-3/poem immobile.png",
            "metadata": {},
            "name": "poem immobile.png",
            "parallelism": 8,
            "size": 0,
            "source": null,
            "source_content": "06766d1bc24f773e11f74d10d36a791940c5342dd66fc45c307099ece226011b97861e672fb2ebb2b8773e7917ab27103f516506a22061d74967a61312acb4abe9be449b2c6f119c2fbe4c3518fe3cf5fbcfcdfb4663c23beb189ac3dee7b18b50c12f761a940fcb894bc0cca2a157ef915aeda166c82575e18d5e1fa02993194dca0e4bec511f9980cd3f07a43e3dd58611540c301e3a",
            "source_uri": null,
            "storage_account_name": "stratusrtrx7agq",
            "storage_container_name": "container-3",
            "timeouts": null,
            "type": "Block",
            "url": "https://stratusrtrx7agq.blob.core.windows.net/container-3/poem immobile.png"
          },
          "sensitive_attributes": [],
          "identity_schema_version": 0,
          "private": "eyJlMmJmYjczMC1lY2FhLTExZTYtOGY4OC0zNDM2M2JjN2M0YzAiOnsiY3JlYXRlIjoxODAwMDAwMDAwMDAwLCJkZWxldGUiOjE4MDAwMDAwMDAwMDAsInJlYWQiOjMwMDAwMDAwMDAwMCwidXBkYXRlIjoxODAwMDAwMDAwMDAwfSwic2NoZW1hX3ZlcnNpb24iOiIxIn0=",
          "dependencies": [
            "azurerm_resource_group.rg",
            "azurerm_storage_account.storage",
            "azurerm_storage_container.containers",
            "random_id.fake_blobs_content",
            "random_integer.fake_blobs_size",
            "random_shuffle.fake_blobs_extensions",
            "random_shuffle.fake_blobs_name_separators",
            "random_shuffle.fake_blobs_names",
            "random_string.suffix"
          ]
        },
        {
          "index_key": 33,
          "schema_version": 1,
          "attributes": {
            "access_tier": "Hot",
            "cache_control": "",
            "content_md5": "",
            "content_type": "application/octet-stream",
            "encryption_scope": "",
            "id": "https://stratusrtrx7agq.blob.core.windows.net/container-4/coronary_truth.tar.gz",
            "metadata": {},
            "name": "coronary_truth.tar.gz",
            "parallelism": 8,
            "size": 0,
            "source": null,
            "source_content": "780e1b81d0862f34b35166a78509866c269f1f5e8d307c6a29935e241977ed7098ef633e0fe1a3c00cc8294799fec007a17461bc43315712f2f95f0c96af199c1d3b3a90ee4c4dc6dbf28c5b7f3e8525f2a021857c4bb2aec70b6eae7246a12333d938832f661cb248dac249d20f5b602b1e2586b1cf10414843a3fd0b5ea6fcc26736bea2518e08dc05184cb5fe4f214afcbfe9aee32e9c574a0a41fb955cb0bb3e1c67de992a",
            "source_uri": null,
            "storage_account_name": "stratusrtrx7agq",
            "storage_container_name": "container-4",
            "timeouts": null,
            "type": "Block",
            "url": "https://stratusrtrx7agq.blob.core.windows.net/container-4/coronary_truth.tar.gz"
          },
          "sensitive_attributes": [],
          "identity_schema_version": 0,
          "private": "eyJlMmJmYjczMC1lY2FhLTExZTYtOGY4OC0zNDM2M2JjN2M0YzAiOnsiY3JlYXRlIjoxODAwMDAwMDAwMDAwLCJkZWxldGUiOjE4MDAwMDAwMDAwMDAsInJlYWQiOjMwMDAwMDAwMDAwMCwidXBkYXRlIjoxODAwMDAwMDAwMDAwfSwic2NoZW1hX3ZlcnNpb24iOiIxIn0=",
          "dependencies": [
            "azurerm_resource_group.rg",
            "azurerm_storage_account.storage",
            "azurerm_storage_container.containers",
            "random_id.fake_blobs_content",
            "random_integer.fake_blobs_size",
            "random_shuffle.fake_blobs_extensions",
            "random_shuffle.fake_blobs_name_separators",
            "random_shuffle.fake_blobs_names",
            "random_string.suffix"
          ]
        },
        {
          "index_key": 34,
          "schema_version": 1,
          "attributes": {
            "access_tier": "Hot",
            "cache_control": "",
            "content_md5": "",
            "content_type": "application/octet-stream",
            "encryption_scope": "",
            "id": "https://stratusrtrx7agq.blob.core.windows.net/container-5/retrial-antivirus.txt",
            "metadata": {},
            "name": "retrial-antivirus.txt",
            "parallelism": 8,
            "size": 0,
            "source": null,
            "source_content": "f6a29b6d61600b6f38a68793bc204f81e56e11ec2b8937eb09baab25317f060669936bbe3d20ef569d78ce2faf626de6861d71ed8f9c52887aa8ac6b498f403072ea7d65c42f190d27b79cdc08b62920c19c43b14f41ae75a838b6ca2eaaa699bcace6b22109feddb7e6ef6e5af031c9509bacbd0fd302053f676d670352c83598fa54a47d9bd3317ca1be53d4b089d201d1be5ac7f408816de505817d2751a7a7fc56a4",
            "source_uri": null,
            "storage_account_name": "stratusrtrx7agq",
            "storage_container_name": "container-5",
            "timeouts": null,
            "type": "Block",
            "url": "https://stratusrtrx7agq.blob.core.windows.net/container-5/retrial-antivirus.txt"
          },
          "sensitive_attributes": [],
          "identity_schema_version": 0,
          "private": "eyJlMmJmYjczMC1lY2FhLTExZTYtOGY4OC0zNDM2M2JjN2M0YzAiOnsiY3JlYXRlIjoxODAwMDAwMDAwMDAwLCJkZWxldGUiOjE4MDAwMDAwMDAwMDAsInJlYWQiOjMwMDAwMDAwMDAwMCwidXBkYXRlIjoxODAwMDAwMDAwMDAwfSwic2NoZW1hX3ZlcnNpb24iOiIxIn0=",
          "dependencies": [
            "azurerm_resource_group.rg",
            "azurerm_storage_account.storage",
            "azurerm_storage_container.containers",
            "random_id.fake_blobs_content",
            "random_integer.fake_blobs_size",
            "random_shuffle.fake_blobs_extensions",
            "random_shuffle.fake_blobs_name_separators",
            "random_shuffle.fake_blobs_names",
            "random_string.suffix"
          ]
        },
        {
          "index_key": 35,
          "schema_version": 1,
          "attributes": {
            "access_tier": "Hot",
            "cache_control": "",
            "content_md5": "",
            "content_type": "application/octet-stream",
            "encryption_scope": "",
            "id": "https://stratusrtrx7agq.blob.core.windows.net/container-1/anchor-flashy.tar.gz",
            "metadata": {},
            "name": "anchor-flashy.tar.gz",
            "parallelism": 8,
            "size": 0,
            "source": null,
            "source_content": "e14a14261ba481b648f6b209050f8fc447dfbf7a853ff76832e2b1f22bb4b33d4b47938893b88fd584c8d8f16b4f2adb90f24cc8fb3be9480bb08ecc746e46128b6d21becdc83eceb69a96090a1343632571561b434fb868f73f4a5b8bf9b064a8f901d521165497af0b61fc6adb7cf878ed3865640b101678c58c9b7c679ad6bc31eff576c787b99436a15596",
            "source_uri": null,
            "storage_account_name": "stratusrtrx7agq",
            "storage_container_name": "container-1",
            "timeouts": null,
            "type": "Block",
            "url": "https://stratusrtrx7agq.blob.core.windows.net/container-1/anchor-flashy.tar.gz"
          },
          "sensitive_attributes": [],
          "identity_schema_version": 0,
          "private": "eyJlMmJmYjczMC1lY2FhLTExZTYtOGY4OC0zNDM2M2JjN2M0YzAiOnsiY3JlYXRlIjoxODAwMDAwMDAwMDAwLCJkZWxldGUiOjE4MDAwMDAwMDAwMDAsInJlYWQiOjMwMDAwMDAwMDAwMCwidXBkYXRlIjoxODAwMDAwMDAwMDAwfSwic2NoZW1hX3ZlcnNpb24iOiIxIn0=",
          "dependencies": [
            "azurerm_resource_group.rg",
            "azurerm_storage_account.storage",
            "azurerm_storage_container.containers",
            "random_id.fake_blobs_content",
            "random_integer.fake_blobs_size",
            "random_shuffle.fake_blobs_extensions",
            "random_shuffle.fake_blobs_name_separators",
            "random_shuffle.fake_blobs_names",
            "random_string.suffix"
          ]
        },
        {
          "index_key": 36,
          "schema_version": 1,
          "attributes": {
            "access_tier": "Hot",
            "cache_control": "",
            "content_md5": "",
            "content_type": "application/octet-stream",
            "encryption_scope": "",
            "id": "https://stratusrtrx7agq.blob.core.windows.net/container-2/ambitious-iphone.docx",
            "metadata": {},
            "name": "ambitious-iphone.docx",
            "parallelism": 8,
            "size": 0,
            "source": null,
            "source_content": "db7890bfd4db1f2edc918dbc59a0bd40ac992ddb584a1a010c1957094e29087682da42e2e6d2d40df8b6ce7d565df7e87852501cf953b4b410c1",
            "source_uri": null,
            "storage_account_name": "stratusrtrx7agq",
            "storage_container_name": "container-2",
            "timeouts": null,
            "type": "Block",
            "url": "https://stratusrtrx7agq.blob.core.windows.net/container-2/ambitious-iphone.docx"
          },
          "sensitive_attributes": [],
          "identity_schema_version": 0,
          "private": "eyJlMmJmYjczMC1lY2FhLTExZTYtOGY4OC0zNDM2M2JjN2M0YzAiOnsiY3JlYXRlIjoxODAwMDAwMDAwMDAwLCJkZWxldGUiOjE4MDAwMDAwMDAwMDAsInJlYWQiOjMwMDAwMDAwMDAwMCwidXBkYXRlIjoxODAwMDAwMDAwMDAwfSwic2NoZW1hX3ZlcnNpb24iOiIxIn0=",
          "dependencies": [
            "azurerm_resource_group.rg",
            "azurerm_storage_account.storage",
            "azurerm_storage_container.containers",
            "random_id.fake_blobs_content",
            "random_integer.fake_blobs_size",
            "random_shuffle.fake_blobs_extensions",
            "random_shuffle.fake_blobs_name_separators",
            "random_shuffle.fake_blobs_names",
            "random_string.suffix"
          ]
        },
        {
          "index_key": 37,
          "schema_version": 1,
          "attributes": {
            "access_tier": "Hot",
            "cache_control": "",
            "content_md5": "",
            "content_type": "application/octet-stream",
            "encryption_scope": "",
            "id": "https://stratusrtrx7agq.blob.core.windows.net/container-3/take flogging.sql",
            "metadata": {},
            "name": "take flogging.sql",
            "parallelism": 8,
            "size": 0,
            "source": null,
            "source_content": "9a5454e7264faf903363e0d64453203a2948eb709323d2db33a0fb5129222ea17d194037debb1034bc0346a06f20f7a91ecfc850e977b5a278cac7b89f40d62cb23b31dcf5cb087722bc7a01a1992e5b1996e5786b929b437861ac13424dfb2c829ce42831d2db9fbbf92d9a0140a12893f1b3fa9ea5bdd7cf25fff24e87a23be3d8334b7816d092667514d8c61eb697455ceb9556f9a58d3bbcbeccc0467e277a24b1723e19d54fbd1d074ba53c3fb75a0664e0",
            "source_uri": null,
            "storage_account_name": "stratusrtrx7agq",
            "storage_container_name": "container-3",
            "timeouts": null,
            "type": "Block",
            "url": "https://stratusrtrx7agq.blob.core.windows.net/container-3/take flogging.sql"
          },
          "sensitive_attributes": [],
          "identity_schema_version": 0,
          "private": "eyJlMmJmYjczMC1lY2FhLTExZTYtOGY4OC0zNDM2M2JjN2M0YzAiOnsiY3JlYXRlIjoxODAwMDAwMDAwMDAwLCJkZWxldGUiOjE4MDAwMDAwMDAwMDAsInJlYWQiOjMwMDAwMDAwMDAwMCwidXBkYXRlIjoxODAwMDAwMDAwMDAwfSwic2NoZW1hX3ZlcnNpb24iOiIxIn0=",
          "dependencies": [
            "azurerm_resource_group.rg",
            "azurerm_storage_account.storage",
            "azurerm_storage_container.containers",
            "random_id.fake_blobs_content",
            "random_integer.fake_blobs_size",
            "random_shuffle.fake_blobs_extensions",
            "random_shuffle.fake_blobs_name_separators",
            "random_shuffle.fake_blobs_names",
            "random_string.suffix"
          ]
        },
        {
          "index_key": 38,
          "schema_version": 1,
          "attributes": {
            "access_tier": "Hot",
            "cache_control": "",
            "content_md5": "",
            "content_type": "application/octet-stream",
            "encryption_scope": "",
            "id": "https://stratusrtrx7agq.blob.core.windows.net/container-4/deniable happily.txt",
            "metadata": {},
            "name": "deniable happily.txt",
            "parallelism": 8,
            "size": 0,
            "source": null,
            "source_content": "21ef2eed6ecc502d785036fb9c2a85ddbea325cf438fae376ec17df75c02cf979ea2ce5a40dd4a3497dd1231dc6c3df9345bf885cd1c3f768275aa0ba825a4f1ab2eb8ed5eb7f9b970609be5dbb9387382af9baffa8b2fec66146feee42a7f7470ec17e3ba595854cd86fa4f970609963ffb32b251eb3d9beedf1e0897d2",
            "source_uri": null,
            "storage_account_name": "stratusrtrx7agq",
            "storage_container_name": "container-4",
            "timeouts": null,
            "type": "Block",
            "url": "https://stratusrtrx7agq.blob.core.windows.net/container-4/deniable happily.txt"
          },
          "sensitive_attributes": [],
          "identity_schema_version": 0,
          "private": "eyJlMmJmYjczMC1lY2FhLTExZTYtOGY4OC0zNDM2M2JjN2M0YzAiOnsiY3JlYXRlIjoxODAwMDAwMDAwMDAwLCJkZWxldGUiOjE4MDAwMDAwMDAwMDAsInJlYWQiOjMwMDAwMDAwMDAwMCwidXBkYXRlIjoxODAwMDAwMDAwMDAwfSwic2NoZW1hX3ZlcnNpb24iOiIxIn0=",
          "dependencies": [
            "azurerm_resource_group.rg",
            "azurerm_storage_account.storage",
            "azurerm_storage_container.containers",
            "random_id.fake_blobs_content",
            "random_integer.fake_blobs_size",
            "random_shuffle.fake_blobs_extensions",
            "random_shuffle.fake_blobs_name_separators",
            "random_shuffle.fake_blobs_names",
            "random_string.suffix"
          ]
        },
        {
          "index_key": 39,
          "schema_version": 1,
          "attributes": {
            "access_tier": "Hot",
            "cache_control": "",
            "content_md5": "",
            "content_type": "application/octet-stream",
            "encryption_scope": "",
            "id": "https://stratusrtrx7agq.blob.core.windows.net/container-5/cobalt crabbing.tar.gz",
            "metadata": {},
            "name": "cobalt crabbing.tar.gz",
            "parallelism": 8,
            "size": 0,
            "source": null,
            "source_content": "2cb7c51254f3fd1c180ffc693e293ecbe1c6ed4d04a211e21558686923c1176014541b435e42808ef0279cf3852cecfd1e2019d7e3acbd486b287be4e08cf9b786b4e11d99e47357e3f01e2e5349c010df5c2437c8dd55ed40a543eda1068fa2f7a80e826a2b4bdc7541bc205865121ab24456a0d7970472f125d04cfcc63efd222f7de0dfa03a2d8677b73fd58cc1226035e1027139931b6b2134aa7f1998dbe40e0d",
            "source_uri": null,
            "storage_account_name": "stratusrtrx7agq",
            "storage_container_name": "container-5",
            "timeouts": null,
            "type": "Block",
            "url": "https://stratusrtrx7agq.blob.core.windows.net/container-5/cobalt crabbing.tar.gz"
          },
          "sensitive_attributes": [],
          "identity_schema_version": 0,
          "private": "eyJlMmJmYjczMC1lY2FhLTExZTYtOGY4OC0zNDM2M2JjN2M0YzAiOnsiY3JlYXRlIjoxODAwMDAwMDAwMDAwLCJkZWxldGUiOjE4MDAwMDAwMDAwMDAsInJlYWQiOjMwMDAwMDAwMDAwMCwidXBkYXRlIjoxODAwMDAwMDAwMDAwfSwic2NoZW1hX3ZlcnNpb24iOiIxIn0=",
          "dependencies": [
            "azurerm_resource_group.rg",
            "azurerm_storage_account.storage",
            "azurerm_storage_container.containers",
            "random_id.fake_blobs_content",
            "random_integer.fake_blobs_size",
            "random_shuffle.fake_blobs_extensions",
            "random_shuffle.fake_blobs_name_separators",
            "random_shuffle.fake_blobs_names",
            "random_string.suffix"
          ]
        },
        {
          "index_key": 40,
          "schema_version": 1,
          "attributes": {
            "access_tier": "Hot",
            "cache_control": "",
            "content_md5": "",
            "content_type": "application/octet-stream",
            "encryption_scope": "",
            "id": "https://stratusrtrx7agq.blob.core.windows.net/container-1/reissue-dealing.docx",
            "metadata": {},
            "name": "reissue-dealing.docx",
            "parallelism": 8,
            "size": 0,
            "source": null,
            "source_content": "a960d14789589554c12a1e85af",
            "source_uri": null,
            "storage_account_name": "stratusrtrx7agq",
            "storage_container_name": "container-1",
            "timeouts": null,
            "type": "Block",
            "url": "https://stratusrtrx7agq.blob.core.windows.net/container-1/reissue-dealing.docx"
          },
          "sensitive_attributes": [],
          "identity_schema_version": 0,
          "private": "eyJlMmJmYjczMC1lY2FhLTExZTYtOGY4OC0zNDM2M2JjN2M0YzAiOnsiY3JlYXRlIjoxODAwMDAwMDAwMDAwLCJkZWxldGUiOjE4MDAwMDAwMDAwMDAsInJlYWQiOjMwMDAwMDAwMDAwMCwidXBkYXRlIjoxODAwMDAwMDAwMDAwfSwic2NoZW1hX3ZlcnNpb24iOiIxIn0=",
          "dependencies": [
            "azurerm_resource_group.rg",
            "azurerm_storage_account.storage",
            "azurerm_storage_container.containers",
            "random_id.fake_blobs_content",
            "random_integer.fake_blobs_size",
            "random_shuffle.fake_blobs_extensions",
            "random_shuffle.fake_blobs_name_separators",
            "random_shuffle.fake_blobs_names",
            "random_string.suffix"
          ]
        },
        {
          "index_key": 41,
          "schema_version": 1,
          "attributes": {
            "access_tier": "Hot",
            "cache_control": "",
            "content_md5": "",
            "content_type": "application/octet-stream",
            "encryption_scope": "",
            "id": "https://stratusrtrx7agq.blob.core.windows.net/container-2/ribbon-reveler.png",
            "metadata": {},
            "name": "ribbon-reveler.png",
            "parallelism": 8,
            "size": 0,
            "source": null,
            "source_content": "bbfc7984d562570342ff1701aa2150f2c523eafe9ca1969227e0e74f37f30bb01b9eaab49e51a86f6cd7ac16a6",
            "source_uri": null,
            "storage_account_name": "stratusrtrx7agq",
            "storage_container_name": "container-2",
            "timeouts": null,
            "type": "Block",
            "url": "https://stratusrtrx7agq.blob.core.windows.net/container-2/ribbon-reveler.png"
          },
          "sensitive_attributes": [],
          "identity_schema_version": 0,
          "private": "eyJlMmJmYjczMC1lY2FhLTExZTYtOGY4OC0zNDM2M2JjN2M0YzAiOnsiY3JlYXRlIjoxODAwMDAwMDAwMDAwLCJkZWxldGUiOjE4MDAwMDAwMDAwMDAsInJlYWQiOjMwMDAwMDAwMDAwMCwidXBkYXRlIjoxODAwMDAwMDAwMDAwfSwic2NoZW1hX3ZlcnNpb24iOiIxIn0=",
          "dependencies": [
            "azurerm_resource_group.rg",
            "azurerm_storage_account.storage",
            "azurerm_storage_container.containers",
            "random_id.fake_blobs_content",
            "random_integer.fake_blobs_size",
            "random_shuffle.fake_blobs_extensions",
            "random_shuffle.fake_blobs_name_separators",
            "random_shuffle.fake_blobs_names",
            "random_string.suffix"
          ]
        },
        {
          "index_key": 42,
          "schema_version": 1,
          "attributes": {
            "access_tier": "Hot",
            "cache_control": "",
            "content_md5": "",
            "content_type": "application/octet-stream",
            "encryption_scope": "",
            "id": "https://stratusrtrx7agq.blob.core.windows.net/container-3/contusion .txt",
            "metadata": {},
            "name": "contusion .txt",
            "parallelism": 8,
            "size": 0,
            "source": null,
            "source_content": "04bb183d8d18b5cc8b628a408dea27e33b87249eae344bf9b292dc697c2bb78c196c8a9f47d22f727cb1deb78b4673c8c9fbc54a29f4ee35717cb80f721e0498176f1aaf1e1065485ee04e4cb8a17378a191400477ceda9696f2edc6469c0ab9af425f4ceb10504b0ee5c92712ffdd4e8d1e369d8f9527597b8e030394",
            "source_uri": null,
            "storage_account_name": "stratusrtrx7agq",
            "storage_container_name": "container-3",
            "timeouts": null,
            "type": "Block",
            "url": "https://stratusrtrx7agq.blob.core.windows.net/container-3/contusion .txt"
          },
          "sensitive_attributes": [],
          "identity_schema_version": 0,
          "private": "eyJlMmJmYjczMC1lY2FhLTExZTYtOGY4OC0zNDM2M2JjN2M0YzAiOnsiY3JlYXRlIjoxODAwMDAwMDAwMDAwLCJkZWxldGUiOjE4MDAwMDAwMDAwMDAsInJlYWQiOjMwMDAwMDAwMDAwMCwidXBkYXRlIjoxODAwMDAwMDAwMDAwfSwic2NoZW1hX3ZlcnNpb24iOiIxIn0=",
          "dependencies": [
            "azurerm_resource_group.rg",
            "azurerm_storage_account.storage",
            "azurerm_storage_container.containers",
            "random_id.fake_blobs_content",
            "random_integer.fake_blobs_size",
            "random_shuffle.fake_blobs_extensions",
            "random_shuffle.fake_blobs_name_separators",
            "random_shuffle.fake_blobs_names",
            "random_string.suffix"
          ]
        },
        {
          "index_key": 43,
          "schema_version": 1,
          "attributes": {
            "access_tier": "Hot",
            "cache_control": "",
            "content_md5": "",
            "content_type": "application/octet-stream",
            "encryption_scope": "",
            "id": "https://stratusrtrx7agq.blob.core.windows.net/container-4/prodigy-deniable.docx",
            "metadata": {},
            "name": "prodigy-deniable.docx",
            "parallelism": 8,
            "size": 0,
            "source": null,
            "source_content": "60fd303a5178905c7574f43c57b3f7899191f4ebca09c3d193704688143f92a9",
            "source_uri": null,
            "storage_account_name": "stratusrtrx7agq",
            "storage_container_name": "container-4",
            "timeouts": null,
            "type": "Block",
            "url": "https://stratusrtrx7agq.blob.core.windows.net/container-4/prodigy-deniable.docx"
          },
          "sensitive_attributes": [],
          "identity_schema_version": 0,
          "private": "eyJlMmJmYjczMC1lY2FhLTExZTYtOGY4OC0zNDM2M2JjN2M0YzAiOnsiY3JlYXRlIjoxODAwMDAwMDAwMDAwLCJkZWxldGUiOjE4MDAwMDAwMDAwMDAsInJlYWQiOjMwMDAwMDAwMDAwMCwidXBkYXRlIjoxODAwMDAwMDAwMDAwfSwic2NoZW1hX3ZlcnNpb24iOiIxIn0=",
          "dependencies": [
            "azurerm_resource_group.rg",
            "azurerm_storage_account.storage",
            "azurerm_storage_container.containers",
            "random_id.fake_blobs_content",
            "random_integer.fake_blobs_size",
            "random_shuffle.fake_blobs_extensions",
            "random_shuffle.fake_blobs_name_separators",
            "random_shuffle.fake_blobs_names",
            "random_string.suffix"
          ]
        },
        {
          "index_key": 44,
          "schema_version": 1,
          "attributes": {
            "access_tier": "Hot",
            "cache_control": "",
            "content_md5": "",
            "content_type": "application/octet-stream",
            "encryption_scope": "",
            "id": "https://stratusrtrx7agq.blob.core.windows.net/container-5/portfolio_art.sql",
            "metadata": {},
            "name": "portfolio_art.sql",
            "parallelism": 8,
            "size": 0,
            "source": null,
            "source_content": "f4bd2a66437c23785b2139584682bb2b5b7616459074052eb492f4eb63d70418481b24707d0c5f40bcf1dfeaa5f170f15fc32331fe2bdd08c6e2ae83e6c7d275ac63da1581ac2d22c06ac01c53e223a77b61f8540ddf8cbbb73094762af661b58aecd5a8640eda44a1bee8c92d77184ac1e24b5f4ead0b3217f4f254d83a2dad2f7785829667",
            "source_uri": null,
            "storage_account_name": "stratusrtrx7agq",
            "storage_container_name": "container-5",
            "timeouts": null,
            "type": "Block",
            "url": "https://stratusrtrx7agq.blob.core.windows.net/container-5/portfolio_art.sql"
          },
          "sensitive_attributes": [],
          "identity_schema_version": 0,
          "private": "eyJlMmJmYjczMC1lY2FhLTExZTYtOGY4OC0zNDM2M2JjN2M0YzAiOnsiY3JlYXRlIjoxODAwMDAwMDAwMDAwLCJkZWxldGUiOjE4MDAwMDAwMDAwMDAsInJlYWQiOjMwMDAwMDAwMDAwMCwidXBkYXRlIjoxODAwMDAwMDAwMDAwfSwic2NoZW1hX3ZlcnNpb24iOiIxIn0=",
          "dependencies": [
            "azurerm_resource_group.rg",
            "azurerm_storage_account.storage",
            "azurerm_storage_container.containers",
            "random_id.fake_blobs_content",
            "random_integer.fake_blobs_size",
            "random_shuffle.fake_blobs_extensions",
            "random_shuffle.fake_blobs_name_separators",
            "random_shuffle.fake_blobs_names",
            "random_string.suffix"
          ]
        },
        {
          "index_key": 45,
          "schema_version": 1,
          "attributes": {
            "access_tier": "Hot",
            "cache_control": "",
            "content_md5": "",
            "content_type": "application/octet-stream",
            "encryption_scope": "",
            "id": "https://stratusrtrx7agq.blob.core.windows.net/container-1/favorable_unpopular.tar.gz",
            "metadata": {},
            "name": "favorable_unpopular.tar.gz",
            "parallelism": 8,
            "size": 0,
            "source": null,
            "source_content": "d993886158f669571792632cc117a68663bbe84ffe53e6bf05f5e215016cb086f6548e7494ca67ffa7ba07ce49614fb86529ee97094f05f2423a113b57a43109ab558df0f187eeeb556801682b28ba6e8e64fbe5580b7f39f208bbc9ee821410ce9d71816e2e6eda01bb04bb2bb0a4a77a6dc26a1bf8a5",
            "source_uri": null,
            "storage_account_name": "stratusrtrx7agq",
            "storage_container_name": "container-1",
            "timeouts": null,
            "type": "Block",
            "url": "https://stratusrtrx7agq.blob.core.windows.net/container-1/favorable_unpopular.tar.gz"
          },
          "sensitive_attributes": [],
          "identity_schema_version": 0,
          "private": "eyJlMmJmYjczMC1lY2FhLTExZTYtOGY4OC0zNDM2M2JjN2M0YzAiOnsiY3JlYXRlIjoxODAwMDAwMDAwMDAwLCJkZWxldGUiOjE4MDAwMDAwMDAwMDAsInJlYWQiOjMwMDAwMDAwMDAwMCwidXBkYXRlIjoxODAwMDAwMDAwMDAwfSwic2NoZW1hX3ZlcnNpb24iOiIxIn0=",
          "dependencies": [
            "azurerm_resource_group.rg",
            "azurerm_storage_account.storage",
            "azurerm_storage_container.containers",
            "random_id.fake_blobs_content",
            "random_integer.fake_blobs_size",
            "random_shuffle.fake_blobs_extensions",
            "random_shuffle.fake_blobs_name_separators",
            "random_shuffle.fake_blobs_names",
            "random_string.suffix"
          ]
        },
        {
          "index_key": 46,
          "schema_version": 1,
          "attributes": {
            "access_tier": "Hot",
            "cache_control": "",
            "content_md5": "",
            "content_type": "application/octet-stream",
            "encryption_scope": "",
            "id": "https://stratusrtrx7agq.blob.core.windows.net/container-2/uneasy_voyage.sql",
            "metadata": {},
            "name": "uneasy_voyage.sql",
            "parallelism": 8,
            "size": 0,
            "source": null,
            "source_content": "e71bec12e1e5e9640efc77a73e5d4084a280dd538c04e647be91e6e424e730c98dde9e99fe5aee1265edd0052bffa692a9bcc5dcdd873a59ec8526df9733102c2a29b946de3a221a9ff4e21754486f6f6be545e225cc65a845fcbfa7e5a858270cee63d8e890a69cfb7903c1a84b772c04318a5832a17830866a7393cc7dbacf89f91873f6ba3b45",
            "source_uri": null,
            "storage_account_name": "stratusrtrx7agq",
            "storage_container_name": "container-2",
            "timeouts": null,
            "type": "Block",
            "url": "https://stratusrtrx7agq.blob.core.windows.net/container-2/uneasy_voyage.sql"
          },
          "sensitive_attributes": [],
          "identity_schema_version": 0,
          "private": "eyJlMmJmYjczMC1lY2FhLTExZTYtOGY4OC0zNDM2M2JjN2M0YzAiOnsiY3JlYXRlIjoxODAwMDAwMDAwMDAwLCJkZWxldGUiOjE4MDAwMDAwMDAwMDAsInJlYWQiOjMwMDAwMDAwMDAwMCwidXBkYXRlIjoxODAwMDAwMDAwMDAwfSwic2NoZW1hX3ZlcnNpb24iOiIxIn0=",
          "dependencies": [
            "azurerm_resource_group.rg",
            "azurerm_storage_account.storage",
            "azurerm_storage_container.containers",
            "random_id.fake_blobs_content",
            "random_integer.fake_blobs_size",
            "random_shuffle.fake_blobs_extensions",
            "random_shuffle.fake_blobs_name_separators",
            "random_shuffle.fake_blobs_names",
            "random_string.suffix"
          ]
        },
        {
          "index_key": 47,
          "schema_version": 1,
          "attributes": {
            "access_tier": "Hot",
            "cache_control": "",
            "content_md5": "",
            "content_type": "application/octet-stream",
            "encryption_scope": "",
            "id": "https://stratusrtrx7agq.blob.core.windows.net/container-3/chevy_obstruct.txt",
            "metadata": {},
            "name": "chevy_obstruct.txt",
            "parallelism": 8,
            "size": 0,
            "source": null,
            "source_content": "65ce918d9207eeff8603b1546deb0205509c38b2a166ef3b92024862e43b2594b54f9ac30d265eb8f0d7dce86b45cbb48dbf15ae95364cd2de5a9d708fc858f1f0a47bb04c0f5e65442d3fe3706696bd3670e0b396cc4d5b5a0884cb621efd7f6cc312a0142272d9ece5a584e5ecb3dd476705e48ce6c235b23fc6e9a24aeec4254f",
            "source_uri": null,
            "storage_account_name": "stratusrtrx7agq",
            "storage_container_name": "container-3",
            "timeouts": null,
            "type": "Block",
            "url": "https://stratusrtrx7agq.blob.core.windows.net/container-3/chevy_obstruct.txt"
          },
          "sensitive_attributes": [],
          "identity_schema_version": 0,
          "private": "eyJlMmJmYjczMC1lY2FhLTExZTYtOGY4OC0zNDM2M2JjN2M0YzAiOnsiY3JlYXRlIjoxODAwMDAwMDAwMDAwLCJkZWxldGUiOjE4MDAwMDAwMDAwMDAsInJlYWQiOjMwMDAwMDAwMDAwMCwidXBkYXRlIjoxODAwMDAwMDAwMDAwfSwic2NoZW1hX3ZlcnNpb24iOiIxIn0=",
          "dependencies": [
            "azurerm_resource_group.rg",
            "azurerm_storage_account.storage",
            "azurerm_storage_container.containers",
            "random_id.fake_blobs_content",
            "random_integer.fake_blobs_size",
            "random_shuffle.fake_blobs_extensions",
            "random_shuffle.fake_blobs_name_separators",
            "random_shuffle.fake_blobs_names",
            "random_string.suffix"
          ]
        },
        {
          "index_key": 48,
          "schema_version": 1,
          "attributes": {
            "access_tier": "Hot",
            "cache_control": "",
            "content_md5": "",
            "content_type": "application/octet-stream",
            "encryption_scope": "",
            "id": "https://stratusrtrx7agq.blob.core.windows.net/container-4/deniable decimeter.txt",
            "metadata": {},
            "name": "deniable decimeter.txt",
            "parallelism": 8,
            "size": 0,
            "source": null,
            "source_content": "a948d1319976ecd162fd177e4ac1ec030dfe40fd004bd1a9de2029c7e7ef6a956f27192c4d845699061c7a",
            "source_uri": null,
            "storage_account_name": "stratusrtrx7agq",
            "storage_container_name": "container-4",
            "timeouts": null,
            "type": "Block",
            "url": "https://stratusrtrx7agq.blob.core.windows.net/container-4/deniable decimeter.txt"
          },
          "sensitive_attributes": [],
          "identity_schema_version": 0,
          "private": "eyJlMmJmYjczMC1lY2FhLTExZTYtOGY4OC0zNDM2M2JjN2M0YzAiOnsiY3JlYXRlIjoxODAwMDAwMDAwMDAwLCJkZWxldGUiOjE4MDAwMDAwMDAwMDAsInJlYWQiOjMwMDAwMDAwMDAwMCwidXBkYXRlIjoxODAwMDAwMDAwMDAwfSwic2NoZW1hX3ZlcnNpb24iOiIxIn0=",
          "dependencies": [
            "azurerm_resource_group.rg",
            "azurerm_storage_account.storage",
            "azurerm_storage_container.containers",
            "random_id.fake_blobs_content",
            "random_integer.fake_blobs_size",
            "random_shuffle.fake_blobs_extensions",
            "random_shuffle.fake_blobs_name_separators",
            "random_shuffle.fake_blobs_names",
            "random_string.suffix"
          ]
        },
        {
          "index_key": 49,
          "schema_version": 1,
          "attributes": {
            "access_tier": "Hot",
            "cache_control": "",
            "content_md5": "",
            "content_type": "application/octet-stream",
            "encryption_scope": "",
            "id": "https://stratusrtrx7agq.blob.core.windows.net/container-5/follicle-erratic.sql",
            "metadata": {},
            "name": "follicle-erratic.sql",
            "parallelism": 8,
            "size": 0,
            "source": null,
            "source_content": "deb2294d4c6d1f85020e9415425a0cc6f17fa9b5a2e71f6c161443dcac843e0ed7794e77e5c18cfbd2a9ba24c2b14d52d05be205499c3c38f4e581ae1c87a14a375afec67ffa0d6ae78f1a6bf2bab36d9123e4b6f900937330e1e94aa5e2fd30603554450013038da87c91a78187ac2356e636e35be7bf9074f283ae8d776b4e2bf038204c234d12b6af2d56a09276f380de4a221efacd49ef",
            "source_uri": null,
            "storage_account_name": "stratusrtrx7agq",
            "storage_container_name": "container-5",
            "timeouts": null,
            "type": "Block",
            "url": "https://stratusrtrx7agq.blob.core.windows.net/container-5/follicle-erratic.sql"
          },
          "sensitive_attributes": [],
          "identity_schema_version": 0,
          "private": "eyJlMmJmYjczMC1lY2FhLTExZTYtOGY4OC0zNDM2M2JjN2M0YzAiOnsiY3JlYXRlIjoxODAwMDAwMDAwMDAwLCJkZWxldGUiOjE4MDAwMDAwMDAwMDAsInJlYWQiOjMwMDAwMDAwMDAwMCwidXBkYXRlIjoxODAwMDAwMDAwMDAwfSwic2NoZW1hX3ZlcnNpb24iOiIxIn0=",
          "dependencies": [
            "azurerm_resource_group.rg",
            "azurerm_storage_account.storage",
            "azurerm_storage_container.containers",
            "random_id.fake_blobs_content",
            "random_integer.fake_blobs_size",
            "random_shuffle.fake_blobs_extensions",
            "random_shuffle.fake_blobs_name_separators",
            "random_shuffle.fake_blobs_names",
            "random_string.suffix"
          ]
        },
        {
          "index_key": 50,
          "schema_version": 1,
          "attributes": {
            "access_tier": "Hot",
            "cache_control": "",
            "content_md5": "",
            "content_type": "application/octet-stream",
            "encryption_scope": "",
            "id": "https://stratusrtrx7agq.blob.core.windows.net/container-1/crabbing-crablike.docx",
            "metadata": {},
            "name": "crabbing-crablike.docx",
            "parallelism": 8,
            "size": 0,
            "source": null,
            "source_content": "167f21c0b0eb920686097cd5e964504a80275bf3874789b5e76a237b45de06aa9e634b1daf08eb0e0666681b4d6e6b971457759f11263c",
            "source_uri": null,
            "storage_account_name": "stratusrtrx7agq",
            "storage_container_name": "container-1",
            "timeouts": null,
            "type": "Block",
            "url": "https://stratusrtrx7agq.blob.core.windows.net/container-1/crabbing-crablike.docx"
          },
          "sensitive_attributes": [],
          "identity_schema_version": 0,
          "private": "eyJlMmJmYjczMC1lY2FhLTExZTYtOGY4OC0zNDM2M2JjN2M0YzAiOnsiY3JlYXRlIjoxODAwMDAwMDAwMDAwLCJkZWxldGUiOjE4MDAwMDAwMDAwMDAsInJlYWQiOjMwMDAwMDAwMDAwMCwidXBkYXRlIjoxODAwMDAwMDAwMDAwfSwic2NoZW1hX3ZlcnNpb24iOiIxIn0=",
          "dependencies": [
            "azurerm_resource_group.rg",
            "azurerm_storage_account.storage",
            "azurerm_storage_container.containers",
            "random_id.fake_blobs_content",
            "random_integer.fake_blobs_size",
            "random_shuffle.fake_blobs_extensions",
            "random_shuffle.fake_blobs_name_separators",
            "random_shuffle.fake_blobs_names",
            "random_string.suffix"
          ]
        }
      ]
    },
    {
      "mode": "managed",
      "type": "azurerm_storage_container",
      "name": "containers",
      "provider": "provider[\"registry.terraform.io/hashicorp/azurerm\"]",
      "instances": [
        {
          "index_key": 0,
          "schema_version": 1,
          "attributes": {
            "container_access_type": "private",
            "default_encryption_scope": "$account-encryption-key",
            "encryption_scope_override_enabled": true,
            "has_immutability_policy": false,
            "has_legal_hold": false,
            "id": "https://stratusrtrx7agq.blob.core.windows.net/container-1",
            "metadata": {},
            "name": "container-1",
            "resource_manager_id": "/subscriptions/fa3f98d4-2d5c-44ae-950f-ecbb74b5fab6/resourceGroups/stratus-red-team-storage-deletion-rg-rx7agq/providers/Microsoft.Storage/storageAccounts/stratusrtrx7agq/blobServices/default/containers/container-1",
            "storage_account_id": null,
            "storage_account_name": "stratusrtrx7agq",
            "timeouts": null
          },
          "sensitive_attributes": [],
          "identity_schema_version": 0,
          "private": "eyJlMmJmYjczMC1lY2FhLTExZTYtOGY4OC0zNDM2M2JjN2M0YzAiOnsiY3JlYXRlIjoxODAwMDAwMDAwMDAwLCJkZWxldGUiOjE4MDAwMDAwMDAwMDAsInJlYWQiOjMwMDAwMDAwMDAwMCwidXBkYXRlIjoxODAwMDAwMDAwMDAwfSwic2NoZW1hX3ZlcnNpb24iOiIxIn0=",
          "dependencies": [
            "azurerm_resource_group.rg",
            "azurerm_storage_account.storage",
            "random_string.suffix"
          ]
        },
        {
          "index_key": 1,
          "schema_version": 1,
          "attributes": {
            "container_access_type": "private",
            "default_encryption_scope": "$account-encryption-key",
            "encryption_scope_override_enabled": true,
            "has_immutability_policy": false,
            "has_legal_hold": false,
            "id": "https://stratusrtrx7agq.blob.core.windows.net/container-2",
            "metadata": {},
            "name": "container-2",
            "resource_manager_id": "/subscriptions/fa3f98d4-2d5c-44ae-950f-ecbb74b5fab6/resourceGroups/stratus-red-team-storage-deletion-rg-rx7agq/providers/Microsoft.Storage/storageAccounts/stratusrtrx7agq/blobServices/default/containers/container-2",
            "storage_account_id": null,
            "storage_account_name": "stratusrtrx7agq",
            "timeouts": null
          },
          "sensitive_attributes": [],
          "identity_schema_version": 0,
          "private": "eyJlMmJmYjczMC1lY2FhLTExZTYtOGY4OC0zNDM2M2JjN2M0YzAiOnsiY3JlYXRlIjoxODAwMDAwMDAwMDAwLCJkZWxldGUiOjE4MDAwMDAwMDAwMDAsInJlYWQiOjMwMDAwMDAwMDAwMCwidXBkYXRlIjoxODAwMDAwMDAwMDAwfSwic2NoZW1hX3ZlcnNpb24iOiIxIn0=",
          "dependencies": [
            "azurerm_resource_group.rg",
            "azurerm_storage_account.storage",
            "random_string.suffix"
          ]
        },
        {
          "index_key": 2,
          "schema_version": 1,
          "attributes": {
            "container_access_type": "private",
            "default_encryption_scope": "$account-encryption-key",
            "encryption_scope_override_enabled": true,
            "has_immutability_policy": false,
            "has_legal_hold": false,
            "id": "https://stratusrtrx7agq.blob.core.windows.net/container-3",
            "metadata": {},
            "name": "container-3",
            "resource_manager_id": "/subscriptions/fa3f98d4-2d5c-44ae-950f-ecbb74b5fab6/resourceGroups/stratus-red-team-storage-deletion-rg-rx7agq/providers/Microsoft.Storage/storageAccounts/stratusrtrx7agq/blobServices/default/containers/container-3",
            "storage_account_id": null,
            "storage_account_name": "stratusrtrx7agq",
            "timeouts": null
          },
          "sensitive_attributes": [],
          "identity_schema_version": 0,
          "private": "eyJlMmJmYjczMC1lY2FhLTExZTYtOGY4OC0zNDM2M2JjN2M0YzAiOnsiY3JlYXRlIjoxODAwMDAwMDAwMDAwLCJkZWxldGUiOjE4MDAwMDAwMDAwMDAsInJlYWQiOjMwMDAwMDAwMDAwMCwidXBkYXRlIjoxODAwMDAwMDAwMDAwfSwic2NoZW1hX3ZlcnNpb24iOiIxIn0=",
          "dependencies": [
            "azurerm_resource_group.rg",
            "azurerm_storage_account.storage",
            "random_string.suffix"
          ]
        },
        {
          "index_key": 3,
          "schema_version": 1,
          "attributes": {
            "container_access_type": "private",
            "default_encryption_scope": "$account-encryption-key",
            "encryption_scope_override_enabled": true,
            "has_immutability_policy": false,
            "has_legal_hold": false,
            "id": "https://stratusrtrx7agq.blob.core.windows.net/container-4",
            "metadata": {},
            "name": "container-4",
            "resource_manager_id": "/subscriptions/fa3f98d4-2d5c-44ae-950f-ecbb74b5fab6/resourceGroups/stratus-red-team-storage-deletion-rg-rx7agq/providers/Microsoft.Storage/storageAccounts/stratusrtrx7agq/blobServices/default/containers/container-4",
            "storage_account_id": null,
            "storage_account_name": "stratusrtrx7agq",
            "timeouts": null
          },
          "sensitive_attributes": [],
          "identity_schema_version": 0,
          "private": "eyJlMmJmYjczMC1lY2FhLTExZTYtOGY4OC0zNDM2M2JjN2M0YzAiOnsiY3JlYXRlIjoxODAwMDAwMDAwMDAwLCJkZWxldGUiOjE4MDAwMDAwMDAwMDAsInJlYWQiOjMwMDAwMDAwMDAwMCwidXBkYXRlIjoxODAwMDAwMDAwMDAwfSwic2NoZW1hX3ZlcnNpb24iOiIxIn0=",
          "dependencies": [
            "azurerm_resource_group.rg",
            "azurerm_storage_account.storage",
            "random_string.suffix"
          ]
        },
        {
          "index_key": 4,
          "schema_version": 1,
          "attributes": {
            "container_access_type": "private",
            "default_encryption_scope": "$account-encryption-key",
            "encryption_scope_override_enabled": true,
            "has_immutability_policy": false,
            "has_legal_hold": false,
            "id": "https://stratusrtrx7agq.blob.core.windows.net/container-5",
            "metadata": {},
            "name": "container-5",
            "resource_manager_id": "/subscriptions/fa3f98d4-2d5c-44ae-950f-ecbb74b5fab6/resourceGroups/stratus-red-team-storage-deletion-rg-rx7agq/providers/Microsoft.Storage/storageAccounts/stratusrtrx7agq/blobServices/default/containers/container-5",
            "storage_account_id": null,
            "storage_account_name": "stratusrtrx7agq",
            "timeouts": null
          },
          "sensitive_attributes": [],
          "identity_schema_version": 0,
          "private": "eyJlMmJmYjczMC1lY2FhLTExZTYtOGY4OC0zNDM2M2JjN2M0YzAiOnsiY3JlYXRlIjoxODAwMDAwMDAwMDAwLCJkZWxldGUiOjE4MDAwMDAwMDAwMDAsInJlYWQiOjMwMDAwMDAwMDAwMCwidXBkYXRlIjoxODAwMDAwMDAwMDAwfSwic2NoZW1hX3ZlcnNpb24iOiIxIn0=",
          "dependencies": [
            "azurerm_resource_group.rg",
            "azurerm_storage_account.storage",
            "random_string.suffix"
          ]
        }
      ]
    },
    {
      "mode": "managed",
      "type": "random_id",
      "name": "fake_blobs_content",
      "provider": "provider[\"registry.terraform.io/hashicorp/random\"]",
      "instances": [
        {
          "index_key": 0,
          "schema_version": 0,
          "attributes": {
            "b64_std": "QogwMRB08v38O1FLz1s37jliyn+IFI3iY/MSgdHwQO09PJLMvxCwJy2cG1xLo97tRw2pjAcNWVhKATpLiTEW9naduqrLgfp8JZTGojYwIK+/63phVsWef6tP92yg7cpXsV5TL+jbMPv/qFT5msKQ14g82fpWXmabYkYZnfjzL8TzmP/KU99zWZUgN+jgKrrEfmJEe1Da9RrShQkqNk7ogSk=",
            "b64_url": "QogwMRB08v38O1FLz1s37jliyn-IFI3iY_MSgdHwQO09PJLMvxCwJy2cG1xLo97tRw2pjAcNWVhKATpLiTEW9naduqrLgfp8JZTGojYwIK-_63phVsWef6tP92yg7cpXsV5TL-jbMPv_qFT5msKQ14g82fpWXmabYkYZnfjzL8TzmP_KU99zWZUgN-jgKrrEfmJEe1Da9RrShQkqNk7ogSk",
            "byte_length": 161,
            "dec": "1384920784522104519225741377576535187726381508254667844557499773081400109259322970917245295893622459179916224871433289688717028819275915090502350280818890560953961285601424881790283639824526357315215893753762246272325829020264185035589640840389710029257460049251368352740781205031551280527493742595138105330232888290748270494722445726721173710583877472601234145761513392755078749982589225",
            "hex": "428830311074f2fdfc3b514bcf5b37ee3962ca7f88148de263f31281d1f040ed3d3c92ccbf10b0272d9c1b5c4ba3deed470da98c070d59584a013a4b893116f6769dbaaacb81fa7c2594c6a2363020afbfeb7a6156c59e7fab4ff76ca0edca57b15e532fe8db30fbffa854f99ac290d7883cd9fa565e669b6246199df8f32fc4f398ffca53df7359952037e8e02abac47e62447b50daf51ad285092a364ee88129",
            "id": "QogwMRB08v38O1FLz1s37jliyn-IFI3iY_MSgdHwQO09PJLMvxCwJy2cG1xLo97tRw2pjAcNWVhKATpLiTEW9naduqrLgfp8JZTGojYwIK-_63phVsWef6tP92yg7cpXsV5TL-jbMPv_qFT5msKQ14g82fpWXmabYkYZnfjzL8TzmP_KU99zWZUgN-jgKrrEfmJEe1Da9RrShQkqNk7ogSk",
            "keepers": null,
            "prefix": null
          },
          "sensitive_attributes": [],
          "identity_schema_version": 0,
          "dependencies": [
            "random_integer.fake_blobs_size"
          ]
        },
        {
          "index_key": 1,
          "schema_version": 0,
          "attributes": {
            "b64_std": "tT8B1tv+7PRRLSHk/uqioFo2t9K0pTRj3dE556ZcvYQftAv3dnfSoiJgr48NlvS0ilTfFRsQKw==",
            "b64_url": "tT8B1tv-7PRRLSHk_uqioFo2t9K0pTRj3dE556ZcvYQftAv3dnfSoiJgr48NlvS0ilTfFRsQKw",
            "byte_length": 55,
            "dec": "2010142516538009602708263093329544260520139524756661768089752574570834552378840559764045185052380963533108391667190700168204747739179",
            "hex": "b53f01d6dbfeecf4512d21e4feeaa2a05a36b7d2b4a53463ddd139e7a65cbd841fb40bf77677d2a22260af8f0d96f4b48a54df151b102b",
            "id": "tT8B1tv-7PRRLSHk_uqioFo2t9K0pTRj3dE556ZcvYQftAv3dnfSoiJgr48NlvS0ilTfFRsQKw",
            "keepers": null,
            "prefix": null
          },
          "sensitive_attributes": [],
          "identity_schema_version": 0,
          "dependencies": [
            "random_integer.fake_blobs_size"
          ]
        },
        {
          "index_key": 2,
          "schema_version": 0,
          "attributes": {
            "b64_std": "rfebJcoRciwI",
            "b64_url": "rfebJcoRciwI",
            "byte_length": 9,
            "dec": "3209128620650317097992",
            "hex": "adf79b25ca11722c08",
            "id": "rfebJcoRciwI",
            "keepers": null,
            "prefix": null
          },
          "sensitive_attributes": [],
          "identity_schema_version": 0,
          "dependencies": [
            "random_integer.fake_blobs_size"
          ]
        },
        {
          "index_key": 3,
          "schema_version": 0,
          "attributes": {
            "b64_std": "TZuYvJg9pb2TJcDN6XrJ8gQtjhjW45oJA4T3vYROET4vEoiXMjTzEWP7Phvj4SmgWY5/Q+SOw/tsuXTw88eEOqYeJuRIiJma8xRcYq6KLdMFCs4eJnH61+meSF9J10L4cAotUMxOIz/XjNIdH6gWv5QjwNETS38LWkriTB5jnXnC2YXZQ4lO0vTg7Frw+ZeR/YAj1S/AYcr3Mg==",
            "b64_url": "TZuYvJg9pb2TJcDN6XrJ8gQtjhjW45oJA4T3vYROET4vEoiXMjTzEWP7Phvj4SmgWY5_Q-SOw_tsuXTw88eEOqYeJuRIiJma8xRcYq6KLdMFCs4eJnH61-meSF9J10L4cAotUMxOIz_XjNIdH6gWv5QjwNETS38LWkriTB5jnXnC2YXZQ4lO0vTg7Frw-ZeR_YAj1S_AYcr3Mg",
            "byte_length": 154,
            "dec": "22419197419996403090340746938691812026319519341530804239461437883191808012218166065356056627869139454905049698371651373870243146982130763077304043991756308146689422988693936864130305491221348421556872041292712002886763726805075896419644179498851887768376602402945473543244025273775494312515870467113349343124620561882300739009991426329444951621580769351745630309257508658",
            "hex": "4d9b98bc983da5bd9325c0cde97ac9f2042d8e18d6e39a090384f7bd844e113e2f1288973234f31163fb3e1be3e129a0598e7f43e48ec3fb6cb974f0f3c7843aa61e26e44888999af3145c62ae8a2dd3050ace1e2671fad7e99e485f49d742f8700a2d50cc4e233fd78cd21d1fa816bf9423c0d1134b7f0b5a4ae24c1e639d79c2d985d943894ed2f4e0ec5af0f99791fd8023d52fc061caf732",
            "id": "TZuYvJg9pb2TJcDN6XrJ8gQtjhjW45oJA4T3vYROET4vEoiXMjTzEWP7Phvj4SmgWY5_Q-SOw_tsuXTw88eEOqYeJuRIiJma8xRcYq6KLdMFCs4eJnH61-meSF9J10L4cAotUMxOIz_XjNIdH6gWv5QjwNETS38LWkriTB5jnXnC2YXZQ4lO0vTg7Frw-ZeR_YAj1S_AYcr3Mg",
            "keepers": null,
            "prefix": null
          },
          "sensitive_attributes": [],
          "identity_schema_version": 0,
          "dependencies": [
            "random_integer.fake_blobs_size"
          ]
        },
        {
          "index_key": 4,
          "schema_version": 0,
          "attributes": {
            "b64_std": "LDg+Y8EiJmdjQ/AbXe4skOYkOSOz68Uehk0Dgth49DXsnu3sbtLAfZZNmPAU81VfzWS5Jw==",
            "b64_url": "LDg-Y8EiJmdjQ_AbXe4skOYkOSOz68Uehk0Dgth49DXsnu3sbtLAfZZNmPAU81VfzWS5Jw",
            "byte_length": 52,
            "dec": "29231697939110718492870334213459826632138915062630990201198841556317378636314001497984321977089117125332601930563382101195047",
            "hex": "2c383e63c12226676343f01b5dee2c90e6243923b3ebc51e864d0382d878f435ec9eedec6ed2c07d964d98f014f3555fcd64b927",
            "id": "LDg-Y8EiJmdjQ_AbXe4skOYkOSOz68Uehk0Dgth49DXsnu3sbtLAfZZNmPAU81VfzWS5Jw",
            "keepers": null,
            "prefix": null
          },
          "sensitive_attributes": [],
          "identity_schema_version": 0,
          "dependencies": [
            "random_integer.fake_blobs_size"
          ]
        },
        {
          "index_key": 5,
          "schema_version": 0,
          "attributes": {
            "b64_std": "YmOdlNAfz9moF0CJf1yEI9rOntU0HhJjJyiQHatDJAXhPTNWMbfE+J/t6EklSCfAT0+oP4MPOR8ZZCjjDvfCKeRqizACNQxXv8y7kb9Cmi0NLTLA020pZhQf+e7+XH/BLXZVxi5kalG6G+LKeZMPy3H4nPMN8sLH7j6zbgnOvpmsrp93/RJQRg+R+jdpPlgBALCfk9KJ9ClRT0CSaL+OEt36+qWjWsLYkWizQTy+s0/Ye0pPJnFW7A==",
            "b64_url": "YmOdlNAfz9moF0CJf1yEI9rOntU0HhJjJyiQHatDJAXhPTNWMbfE-J_t6EklSCfAT0-oP4MPOR8ZZCjjDvfCKeRqizACNQxXv8y7kb9Cmi0NLTLA020pZhQf-e7-XH_BLXZVxi5kalG6G-LKeZMPy3H4nPMN8sLH7j6zbgnOvpmsrp93_RJQRg-R-jdpPlgBALCfk9KJ9ClRT0CSaL-OEt36-qWjWsLYkWizQTy-s0_Ye0pPJnFW7A",
            "byte_length": 184,
            "dec": "50218153822491367611221982021036709934294706162051720856664028855281872201315008915446017777705572470044434412680084855497011273616186864454254940602733654089468401359704305993504744324374397486018342018596490019180837315098975495824771605074018276928476441849767671599796895141541943747318872392841728223374709672520632982089367253254077287398298892997351948951087236664107729978112353281148782456933836226333857713473262864324623616114251500",
            "hex": "62639d94d01fcfd9a81740897f5c8423dace9ed5341e12632728901dab432405e13d335631b7c4f89fede849254827c04f4fa83f830f391f196428e30ef7c229e46a8b3002350c57bfccbb91bf429a2d0d2d32c0d36d2966141ff9eefe5c7fc12d7655c62e646a51ba1be2ca79930fcb71f89cf30df2c2c7ee3eb36e09cebe99acae9f77fd1250460f91fa37693e580100b09f93d289f429514f409268bf8e12ddfafaa5a35ac2d89168b3413cbeb34fd87b4a4f267156ec",
            "id": "YmOdlNAfz9moF0CJf1yEI9rOntU0HhJjJyiQHatDJAXhPTNWMbfE-J_t6EklSCfAT0-oP4MPOR8ZZCjjDvfCKeRqizACNQxXv8y7kb9Cmi0NLTLA020pZhQf-e7-XH_BLXZVxi5kalG6G-LKeZMPy3H4nPMN8sLH7j6zbgnOvpmsrp93_RJQRg-R-jdpPlgBALCfk9KJ9ClRT0CSaL-OEt36-qWjWsLYkWizQTy-s0_Ye0pPJnFW7A",
            "keepers": null,
            "prefix": null
          },
          "sensitive_attributes": [],
          "identity_schema_version": 0,
          "dependencies": [
            "random_integer.fake_blobs_size"
          ]
        },
        {
          "index_key": 6,
          "schema_version": 0,
          "attributes": {
            "b64_std": "s2JIPiaGxD86lynZ9BIwFQiDu7o71utEuZXCfjHLQOpsqavn02YUkzNoqIGcN1DpOfnq80o7rZALQEMgBjXqcqaYYIIZB4Kj",
            "b64_url": "s2JIPiaGxD86lynZ9BIwFQiDu7o71utEuZXCfjHLQOpsqavn02YUkzNoqIGcN1DpOfnq80o7rZALQEMgBjXqcqaYYIIZB4Kj",
            "byte_length": 72,
            "dec": "173308967478591145202652495089377766862503388662540867307769848319591164638210744353098671677139285324526492644941926252167545312569444396431645288258647435646660569003950755",
            "hex": "b362483e2686c43f3a9729d9f41230150883bbba3bd6eb44b995c27e31cb40ea6ca9abe7d36614933368a8819c3750e939f9eaf34a3bad900b4043200635ea72a6986082190782a3",
            "id": "s2JIPiaGxD86lynZ9BIwFQiDu7o71utEuZXCfjHLQOpsqavn02YUkzNoqIGcN1DpOfnq80o7rZALQEMgBjXqcqaYYIIZB4Kj",
            "keepers": null,
            "prefix": null
          },
          "sensitive_attributes": [],
          "identity_schema_version": 0,
          "dependencies": [
            "random_integer.fake_blobs_size"
          ]
        },
        {
          "index_key": 7,
          "schema_version": 0,
          "attributes": {
            "b64_std": "liEQM3aLoMXuYkKSStTV9vlg5yelJKsWD+DcDYMRRRHY2QttsY0aWgB60jNxpNHylhqrDlvX4LI765VoIu7z42Ze4h0KsLc1SNJ9qkcr6CPs75oXvYuXf6/5a+1AhJ35UpsdZQnN+MFYWEA6bhb2LCBCsgJB6dBSsI3zfKHOTDrd5S8GlPZ1pn3hBKvvXFJB5yV9mpuzc9HG7jp5BM3p6dY2WFHWvt/5WOQkuNTaTvQdHY8Q+KMMqzhLFGsczfjdbw==",
            "b64_url": "liEQM3aLoMXuYkKSStTV9vlg5yelJKsWD-DcDYMRRRHY2QttsY0aWgB60jNxpNHylhqrDlvX4LI765VoIu7z42Ze4h0KsLc1SNJ9qkcr6CPs75oXvYuXf6_5a-1AhJ35UpsdZQnN-MFYWEA6bhb2LCBCsgJB6dBSsI3zfKHOTDrd5S8GlPZ1pn3hBKvvXFJB5yV9mpuzc9HG7jp5BM3p6dY2WFHWvt_5WOQkuNTaTvQdHY8Q-KMMqzhLFGsczfjdbw",
            "byte_length": 193,
            "dec": "361858164223103697549421962145221930622511214619667924055962769395193383422967451577782416297029532924442909538200711353204376986725835710274035998693216728987352572474310929839479622183566870011960414330342188659492755842651762796146133512411800965260084833015617845116555387015306398343359025184020466357563787616393712379663682596372406059360750378570778633539944644166084418202249766887018171413872888834861999876999964048613197455601962459040679821404056116591",
            "hex": "96211033768ba0c5ee6242924ad4d5f6f960e727a524ab160fe0dc0d83114511d8d90b6db18d1a5a007ad23371a4d1f2961aab0e5bd7e0b23beb956822eef3e3665ee21d0ab0b73548d27daa472be823ecef9a17bd8b977faff96bed40849df9529b1d6509cdf8c15858403a6e16f62c2042b20241e9d052b08df37ca1ce4c3adde52f0694f675a67de104abef5c5241e7257d9a9bb373d1c6ee3a7904cde9e9d6365851d6bedff958e424b8d4da4ef41d1d8f10f8a30cab384b146b1ccdf8dd6f",
            "id": "liEQM3aLoMXuYkKSStTV9vlg5yelJKsWD-DcDYMRRRHY2QttsY0aWgB60jNxpNHylhqrDlvX4LI765VoIu7z42Ze4h0KsLc1SNJ9qkcr6CPs75oXvYuXf6_5a-1AhJ35UpsdZQnN-MFYWEA6bhb2LCBCsgJB6dBSsI3zfKHOTDrd5S8GlPZ1pn3hBKvvXFJB5yV9mpuzc9HG7jp5BM3p6dY2WFHWvt_5WOQkuNTaTvQdHY8Q-KMMqzhLFGsczfjdbw",
            "keepers": null,
            "prefix": null
          },
          "sensitive_attributes": [],
          "identity_schema_version": 0,
          "dependencies": [
            "random_integer.fake_blobs_size"
          ]
        },
        {
          "index_key": 8,
          "schema_version": 0,
          "attributes": {
            "b64_std": "vDhA2h5zc3lCB57cCzLm9evjQl+UEje/BJub1kccLCK1pwoJKmdFvFa0vuljBbe7eXBozxJSdt/JrrLkUBqC5nLhvENb2hI=",
            "b64_url": "vDhA2h5zc3lCB57cCzLm9evjQl-UEje_BJub1kccLCK1pwoJKmdFvFa0vuljBbe7eXBozxJSdt_JrrLkUBqC5nLhvENb2hI",
            "byte_length": 71,
            "dec": "710334224721977433828596510318670843530892421444713662918215671445554716661724928805824838066315916704273610682671864348313996681137413875382978356355183233713017022306834",
            "hex": "bc3840da1e73737942079edc0b32e6f5ebe3425f941237bf049b9bd6471c2c22b5a70a092a6745bc56b4bee96305b7bb797068cf125276dfc9aeb2e4501a82e672e1bc435bda12",
            "id": "vDhA2h5zc3lCB57cCzLm9evjQl-UEje_BJub1kccLCK1pwoJKmdFvFa0vuljBbe7eXBozxJSdt_JrrLkUBqC5nLhvENb2hI",
            "keepers": null,
            "prefix": null
          },
          "sensitive_attributes": [],
          "identity_schema_version": 0,
          "dependencies": [
            "random_integer.fake_blobs_size"
          ]
        },
        {
          "index_key": 9,
          "schema_version": 0,
          "attributes": {
            "b64_std": "UKir+ThrfRTjTI4vzGBF/Jo3D1blPUhVsu+/b33BBXwqAb+aHacRFU6qARH6nAMIFxBKj9dHVuSNuavlqs6W9MHy5I1JEBKqY3szR4f3/EtH24+6SfFgt0eJuqW8WFTVz2Y/xjKdE2a5Ytcu870=",
            "b64_url": "UKir-ThrfRTjTI4vzGBF_Jo3D1blPUhVsu-_b33BBXwqAb-aHacRFU6qARH6nAMIFxBKj9dHVuSNuavlqs6W9MHy5I1JEBKqY3szR4f3_EtH24-6SfFgt0eJuqW8WFTVz2Y_xjKdE2a5Ytcu870",
            "byte_length": 110,
            "dec": "2539851789392059148503060032157392784529295835463674200933887573895448616183247335010038228242739770673436788352268132254432476480880388276566895744979383683032239757900248194916102653609961073749625793791357554416559667682387988803309871343387053411983812891440061",
            "hex": "50a8abf9386b7d14e34c8e2fcc6045fc9a370f56e53d4855b2efbf6f7dc1057c2a01bf9a1da711154eaa0111fa9c030817104a8fd74756e48db9abe5aace96f4c1f2e48d491012aa637b334787f7fc4b47db8fba49f160b74789baa5bc5854d5cf663fc6329d1366b962d72ef3bd",
            "id": "UKir-ThrfRTjTI4vzGBF_Jo3D1blPUhVsu-_b33BBXwqAb-aHacRFU6qARH6nAMIFxBKj9dHVuSNuavlqs6W9MHy5I1JEBKqY3szR4f3_EtH24-6SfFgt0eJuqW8WFTVz2Y_xjKdE2a5Ytcu870",
            "keepers": null,
            "prefix": null
          },
          "sensitive_attributes": [],
          "identity_schema_version": 0,
          "dependencies": [
            "random_integer.fake_blobs_size"
          ]
        },
        {
          "index_key": 10,
          "schema_version": 0,
          "attributes": {
            "b64_std": "g/N7bU+HOhHJFZ1CLo5VoeEYa3961cTCvYZ58y66ra4ZRqDIoBxuVtIqGVqQ28w5wmBb25tW42Fkk3ruA4Ydo7nOd2Z8bGgg+PSIskt/a3A33IsQk6X95t7z9Bs=",
            "b64_url": "g_N7bU-HOhHJFZ1CLo5VoeEYa3961cTCvYZ58y66ra4ZRqDIoBxuVtIqGVqQ28w5wmBb25tW42Fkk3ruA4Ydo7nOd2Z8bGgg-PSIskt_a3A33IsQk6X95t7z9Bs",
            "byte_length": 92,
            "dec": "186315877093692909600959316233413584189607863995699625564019900412747486301775962567249614919756144507634190766338615982146851239779699156904693575977555126884514561073392038202783192693670046587525401726331089244036264987",
            "hex": "83f37b6d4f873a11c9159d422e8e55a1e1186b7f7ad5c4c2bd8679f32ebaadae1946a0c8a01c6e56d22a195a90dbcc39c2605bdb9b56e36164937aee03861da3b9ce77667c6c6820f8f488b24b7f6b7037dc8b1093a5fde6def3f41b",
            "id": "g_N7bU-HOhHJFZ1CLo5VoeEYa3961cTCvYZ58y66ra4ZRqDIoBxuVtIqGVqQ28w5wmBb25tW42Fkk3ruA4Ydo7nOd2Z8bGgg-PSIskt_a3A33IsQk6X95t7z9Bs",
            "keepers": null,
            "prefix": null
          },
          "sensitive_attributes": [],
          "identity_schema_version": 0,
          "dependencies": [
            "random_integer.fake_blobs_size"
          ]
        },
        {
          "index_key": 11,
          "schema_version": 0,
          "attributes": {
            "b64_std": "aq7Z+FYqy2olj2jpVVK64BBamhfCaYN/f1XoK+ZgooouYvXoARnPjZIkxF3gooZWKs+mkfseWJ2LnjGLkXLOJ/TZX6/5kACZLPb7ilf9naFk87UsgXzxwldX1je8xBQmeHQBPCn4l/pf3Y/TxBo98QeghBpLoO3a06aoRA==",
            "b64_url": "aq7Z-FYqy2olj2jpVVK64BBamhfCaYN_f1XoK-ZgooouYvXoARnPjZIkxF3gooZWKs-mkfseWJ2LnjGLkXLOJ_TZX6_5kACZLPb7ilf9naFk87UsgXzxwldX1je8xBQmeHQBPCn4l_pf3Y_TxBo98QeghBpLoO3a06aoRA",
            "byte_length": 124,
            "dec": "17442591424887839551337991956272424466861845695795011725674712327699201642208026948914362829661314105338811667624060372095146059476658301859651130569797859375946829380812849858723878094638079791324797153156566892622733020427656463116868722307800163070932680048797624753670585297332142202777070118980",
            "hex": "6aaed9f8562acb6a258f68e95552bae0105a9a17c269837f7f55e82be660a28a2e62f5e80119cf8d9224c45de0a286562acfa691fb1e589d8b9e318b9172ce27f4d95faff99000992cf6fb8a57fd9da164f3b52c817cf1c25757d637bcc414267874013c29f897fa5fdd8fd3c41a3df107a0841a4ba0eddad3a6a844",
            "id": "aq7Z-FYqy2olj2jpVVK64BBamhfCaYN_f1XoK-ZgooouYvXoARnPjZIkxF3gooZWKs-mkfseWJ2LnjGLkXLOJ_TZX6_5kACZLPb7ilf9naFk87UsgXzxwldX1je8xBQmeHQBPCn4l_pf3Y_TxBo98QeghBpLoO3a06aoRA",
            "keepers": null,
            "prefix": null
          },
          "sensitive_attributes": [],
          "identity_schema_version": 0,
          "dependencies": [
            "random_integer.fake_blobs_size"
          ]
        },
        {
          "index_key": 12,
          "schema_version": 0,
          "attributes": {
            "b64_std": "N+aW5T2C63IAC9V2ESIrZCcTLcEbGKPO93Kcp3cpEYbu/SV9RVsRyaml+vRyHeytYc08nNv8id2DwmXsv9ZbVdX6BuIrn8+j1EqcPp2WIVNUW11hdZU7OQ2MXdjz",
            "b64_url": "N-aW5T2C63IAC9V2ESIrZCcTLcEbGKPO93Kcp3cpEYbu_SV9RVsRyaml-vRyHeytYc08nNv8id2DwmXsv9ZbVdX6BuIrn8-j1EqcPp2WIVNUW11hdZU7OQ2MXdjz",
            "byte_length": 93,
            "dec": "20206652161497008572727148348409725416551832639786188195966175290966132613076562461491462008873062212680837829748621767825018307468031625534352423586447666777300169861039566608256401366552943682135237492041544285189436201203",
            "hex": "37e696e53d82eb72000bd57611222b6427132dc11b18a3cef7729ca777291186eefd257d455b11c9a9a5faf4721decad61cd3c9cdbfc89dd83c265ecbfd65b55d5fa06e22b9fcfa3d44a9c3e9d962153545b5d6175953b390d8c5dd8f3",
            "id": "N-aW5T2C63IAC9V2ESIrZCcTLcEbGKPO93Kcp3cpEYbu_SV9RVsRyaml-vRyHeytYc08nNv8id2DwmXsv9ZbVdX6BuIrn8-j1EqcPp2WIVNUW11hdZU7OQ2MXdjz",
            "keepers": null,
            "prefix": null
          },
          "sensitive_attributes": [],
          "identity_schema_version": 0,
          "dependencies": [
            "random_integer.fake_blobs_size"
          ]
        },
        {
          "index_key": 13,
          "schema_version": 0,
          "attributes": {
            "b64_std": "bN/W+nZx8sTRYjSA7RACTVs+AM5AYiSguMv67PsOHrE8f4/zBymuPBY8sRmMv1oI8jgIGjoN2INrNseyk+aXhOsVkdxYkZRsqHo7ucMZ6Kl/f7j0Ft5JfQEYMrnJEwVF1ySH7sRw1dM0CsadqQbIFrtspyytTzdzF78+H6oJ8y+1wISdl8nufw==",
            "b64_url": "bN_W-nZx8sTRYjSA7RACTVs-AM5AYiSguMv67PsOHrE8f4_zBymuPBY8sRmMv1oI8jgIGjoN2INrNseyk-aXhOsVkdxYkZRsqHo7ucMZ6Kl_f7j0Ft5JfQEYMrnJEwVF1ySH7sRw1dM0CsadqQbIFrtspyytTzdzF78-H6oJ8y-1wISdl8nufw",
            "byte_length": 136,
            "dec": "1410330792773483984376444206078769689206063633867543589896767365019602651930524600057133134950118505402689217934138825965436715477616865334540245085700836470969293829216172087140247477279396573185835342119171667202518350016024598427233507809970781180749039509145564558204359085706759799778949339278419773664827572091155852684927",
            "hex": "6cdfd6fa7671f2c4d1623480ed10024d5b3e00ce406224a0b8cbfaecfb0e1eb13c7f8ff30729ae3c163cb1198cbf5a08f238081a3a0dd8836b36c7b293e69784eb1591dc5891946ca87a3bb9c319e8a97f7fb8f416de497d011832b9c9130545d72487eec470d5d3340ac69da906c816bb6ca72cad4f377317bf3e1faa09f32fb5c0849d97c9ee7f",
            "id": "bN_W-nZx8sTRYjSA7RACTVs-AM5AYiSguMv67PsOHrE8f4_zBymuPBY8sRmMv1oI8jgIGjoN2INrNseyk-aXhOsVkdxYkZRsqHo7ucMZ6Kl_f7j0Ft5JfQEYMrnJEwVF1ySH7sRw1dM0CsadqQbIFrtspyytTzdzF78-H6oJ8y-1wISdl8nufw",
            "keepers": null,
            "prefix": null
          },
          "sensitive_attributes": [],
          "identity_schema_version": 0,
          "dependencies": [
            "random_integer.fake_blobs_size"
          ]
        },
        {
          "index_key": 14,
          "schema_version": 0,
          "attributes": {
            "b64_std": "lyStJ9YDMqw31CZaFtTPiix0JizA+oxV2ENzcKGGsrxTi3qaZsev5NeoTflKVux+tgMTpagjF2k=",
            "b64_url": "lyStJ9YDMqw31CZaFtTPiix0JizA-oxV2ENzcKGGsrxTi3qaZsev5NeoTflKVux-tgMTpagjF2k",
            "byte_length": 56,
            "dec": "429128044833914222118905981761788666430747663898655687761133619653984855717354697619031674856310605569084708301368365182812847901710185",
            "hex": "9724ad27d60332ac37d4265a16d4cf8a2c74262cc0fa8c55d8437370a186b2bc538b7a9a66c7afe4d7a84df94a56ec7eb60313a5a8231769",
            "id": "lyStJ9YDMqw31CZaFtTPiix0JizA-oxV2ENzcKGGsrxTi3qaZsev5NeoTflKVux-tgMTpagjF2k",
            "keepers": null,
            "prefix": null
          },
          "sensitive_attributes": [],
          "identity_schema_version": 0,
          "dependencies": [
            "random_integer.fake_blobs_size"
          ]
        },
        {
          "index_key": 15,
          "schema_version": 0,
          "attributes": {
            "b64_std": "y6e7JrDXNAIpXbk+",
            "b64_url": "y6e7JrDXNAIpXbk-",
            "byte_length": 12,
            "dec": "63028231401859974302481103166",
            "hex": "cba7bb26b0d73402295db93e",
            "id": "y6e7JrDXNAIpXbk-",
            "keepers": null,
            "prefix": null
          },
          "sensitive_attributes": [],
          "identity_schema_version": 0,
          "dependencies": [
            "random_integer.fake_blobs_size"
          ]
        },
        {
          "index_key": 16,
          "schema_version": 0,
          "attributes": {
            "b64_std": "ZqjatP4jM8MyOG+33tHo0FdyUHSNtGBoA1OMaTA5U9j93RuAffp1130kQrFJUllHfAI80q6H7Wa+wDsu5IpsTUCO5q4baO0fBIq/ivn9no5EDB/9Ag+ZOVjIjg+uaq6e7Z0kgipDsValNgDOrxAZpz6E7BOpfWv0kukowvvirXatmWHdbOE7m1bmMrQtdzlYbml3rmRhwp+VbgXU69h6qc23172beMOZdFk5WoyOH4YOLaEN0T/OZ2+jj+7jWoo=",
            "b64_url": "ZqjatP4jM8MyOG-33tHo0FdyUHSNtGBoA1OMaTA5U9j93RuAffp1130kQrFJUllHfAI80q6H7Wa-wDsu5IpsTUCO5q4baO0fBIq_ivn9no5EDB_9Ag-ZOVjIjg-uaq6e7Z0kgipDsValNgDOrxAZpz6E7BOpfWv0kukowvvirXatmWHdbOE7m1bmMrQtdzlYbml3rmRhwp-VbgXU69h6qc23172beMOZdFk5WoyOH4YOLaEN0T_OZ2-jj-7jWoo",
            "byte_length": 191,
            "dec": "3775660381781605505791263299678552650401388230427431880004663004399398178468249714887226241469972450040024525830962542966548529649341543622518581541234135086542361262171602267356501793454053986892067135643312370158423518570027164606396932814054549078685320712577305965254833710107382982731777264360279482036153678591733880284617642964930036224906474236180311278486113619090279323360688184018309698538166160990161941149052689673311135269827707535612195360692874",
            "hex": "66a8dab4fe2333c332386fb7ded1e8d0577250748db4606803538c69303953d8fddd1b807dfa75d77d2442b1495259477c023cd2ae87ed66bec03b2ee48a6c4d408ee6ae1b68ed1f048abf8af9fd9e8e440c1ffd020f993958c88e0fae6aae9eed9d24822a43b156a53600ceaf1019a73e84ec13a97d6bf492e928c2fbe2ad76ad9961dd6ce13b9b56e632b42d7739586e6977ae6461c29f956e05d4ebd87aa9cdb7d7bd9b78c3997459395a8c8e1f860e2da10dd13fce676fa38feee35a8a",
            "id": "ZqjatP4jM8MyOG-33tHo0FdyUHSNtGBoA1OMaTA5U9j93RuAffp1130kQrFJUllHfAI80q6H7Wa-wDsu5IpsTUCO5q4baO0fBIq_ivn9no5EDB_9Ag-ZOVjIjg-uaq6e7Z0kgipDsValNgDOrxAZpz6E7BOpfWv0kukowvvirXatmWHdbOE7m1bmMrQtdzlYbml3rmRhwp-VbgXU69h6qc23172beMOZdFk5WoyOH4YOLaEN0T_OZ2-jj-7jWoo",
            "keepers": null,
            "prefix": null
          },
          "sensitive_attributes": [],
          "identity_schema_version": 0,
          "dependencies": [
            "random_integer.fake_blobs_size"
          ]
        },
        {
          "index_key": 17,
          "schema_version": 0,
          "attributes": {
            "b64_std": "8Edc0vsD/F7afPDU+o/FrAWe7wN66VZxohnU6cau8nUSdtj9sLJR+pv2bMZFr/3nL68fut34DbTj7MWn7ZZQkjFGp5qmIQHBxjqw8yUWuG6LFd0jCz70+K1Y7yHO6ig6z7ddPXqytK4lOjok2tkWA6pH7jv060lvYCra6frITI8nsRx43nyJrtEpNQB5CEv2NvsNoqhrAlnPS+Hy3TAN9haE1rg=",
            "b64_url": "8Edc0vsD_F7afPDU-o_FrAWe7wN66VZxohnU6cau8nUSdtj9sLJR-pv2bMZFr_3nL68fut34DbTj7MWn7ZZQkjFGp5qmIQHBxjqw8yUWuG6LFd0jCz70-K1Y7yHO6ig6z7ddPXqytK4lOjok2tkWA6pH7jv060lvYCra6frITI8nsRx43nyJrtEpNQB5CEv2NvsNoqhrAlnPS-Hy3TAN9haE1rg",
            "byte_length": 164,
            "dec": "83913092770426704501184033025773746384248853652149911545272902561588797473636390433769767393240167088468852063195590954568448353518995357322799197589141808745788255431349959214617049535629373986524602164218872998640769409284446777807062161445665917593000399023471103540421496846415594993750215599381658639759289992237826826264230428028261633694968105775843867989552625844388239084243250313483960",
            "hex": "f0475cd2fb03fc5eda7cf0d4fa8fc5ac059eef037ae95671a219d4e9c6aef2751276d8fdb0b251fa9bf66cc645affde72faf1fbaddf80db4e3ecc5a7ed9650923146a79aa62101c1c63ab0f32516b86e8b15dd230b3ef4f8ad58ef21ceea283acfb75d3d7ab2b4ae253a3a24dad91603aa47ee3bf4eb496f602adae9fac84c8f27b11c78de7c89aed129350079084bf636fb0da2a86b0259cf4be1f2dd300df61684d6b8",
            "id": "8Edc0vsD_F7afPDU-o_FrAWe7wN66VZxohnU6cau8nUSdtj9sLJR-pv2bMZFr_3nL68fut34DbTj7MWn7ZZQkjFGp5qmIQHBxjqw8yUWuG6LFd0jCz70-K1Y7yHO6ig6z7ddPXqytK4lOjok2tkWA6pH7jv060lvYCra6frITI8nsRx43nyJrtEpNQB5CEv2NvsNoqhrAlnPS-Hy3TAN9haE1rg",
            "keepers": null,
            "prefix": null
          },
          "sensitive_attributes": [],
          "identity_schema_version": 0,
          "dependencies": [
            "random_integer.fake_blobs_size"
          ]
        },
        {
          "index_key": 18,
          "schema_version": 0,
          "attributes": {
            "b64_std": "Vcxets38Ud9Kdg9snvYa5wwk9BL2b7lgwfrSiUzpRfQeWRiLqNhbl3j5Jf/r3+o2nmdIRSgE5ZFNROt+zoeYKg+JC6fNJVIyzkvyyIBC9jpjVo6QCk8l2o3BiODlZKNN6kKIc0hbEpEUvo59CR35gJ9r4T4dOzHmW2WvEKzpzeVkEETCimh9eYZpLxPR0dDucSV2xm+m8j4tB8JS+h8f6BChbdrS+e9k",
            "b64_url": "Vcxets38Ud9Kdg9snvYa5wwk9BL2b7lgwfrSiUzpRfQeWRiLqNhbl3j5Jf_r3-o2nmdIRSgE5ZFNROt-zoeYKg-JC6fNJVIyzkvyyIBC9jpjVo6QCk8l2o3BiODlZKNN6kKIc0hbEpEUvo59CR35gJ9r4T4dOzHmW2WvEKzpzeVkEETCimh9eYZpLxPR0dDucSV2xm-m8j4tB8JS-h8f6BChbdrS-e9k",
            "byte_length": 168,
            "dec": "128692427302525946405175773116930009200905005220216678024136843234706093241818474202397023860131265450633170325036339638811014621220498511980498334006218042093498810682241580575086275491399142482611773659609724356362967505601529416835321547990186745670768185222350360605467545204039396426054817784722842878182816867524413922551034853631737945943490709837832465333502389965236986320727201740106897697664868",
            "hex": "55cc5eb6cdfc51df4a760f6c9ef61ae70c24f412f66fb960c1fad2894ce945f41e59188ba8d85b9778f925ffebdfea369e6748452804e5914d44eb7ece87982a0f890ba7cd255232ce4bf2c88042f63a63568e900a4f25da8dc188e0e564a34dea428873485b129114be8e7d091df9809f6be13e1d3b31e65b65af10ace9cde5641044c28a687d7986692f13d1d1d0ee712576c66fa6f23e2d07c252fa1f1fe810a16ddad2f9ef64",
            "id": "Vcxets38Ud9Kdg9snvYa5wwk9BL2b7lgwfrSiUzpRfQeWRiLqNhbl3j5Jf_r3-o2nmdIRSgE5ZFNROt-zoeYKg-JC6fNJVIyzkvyyIBC9jpjVo6QCk8l2o3BiODlZKNN6kKIc0hbEpEUvo59CR35gJ9r4T4dOzHmW2WvEKzpzeVkEETCimh9eYZpLxPR0dDucSV2xm-m8j4tB8JS-h8f6BChbdrS-e9k",
            "keepers": null,
            "prefix": null
          },
          "sensitive_attributes": [],
          "identity_schema_version": 0,
          "dependencies": [
            "random_integer.fake_blobs_size"
          ]
        },
        {
          "index_key": 19,
          "schema_version": 0,
          "attributes": {
            "b64_std": "cGgtTeUDDd2UKEQnH6ALxwRm1/8bO9u1tyJtqBr2vSLsyE7by5vRHmW3Oe/tlSinxAvPQdnRBhL5Rf9mwGrRp6EI7W+gAOT2h2CMLVVWVQemj0kG7W9fkL4rjw==",
            "b64_url": "cGgtTeUDDd2UKEQnH6ALxwRm1_8bO9u1tyJtqBr2vSLsyE7by5vRHmW3Oe_tlSinxAvPQdnRBhL5Rf9mwGrRp6EI7W-gAOT2h2CMLVVWVQemj0kG7W9fkL4rjw",
            "byte_length": 91,
            "dec": "619997600105660968349288854250104861418053642483974467578043746796340490341645478438577677549889452527616536630041203020140887321214127123714448822133826289170466451096875183994626108583595963758915286567867792630885263",
            "hex": "70682d4de5030ddd942844271fa00bc70466d7ff1b3bdbb5b7226da81af6bd22ecc84edbcb9bd11e65b739efed9528a7c40bcf41d9d10612f945ff66c06ad1a7a108ed6fa000e4f687608c2d55565507a68f4906ed6f5f90be2b8f",
            "id": "cGgtTeUDDd2UKEQnH6ALxwRm1_8bO9u1tyJtqBr2vSLsyE7by5vRHmW3Oe_tlSinxAvPQdnRBhL5Rf9mwGrRp6EI7W-gAOT2h2CMLVVWVQemj0kG7W9fkL4rjw",
            "keepers": null,
            "prefix": null
          },
          "sensitive_attributes": [],
          "identity_schema_version": 0,
          "dependencies": [
            "random_integer.fake_blobs_size"
          ]
        },
        {
          "index_key": 20,
          "schema_version": 0,
          "attributes": {
            "b64_std": "NUDl7YE6BZw6PFWo3tUpajQHe408LsJ/VaCNGlIjhkR1O3/B+X0nL+OYH7tR3bOaxXrf1aEllYG0S32zWTsK61Vlff3CCagBW95z4QcUfoV0GeouJrnmX7dGS0oW",
            "b64_url": "NUDl7YE6BZw6PFWo3tUpajQHe408LsJ_VaCNGlIjhkR1O3_B-X0nL-OYH7tR3bOaxXrf1aEllYG0S32zWTsK61Vlff3CCagBW95z4QcUfoV0GeouJrnmX7dGS0oW",
            "byte_length": 93,
            "dec": "19249747344086903212394877187542755373757840186109425875157469775587626068742486700652417002251387599335784259730361097833052840199731740387706130861315671927021884553376351323478785103658718324066313440779759179310933166614",
            "hex": "3540e5ed813a059c3a3c55a8ded5296a34077b8d3c2ec27f55a08d1a52238644753b7fc1f97d272fe3981fbb51ddb39ac57adfd5a1259581b44b7db3593b0aeb55657dfdc209a8015bde73e107147e857419ea2e26b9e65fb7464b4a16",
            "id": "NUDl7YE6BZw6PFWo3tUpajQHe408LsJ_VaCNGlIjhkR1O3_B-X0nL-OYH7tR3bOaxXrf1aEllYG0S32zWTsK61Vlff3CCagBW95z4QcUfoV0GeouJrnmX7dGS0oW",
            "keepers": null,
            "prefix": null
          },
          "sensitive_attributes": [],
          "identity_schema_version": 0,
          "dependencies": [
            "random_integer.fake_blobs_size"
          ]
        },
        {
          "index_key": 21,
          "schema_version": 0,
          "attributes": {
            "b64_std": "oYnxFibDtMraVPs5Kl+hNifSf7Fl2ZAgy+bmqcU1GI34Ot61zwNobsLgs71yslfkOZsrxFU4fXsqKHIu",
            "b64_url": "oYnxFibDtMraVPs5Kl-hNifSf7Fl2ZAgy-bmqcU1GI34Ot61zwNobsLgs71yslfkOZsrxFU4fXsqKHIu",
            "byte_length": 60,
            "dec": "1969857905425668557860346102954781660674863798744940752604443297029405141382683143633254574070877737801500507164594697057247808052652502451515950",
            "hex": "a189f11626c3b4cada54fb392a5fa13627d27fb165d99020cbe6e6a9c535188df83adeb5cf03686ec2e0b3bd72b257e4399b2bc455387d7b2a28722e",
            "id": "oYnxFibDtMraVPs5Kl-hNifSf7Fl2ZAgy-bmqcU1GI34Ot61zwNobsLgs71yslfkOZsrxFU4fXsqKHIu",
            "keepers": null,
            "prefix": null
          },
          "sensitive_attributes": [],
          "identity_schema_version": 0,
          "dependencies": [
            "random_integer.fake_blobs_size"
          ]
        },
        {
          "index_key": 22,
          "schema_version": 0,
          "attributes": {
            "b64_std": "ovEzdSJgo1KcMv1ztRtAp1ZeSAzPlv4A1ckoC5V5exVO0qiRDrRz7cJf7d5yiaeZNEnajpTPjcTzI3yOKaJTf7ssrZKCHndopHTSP9MRN6T0mKmZ92th6pXgFU21Gnh7zdlr7rFo+a3dKMNhL2MbuQcnYE9/s1crfP9oFC7a/JSQbDeGPj4NTBwBnKmjM6eWNtM=",
            "b64_url": "ovEzdSJgo1KcMv1ztRtAp1ZeSAzPlv4A1ckoC5V5exVO0qiRDrRz7cJf7d5yiaeZNEnajpTPjcTzI3yOKaJTf7ssrZKCHndopHTSP9MRN6T0mKmZ92th6pXgFU21Gnh7zdlr7rFo-a3dKMNhL2MbuQcnYE9_s1crfP9oFC7a_JSQbDeGPj4NTBwBnKmjM6eWNtM",
            "byte_length": 146,
            "dec": "2551693592718723260135523308396284764354438826171631405003643765643932748568970996223066322490817383519333823923009038709601659508051018033566325665524248709936211064639858710700949609465257504592465938838416788658496912751107010776706939732126864932214429032693088086491335222801309373025686646723871603002229555840364245098443591070065021103010887379",
            "hex": "a2f133752260a3529c32fd73b51b40a7565e480ccf96fe00d5c9280b95797b154ed2a8910eb473edc25fedde7289a7993449da8e94cf8dc4f3237c8e29a2537fbb2cad92821e7768a474d23fd31137a4f498a999f76b61ea95e0154db51a787bcdd96beeb168f9addd28c3612f631bb90727604f7fb3572b7cff68142edafc94906c37863e3e0d4c1c019ca9a333a79636d3",
            "id": "ovEzdSJgo1KcMv1ztRtAp1ZeSAzPlv4A1ckoC5V5exVO0qiRDrRz7cJf7d5yiaeZNEnajpTPjcTzI3yOKaJTf7ssrZKCHndopHTSP9MRN6T0mKmZ92th6pXgFU21Gnh7zdlr7rFo-a3dKMNhL2MbuQcnYE9_s1crfP9oFC7a_JSQbDeGPj4NTBwBnKmjM6eWNtM",
            "keepers": null,
            "prefix": null
          },
          "sensitive_attributes": [],
          "identity_schema_version": 0,
          "dependencies": [
            "random_integer.fake_blobs_size"
          ]
        },
        {
          "index_key": 23,
          "schema_version": 0,
          "attributes": {
            "b64_std": "2ajRwkIiWL8uPUAkmJ+Qd4pvOtvl/n7I99RYTuxBXJTAH3Q=",
            "b64_url": "2ajRwkIiWL8uPUAkmJ-Qd4pvOtvl_n7I99RYTuxBXJTAH3Q",
            "byte_length": 35,
            "dec": "1651719702761826335203015334773616569084099401493919872169285778217164882607903612788",
            "hex": "d9a8d1c2422258bf2e3d4024989f90778a6f3adbe5fe7ec8f7d4584eec415c94c01f74",
            "id": "2ajRwkIiWL8uPUAkmJ-Qd4pvOtvl_n7I99RYTuxBXJTAH3Q",
            "keepers": null,
            "prefix": null
          },
          "sensitive_attributes": [],
          "identity_schema_version": 0,
          "dependencies": [
            "random_integer.fake_blobs_size"
          ]
        },
        {
          "index_key": 24,
          "schema_version": 0,
          "attributes": {
            "b64_std": "+eWTX0NWGe0TUbz899Nkrr6LA0/qLOBK0eVOqFzyRZPUi7NfJKw5nFSK2YFH9fKpX1WvRcn3",
            "b64_url": "-eWTX0NWGe0TUbz899Nkrr6LA0_qLOBK0eVOqFzyRZPUi7NfJKw5nFSK2YFH9fKpX1WvRcn3",
            "byte_length": 54,
            "dec": "10826269195023521204914350123613998670852500402189532229612045957384689025249362837477824787564299348612548895465840664707961571831",
            "hex": "f9e5935f435619ed1351bcfcf7d364aebe8b034fea2ce04ad1e54ea85cf24593d48bb35f24ac399c548ad98147f5f2a95f55af45c9f7",
            "id": "-eWTX0NWGe0TUbz899Nkrr6LA0_qLOBK0eVOqFzyRZPUi7NfJKw5nFSK2YFH9fKpX1WvRcn3",
            "keepers": null,
            "prefix": null
          },
          "sensitive_attributes": [],
          "identity_schema_version": 0,
          "dependencies": [
            "random_integer.fake_blobs_size"
          ]
        },
        {
          "index_key": 25,
          "schema_version": 0,
          "attributes": {
            "b64_std": "r7Rx1J2A7x6ic1jYqrIXd5RYOsG4snBm5TPCFx3dUarEyqU=",
            "b64_url": "r7Rx1J2A7x6ic1jYqrIXd5RYOsG4snBm5TPCFx3dUarEyqU",
            "byte_length": 35,
            "dec": "1333345193191680088097572283636069370130787295746405644789756722898191846504543865509",
            "hex": "afb471d49d80ef1ea27358d8aab2177794583ac1b8b27066e533c2171ddd51aac4caa5",
            "id": "r7Rx1J2A7x6ic1jYqrIXd5RYOsG4snBm5TPCFx3dUarEyqU",
            "keepers": null,
            "prefix": null
          },
          "sensitive_attributes": [],
          "identity_schema_version": 0,
          "dependencies": [
            "random_integer.fake_blobs_size"
          ]
        },
        {
          "index_key": 26,
          "schema_version": 0,
          "attributes": {
            "b64_std": "5P0mqMfdam8r01tYOjuCguFl6sW2y8q6O2CLkuGExElDJMcYpfvTIu3S5g==",
            "b64_url": "5P0mqMfdam8r01tYOjuCguFl6sW2y8q6O2CLkuGExElDJMcYpfvTIu3S5g",
            "byte_length": 43,
            "dec": "32054788760139204862644488976678481375848379919908071971926046522660632380233163940229422266535616828134",
            "hex": "e4fd26a8c7dd6a6f2bd35b583a3b8282e165eac5b6cbcaba3b608b92e184c4494324c718a5fbd322edd2e6",
            "id": "5P0mqMfdam8r01tYOjuCguFl6sW2y8q6O2CLkuGExElDJMcYpfvTIu3S5g",
            "keepers": null,
            "prefix": null
          },
          "sensitive_attributes": [],
          "identity_schema_version": 0,
          "dependencies": [
            "random_integer.fake_blobs_size"
          ]
        },
        {
          "index_key": 27,
          "schema_version": 0,
          "attributes": {
            "b64_std": "A1mSCXfGjsBY",
            "b64_url": "A1mSCXfGjsBY",
            "byte_length": 9,
            "dec": "61794463847140999256",
            "hex": "0359920977c68ec058",
            "id": "A1mSCXfGjsBY",
            "keepers": null,
            "prefix": null
          },
          "sensitive_attributes": [],
          "identity_schema_version": 0,
          "dependencies": [
            "random_integer.fake_blobs_size"
          ]
        },
        {
          "index_key": 28,
          "schema_version": 0,
          "attributes": {
            "b64_std": "XIF2AXjuSoB06iaBfY06511uCBcNuOWleTUmbRZmmDpLhEhEWdybfVSIcjHOZl+hImNuurpXpAd82YbSFSm69GOWmzhjKxkE18ptQflG3vPALNEumNQoI20H",
            "b64_url": "XIF2AXjuSoB06iaBfY06511uCBcNuOWleTUmbRZmmDpLhEhEWdybfVSIcjHOZl-hImNuurpXpAd82YbSFSm69GOWmzhjKxkE18ptQflG3vPALNEumNQoI20H",
            "byte_length": 90,
            "dec": "1993083247946203535111384755407687976302494993254736498350172304754847313051027435314534344486779952291532596594642668149289663921622040279344055736108330642765482081171499150011081870370528926156203515185533611633927",
            "hex": "5c81760178ee4a8074ea26817d8d3ae75d6e08170db8e5a57935266d1666983a4b84484459dc9b7d54887231ce665fa122636ebaba57a4077cd986d21529baf463969b38632b1904d7ca6d41f946def3c02cd12e98d428236d07",
            "id": "XIF2AXjuSoB06iaBfY06511uCBcNuOWleTUmbRZmmDpLhEhEWdybfVSIcjHOZl-hImNuurpXpAd82YbSFSm69GOWmzhjKxkE18ptQflG3vPALNEumNQoI20H",
            "keepers": null,
            "prefix": null
          },
          "sensitive_attributes": [],
          "identity_schema_version": 0,
          "dependencies": [
            "random_integer.fake_blobs_size"
          ]
        },
        {
          "index_key": 29,
          "schema_version": 0,
          "attributes": {
            "b64_std": "GAVfECuia2E9ThnvPgo=",
            "b64_url": "GAVfECuia2E9ThnvPgo",
            "byte_length": 14,
            "dec": "487203391925015422314673542741514",
            "hex": "18055f102ba26b613d4e19ef3e0a",
            "id": "GAVfECuia2E9ThnvPgo",
            "keepers": null,
            "prefix": null
          },
          "sensitive_attributes": [],
          "identity_schema_version": 0,
          "dependencies": [
            "random_integer.fake_blobs_size"
          ]
        },
        {
          "index_key": 30,
          "schema_version": 0,
          "attributes": {
            "b64_std": "NI2Sjtq2cIqINu5RwXAmemk1ABmC9p4ncZp5swLZ0yjwW5uJAszxQgUhI4GgFZjjS4y2FRpCehr4X37ha25+t4c/uqHMXzv9UWasWM23FrmQchAFQ2Bs",
            "b64_url": "NI2Sjtq2cIqINu5RwXAmemk1ABmC9p4ncZp5swLZ0yjwW5uJAszxQgUhI4GgFZjjS4y2FRpCehr4X37ha25-t4c_uqHMXzv9UWasWM23FrmQchAFQ2Bs",
            "byte_length": 87,
            "dec": "67489261313198536989046757732449687996302458850327203925988793526685202476218091738749520202354589627527473716807622141555703413607705733655992026845741957102081813994711890086800023677844934952735457176412268",
            "hex": "348d928edab6708a8836ee51c170267a6935001982f69e27719a79b302d9d328f05b9b8902ccf14205212381a01598e34b8cb6151a427a1af85f7ee16b6e7eb7873fbaa1cc5f3bfd5166ac58cdb716b99072100543606c",
            "id": "NI2Sjtq2cIqINu5RwXAmemk1ABmC9p4ncZp5swLZ0yjwW5uJAszxQgUhI4GgFZjjS4y2FRpCehr4X37ha25-t4c_uqHMXzv9UWasWM23FrmQchAFQ2Bs",
            "keepers": null,
            "prefix": null
          },
          "sensitive_attributes": [],
          "identity_schema_version": 0,
          "dependencies": [
            "random_integer.fake_blobs_size"
          ]
        },
        {
          "index_key": 31,
          "schema_version": 0,
          "attributes": {
            "b64_std": "QHd/4GfiunpmLdGnLB+p1ObpAW4TsxmSGGttdokZXmmI8kSFACW1D4GdjMHV9c52Hbnnyzbg",
            "b64_url": "QHd_4GfiunpmLdGnLB-p1ObpAW4TsxmSGGttdokZXmmI8kSFACW1D4GdjMHV9c52Hbnnyzbg",
            "byte_length": 54,
            "dec": "2792892636733935700333171787786209750117908862874111407438265924480182241282250013282312020524573916414157977931259774669907769056",
            "hex": "40777fe067e2ba7a662dd1a72c1fa9d4e6e9016e13b31992186b6d7689195e6988f244850025b50f819d8cc1d5f5ce761db9e7cb36e0",
            "id": "QHd_4GfiunpmLdGnLB-p1ObpAW4TsxmSGGttdokZXmmI8kSFACW1D4GdjMHV9c52Hbnnyzbg",
            "keepers": null,
            "prefix": null
          },
          "sensitive_attributes": [],
          "identity_schema_version": 0,
          "dependencies": [
            "random_integer.fake_blobs_size"
          ]
        },
        {
          "index_key": 32,
          "schema_version": 0,
          "attributes": {
            "b64_std": "BnZtG8JPdz4R900Q02p5GUDFNC3Wb8RcMHCZ7OImARuXhh5nL7Lrsrh3PnkXqycQP1FlBqIgYddJZ6YTEqy0q+m+RJssbxGcL75MNRj+PPX7z837RmPCO+sYmsPe57GLUMEvdhqUD8uJS8DMoqFX75Fa7aFmyCV14Y1eH6ApkxlNyg5L7FEfmYDNPwekPj3VhhFUDDAeOg==",
            "b64_url": "BnZtG8JPdz4R900Q02p5GUDFNC3Wb8RcMHCZ7OImARuXhh5nL7Lrsrh3PnkXqycQP1FlBqIgYddJZ6YTEqy0q-m-RJssbxGcL75MNRj-PPX7z837RmPCO-sYmsPe57GLUMEvdhqUD8uJS8DMoqFX75Fa7aFmyCV14Y1eH6ApkxlNyg5L7FEfmYDNPwekPj3VhhFUDDAeOg",
            "byte_length": 151,
            "dec": "111276186014781455309445224957958277476954206136209411555000791294084556028772521869839658368657548827292363611487901642525507699110293956777444745867153664400873874363717471804523443042127839586842028324176009501178286500246663621622441912809388656698420134206998517052427295675109392644927050974689197883742443465105643538327198376935120660579757252133665119802",
            "hex": "06766d1bc24f773e11f74d10d36a791940c5342dd66fc45c307099ece226011b97861e672fb2ebb2b8773e7917ab27103f516506a22061d74967a61312acb4abe9be449b2c6f119c2fbe4c3518fe3cf5fbcfcdfb4663c23beb189ac3dee7b18b50c12f761a940fcb894bc0cca2a157ef915aeda166c82575e18d5e1fa02993194dca0e4bec511f9980cd3f07a43e3dd58611540c301e3a",
            "id": "BnZtG8JPdz4R900Q02p5GUDFNC3Wb8RcMHCZ7OImARuXhh5nL7Lrsrh3PnkXqycQP1FlBqIgYddJZ6YTEqy0q-m-RJssbxGcL75MNRj-PPX7z837RmPCO-sYmsPe57GLUMEvdhqUD8uJS8DMoqFX75Fa7aFmyCV14Y1eH6ApkxlNyg5L7FEfmYDNPwekPj3VhhFUDDAeOg",
            "keepers": null,
            "prefix": null
          },
          "sensitive_attributes": [],
          "identity_schema_version": 0,
          "dependencies": [
            "random_integer.fake_blobs_size"
          ]
        },
        {
          "index_key": 33,
          "schema_version": 0,
          "attributes": {
            "b64_std": "eA4bgdCGLzSzUWanhQmGbCafH16NMHxqKZNeJBl37XCY72M+D+GjwAzIKUeZ/sAHoXRhvEMxVxLy+V8Mlq8ZnB07OpDuTE3G2/KMW38+hSXyoCGFfEuyrscLbq5yRqEjM9k4gy9mHLJI2sJJ0g9bYCseJYaxzxBBSEOj/QtepvzCZza+olGOCNwFGEy1/k8hSvy/6a7jLpxXSgpB+5VcsLs+HGfemSo=",
            "b64_url": "eA4bgdCGLzSzUWanhQmGbCafH16NMHxqKZNeJBl37XCY72M-D-GjwAzIKUeZ_sAHoXRhvEMxVxLy-V8Mlq8ZnB07OpDuTE3G2_KMW38-hSXyoCGFfEuyrscLbq5yRqEjM9k4gy9mHLJI2sJJ0g9bYCseJYaxzxBBSEOj_QtepvzCZza-olGOCNwFGEy1_k8hSvy_6a7jLpxXSgpB-5VcsLs-HGfemSo",
            "byte_length": 167,
            "dec": "703420274521715737998548165538709754964564879333609951440589502834432148990826538371696616755345205970228943291045310303886231802519872067354548247586246964066714295153440792234787584261770053871428133029659109695042559103034206718391738702651759803288926136333613420871902828192798892115400630816528305911437813660135250762037674756067828842058909013504957309651334495650189053636690483024975894583594",
            "hex": "780e1b81d0862f34b35166a78509866c269f1f5e8d307c6a29935e241977ed7098ef633e0fe1a3c00cc8294799fec007a17461bc43315712f2f95f0c96af199c1d3b3a90ee4c4dc6dbf28c5b7f3e8525f2a021857c4bb2aec70b6eae7246a12333d938832f661cb248dac249d20f5b602b1e2586b1cf10414843a3fd0b5ea6fcc26736bea2518e08dc05184cb5fe4f214afcbfe9aee32e9c574a0a41fb955cb0bb3e1c67de992a",
            "id": "eA4bgdCGLzSzUWanhQmGbCafH16NMHxqKZNeJBl37XCY72M-D-GjwAzIKUeZ_sAHoXRhvEMxVxLy-V8Mlq8ZnB07OpDuTE3G2_KMW38-hSXyoCGFfEuyrscLbq5yRqEjM9k4gy9mHLJI2sJJ0g9bYCseJYaxzxBBSEOj_QtepvzCZza-olGOCNwFGEy1_k8hSvy_6a7jLpxXSgpB-5VcsLs-HGfemSo",
            "keepers": null,
            "prefix": null
          },
          "sensitive_attributes": [],
          "identity_schema_version": 0,
          "dependencies": [
            "random_integer.fake_blobs_size"
          ]
        },
        {
          "index_key": 34,
          "schema_version": 0,
          "attributes": {
            "b64_std": "9qKbbWFgC284poeTvCBPgeVuEewriTfrCbqrJTF/BgZpk2u+PSDvVp14zi+vYm3mhh1x7Y+cUoh6qKxrSY9AMHLqfWXELxkNJ7ec3Ai2KSDBnEOxT0Gudag4tsouqqaZvKzmsiEJ/t235u9uWvAxyVCbrL0P0wIFP2dtZwNSyDWY+lSkfZvTMXyhvlPUsInSAdG+Wsf0CIFt5QWBfSdRp6f8VqQ=",
            "b64_url": "9qKbbWFgC284poeTvCBPgeVuEewriTfrCbqrJTF_BgZpk2u-PSDvVp14zi-vYm3mhh1x7Y-cUoh6qKxrSY9AMHLqfWXELxkNJ7ec3Ai2KSDBnEOxT0Gudag4tsouqqaZvKzmsiEJ_t235u9uWvAxyVCbrL0P0wIFP2dtZwNSyDWY-lSkfZvTMXyhvlPUsInSAdG-Wsf0CIFt5QWBfSdRp6f8VqQ",
            "byte_length": 164,
            "dec": "86132961044775666825093880155283945903556747812010706259456319545434937218554927414759895475005924252586260626529266432548167689893294378993063291516900831235516887792385704632274777209122447241354389500789855079998063891081127714531450555820021386338067346144157947877604488856340743760203048283617066316825543986807966246192603171349399644167297283900349500464807839852048941633552239455655588",
            "hex": "f6a29b6d61600b6f38a68793bc204f81e56e11ec2b8937eb09baab25317f060669936bbe3d20ef569d78ce2faf626de6861d71ed8f9c52887aa8ac6b498f403072ea7d65c42f190d27b79cdc08b62920c19c43b14f41ae75a838b6ca2eaaa699bcace6b22109feddb7e6ef6e5af031c9509bacbd0fd302053f676d670352c83598fa54a47d9bd3317ca1be53d4b089d201d1be5ac7f408816de505817d2751a7a7fc56a4",
            "id": "9qKbbWFgC284poeTvCBPgeVuEewriTfrCbqrJTF_BgZpk2u-PSDvVp14zi-vYm3mhh1x7Y-cUoh6qKxrSY9AMHLqfWXELxkNJ7ec3Ai2KSDBnEOxT0Gudag4tsouqqaZvKzmsiEJ_t235u9uWvAxyVCbrL0P0wIFP2dtZwNSyDWY-lSkfZvTMXyhvlPUsInSAdG-Wsf0CIFt5QWBfSdRp6f8VqQ",
            "keepers": null,
            "prefix": null
          },
          "sensitive_attributes": [],
          "identity_schema_version": 0,
          "dependencies": [
            "random_integer.fake_blobs_size"
          ]
        },
        {
          "index_key": 35,
          "schema_version": 0,
          "attributes": {
            "b64_std": "4UoUJhukgbZI9rIJBQ+PxEffv3qFP/doMuKx8iu0sz1LR5OIk7iP1YTI2PFrTyrbkPJMyPs76UgLsI7MdG5GEottIb7NyD7OtpqWCQoTQ2MlcVYbQ0+4aPc/SluL+bBkqPkB1SEWVJevC2H8att8+HjtOGVkCxAWeMWMm3xnmta8Me/1dseHuZQ2oVWW",
            "b64_url": "4UoUJhukgbZI9rIJBQ-PxEffv3qFP_doMuKx8iu0sz1LR5OIk7iP1YTI2PFrTyrbkPJMyPs76UgLsI7MdG5GEottIb7NyD7OtpqWCQoTQ2MlcVYbQ0-4aPc_SluL-bBkqPkB1SEWVJevC2H8att8-HjtOGVkCxAWeMWMm3xnmta8Me_1dseHuZQ2oVWW",
            "byte_length": 141,
            "dec": "3208749722472139967643487893196493349710924484975161389750859836717043912355673330031087484995625522948960600098806533151842052634101002638076015189004485732547197110569996436163624920824601783202063405963354505284659500304342186878534539689336756019806422492312004477298448112137041574074984019584794733105907498424610020349174269622703510",
            "hex": "e14a14261ba481b648f6b209050f8fc447dfbf7a853ff76832e2b1f22bb4b33d4b47938893b88fd584c8d8f16b4f2adb90f24cc8fb3be9480bb08ecc746e46128b6d21becdc83eceb69a96090a1343632571561b434fb868f73f4a5b8bf9b064a8f901d521165497af0b61fc6adb7cf878ed3865640b101678c58c9b7c679ad6bc31eff576c787b99436a15596",
            "id": "4UoUJhukgbZI9rIJBQ-PxEffv3qFP_doMuKx8iu0sz1LR5OIk7iP1YTI2PFrTyrbkPJMyPs76UgLsI7MdG5GEottIb7NyD7OtpqWCQoTQ2MlcVYbQ0-4aPc_SluL-bBkqPkB1SEWVJevC2H8att8-HjtOGVkCxAWeMWMm3xnmta8Me_1dseHuZQ2oVWW",
            "keepers": null,
            "prefix": null
          },
          "sensitive_attributes": [],
          "identity_schema_version": 0,
          "dependencies": [
            "random_integer.fake_blobs_size"
          ]
        },
        {
          "index_key": 36,
          "schema_version": 0,
          "attributes": {
            "b64_std": "23iQv9TbHy7ckY28WaC9QKyZLdtYShoBDBlXCU4pCHaC2kLi5tLUDfi2zn1WXffoeFJQHPlTtLQQwQ==",
            "b64_url": "23iQv9TbHy7ckY28WaC9QKyZLdtYShoBDBlXCU4pCHaC2kLi5tLUDfi2zn1WXffoeFJQHPlTtLQQwQ",
            "byte_length": 58,
            "dec": "40837117860147990543154534239446312205721552845233490415201869347242270008198353094607423045363478000129743080477907253414354505150152052929",
            "hex": "db7890bfd4db1f2edc918dbc59a0bd40ac992ddb584a1a010c1957094e29087682da42e2e6d2d40df8b6ce7d565df7e87852501cf953b4b410c1",
            "id": "23iQv9TbHy7ckY28WaC9QKyZLdtYShoBDBlXCU4pCHaC2kLi5tLUDfi2zn1WXffoeFJQHPlTtLQQwQ",
            "keepers": null,
            "prefix": null
          },
          "sensitive_attributes": [],
          "identity_schema_version": 0,
          "dependencies": [
            "random_integer.fake_blobs_size"
          ]
        },
        {
          "index_key": 37,
          "schema_version": 0,
          "attributes": {
            "b64_std": "mlRU5yZPr5AzY+DWRFMgOilI63CTI9LbM6D7USkiLqF9GUA33rsQNLwDRqBvIPepHs/IUOl3taJ4yse4n0DWLLI7Mdz1ywh3Irx6AaGZLlsZluV4a5KbQ3hhrBNCTfssgpzkKDHS25+7+S2aAUChKJPxs/qepb3XzyX/8k6Hojvj2DNLeBbQkmZ1FNjGHraXRVzrlVb5pY07vL7MwEZ+J3oksXI+GdVPvR0HS6U8P7daBmTg",
            "b64_url": "mlRU5yZPr5AzY-DWRFMgOilI63CTI9LbM6D7USkiLqF9GUA33rsQNLwDRqBvIPepHs_IUOl3taJ4yse4n0DWLLI7Mdz1ywh3Irx6AaGZLlsZluV4a5KbQ3hhrBNCTfssgpzkKDHS25-7-S2aAUChKJPxs_qepb3XzyX_8k6Hojvj2DNLeBbQkmZ1FNjGHraXRVzrlVb5pY07vL7MwEZ-J3oksXI-GdVPvR0HS6U8P7daBmTg",
            "byte_length": 180,
            "dec": "18340134499697772058617723464885440666499719206688965986979796612529383548932383344865542827640780817974135373493572849057717956793147313314565298613611086483100241132549562105708477037985604886593490169678659773967346503819057941848901445729915074467405618771885085013264321025127862982384035234656129217590372307443241854585217923303131667012175317810283598709271176051388724733530974561549845829680637346291401574334990146748179680",
            "hex": "9a5454e7264faf903363e0d64453203a2948eb709323d2db33a0fb5129222ea17d194037debb1034bc0346a06f20f7a91ecfc850e977b5a278cac7b89f40d62cb23b31dcf5cb087722bc7a01a1992e5b1996e5786b929b437861ac13424dfb2c829ce42831d2db9fbbf92d9a0140a12893f1b3fa9ea5bdd7cf25fff24e87a23be3d8334b7816d092667514d8c61eb697455ceb9556f9a58d3bbcbeccc0467e277a24b1723e19d54fbd1d074ba53c3fb75a0664e0",
            "id": "mlRU5yZPr5AzY-DWRFMgOilI63CTI9LbM6D7USkiLqF9GUA33rsQNLwDRqBvIPepHs_IUOl3taJ4yse4n0DWLLI7Mdz1ywh3Irx6AaGZLlsZluV4a5KbQ3hhrBNCTfssgpzkKDHS25-7-S2aAUChKJPxs_qepb3XzyX_8k6Hojvj2DNLeBbQkmZ1FNjGHraXRVzrlVb5pY07vL7MwEZ-J3oksXI-GdVPvR0HS6U8P7daBmTg",
            "keepers": null,
            "prefix": null
          },
          "sensitive_attributes": [],
          "identity_schema_version": 0,
          "dependencies": [
            "random_integer.fake_blobs_size"
          ]
        },
        {
          "index_key": 38,
          "schema_version": 0,
          "attributes": {
            "b64_std": "Ie8u7W7MUC14UDb7nCqF3b6jJc9Dj643bsF991wCz5eeos5aQN1KNJfdEjHcbD35NFv4hc0cP3aCdaoLqCWk8asuuO1et/m5cGCb5du5OHOCr5uv+osv7GYUb+7kKn90cOwX47pZWFTNhvpPlwYJlj/7MrJR6z2b7t8eCJfS",
            "b64_url": "Ie8u7W7MUC14UDb7nCqF3b6jJc9Dj643bsF991wCz5eeos5aQN1KNJfdEjHcbD35NFv4hc0cP3aCdaoLqCWk8asuuO1et_m5cGCb5du5OHOCr5uv-osv7GYUb-7kKn90cOwX47pZWFTNhvpPlwYJlj_7MrJR6z2b7t8eCJfS",
            "byte_length": 126,
            "dec": "363609050364774698259598530231613444405506774461157022772792164839863899723651985377537993455861518608535076213209881967178687286557442255238999287473849145334780164600928610462710202568227464641182405453155145613371089130101622357097945558276247189131437148254633094960155316504302728562154827751659474",
            "hex": "21ef2eed6ecc502d785036fb9c2a85ddbea325cf438fae376ec17df75c02cf979ea2ce5a40dd4a3497dd1231dc6c3df9345bf885cd1c3f768275aa0ba825a4f1ab2eb8ed5eb7f9b970609be5dbb9387382af9baffa8b2fec66146feee42a7f7470ec17e3ba595854cd86fa4f970609963ffb32b251eb3d9beedf1e0897d2",
            "id": "Ie8u7W7MUC14UDb7nCqF3b6jJc9Dj643bsF991wCz5eeos5aQN1KNJfdEjHcbD35NFv4hc0cP3aCdaoLqCWk8asuuO1et_m5cGCb5du5OHOCr5uv-osv7GYUb-7kKn90cOwX47pZWFTNhvpPlwYJlj_7MrJR6z2b7t8eCJfS",
            "keepers": null,
            "prefix": null
          },
          "sensitive_attributes": [],
          "identity_schema_version": 0,
          "dependencies": [
            "random_integer.fake_blobs_size"
          ]
        },
        {
          "index_key": 39,
          "schema_version": 0,
          "attributes": {
            "b64_std": "LLfFElTz/RwYD/xpPik+y+HG7U0EohHiFVhoaSPBF2AUVBtDXkKAjvAnnPOFLOz9HiAZ1+OsvUhrKHvk4Iz5t4a04R2Z5HNX4/AeLlNJwBDfXCQ3yN1V7UClQ+2hBo+i96gOgmorS9x1QbwgWGUSGrJEVqDXlwRy8SXQTPzGPv0iL33g36A6LYZ3tz/VjMEiYDXhAnE5kxtrITSqfxmY2+QODQ==",
            "b64_url": "LLfFElTz_RwYD_xpPik-y-HG7U0EohHiFVhoaSPBF2AUVBtDXkKAjvAnnPOFLOz9HiAZ1-OsvUhrKHvk4Iz5t4a04R2Z5HNX4_AeLlNJwBDfXCQ3yN1V7UClQ-2hBo-i96gOgmorS9x1QbwgWGUSGrJEVqDXlwRy8SXQTPzGPv0iL33g36A6LYZ3tz_VjMEiYDXhAnE5kxtrITSqfxmY2-QODQ",
            "byte_length": 163,
            "dec": "61003577330032943763518303423739846401136914891684955716553090045175949675152725530113938496788271659330028658660415499258070916776438658715585330988301268100195837444615247103638867226873962929731246585992330342166464528787820092485319674675171059443847844795491352843303025462185761611489650947838627209496293236396293246540687660376905692011326181341903690458930962713352133612950782217741",
            "hex": "2cb7c51254f3fd1c180ffc693e293ecbe1c6ed4d04a211e21558686923c1176014541b435e42808ef0279cf3852cecfd1e2019d7e3acbd486b287be4e08cf9b786b4e11d99e47357e3f01e2e5349c010df5c2437c8dd55ed40a543eda1068fa2f7a80e826a2b4bdc7541bc205865121ab24456a0d7970472f125d04cfcc63efd222f7de0dfa03a2d8677b73fd58cc1226035e1027139931b6b2134aa7f1998dbe40e0d",
            "id": "LLfFElTz_RwYD_xpPik-y-HG7U0EohHiFVhoaSPBF2AUVBtDXkKAjvAnnPOFLOz9HiAZ1-OsvUhrKHvk4Iz5t4a04R2Z5HNX4_AeLlNJwBDfXCQ3yN1V7UClQ-2hBo-i96gOgmorS9x1QbwgWGUSGrJEVqDXlwRy8SXQTPzGPv0iL33g36A6LYZ3tz_VjMEiYDXhAnE5kxtrITSqfxmY2-QODQ",
            "keepers": null,
            "prefix": null
          },
          "sensitive_attributes": [],
          "identity_schema_version": 0,
          "dependencies": [
            "random_integer.fake_blobs_size"
          ]
        },
        {
          "index_key": 40,
          "schema_version": 0,
          "attributes": {
            "b64_std": "qWDRR4lYlVTBKh6Frw==",
            "b64_url": "qWDRR4lYlVTBKh6Frw",
            "byte_length": 13,
            "dec": "13419523029171428960482518533551",
            "hex": "a960d14789589554c12a1e85af",
            "id": "qWDRR4lYlVTBKh6Frw",
            "keepers": null,
            "prefix": null
          },
          "sensitive_attributes": [],
          "identity_schema_version": 0,
          "dependencies": [
            "random_integer.fake_blobs_size"
          ]
        },
        {
          "index_key": 41,
          "schema_version": 0,
          "attributes": {
            "b64_std": "u/x5hNViVwNC/xcBqiFQ8sUj6v6coZaSJ+DnTzfzC7Abnqq0nlGob2zXrBam",
            "b64_url": "u_x5hNViVwNC_xcBqiFQ8sUj6v6coZaSJ-DnTzfzC7Abnqq0nlGob2zXrBam",
            "byte_length": 45,
            "dec": "1724584626265706791903281994776002251862403446566249802473469766679382713335783976050433075514723584820647590",
            "hex": "bbfc7984d562570342ff1701aa2150f2c523eafe9ca1969227e0e74f37f30bb01b9eaab49e51a86f6cd7ac16a6",
            "id": "u_x5hNViVwNC_xcBqiFQ8sUj6v6coZaSJ-DnTzfzC7Abnqq0nlGob2zXrBam",
            "keepers": null,
            "prefix": null
          },
          "sensitive_attributes": [],
          "identity_schema_version": 0,
          "dependencies": [
            "random_integer.fake_blobs_size"
          ]
        },
        {
          "index_key": 42,
          "schema_version": 0,
          "attributes": {
            "b64_std": "BLsYPY0YtcyLYopAjeon4zuHJJ6uNEv5spLcaXwrt4wZbIqfR9Ivcnyx3reLRnPIyfvFSin07jVxfLgPch4EmBdvGq8eEGVIXuBOTLihc3ihkUAEd87alpby7cZGnAq5r0JfTOsQUEsO5cknEv/dTo0eNp2PlSdZe44DA5Q=",
            "b64_url": "BLsYPY0YtcyLYopAjeon4zuHJJ6uNEv5spLcaXwrt4wZbIqfR9Ivcnyx3reLRnPIyfvFSin07jVxfLgPch4EmBdvGq8eEGVIXuBOTLihc3ihkUAEd87alpby7cZGnAq5r0JfTOsQUEsO5cknEv_dTo0eNp2PlSdZe44DA5Q",
            "byte_length": 125,
            "dec": "198013059019659784367224442085080557723780159477132020570662397643071560850562499110948557083269808426071366734310744584681570603434300045789539654724646653476799064212487467561622606509850391929814376672340693064592273898004820522853250095514204453823765734907845258379129825495316070219700058129300",
            "hex": "04bb183d8d18b5cc8b628a408dea27e33b87249eae344bf9b292dc697c2bb78c196c8a9f47d22f727cb1deb78b4673c8c9fbc54a29f4ee35717cb80f721e0498176f1aaf1e1065485ee04e4cb8a17378a191400477ceda9696f2edc6469c0ab9af425f4ceb10504b0ee5c92712ffdd4e8d1e369d8f9527597b8e030394",
            "id": "BLsYPY0YtcyLYopAjeon4zuHJJ6uNEv5spLcaXwrt4wZbIqfR9Ivcnyx3reLRnPIyfvFSin07jVxfLgPch4EmBdvGq8eEGVIXuBOTLihc3ihkUAEd87alpby7cZGnAq5r0JfTOsQUEsO5cknEv_dTo0eNp2PlSdZe44DA5Q",
            "keepers": null,
            "prefix": null
          },
          "sensitive_attributes": [],
          "identity_schema_version": 0,
          "dependencies": [
            "random_integer.fake_blobs_size"
          ]
        },
        {
          "index_key": 43,
          "schema_version": 0,
          "attributes": {
            "b64_std": "YP0wOlF4kFx1dPQ8V7P3iZGR9OvKCcPRk3BGiBQ/kqk=",
            "b64_url": "YP0wOlF4kFx1dPQ8V7P3iZGR9OvKCcPRk3BGiBQ_kqk",
            "byte_length": 32,
            "dec": "43869378627463949902347133483485795515571841756295040597370903967128965059241",
            "hex": "60fd303a5178905c7574f43c57b3f7899191f4ebca09c3d193704688143f92a9",
            "id": "YP0wOlF4kFx1dPQ8V7P3iZGR9OvKCcPRk3BGiBQ_kqk",
            "keepers": null,
            "prefix": null
          },
          "sensitive_attributes": [],
          "identity_schema_version": 0,
          "dependencies": [
            "random_integer.fake_blobs_size"
          ]
        },
        {
          "index_key": 44,
          "schema_version": 0,
          "attributes": {
            "b64_std": "9L0qZkN8I3hbITlYRoK7K1t2FkWQdAUutJL062PXBBhIGyRwfQxfQLzx3+ql8XDxX8MjMf4r3QjG4q6D5sfSdaxj2hWBrC0iwGrAHFPiI6d7YfhUDd+Mu7cwlHYq9mG1iuzVqGQO2kShvujJLXcYSsHiS19OrQsyF/TyVNg6La0vd4WClmc=",
            "b64_url": "9L0qZkN8I3hbITlYRoK7K1t2FkWQdAUutJL062PXBBhIGyRwfQxfQLzx3-ql8XDxX8MjMf4r3QjG4q6D5sfSdaxj2hWBrC0iwGrAHFPiI6d7YfhUDd-Mu7cwlHYq9mG1iuzVqGQO2kShvujJLXcYSsHiS19OrQsyF_TyVNg6La0vd4WClmc",
            "byte_length": 134,
            "dec": "48374717326793352621981119287676063709195119951433278240469678195870653075231475550468693858088046812763156103466785594700520591899458307465789293852942005626428719915141416807614983038449852567332627363499595543690622416847669018944724049662559978019745593439871748134194551272739963839494498675510185709304237066796832359",
            "hex": "f4bd2a66437c23785b2139584682bb2b5b7616459074052eb492f4eb63d70418481b24707d0c5f40bcf1dfeaa5f170f15fc32331fe2bdd08c6e2ae83e6c7d275ac63da1581ac2d22c06ac01c53e223a77b61f8540ddf8cbbb73094762af661b58aecd5a8640eda44a1bee8c92d77184ac1e24b5f4ead0b3217f4f254d83a2dad2f7785829667",
            "id": "9L0qZkN8I3hbITlYRoK7K1t2FkWQdAUutJL062PXBBhIGyRwfQxfQLzx3-ql8XDxX8MjMf4r3QjG4q6D5sfSdaxj2hWBrC0iwGrAHFPiI6d7YfhUDd-Mu7cwlHYq9mG1iuzVqGQO2kShvujJLXcYSsHiS19OrQsyF_TyVNg6La0vd4WClmc",
            "keepers": null,
            "prefix": null
          },
          "sensitive_attributes": [],
          "identity_schema_version": 0,
          "dependencies": [
            "random_integer.fake_blobs_size"
          ]
        },
        {
          "index_key": 45,
          "schema_version": 0,
          "attributes": {
            "b64_std": "2ZOIYVj2aVcXkmMswRemhmO76E/+U+a/BfXiFQFssIb2VI50lMpn/6e6B85JYU+4ZSnulwlPBfJCOhE7V6QxCatVjfDxh+7rVWgBaCsoum6OZPvlWAt/OfIIu8nughQQzp1xgW4ubtoBuwS7K7Ckp3ptwmob+KU=",
            "b64_url": "2ZOIYVj2aVcXkmMswRemhmO76E_-U-a_BfXiFQFssIb2VI50lMpn_6e6B85JYU-4ZSnulwlPBfJCOhE7V6QxCatVjfDxh-7rVWgBaCsoum6OZPvlWAt_OfIIu8nughQQzp1xgW4ubtoBuwS7K7Ckp3ptwmob-KU",
            "byte_length": 119,
            "dec": "32353963660882498804038856895500100610400781289532177323085803732290083329453199240475304628481572006305832088870456901738059541676356452361387228808227420584893708067304477122525232049105879900933249648282038256312612419250480168905308313608601765347059732792799651929346371720360753317",
            "hex": "d993886158f669571792632cc117a68663bbe84ffe53e6bf05f5e215016cb086f6548e7494ca67ffa7ba07ce49614fb86529ee97094f05f2423a113b57a43109ab558df0f187eeeb556801682b28ba6e8e64fbe5580b7f39f208bbc9ee821410ce9d71816e2e6eda01bb04bb2bb0a4a77a6dc26a1bf8a5",
            "id": "2ZOIYVj2aVcXkmMswRemhmO76E_-U-a_BfXiFQFssIb2VI50lMpn_6e6B85JYU-4ZSnulwlPBfJCOhE7V6QxCatVjfDxh-7rVWgBaCsoum6OZPvlWAt_OfIIu8nughQQzp1xgW4ubtoBuwS7K7Ckp3ptwmob-KU",
            "keepers": null,
            "prefix": null
          },
          "sensitive_attributes": [],
          "identity_schema_version": 0,
          "dependencies": [
            "random_integer.fake_blobs_size"
          ]
        },
        {
          "index_key": 46,
          "schema_version": 0,
          "attributes": {
            "b64_std": "5xvsEuHl6WQO/HenPl1AhKKA3VOMBOZHvpHm5CTnMMmN3p6Z/lruEmXt0AUr/6aSqbzF3N2HOlnshSbflzMQLCopuUbeOiIan/TiF1RIb29r5UXiJcxlqEX8v6flqFgnDO5j2OiQppz7eQPBqEt3LAQxilgyoXgwhmpzk8x9us+J+Rhz9ro7RQ==",
            "b64_url": "5xvsEuHl6WQO_HenPl1AhKKA3VOMBOZHvpHm5CTnMMmN3p6Z_lruEmXt0AUr_6aSqbzF3N2HOlnshSbflzMQLCopuUbeOiIan_TiF1RIb29r5UXiJcxlqEX8v6flqFgnDO5j2OiQppz7eQPBqEt3LAQxilgyoXgwhmpzk8x9us-J-Rhz9ro7RQ",
            "byte_length": 136,
            "dec": "2993727790078596356373122242035182433847190417597673705652187708489520301075977240648535428279978450478757570861482921794275572635926840404823544324654685939091520906320279369314227822042297776187890544879714967099991465828337102882541383811272523704511968947131962419318888996656760984019598338589655659199529579808570723679045",
            "hex": "e71bec12e1e5e9640efc77a73e5d4084a280dd538c04e647be91e6e424e730c98dde9e99fe5aee1265edd0052bffa692a9bcc5dcdd873a59ec8526df9733102c2a29b946de3a221a9ff4e21754486f6f6be545e225cc65a845fcbfa7e5a858270cee63d8e890a69cfb7903c1a84b772c04318a5832a17830866a7393cc7dbacf89f91873f6ba3b45",
            "id": "5xvsEuHl6WQO_HenPl1AhKKA3VOMBOZHvpHm5CTnMMmN3p6Z_lruEmXt0AUr_6aSqbzF3N2HOlnshSbflzMQLCopuUbeOiIan_TiF1RIb29r5UXiJcxlqEX8v6flqFgnDO5j2OiQppz7eQPBqEt3LAQxilgyoXgwhmpzk8x9us-J-Rhz9ro7RQ",
            "keepers": null,
            "prefix": null
          },
          "sensitive_attributes": [],
          "identity_schema_version": 0,
          "dependencies": [
            "random_integer.fake_blobs_size"
          ]
        },
        {
          "index_key": 47,
          "schema_version": 0,
          "attributes": {
            "b64_std": "Zc6RjZIH7v+GA7FUbesCBVCcOLKhZu87kgJIYuQ7JZS1T5rDDSZeuPDX3OhrRcu0jb8VrpU2TNLeWp1wj8hY8fCke7BMD15lRC0/43Bmlr02cOCzlsxNW1oIhMtiHv1/bMMSoBQictns5aWE5eyz3UdnBeSM5sI1sj/G6aJK7sQlTw==",
            "b64_url": "Zc6RjZIH7v-GA7FUbesCBVCcOLKhZu87kgJIYuQ7JZS1T5rDDSZeuPDX3OhrRcu0jb8VrpU2TNLeWp1wj8hY8fCke7BMD15lRC0_43Bmlr02cOCzlsxNW1oIhMtiHv1_bMMSoBQictns5aWE5eyz3UdnBeSM5sI1sj_G6aJK7sQlTw",
            "byte_length": 130,
            "dec": "4685250058877366012681446253908777234380032300146788209351671906751352705913498442714748949254481515713568563211672265491706210478773530750837421503334338465602146043551861045430442570036465559947946213591661177112790348884838056225120121915538676044914327783030799910147271067292478973551812983563928957851280719",
            "hex": "65ce918d9207eeff8603b1546deb0205509c38b2a166ef3b92024862e43b2594b54f9ac30d265eb8f0d7dce86b45cbb48dbf15ae95364cd2de5a9d708fc858f1f0a47bb04c0f5e65442d3fe3706696bd3670e0b396cc4d5b5a0884cb621efd7f6cc312a0142272d9ece5a584e5ecb3dd476705e48ce6c235b23fc6e9a24aeec4254f",
            "id": "Zc6RjZIH7v-GA7FUbesCBVCcOLKhZu87kgJIYuQ7JZS1T5rDDSZeuPDX3OhrRcu0jb8VrpU2TNLeWp1wj8hY8fCke7BMD15lRC0_43Bmlr02cOCzlsxNW1oIhMtiHv1_bMMSoBQictns5aWE5eyz3UdnBeSM5sI1sj_G6aJK7sQlTw",
            "keepers": null,
            "prefix": null
          },
          "sensitive_attributes": [],
          "identity_schema_version": 0,
          "dependencies": [
            "random_integer.fake_blobs_size"
          ]
        },
        {
          "index_key": 48,
          "schema_version": 0,
          "attributes": {
            "b64_std": "qUjRMZl27NFi/Rd+SsHsAw3+QP0AS9Gp3iApx+fvapVvJxksTYRWmQYceg==",
            "b64_url": "qUjRMZl27NFi_Rd-SsHsAw3-QP0AS9Gp3iApx-fvapVvJxksTYRWmQYceg",
            "byte_length": 43,
            "dec": "23697121187432732238540665383129772947478549928945452484696690227879801531689669250725082189367087602810",
            "hex": "a948d1319976ecd162fd177e4ac1ec030dfe40fd004bd1a9de2029c7e7ef6a956f27192c4d845699061c7a",
            "id": "qUjRMZl27NFi_Rd-SsHsAw3-QP0AS9Gp3iApx-fvapVvJxksTYRWmQYceg",
            "keepers": null,
            "prefix": null
          },
          "sensitive_attributes": [],
          "identity_schema_version": 0,
          "dependencies": [
            "random_integer.fake_blobs_size"
          ]
        },
        {
          "index_key": 49,
          "schema_version": 0,
          "attributes": {
            "b64_std": "3rIpTUxtH4UCDpQVQloMxvF/qbWi5x9sFhRD3KyEPg7XeU535cGM+9KpuiTCsU1S0FviBUmcPDj05YGuHIehSjda/sZ/+g1q548aa/K6s22RI+S2+QCTczDh6Uql4v0wYDVURQATA42ofJGngYesI1bmNuNb57+QdPKDro13a04r8DggTCNNEravLVagknbzgN5KIh76zUnv",
            "b64_url": "3rIpTUxtH4UCDpQVQloMxvF_qbWi5x9sFhRD3KyEPg7XeU535cGM-9KpuiTCsU1S0FviBUmcPDj05YGuHIehSjda_sZ_-g1q548aa_K6s22RI-S2-QCTczDh6Uql4v0wYDVURQATA42ofJGngYesI1bmNuNb57-QdPKDro13a04r8DggTCNNEravLVagknbzgN5KIh76zUnv",
            "byte_length": 153,
            "dec": "251296842691722418652295471218193240678068475014059886243067618965700009892936300735476158067789737747517898968190534609520787986768583513923011547213550646360103308760073031647154007546778816875437476540853998052755193777512917823603851961668729118178050747250450302417582012994393101721317005079390528285787837979141841136373720747785022421101899699680059291564067311",
            "hex": "deb2294d4c6d1f85020e9415425a0cc6f17fa9b5a2e71f6c161443dcac843e0ed7794e77e5c18cfbd2a9ba24c2b14d52d05be205499c3c38f4e581ae1c87a14a375afec67ffa0d6ae78f1a6bf2bab36d9123e4b6f900937330e1e94aa5e2fd30603554450013038da87c91a78187ac2356e636e35be7bf9074f283ae8d776b4e2bf038204c234d12b6af2d56a09276f380de4a221efacd49ef",
            "id": "3rIpTUxtH4UCDpQVQloMxvF_qbWi5x9sFhRD3KyEPg7XeU535cGM-9KpuiTCsU1S0FviBUmcPDj05YGuHIehSjda_sZ_-g1q548aa_K6s22RI-S2-QCTczDh6Uql4v0wYDVURQATA42ofJGngYesI1bmNuNb57-QdPKDro13a04r8DggTCNNEravLVagknbzgN5KIh76zUnv",
            "keepers": null,
            "prefix": null
          },
          "sensitive_attributes": [],
          "identity_schema_version": 0,
          "dependencies": [
            "random_integer.fake_blobs_size"
          ]
        },
        {
          "index_key": 50,
          "schema_version": 0,
          "attributes": {
            "b64_std": "Fn8hwLDrkgaGCXzV6WRQSoAnW/OHR4m152oje0XeBqqeY0sdrwjrDgZmaBtNbmuXFFd1nxEmPA==",
            "b64_url": "Fn8hwLDrkgaGCXzV6WRQSoAnW_OHR4m152oje0XeBqqeY0sdrwjrDgZmaBtNbmuXFFd1nxEmPA",
            "byte_length": 55,
            "dec": "249502661487325204310818192754078068913452205181096446162653076660425783557461955651264664076747389533283962890818822384790312920636",
            "hex": "167f21c0b0eb920686097cd5e964504a80275bf3874789b5e76a237b45de06aa9e634b1daf08eb0e0666681b4d6e6b971457759f11263c",
            "id": "Fn8hwLDrkgaGCXzV6WRQSoAnW_OHR4m152oje0XeBqqeY0sdrwjrDgZmaBtNbmuXFFd1nxEmPA",
            "keepers": null,
            "prefix": null
          },
          "sensitive_attributes": [],
          "identity_schema_version": 0,
          "dependencies": [
            "random_integer.fake_blobs_size"
          ]
        }
      ]
    },
    {
      "mode": "managed",
      "type": "random_integer",
      "name": "fake_blobs_size",
      "provider": "provider[\"registry.terraform.io/hashicorp/random\"]",
      "instances": [
        {
          "index_key": 0,
          "schema_version": 0,
          "attributes": {
            "id": "161",
            "keepers": null,
            "max": 200,
            "min": 1,
            "result": 161,
            "seed": null
          },
          "sensitive_attributes": [],
          "identity_schema_version": 0
        },
        {
          "index_key": 1,
          "schema_version": 0,
          "attributes": {
            "id": "55",
            "keepers": null,
            "max": 200,
            "min": 1,
            "result": 55,
            "seed": null
          },
          "sensitive_attributes": [],
          "identity_schema_version": 0
        },
        {
          "index_key": 2,
          "schema_version": 0,
          "attributes": {
            "id": "9",
            "keepers": null,
            "max": 200,
            "min": 1,
            "result": 9,
            "seed": null
          },
          "sensitive_attributes": [],
          "identity_schema_version": 0
        },
        {
          "index_key": 3,
          "schema_version": 0,
          "attributes": {
            "id": "154",
            "keepers": null,
            "max": 200,
            "min": 1,
            "result": 154,
            "seed": null
          },
          "sensitive_attributes": [],
          "identity_schema_version": 0
        },
        {
          "index_key": 4,
          "schema_version": 0,
          "attributes": {
            "id": "52",
            "keepers": null,
            "max": 200,
            "min": 1,
            "result": 52,
            "seed": null
          },
          "sensitive_attributes": [],
          "identity_schema_version": 0
        },
        {
          "index_key": 5,
          "schema_version": 0,
          "attributes": {
            "id": "184",
            "keepers": null,
            "max": 200,
            "min": 1,
            "result": 184,
            "seed": null
          },
          "sensitive_attributes": [],
          "identity_schema_version": 0
        },
        {
          "index_key": 6,
          "schema_version": 0,
          "attributes": {
            "id": "72",
            "keepers": null,
            "max": 200,
            "min": 1,
            "result": 72,
            "seed": null
          },
          "sensitive_attributes": [],
          "identity_schema_version": 0
        },
        {
          "index_key": 7,
          "schema_version": 0,
          "attributes": {
            "id": "193",
            "keepers": null,
            "max": 200,
            "min": 1,
            "result": 193,
            "seed": null
          },
          "sensitive_attributes": [],
          "identity_schema_version": 0
        },
        {
          "index_key": 8,
          "schema_version": 0,
          "attributes": {
            "id": "71",
            "keepers": null,
            "max": 200,
            "min": 1,
            "result": 71,
            "seed": null
          },
          "sensitive_attributes": [],
          "identity_schema_version": 0
        },
        {
          "index_key": 9,
          "schema_version": 0,
          "attributes": {
            "id": "110",
            "keepers": null,
            "max": 200,
            "min": 1,
            "result": 110,
            "seed": null
          },
          "sensitive_attributes": [],
          "identity_schema_version": 0
        },
        {
          "index_key": 10,
          "schema_version": 0,
          "attributes": {
            "id": "92",
            "keepers": null,
            "max": 200,
            "min": 1,
            "result": 92,
            "seed": null
          },
          "sensitive_attributes": [],
          "identity_schema_version": 0
        },
        {
          "index_key": 11,
          "schema_version": 0,
          "attributes": {
            "id": "124",
            "keepers": null,
            "max": 200,
            "min": 1,
            "result": 124,
            "seed": null
          },
          "sensitive_attributes": [],
          "identity_schema_version": 0
        },
        {
          "index_key": 12,
          "schema_version": 0,
          "attributes": {
            "id": "93",
            "keepers": null,
            "max": 200,
            "min": 1,
            "result": 93,
            "seed": null
          },
          "sensitive_attributes": [],
          "identity_schema_version": 0
        },
        {
          "index_key": 13,
          "schema_version": 0,
          "attributes": {
            "id": "136",
            "keepers": null,
            "max": 200,
            "min": 1,
            "result": 136,
            "seed": null
          },
          "sensitive_attributes": [],
          "identity_schema_version": 0
        },
        {
          "index_key": 14,
          "schema_version": 0,
          "attributes": {
            "id": "56",
            "keepers": null,
            "max": 200,
            "min": 1,
            "result": 56,
            "seed": null
          },
          "sensitive_attributes": [],
          "identity_schema_version": 0
        },
        {
          "index_key": 15,
          "schema_version": 0,
          "attributes": {
            "id": "12",
            "keepers": null,
            "max": 200,
            "min": 1,
            "result": 12,
            "seed": null
          },
          "sensitive_attributes": [],
          "identity_schema_version": 0
        },
        {
          "index_key": 16,
          "schema_version": 0,
          "attributes": {
            "id": "191",
            "keepers": null,
            "max": 200,
            "min": 1,
            "result": 191,
            "seed": null
          },
          "sensitive_attributes": [],
          "identity_schema_version": 0
        },
        {
          "index_key": 17,
          "schema_version": 0,
          "attributes": {
            "id": "164",
            "keepers": null,
            "max": 200,
            "min": 1,
            "result": 164,
            "seed": null
          },
          "sensitive_attributes": [],
          "identity_schema_version": 0
        },
        {
          "index_key": 18,
          "schema_version": 0,
          "attributes": {
            "id": "168",
            "keepers": null,
            "max": 200,
            "min": 1,
            "result": 168,
            "seed": null
          },
          "sensitive_attributes": [],
          "identity_schema_version": 0
        },
        {
          "index_key": 19,
          "schema_version": 0,
          "attributes": {
            "id": "91",
            "keepers": null,
            "max": 200,
            "min": 1,
            "result": 91,
            "seed": null
          },
          "sensitive_attributes": [],
          "identity_schema_version": 0
        },
        {
          "index_key": 20,
          "schema_version": 0,
          "attributes": {
            "id": "93",
            "keepers": null,
            "max": 200,
            "min": 1,
            "result": 93,
            "seed": null
          },
          "sensitive_attributes": [],
          "identity_schema_version": 0
        },
        {
          "index_key": 21,
          "schema_version": 0,
          "attributes": {
            "id": "60",
            "keepers": null,
            "max": 200,
            "min": 1,
            "result": 60,
            "seed": null
          },
          "sensitive_attributes": [],
          "identity_schema_version": 0
        },
        {
          "index_key": 22,
          "schema_version": 0,
          "attributes": {
            "id": "146",
            "keepers": null,
            "max": 200,
            "min": 1,
            "result": 146,
            "seed": null
          },
          "sensitive_attributes": [],
          "identity_schema_version": 0
        },
        {
          "index_key": 23,
          "schema_version": 0,
          "attributes": {
            "id": "35",
            "keepers": null,
            "max": 200,
            "min": 1,
            "result": 35,
            "seed": null
          },
          "sensitive_attributes": [],
          "identity_schema_version": 0
        },
        {
          "index_key": 24,
          "schema_version": 0,
          "attributes": {
            "id": "54",
            "keepers": null,
            "max": 200,
            "min": 1,
            "result": 54,
            "seed": null
          },
          "sensitive_attributes": [],
          "identity_schema_version": 0
        },
        {
          "index_key": 25,
          "schema_version": 0,
          "attributes": {
            "id": "35",
            "keepers": null,
            "max": 200,
            "min": 1,
            "result": 35,
            "seed": null
          },
          "sensitive_attributes": [],
          "identity_schema_version": 0
        },
        {
          "index_key": 26,
          "schema_version": 0,
          "attributes": {
            "id": "43",
            "keepers": null,
            "max": 200,
            "min": 1,
            "result": 43,
            "seed": null
          },
          "sensitive_attributes": [],
          "identity_schema_version": 0
        },
        {
          "index_key": 27,
          "schema_version": 0,
          "attributes": {
            "id": "9",
            "keepers": null,
            "max": 200,
            "min": 1,
            "result": 9,
            "seed": null
          },
          "sensitive_attributes": [],
          "identity_schema_version": 0
        },
        {
          "index_key": 28,
          "schema_version": 0,
          "attributes": {
            "id": "90",
            "keepers": null,
            "max": 200,
            "min": 1,
            "result": 90,
            "seed": null
          },
          "sensitive_attributes": [],
          "identity_schema_version": 0
        },
        {
          "index_key": 29,
          "schema_version": 0,
          "attributes": {
            "id": "14",
            "keepers": null,
            "max": 200,
            "min": 1,
            "result": 14,
            "seed": null
          },
          "sensitive_attributes": [],
          "identity_schema_version": 0
        },
        {
          "index_key": 30,
          "schema_version": 0,
          "attributes": {
            "id": "87",
            "keepers": null,
            "max": 200,
            "min": 1,
            "result": 87,
            "seed": null
          },
          "sensitive_attributes": [],
          "identity_schema_version": 0
        },
        {
          "index_key": 31,
          "schema_version": 0,
          "attributes": {
            "id": "54",
            "keepers": null,
            "max": 200,
            "min": 1,
            "result": 54,
            "seed": null
          },
          "sensitive_attributes": [],
          "identity_schema_version": 0
        },
        {
          "index_key": 32,
          "schema_version": 0,
          "attributes": {
            "id": "151",
            "keepers": null,
            "max": 200,
            "min": 1,
            "result": 151,
            "seed": null
          },
          "sensitive_attributes": [],
          "identity_schema_version": 0
        },
        {
          "index_key": 33,
          "schema_version": 0,
          "attributes": {
            "id": "167",
            "keepers": null,
            "max": 200,
            "min": 1,
            "result": 167,
            "seed": null
          },
          "sensitive_attributes": [],
          "identity_schema_version": 0
        },
        {
          "index_key": 34,
          "schema_version": 0,
          "attributes": {
            "id": "164",
            "keepers": null,
            "max": 200,
            "min": 1,
            "result": 164,
            "seed": null
          },
          "sensitive_attributes": [],
          "identity_schema_version": 0
        },
        {
          "index_key": 35,
          "schema_version": 0,
          "attributes": {
            "id": "141",
            "keepers": null,
            "max": 200,
            "min": 1,
            "result": 141,
            "seed": null
          },
          "sensitive_attributes": [],
          "identity_schema_version": 0
        },
        {
          "index_key": 36,
          "schema_version": 0,
          "attributes": {
            "id": "58",
            "keepers": null,
            "max": 200,
            "min": 1,
            "result": 58,
            "seed": null
          },
          "sensitive_attributes": [],
          "identity_schema_version": 0
        },
        {
          "index_key": 37,
          "schema_version": 0,
          "attributes": {
            "id": "180",
            "keepers": null,
            "max": 200,
            "min": 1,
            "result": 180,
            "seed": null
          },
          "sensitive_attributes": [],
          "identity_schema_version": 0
        },
        {
          "index_key": 38,
          "schema_version": 0,
          "attributes": {
            "id": "126",
            "keepers": null,
            "max": 200,
            "min": 1,
            "result": 126,
            "seed": null
          },
          "sensitive_attributes": [],
          "identity_schema_version": 0
        },
        {
          "index_key": 39,
          "schema_version": 0,
          "attributes": {
            "id": "163",
            "keepers": null,
            "max": 200,
            "min": 1,
            "result": 163,
            "seed": null
          },
          "sensitive_attributes": [],
          "identity_schema_version": 0
        },
        {
          "index_key": 40,
          "schema_version": 0,
          "attributes": {
            "id": "13",
            "keepers": null,
            "max": 200,
            "min": 1,
            "result": 13,
            "seed": null
          },
          "sensitive_attributes": [],
          "identity_schema_version": 0
        },
        {
          "index_key": 41,
          "schema_version": 0,
          "attributes": {
            "id": "45",
            "keepers": null,
            "max": 200,
            "min": 1,
            "result": 45,
            "seed": null
          },
          "sensitive_attributes": [],
          "identity_schema_version": 0
        },
        {
          "index_key": 42,
          "schema_version": 0,
          "attributes": {
            "id": "125",
            "keepers": null,
            "max": 200,
            "min": 1,
            "result": 125,
            "seed": null
          },
          "sensitive_attributes": [],
          "identity_schema_version": 0
        },
        {
          "index_key": 43,
          "schema_version": 0,
          "attributes": {
            "id": "32",
            "keepers": null,
            "max": 200,
            "min": 1,
            "result": 32,
            "seed": null
          },
          "sensitive_attributes": [],
          "identity_schema_version": 0
        },
        {
          "index_key": 44,
          "schema_version": 0,
          "attributes": {
            "id": "134",
            "keepers": null,
            "max": 200,
            "min": 1,
            "result": 134,
            "seed": null
          },
          "sensitive_attributes": [],
          "identity_schema_version": 0
        },
        {
          "index_key": 45,
          "schema_version": 0,
          "attributes": {
            "id": "119",
            "keepers": null,
            "max": 200,
            "min": 1,
            "result": 119,
            "seed": null
          },
          "sensitive_attributes": [],
          "identity_schema_version": 0
        },
        {
          "index_key": 46,
          "schema_version": 0,
          "attributes": {
            "id": "136",
            "keepers": null,
            "max": 200,
            "min": 1,
            "result": 136,
            "seed": null
          },
          "sensitive_attributes": [],
          "identity_schema_version": 0
        },
        {
          "index_key": 47,
          "schema_version": 0,
          "attributes": {
            "id": "130",
            "keepers": null,
            "max": 200,
            "min": 1,
            "result": 130,
            "seed": null
          },
          "sensitive_attributes": [],
          "identity_schema_version": 0
        },
        {
          "index_key": 48,
          "schema_version": 0,
          "attributes": {
            "id": "43",
            "keepers": null,
            "max": 200,
            "min": 1,
            "result": 43,
            "seed": null
          },
          "sensitive_attributes": [],
          "identity_schema_version": 0
        },
        {
          "index_key": 49,
          "schema_version": 0,
          "attributes": {
            "id": "153",
            "keepers": null,
            "max": 200,
            "min": 1,
            "result": 153,
            "seed": null
          },
          "sensitive_attributes": [],
          "identity_schema_version": 0
        },
        {
          "index_key": 50,
          "schema_version": 0,
          "attributes": {
            "id": "55",
            "keepers": null,
            "max": 200,
            "min": 1,
            "result": 55,
            "seed": null
          },
          "sensitive_attributes": [],
          "identity_schema_version": 0
        }
      ]
    },
    {
      "mode": "managed",
      "type": "random_shuffle",
      "name": "fake_blobs_extensions",
      "provider": "provider[\"registry.terraform.io/hashicorp/random\"]",
      "instances": [
        {
          "index_key": 0,
          "schema_version": 0,
          "attributes": {
            "id": "-",
            "input": [
              "sql",
              "txt",
              "docx",
              "pdf",
              "png",
              "tar.gz"
            ],
            "keepers": null,
            "result": [
              "txt"
            ],
            "result_count": 1,
            "seed": null
          },
          "sensitive_attributes": [],
          "identity_schema_version": 0
        },
        {
          "index_key": 1,
          "schema_version": 0,
          "attributes": {
            "id": "-",
            "input": [
              "sql",
              "txt",
              "docx",
              "pdf",
              "png",
              "tar.gz"
            ],
            "keepers": null,
            "result": [
              "pdf"
            ],
            "result_count": 1,
            "seed": null
          },
          "sensitive_attributes": [],
          "identity_schema_version": 0
        },
        {
          "index_key": 2,
          "schema_version": 0,
          "attributes": {
            "id": "-",
            "input": [
              "sql",
              "txt",
              "docx",
              "pdf",
              "png",
              "tar.gz"
            ],
            "keepers": null,
            "result": [
              "docx"
            ],
            "result_count": 1,
            "seed": null
          },
          "sensitive_attributes": [],
          "identity_schema_version": 0
        },
        {
          "index_key": 3,
          "schema_version": 0,
          "attributes": {
            "id": "-",
            "input": [
              "sql",
              "txt",
              "docx",
              "pdf",
              "png",
              "tar.gz"
            ],
            "keepers": null,
            "result": [
              "txt"
            ],
            "result_count": 1,
            "seed": null
          },
          "sensitive_attributes": [],
          "identity_schema_version": 0
        },
        {
          "index_key": 4,
          "schema_version": 0,
          "attributes": {
            "id": "-",
            "input": [
              "sql",
              "txt",
              "docx",
              "pdf",
              "png",
              "tar.gz"
            ],
            "keepers": null,
            "result": [
              "sql"
            ],
            "result_count": 1,
            "seed": null
          },
          "sensitive_attributes": [],
          "identity_schema_version": 0
        },
        {
          "index_key": 5,
          "schema_version": 0,
          "attributes": {
            "id": "-",
            "input": [
              "sql",
              "txt",
              "docx",
              "pdf",
              "png",
              "tar.gz"
            ],
            "keepers": null,
            "result": [
              "sql"
            ],
            "result_count": 1,
            "seed": null
          },
          "sensitive_attributes": [],
          "identity_schema_version": 0
        },
        {
          "index_key": 6,
          "schema_version": 0,
          "attributes": {
            "id": "-",
            "input": [
              "sql",
              "txt",
              "docx",
              "pdf",
              "png",
              "tar.gz"
            ],
            "keepers": null,
            "result": [
              "docx"
            ],
            "result_count": 1,
            "seed": null
          },
          "sensitive_attributes": [],
          "identity_schema_version": 0
        },
        {
          "index_key": 7,
          "schema_version": 0,
          "attributes": {
            "id": "-",
            "input": [
              "sql",
              "txt",
              "docx",
              "pdf",
              "png",
              "tar.gz"
            ],
            "keepers": null,
            "result": [
              "txt"
            ],
            "result_count": 1,
            "seed": null
          },
          "sensitive_attributes": [],
          "identity_schema_version": 0
        },
        {
          "index_key": 8,
          "schema_version": 0,
          "attributes": {
            "id": "-",
            "input": [
              "sql",
              "txt",
              "docx",
              "pdf",
              "png",
              "tar.gz"
            ],
            "keepers": null,
            "result": [
              "txt"
            ],
            "result_count": 1,
            "seed": null
          },
          "sensitive_attributes": [],
          "identity_schema_version": 0
        },
        {
          "index_key": 9,
          "schema_version": 0,
          "attributes": {
            "id": "-",
            "input": [
              "sql",
              "txt",
              "docx",
              "pdf",
              "png",
              "tar.gz"
            ],
            "keepers": null,
            "result": [
              "sql"
            ],
            "result_count": 1,
            "seed": null
          },
          "sensitive_attributes": [],
          "identity_schema_version": 0
        },
        {
          "index_key": 10,
          "schema_version": 0,
          "attributes": {
            "id": "-",
            "input": [
              "sql",
              "txt",
              "docx",
              "pdf",
              "png",
              "tar.gz"
            ],
            "keepers": null,
            "result": [
              "docx"
            ],
            "result_count": 1,
            "seed": null
          },
          "sensitive_attributes": [],
          "identity_schema_version": 0
        },
        {
          "index_key": 11,
          "schema_version": 0,
          "attributes": {
            "id": "-",
            "input": [
              "sql",
              "txt",
              "docx",
              "pdf",
              "png",
              "tar.gz"
            ],
            "keepers": null,
            "result": [
              "tar.gz"
            ],
            "result_count": 1,
            "seed": null
          },
          "sensitive_attributes": [],
          "identity_schema_version": 0
        },
        {
          "index_key": 12,
          "schema_version": 0,
          "attributes": {
            "id": "-",
            "input": [
              "sql",
              "txt",
              "docx",
              "pdf",
              "png",
              "tar.gz"
            ],
            "keepers": null,
            "result": [
              "pdf"
            ],
            "result_count": 1,
            "seed": null
          },
          "sensitive_attributes": [],
          "identity_schema_version": 0
        },
        {
          "index_key": 13,
          "schema_version": 0,
          "attributes": {
            "id": "-",
            "input": [
              "sql",
              "txt",
              "docx",
              "pdf",
              "png",
              "tar.gz"
            ],
            "keepers": null,
            "result": [
              "txt"
            ],
            "result_count": 1,
            "seed": null
          },
          "sensitive_attributes": [],
          "identity_schema_version": 0
        },
        {
          "index_key": 14,
          "schema_version": 0,
          "attributes": {
            "id": "-",
            "input": [
              "sql",
              "txt",
              "docx",
              "pdf",
              "png",
              "tar.gz"
            ],
            "keepers": null,
            "result": [
              "png"
            ],
            "result_count": 1,
            "seed": null
          },
          "sensitive_attributes": [],
          "identity_schema_version": 0
        },
        {
          "index_key": 15,
          "schema_version": 0,
          "attributes": {
            "id": "-",
            "input": [
              "sql",
              "txt",
              "docx",
              "pdf",
              "png",
              "tar.gz"
            ],
            "keepers": null,
            "result": [
              "sql"
            ],
            "result_count": 1,
            "seed": null
          },
          "sensitive_attributes": [],
          "identity_schema_version": 0
        },
        {
          "index_key": 16,
          "schema_version": 0,
          "attributes": {
            "id": "-",
            "input": [
              "sql",
              "txt",
              "docx",
              "pdf",
              "png",
              "tar.gz"
            ],
            "keepers": null,
            "result": [
              "png"
            ],
            "result_count": 1,
            "seed": null
          },
          "sensitive_attributes": [],
          "identity_schema_version": 0
        },
        {
          "index_key": 17,
          "schema_version": 0,
          "attributes": {
            "id": "-",
            "input": [
              "sql",
              "txt",
              "docx",
              "pdf",
              "png",
              "tar.gz"
            ],
            "keepers": null,
            "result": [
              "txt"
            ],
            "result_count": 1,
            "seed": null
          },
          "sensitive_attributes": [],
          "identity_schema_version": 0
        },
        {
          "index_key": 18,
          "schema_version": 0,
          "attributes": {
            "id": "-",
            "input": [
              "sql",
              "txt",
              "docx",
              "pdf",
              "png",
              "tar.gz"
            ],
            "keepers": null,
            "result": [
              "txt"
            ],
            "result_count": 1,
            "seed": null
          },
          "sensitive_attributes": [],
          "identity_schema_version": 0
        },
        {
          "index_key": 19,
          "schema_version": 0,
          "attributes": {
            "id": "-",
            "input": [
              "sql",
              "txt",
              "docx",
              "pdf",
              "png",
              "tar.gz"
            ],
            "keepers": null,
            "result": [
              "tar.gz"
            ],
            "result_count": 1,
            "seed": null
          },
          "sensitive_attributes": [],
          "identity_schema_version": 0
        },
        {
          "index_key": 20,
          "schema_version": 0,
          "attributes": {
            "id": "-",
            "input": [
              "sql",
              "txt",
              "docx",
              "pdf",
              "png",
              "tar.gz"
            ],
            "keepers": null,
            "result": [
              "sql"
            ],
            "result_count": 1,
            "seed": null
          },
          "sensitive_attributes": [],
          "identity_schema_version": 0
        },
        {
          "index_key": 21,
          "schema_version": 0,
          "attributes": {
            "id": "-",
            "input": [
              "sql",
              "txt",
              "docx",
              "pdf",
              "png",
              "tar.gz"
            ],
            "keepers": null,
            "result": [
              "sql"
            ],
            "result_count": 1,
            "seed": null
          },
          "sensitive_attributes": [],
          "identity_schema_version": 0
        },
        {
          "index_key": 22,
          "schema_version": 0,
          "attributes": {
            "id": "-",
            "input": [
              "sql",
              "txt",
              "docx",
              "pdf",
              "png",
              "tar.gz"
            ],
            "keepers": null,
            "result": [
              "sql"
            ],
            "result_count": 1,
            "seed": null
          },
          "sensitive_attributes": [],
          "identity_schema_version": 0
        },
        {
          "index_key": 23,
          "schema_version": 0,
          "attributes": {
            "id": "-",
            "input": [
              "sql",
              "txt",
              "docx",
              "pdf",
              "png",
              "tar.gz"
            ],
            "keepers": null,
            "result": [
              "png"
            ],
            "result_count": 1,
            "seed": null
          },
          "sensitive_attributes": [],
          "identity_schema_version": 0
        },
        {
          "index_key": 24,
          "schema_version": 0,
          "attributes": {
            "id": "-",
            "input": [
              "sql",
              "txt",
              "docx",
              "pdf",
              "png",
              "tar.gz"
            ],
            "keepers": null,
            "result": [
              "png"
            ],
            "result_count": 1,
            "seed": null
          },
          "sensitive_attributes": [],
          "identity_schema_version": 0
        },
        {
          "index_key": 25,
          "schema_version": 0,
          "attributes": {
            "id": "-",
            "input": [
              "sql",
              "txt",
              "docx",
              "pdf",
              "png",
              "tar.gz"
            ],
            "keepers": null,
            "result": [
              "pdf"
            ],
            "result_count": 1,
            "seed": null
          },
          "sensitive_attributes": [],
          "identity_schema_version": 0
        },
        {
          "index_key": 26,
          "schema_version": 0,
          "attributes": {
            "id": "-",
            "input": [
              "sql",
              "txt",
              "docx",
              "pdf",
              "png",
              "tar.gz"
            ],
            "keepers": null,
            "result": [
              "tar.gz"
            ],
            "result_count": 1,
            "seed": null
          },
          "sensitive_attributes": [],
          "identity_schema_version": 0
        },
        {
          "index_key": 27,
          "schema_version": 0,
          "attributes": {
            "id": "-",
            "input": [
              "sql",
              "txt",
              "docx",
              "pdf",
              "png",
              "tar.gz"
            ],
            "keepers": null,
            "result": [
              "tar.gz"
            ],
            "result_count": 1,
            "seed": null
          },
          "sensitive_attributes": [],
          "identity_schema_version": 0
        },
        {
          "index_key": 28,
          "schema_version": 0,
          "attributes": {
            "id": "-",
            "input": [
              "sql",
              "txt",
              "docx",
              "pdf",
              "png",
              "tar.gz"
            ],
            "keepers": null,
            "result": [
              "sql"
            ],
            "result_count": 1,
            "seed": null
          },
          "sensitive_attributes": [],
          "identity_schema_version": 0
        },
        {
          "index_key": 29,
          "schema_version": 0,
          "attributes": {
            "id": "-",
            "input": [
              "sql",
              "txt",
              "docx",
              "pdf",
              "png",
              "tar.gz"
            ],
            "keepers": null,
            "result": [
              "docx"
            ],
            "result_count": 1,
            "seed": null
          },
          "sensitive_attributes": [],
          "identity_schema_version": 0
        },
        {
          "index_key": 30,
          "schema_version": 0,
          "attributes": {
            "id": "-",
            "input": [
              "sql",
              "txt",
              "docx",
              "pdf",
              "png",
              "tar.gz"
            ],
            "keepers": null,
            "result": [
              "docx"
            ],
            "result_count": 1,
            "seed": null
          },
          "sensitive_attributes": [],
          "identity_schema_version": 0
        },
        {
          "index_key": 31,
          "schema_version": 0,
          "attributes": {
            "id": "-",
            "input": [
              "sql",
              "txt",
              "docx",
              "pdf",
              "png",
              "tar.gz"
            ],
            "keepers": null,
            "result": [
              "pdf"
            ],
            "result_count": 1,
            "seed": null
          },
          "sensitive_attributes": [],
          "identity_schema_version": 0
        },
        {
          "index_key": 32,
          "schema_version": 0,
          "attributes": {
            "id": "-",
            "input": [
              "sql",
              "txt",
              "docx",
              "pdf",
              "png",
              "tar.gz"
            ],
            "keepers": null,
            "result": [
              "png"
            ],
            "result_count": 1,
            "seed": null
          },
          "sensitive_attributes": [],
          "identity_schema_version": 0
        },
        {
          "index_key": 33,
          "schema_version": 0,
          "attributes": {
            "id": "-",
            "input": [
              "sql",
              "txt",
              "docx",
              "pdf",
              "png",
              "tar.gz"
            ],
            "keepers": null,
            "result": [
              "tar.gz"
            ],
            "result_count": 1,
            "seed": null
          },
          "sensitive_attributes": [],
          "identity_schema_version": 0
        },
        {
          "index_key": 34,
          "schema_version": 0,
          "attributes": {
            "id": "-",
            "input": [
              "sql",
              "txt",
              "docx",
              "pdf",
              "png",
              "tar.gz"
            ],
            "keepers": null,
            "result": [
              "txt"
            ],
            "result_count": 1,
            "seed": null
          },
          "sensitive_attributes": [],
          "identity_schema_version": 0
        },
        {
          "index_key": 35,
          "schema_version": 0,
          "attributes": {
            "id": "-",
            "input": [
              "sql",
              "txt",
              "docx",
              "pdf",
              "png",
              "tar.gz"
            ],
            "keepers": null,
            "result": [
              "tar.gz"
            ],
            "result_count": 1,
            "seed": null
          },
          "sensitive_attributes": [],
          "identity_schema_version": 0
        },
        {
          "index_key": 36,
          "schema_version": 0,
          "attributes": {
            "id": "-",
            "input": [
              "sql",
              "txt",
              "docx",
              "pdf",
              "png",
              "tar.gz"
            ],
            "keepers": null,
            "result": [
              "docx"
            ],
            "result_count": 1,
            "seed": null
          },
          "sensitive_attributes": [],
          "identity_schema_version": 0
        },
        {
          "index_key": 37,
          "schema_version": 0,
          "attributes": {
            "id": "-",
            "input": [
              "sql",
              "txt",
              "docx",
              "pdf",
              "png",
              "tar.gz"
            ],
            "keepers": null,
            "result": [
              "sql"
            ],
            "result_count": 1,
            "seed": null
          },
          "sensitive_attributes": [],
          "identity_schema_version": 0
        },
        {
          "index_key": 38,
          "schema_version": 0,
          "attributes": {
            "id": "-",
            "input": [
              "sql",
              "txt",
              "docx",
              "pdf",
              "png",
              "tar.gz"
            ],
            "keepers": null,
            "result": [
              "txt"
            ],
            "result_count": 1,
            "seed": null
          },
          "sensitive_attributes": [],
          "identity_schema_version": 0
        },
        {
          "index_key": 39,
          "schema_version": 0,
          "attributes": {
            "id": "-",
            "input": [
              "sql",
              "txt",
              "docx",
              "pdf",
              "png",
              "tar.gz"
            ],
            "keepers": null,
            "result": [
              "tar.gz"
            ],
            "result_count": 1,
            "seed": null
          },
          "sensitive_attributes": [],
          "identity_schema_version": 0
        },
        {
          "index_key": 40,
          "schema_version": 0,
          "attributes": {
            "id": "-",
            "input": [
              "sql",
              "txt",
              "docx",
              "pdf",
              "png",
              "tar.gz"
            ],
            "keepers": null,
            "result": [
              "docx"
            ],
            "result_count": 1,
            "seed": null
          },
          "sensitive_attributes": [],
          "identity_schema_version": 0
        },
        {
          "index_key": 41,
          "schema_version": 0,
          "attributes": {
            "id": "-",
            "input": [
              "sql",
              "txt",
              "docx",
              "pdf",
              "png",
              "tar.gz"
            ],
            "keepers": null,
            "result": [
              "png"
            ],
            "result_count": 1,
            "seed": null
          },
          "sensitive_attributes": [],
          "identity_schema_version": 0
        },
        {
          "index_key": 42,
          "schema_version": 0,
          "attributes": {
            "id": "-",
            "input": [
              "sql",
              "txt",
              "docx",
              "pdf",
              "png",
              "tar.gz"
            ],
            "keepers": null,
            "result": [
              "txt"
            ],
            "result_count": 1,
            "seed": null
          },
          "sensitive_attributes": [],
          "identity_schema_version": 0
        },
        {
          "index_key": 43,
          "schema_version": 0,
          "attributes": {
            "id": "-",
            "input": [
              "sql",
              "txt",
              "docx",
              "pdf",
              "png",
              "tar.gz"
            ],
            "keepers": null,
            "result": [
              "docx"
            ],
            "result_count": 1,
            "seed": null
          },
          "sensitive_attributes": [],
          "identity_schema_version": 0
        },
        {
          "index_key": 44,
          "schema_version": 0,
          "attributes": {
            "id": "-",
            "input": [
              "sql",
              "txt",
              "docx",
              "pdf",
              "png",
              "tar.gz"
            ],
            "keepers": null,
            "result": [
              "sql"
            ],
            "result_count": 1,
            "seed": null
          },
          "sensitive_attributes": [],
          "identity_schema_version": 0
        },
        {
          "index_key": 45,
          "schema_version": 0,
          "attributes": {
            "id": "-",
            "input": [
              "sql",
              "txt",
              "docx",
              "pdf",
              "png",
              "tar.gz"
            ],
            "keepers": null,
            "result": [
              "tar.gz"
            ],
            "result_count": 1,
            "seed": null
          },
          "sensitive_attributes": [],
          "identity_schema_version": 0
        },
        {
          "index_key": 46,
          "schema_version": 0,
          "attributes": {
            "id": "-",
            "input": [
              "sql",
              "txt",
              "docx",
              "pdf",
              "png",
              "tar.gz"
            ],
            "keepers": null,
            "result": [
              "sql"
            ],
            "result_count": 1,
            "seed": null
          },
          "sensitive_attributes": [],
          "identity_schema_version": 0
        },
        {
          "index_key": 47,
          "schema_version": 0,
          "attributes": {
            "id": "-",
            "input": [
              "sql",
              "txt",
              "docx",
              "pdf",
              "png",
              "tar.gz"
            ],
            "keepers": null,
            "result": [
              "txt"
            ],
            "result_count": 1,
            "seed": null
          },
          "sensitive_attributes": [],
          "identity_schema_version": 0
        },
        {
          "index_key": 48,
          "schema_version": 0,
          "attributes": {
            "id": "-",
            "input": [
              "sql",
              "txt",
              "docx",
              "pdf",
              "png",
              "tar.gz"
            ],
            "keepers": null,
            "result": [
              "txt"
            ],
            "result_count": 1,
            "seed": null
          },
          "sensitive_attributes": [],
          "identity_schema_version": 0
        },
        {
          "index_key": 49,
          "schema_version": 0,
          "attributes": {
            "id": "-",
            "input": [
              "sql",
              "txt",
              "docx",
              "pdf",
              "png",
              "tar.gz"
            ],
            "keepers": null,
            "result": [
              "sql"
            ],
            "result_count": 1,
            "seed": null
          },
          "sensitive_attributes": [],
          "identity_schema_version": 0
        },
        {
          "index_key": 50,
          "schema_version": 0,
          "attributes": {
            "id": "-",
            "input": [
              "sql",
              "txt",
              "docx",
              "pdf",
              "png",
              "tar.gz"
            ],
            "keepers": null,
            "result": [
              "docx"
            ],
            "result_count": 1,
            "seed": null
          },
          "sensitive_attributes": [],
          "identity_schema_version": 0
        }
      ]
    },
    {
      "mode": "managed",
      "type": "random_shuffle",
      "name": "fake_blobs_name_separators",
      "provider": "provider[\"registry.terraform.io/hashicorp/random\"]",
      "instances": [
        {
          "index_key": 0,
          "schema_version": 0,
          "attributes": {
            "id": "-",
            "input": [
              " ",
              "-",
              "_"
            ],
            "keepers": null,
            "result": [
              " "
            ],
            "result_count": 1,
            "seed": null
          },
          "sensitive_attributes": [],
          "identity_schema_version": 0
        },
        {
          "index_key": 1,
          "schema_version": 0,
          "attributes": {
            "id": "-",
            "input": [
              " ",
              "-",
              "_"
            ],
            "keepers": null,
            "result": [
              "_"
            ],
            "result_count": 1,
            "seed": null
          },
          "sensitive_attributes": [],
          "identity_schema_version": 0
        },
        {
          "index_key": 2,
          "schema_version": 0,
          "attributes": {
            "id": "-",
            "input": [
              " ",
              "-",
              "_"
            ],
            "keepers": null,
            "result": [
              "-"
            ],
            "result_count": 1,
            "seed": null
          },
          "sensitive_attributes": [],
          "identity_schema_version": 0
        },
        {
          "index_key": 3,
          "schema_version": 0,
          "attributes": {
            "id": "-",
            "input": [
              " ",
              "-",
              "_"
            ],
            "keepers": null,
            "result": [
              " "
            ],
            "result_count": 1,
            "seed": null
          },
          "sensitive_attributes": [],
          "identity_schema_version": 0
        },
        {
          "index_key": 4,
          "schema_version": 0,
          "attributes": {
            "id": "-",
            "input": [
              " ",
              "-",
              "_"
            ],
            "keepers": null,
            "result": [
              " "
            ],
            "result_count": 1,
            "seed": null
          },
          "sensitive_attributes": [],
          "identity_schema_version": 0
        },
        {
          "index_key": 5,
          "schema_version": 0,
          "attributes": {
            "id": "-",
            "input": [
              " ",
              "-",
              "_"
            ],
            "keepers": null,
            "result": [
              "_"
            ],
            "result_count": 1,
            "seed": null
          },
          "sensitive_attributes": [],
          "identity_schema_version": 0
        },
        {
          "index_key": 6,
          "schema_version": 0,
          "attributes": {
            "id": "-",
            "input": [
              " ",
              "-",
              "_"
            ],
            "keepers": null,
            "result": [
              " "
            ],
            "result_count": 1,
            "seed": null
          },
          "sensitive_attributes": [],
          "identity_schema_version": 0
        },
        {
          "index_key": 7,
          "schema_version": 0,
          "attributes": {
            "id": "-",
            "input": [
              " ",
              "-",
              "_"
            ],
            "keepers": null,
            "result": [
              "_"
            ],
            "result_count": 1,
            "seed": null
          },
          "sensitive_attributes": [],
          "identity_schema_version": 0
        },
        {
          "index_key": 8,
          "schema_version": 0,
          "attributes": {
            "id": "-",
            "input": [
              " ",
              "-",
              "_"
            ],
            "keepers": null,
            "result": [
              "_"
            ],
            "result_count": 1,
            "seed": null
          },
          "sensitive_attributes": [],
          "identity_schema_version": 0
        },
        {
          "index_key": 9,
          "schema_version": 0,
          "attributes": {
            "id": "-",
            "input": [
              " ",
              "-",
              "_"
            ],
            "keepers": null,
            "result": [
              " "
            ],
            "result_count": 1,
            "seed": null
          },
          "sensitive_attributes": [],
          "identity_schema_version": 0
        },
        {
          "index_key": 10,
          "schema_version": 0,
          "attributes": {
            "id": "-",
            "input": [
              " ",
              "-",
              "_"
            ],
            "keepers": null,
            "result": [
              "-"
            ],
            "result_count": 1,
            "seed": null
          },
          "sensitive_attributes": [],
          "identity_schema_version": 0
        },
        {
          "index_key": 11,
          "schema_version": 0,
          "attributes": {
            "id": "-",
            "input": [
              " ",
              "-",
              "_"
            ],
            "keepers": null,
            "result": [
              "_"
            ],
            "result_count": 1,
            "seed": null
          },
          "sensitive_attributes": [],
          "identity_schema_version": 0
        },
        {
          "index_key": 12,
          "schema_version": 0,
          "attributes": {
            "id": "-",
            "input": [
              " ",
              "-",
              "_"
            ],
            "keepers": null,
            "result": [
              "_"
            ],
            "result_count": 1,
            "seed": null
          },
          "sensitive_attributes": [],
          "identity_schema_version": 0
        },
        {
          "index_key": 13,
          "schema_version": 0,
          "attributes": {
            "id": "-",
            "input": [
              " ",
              "-",
              "_"
            ],
            "keepers": null,
            "result": [
              " "
            ],
            "result_count": 1,
            "seed": null
          },
          "sensitive_attributes": [],
          "identity_schema_version": 0
        },
        {
          "index_key": 14,
          "schema_version": 0,
          "attributes": {
            "id": "-",
            "input": [
              " ",
              "-",
              "_"
            ],
            "keepers": null,
            "result": [
              "_"
            ],
            "result_count": 1,
            "seed": null
          },
          "sensitive_attributes": [],
          "identity_schema_version": 0
        },
        {
          "index_key": 15,
          "schema_version": 0,
          "attributes": {
            "id": "-",
            "input": [
              " ",
              "-",
              "_"
            ],
            "keepers": null,
            "result": [
              " "
            ],
            "result_count": 1,
            "seed": null
          },
          "sensitive_attributes": [],
          "identity_schema_version": 0
        },
        {
          "index_key": 16,
          "schema_version": 0,
          "attributes": {
            "id": "-",
            "input": [
              " ",
              "-",
              "_"
            ],
            "keepers": null,
            "result": [
              "-"
            ],
            "result_count": 1,
            "seed": null
          },
          "sensitive_attributes": [],
          "identity_schema_version": 0
        },
        {
          "index_key": 17,
          "schema_version": 0,
          "attributes": {
            "id": "-",
            "input": [
              " ",
              "-",
              "_"
            ],
            "keepers": null,
            "result": [
              "-"
            ],
            "result_count": 1,
            "seed": null
          },
          "sensitive_attributes": [],
          "identity_schema_version": 0
        },
        {
          "index_key": 18,
          "schema_version": 0,
          "attributes": {
            "id": "-",
            "input": [
              " ",
              "-",
              "_"
            ],
            "keepers": null,
            "result": [
              "_"
            ],
            "result_count": 1,
            "seed": null
          },
          "sensitive_attributes": [],
          "identity_schema_version": 0
        },
        {
          "index_key": 19,
          "schema_version": 0,
          "attributes": {
            "id": "-",
            "input": [
              " ",
              "-",
              "_"
            ],
            "keepers": null,
            "result": [
              "_"
            ],
            "result_count": 1,
            "seed": null
          },
          "sensitive_attributes": [],
          "identity_schema_version": 0
        },
        {
          "index_key": 20,
          "schema_version": 0,
          "attributes": {
            "id": "-",
            "input": [
              " ",
              "-",
              "_"
            ],
            "keepers": null,
            "result": [
              " "
            ],
            "result_count": 1,
            "seed": null
          },
          "sensitive_attributes": [],
          "identity_schema_version": 0
        },
        {
          "index_key": 21,
          "schema_version": 0,
          "attributes": {
            "id": "-",
            "input": [
              " ",
              "-",
              "_"
            ],
            "keepers": null,
            "result": [
              " "
            ],
            "result_count": 1,
            "seed": null
          },
          "sensitive_attributes": [],
          "identity_schema_version": 0
        },
        {
          "index_key": 22,
          "schema_version": 0,
          "attributes": {
            "id": "-",
            "input": [
              " ",
              "-",
              "_"
            ],
            "keepers": null,
            "result": [
              "_"
            ],
            "result_count": 1,
            "seed": null
          },
          "sensitive_attributes": [],
          "identity_schema_version": 0
        },
        {
          "index_key": 23,
          "schema_version": 0,
          "attributes": {
            "id": "-",
            "input": [
              " ",
              "-",
              "_"
            ],
            "keepers": null,
            "result": [
              " "
            ],
            "result_count": 1,
            "seed": null
          },
          "sensitive_attributes": [],
          "identity_schema_version": 0
        },
        {
          "index_key": 24,
          "schema_version": 0,
          "attributes": {
            "id": "-",
            "input": [
              " ",
              "-",
              "_"
            ],
            "keepers": null,
            "result": [
              "_"
            ],
            "result_count": 1,
            "seed": null
          },
          "sensitive_attributes": [],
          "identity_schema_version": 0
        },
        {
          "index_key": 25,
          "schema_version": 0,
          "attributes": {
            "id": "-",
            "input": [
              " ",
              "-",
              "_"
            ],
            "keepers": null,
            "result": [
              "-"
            ],
            "result_count": 1,
            "seed": null
          },
          "sensitive_attributes": [],
          "identity_schema_version": 0
        },
        {
          "index_key": 26,
          "schema_version": 0,
          "attributes": {
            "id": "-",
            "input": [
              " ",
              "-",
              "_"
            ],
            "keepers": null,
            "result": [
              " "
            ],
            "result_count": 1,
            "seed": null
          },
          "sensitive_attributes": [],
          "identity_schema_version": 0
        },
        {
          "index_key": 27,
          "schema_version": 0,
          "attributes": {
            "id": "-",
            "input": [
              " ",
              "-",
              "_"
            ],
            "keepers": null,
            "result": [
              " "
            ],
            "result_count": 1,
            "seed": null
          },
          "sensitive_attributes": [],
          "identity_schema_version": 0
        },
        {
          "index_key": 28,
          "schema_version": 0,
          "attributes": {
            "id": "-",
            "input": [
              " ",
              "-",
              "_"
            ],
            "keepers": null,
            "result": [
              "-"
            ],
            "result_count": 1,
            "seed": null
          },
          "sensitive_attributes": [],
          "identity_schema_version": 0
        },
        {
          "index_key": 29,
          "schema_version": 0,
          "attributes": {
            "id": "-",
            "input": [
              " ",
              "-",
              "_"
            ],
            "keepers": null,
            "result": [
              "-"
            ],
            "result_count": 1,
            "seed": null
          },
          "sensitive_attributes": [],
          "identity_schema_version": 0
        },
        {
          "index_key": 30,
          "schema_version": 0,
          "attributes": {
            "id": "-",
            "input": [
              " ",
              "-",
              "_"
            ],
            "keepers": null,
            "result": [
              "-"
            ],
            "result_count": 1,
            "seed": null
          },
          "sensitive_attributes": [],
          "identity_schema_version": 0
        },
        {
          "index_key": 31,
          "schema_version": 0,
          "attributes": {
            "id": "-",
            "input": [
              " ",
              "-",
              "_"
            ],
            "keepers": null,
            "result": [
              "_"
            ],
            "result_count": 1,
            "seed": null
          },
          "sensitive_attributes": [],
          "identity_schema_version": 0
        },
        {
          "index_key": 32,
          "schema_version": 0,
          "attributes": {
            "id": "-",
            "input": [
              " ",
              "-",
              "_"
            ],
            "keepers": null,
            "result": [
              " "
            ],
            "result_count": 1,
            "seed": null
          },
          "sensitive_attributes": [],
          "identity_schema_version": 0
        },
        {
          "index_key": 33,
          "schema_version": 0,
          "attributes": {
            "id": "-",
            "input": [
              " ",
              "-",
              "_"
            ],
            "keepers": null,
            "result": [
              "_"
            ],
            "result_count": 1,
            "seed": null
          },
          "sensitive_attributes": [],
          "identity_schema_version": 0
        },
        {
          "index_key": 34,
          "schema_version": 0,
          "attributes": {
            "id": "-",
            "input": [
              " ",
              "-",
              "_"
            ],
            "keepers": null,
            "result": [
              "-"
            ],
            "result_count": 1,
            "seed": null
          },
          "sensitive_attributes": [],
          "identity_schema_version": 0
        },
        {
          "index_key": 35,
          "schema_version": 0,
          "attributes": {
            "id": "-",
            "input": [
              " ",
              "-",
              "_"
            ],
            "keepers": null,
            "result": [
              "-"
            ],
            "result_count": 1,
            "seed": null
          },
          "sensitive_attributes": [],
          "identity_schema_version": 0
        },
        {
          "index_key": 36,
          "schema_version": 0,
          "attributes": {
            "id": "-",
            "input": [
              " ",
              "-",
              "_"
            ],
            "keepers": null,
            "result": [
              "-"
            ],
            "result_count": 1,
            "seed": null
          },
          "sensitive_attributes": [],
          "identity_schema_version": 0
        },
        {
          "index_key": 37,
          "schema_version": 0,
          "attributes": {
            "id": "-",
            "input": [
              " ",
              "-",
              "_"
            ],
            "keepers": null,
            "result": [
              " "
            ],
            "result_count": 1,
            "seed": null
          },
          "sensitive_attributes": [],
          "identity_schema_version": 0
        },
        {
          "index_key": 38,
          "schema_version": 0,
          "attributes": {
            "id": "-",
            "input": [
              " ",
              "-",
              "_"
            ],
            "keepers": null,
            "result": [
              " "
            ],
            "result_count": 1,
            "seed": null
          },
          "sensitive_attributes": [],
          "identity_schema_version": 0
        },
        {
          "index_key": 39,
          "schema_version": 0,
          "attributes": {
            "id": "-",
            "input": [
              " ",
              "-",
              "_"
            ],
            "keepers": null,
            "result": [
              " "
            ],
            "result_count": 1,
            "seed": null
          },
          "sensitive_attributes": [],
          "identity_schema_version": 0
        },
        {
          "index_key": 40,
          "schema_version": 0,
          "attributes": {
            "id": "-",
            "input": [
              " ",
              "-",
              "_"
            ],
            "keepers": null,
            "result": [
              "-"
            ],
            "result_count": 1,
            "seed": null
          },
          "sensitive_attributes": [],
          "identity_schema_version": 0
        },
        {
          "index_key": 41,
          "schema_version": 0,
          "attributes": {
            "id": "-",
            "input": [
              " ",
              "-",
              "_"
            ],
            "keepers": null,
            "result": [
              "-"
            ],
            "result_count": 1,
            "seed": null
          },
          "sensitive_attributes": [],
          "identity_schema_version": 0
        },
        {
          "index_key": 42,
          "schema_version": 0,
          "attributes": {
            "id": "-",
            "input": [
              " ",
              "-",
              "_"
            ],
            "keepers": null,
            "result": [
              " "
            ],
            "result_count": 1,
            "seed": null
          },
          "sensitive_attributes": [],
          "identity_schema_version": 0
        },
        {
          "index_key": 43,
          "schema_version": 0,
          "attributes": {
            "id": "-",
            "input": [
              " ",
              "-",
              "_"
            ],
            "keepers": null,
            "result": [
              "-"
            ],
            "result_count": 1,
            "seed": null
          },
          "sensitive_attributes": [],
          "identity_schema_version": 0
        },
        {
          "index_key": 44,
          "schema_version": 0,
          "attributes": {
            "id": "-",
            "input": [
              " ",
              "-",
              "_"
            ],
            "keepers": null,
            "result": [
              "_"
            ],
            "result_count": 1,
            "seed": null
          },
          "sensitive_attributes": [],
          "identity_schema_version": 0
        },
        {
          "index_key": 45,
          "schema_version": 0,
          "attributes": {
            "id": "-",
            "input": [
              " ",
              "-",
              "_"
            ],
            "keepers": null,
            "result": [
              "_"
            ],
            "result_count": 1,
            "seed": null
          },
          "sensitive_attributes": [],
          "identity_schema_version": 0
        },
        {
          "index_key": 46,
          "schema_version": 0,
          "attributes": {
            "id": "-",
            "input": [
              " ",
              "-",
              "_"
            ],
            "keepers": null,
            "result": [
              "_"
            ],
            "result_count": 1,
            "seed": null
          },
          "sensitive_attributes": [],
          "identity_schema_version": 0
        },
        {
          "index_key": 47,
          "schema_version": 0,
          "attributes": {
            "id": "-",
            "input": [
              " ",
              "-",
              "_"
            ],
            "keepers": null,
            "result": [
              "_"
            ],
            "result_count": 1,
            "seed": null
          },
          "sensitive_attributes": [],
          "identity_schema_version": 0
        },
        {
          "index_key": 48,
          "schema_version": 0,
          "attributes": {
            "id": "-",
            "input": [
              " ",
              "-",
              "_"
            ],
            "keepers": null,
            "result": [
              " "
            ],
            "result_count": 1,
            "seed": null
          },
          "sensitive_attributes": [],
          "identity_schema_version": 0
        },
        {
          "index_key": 49,
          "schema_version": 0,
          "attributes": {
            "id": "-",
            "input": [
              " ",
              "-",
              "_"
            ],
            "keepers": null,
            "result": [
              "-"
            ],
            "result_count": 1,
            "seed": null
          },
          "sensitive_attributes": [],
          "identity_schema_version": 0
        },
        {
          "index_key": 50,
          "schema_version": 0,
          "attributes": {
            "id": "-",
            "input": [
              " ",
              "-",
              "_"
            ],
            "keepers": null,
            "result": [
              "-"
            ],
            "result_count": 1,
            "seed": null
          },
          "sensitive_attributes": [],
          "identity_schema_version": 0
        }
      ]
    },
    {
      "mode": "managed",
      "type": "random_shuffle",
      "name": "fake_blobs_names",
      "provider": "provider[\"registry.terraform.io/hashicorp/random\"]",
      "instances": [
        {
          "index_key": 0,
          "schema_version": 0,
          "attributes": {
            "id": "-",
            "input": [
              "liable",
              "donated",
              "mayday",
              "blooper",
              "pueblo",
              "tantrum",
              "scary",
              "secret",
              "secluded",
              "babied",
              "ignition",
              "unfasten",
              "affirm",
              "margarine",
              "credit",
              "underage",
              "june",
              "licking",
              "approve",
              "overbite",
              "ditto",
              "pavilion",
              "chewy",
              "drivable",
              "favorable",
              "kitchen",
              "wriggly",
              "shape",
              "resistant",
              "unless",
              "backlight",
              "cruelty",
              "empower",
              "freewill",
              "passage",
              "net",
              "retrial",
              "hulk",
              "drizzly",
              "ambitious",
              "banknote",
              "calm",
              "these",
              "outlet",
              "survivor",
              "silenced",
              "fantasy",
              "flogging",
              "aeration",
              "balsamic",
              "antivirus",
              "glowing",
              "setup",
              "unpopular",
              "immobile",
              "divisive",
              "dosage",
              "amicably",
              "follicle",
              "ogle",
              "subscribe",
              "second",
              "mountable",
              "catnap",
              "yummy",
              "frill",
              "take",
              "challenge",
              "voyage",
              "chevy",
              "caravan",
              "busload",
              "boss",
              "irk",
              "selection",
              "surreal",
              "gliding",
              "preset",
              "dastardly",
              "curliness",
              "colossal",
              "litigate",
              "phony",
              "hardly",
              "connected",
              "waviness",
              "capital",
              "carefully",
              "obstruct",
              "carton",
              "rebuttal",
              "underfeed",
              "aqueduct",
              "chomp",
              "kindle",
              "outfield",
              "niece",
              "consult",
              "truth",
              "gloomy",
              "shiftless",
              "robust",
              "hypnotic",
              "stricken",
              "vaguely",
              "buckle",
              "galore",
              "unheard",
              "slum",
              "marathon",
              "portfolio",
              "anchor",
              "prodigy",
              "bonelike",
              "tamper",
              "sharper",
              "chair",
              "hardhead",
              "overfill",
              "lyrically",
              "erratic",
              "schilling",
              "reveler",
              "tabloid",
              "guise",
              "sulfate",
              "activism",
              "lecturer",
              "nanny",
              "overnight",
              "diligent",
              "knelt",
              "refutable",
              "dotted",
              "cosigner",
              "wife",
              "appliance",
              "plutonium",
              "defiant",
              "iphone",
              "outreach",
              "abroad",
              "yoga",
              "singular",
              "uncombed",
              "feline",
              "python",
              "crabbing",
              "sixtieth",
              "gag",
              "erupt",
              "squeegee",
              "juvenile",
              "usher",
              "specked",
              "septum",
              "reissue",
              "fox",
              "undiluted",
              "tattling",
              "conch",
              "hypocrisy",
              "flashy",
              "thousand",
              "gilled",
              "wager",
              "sandbag",
              "crinkle",
              "among",
              "bulb",
              "craving",
              "willing",
              "sincerity",
              "surfer",
              "elated",
              "relapse",
              "moonstone",
              "treading",
              "curse",
              "appease",
              "germinate",
              "crablike",
              "synopsis",
              "snowdrop",
              "railcar",
              "broom",
              "repeal",
              "drastic",
              "ritzy",
              "dexterous",
              "rut",
              "numerous",
              "wiring",
              "scorpion",
              "gorged",
              "clumsy",
              "cognitive",
              "scoured",
              "dirtiness",
              "designer",
              "dealing",
              "unrigged",
              "obsessive",
              "onyx",
              "tweed",
              "unsubtly",
              "brook",
              "overrate",
              "egotistic",
              "mower",
              "coeditor",
              "unexpired",
              "chip",
              "acclaim",
              "copied",
              "uneasy",
              "rope",
              "unrivaled",
              "unchanged",
              "uncross",
              "camcorder",
              "thigh",
              "aerospace",
              "pouring",
              "dullness",
              "trickster",
              "isolation",
              "revert",
              "purse",
              "unsuited",
              "frightful",
              "sardine",
              "output",
              "poem",
              "handgun",
              "ribbon",
              "consumer",
              "nutcase",
              "catapult",
              "happily",
              "jubilant",
              "selected",
              "blasphemy",
              "unwed",
              "sludge",
              "distrust",
              "bullpen",
              "coronary",
              "tactile",
              "abiding",
              "eradicate",
              "exclude",
              "deniable",
              "overcast",
              "deputize",
              "glider",
              "bondless",
              "embark",
              "blunt",
              "dropbox",
              "riveting",
              "outflank",
              "cactus",
              "onlooker",
              "decimeter",
              "slip",
              "treat",
              "decrease",
              "throat",
              "cobalt",
              "freebee",
              "spring",
              "contusion",
              "compacted",
              "exciting",
              "paging",
              "bulginess",
              "decade",
              "precise",
              "swooned",
              "overbid",
              "stream",
              "fried",
              "recount",
              "dad",
              "falcon",
              "ajar",
              "art",
              "twisted",
              "cesarean",
              "handheld",
              "tractor",
              "gulp",
              "unlatch",
              "sandpit",
              "sitcom",
              "shout",
              "singing",
              "subheader",
              "unvarying",
              ""
            ],
            "keepers": null,
            "result": [
              "outlet",
              "margarine"
            ],
            "result_count": 2,
            "seed": null
          },
          "sensitive_attributes": [],
          "identity_schema_version": 0
        },
        {
          "index_key": 1,
          "schema_version": 0,
          "attributes": {
            "id": "-",
            "input": [
              "liable",
              "donated",
              "mayday",
              "blooper",
              "pueblo",
              "tantrum",
              "scary",
              "secret",
              "secluded",
              "babied",
              "ignition",
              "unfasten",
              "affirm",
              "margarine",
              "credit",
              "underage",
              "june",
              "licking",
              "approve",
              "overbite",
              "ditto",
              "pavilion",
              "chewy",
              "drivable",
              "favorable",
              "kitchen",
              "wriggly",
              "shape",
              "resistant",
              "unless",
              "backlight",
              "cruelty",
              "empower",
              "freewill",
              "passage",
              "net",
              "retrial",
              "hulk",
              "drizzly",
              "ambitious",
              "banknote",
              "calm",
              "these",
              "outlet",
              "survivor",
              "silenced",
              "fantasy",
              "flogging",
              "aeration",
              "balsamic",
              "antivirus",
              "glowing",
              "setup",
              "unpopular",
              "immobile",
              "divisive",
              "dosage",
              "amicably",
              "follicle",
              "ogle",
              "subscribe",
              "second",
              "mountable",
              "catnap",
              "yummy",
              "frill",
              "take",
              "challenge",
              "voyage",
              "chevy",
              "caravan",
              "busload",
              "boss",
              "irk",
              "selection",
              "surreal",
              "gliding",
              "preset",
              "dastardly",
              "curliness",
              "colossal",
              "litigate",
              "phony",
              "hardly",
              "connected",
              "waviness",
              "capital",
              "carefully",
              "obstruct",
              "carton",
              "rebuttal",
              "underfeed",
              "aqueduct",
              "chomp",
              "kindle",
              "outfield",
              "niece",
              "consult",
              "truth",
              "gloomy",
              "shiftless",
              "robust",
              "hypnotic",
              "stricken",
              "vaguely",
              "buckle",
              "galore",
              "unheard",
              "slum",
              "marathon",
              "portfolio",
              "anchor",
              "prodigy",
              "bonelike",
              "tamper",
              "sharper",
              "chair",
              "hardhead",
              "overfill",
              "lyrically",
              "erratic",
              "schilling",
              "reveler",
              "tabloid",
              "guise",
              "sulfate",
              "activism",
              "lecturer",
              "nanny",
              "overnight",
              "diligent",
              "knelt",
              "refutable",
              "dotted",
              "cosigner",
              "wife",
              "appliance",
              "plutonium",
              "defiant",
              "iphone",
              "outreach",
              "abroad",
              "yoga",
              "singular",
              "uncombed",
              "feline",
              "python",
              "crabbing",
              "sixtieth",
              "gag",
              "erupt",
              "squeegee",
              "juvenile",
              "usher",
              "specked",
              "septum",
              "reissue",
              "fox",
              "undiluted",
              "tattling",
              "conch",
              "hypocrisy",
              "flashy",
              "thousand",
              "gilled",
              "wager",
              "sandbag",
              "crinkle",
              "among",
              "bulb",
              "craving",
              "willing",
              "sincerity",
              "surfer",
              "elated",
              "relapse",
              "moonstone",
              "treading",
              "curse",
              "appease",
              "germinate",
              "crablike",
              "synopsis",
              "snowdrop",
              "railcar",
              "broom",
              "repeal",
              "drastic",
              "ritzy",
              "dexterous",
              "rut",
              "numerous",
              "wiring",
              "scorpion",
              "gorged",
              "clumsy",
              "cognitive",
              "scoured",
              "dirtiness",
              "designer",
              "dealing",
              "unrigged",
              "obsessive",
              "onyx",
              "tweed",
              "unsubtly",
              "brook",
              "overrate",
              "egotistic",
              "mower",
              "coeditor",
              "unexpired",
              "chip",
              "acclaim",
              "copied",
              "uneasy",
              "rope",
              "unrivaled",
              "unchanged",
              "uncross",
              "camcorder",
              "thigh",
              "aerospace",
              "pouring",
              "dullness",
              "trickster",
              "isolation",
              "revert",
              "purse",
              "unsuited",
              "frightful",
              "sardine",
              "output",
              "poem",
              "handgun",
              "ribbon",
              "consumer",
              "nutcase",
              "catapult",
              "happily",
              "jubilant",
              "selected",
              "blasphemy",
              "unwed",
              "sludge",
              "distrust",
              "bullpen",
              "coronary",
              "tactile",
              "abiding",
              "eradicate",
              "exclude",
              "deniable",
              "overcast",
              "deputize",
              "glider",
              "bondless",
              "embark",
              "blunt",
              "dropbox",
              "riveting",
              "outflank",
              "cactus",
              "onlooker",
              "decimeter",
              "slip",
              "treat",
              "decrease",
              "throat",
              "cobalt",
              "freebee",
              "spring",
              "contusion",
              "compacted",
              "exciting",
              "paging",
              "bulginess",
              "decade",
              "precise",
              "swooned",
              "overbid",
              "stream",
              "fried",
              "recount",
              "dad",
              "falcon",
              "ajar",
              "art",
              "twisted",
              "cesarean",
              "handheld",
              "tractor",
              "gulp",
              "unlatch",
              "sandpit",
              "sitcom",
              "shout",
              "singing",
              "subheader",
              "unvarying",
              ""
            ],
            "keepers": null,
            "result": [
              "sixtieth",
              "germinate"
            ],
            "result_count": 2,
            "seed": null
          },
          "sensitive_attributes": [],
          "identity_schema_version": 0
        },
        {
          "index_key": 2,
          "schema_version": 0,
          "attributes": {
            "id": "-",
            "input": [
              "liable",
              "donated",
              "mayday",
              "blooper",
              "pueblo",
              "tantrum",
              "scary",
              "secret",
              "secluded",
              "babied",
              "ignition",
              "unfasten",
              "affirm",
              "margarine",
              "credit",
              "underage",
              "june",
              "licking",
              "approve",
              "overbite",
              "ditto",
              "pavilion",
              "chewy",
              "drivable",
              "favorable",
              "kitchen",
              "wriggly",
              "shape",
              "resistant",
              "unless",
              "backlight",
              "cruelty",
              "empower",
              "freewill",
              "passage",
              "net",
              "retrial",
              "hulk",
              "drizzly",
              "ambitious",
              "banknote",
              "calm",
              "these",
              "outlet",
              "survivor",
              "silenced",
              "fantasy",
              "flogging",
              "aeration",
              "balsamic",
              "antivirus",
              "glowing",
              "setup",
              "unpopular",
              "immobile",
              "divisive",
              "dosage",
              "amicably",
              "follicle",
              "ogle",
              "subscribe",
              "second",
              "mountable",
              "catnap",
              "yummy",
              "frill",
              "take",
              "challenge",
              "voyage",
              "chevy",
              "caravan",
              "busload",
              "boss",
              "irk",
              "selection",
              "surreal",
              "gliding",
              "preset",
              "dastardly",
              "curliness",
              "colossal",
              "litigate",
              "phony",
              "hardly",
              "connected",
              "waviness",
              "capital",
              "carefully",
              "obstruct",
              "carton",
              "rebuttal",
              "underfeed",
              "aqueduct",
              "chomp",
              "kindle",
              "outfield",
              "niece",
              "consult",
              "truth",
              "gloomy",
              "shiftless",
              "robust",
              "hypnotic",
              "stricken",
              "vaguely",
              "buckle",
              "galore",
              "unheard",
              "slum",
              "marathon",
              "portfolio",
              "anchor",
              "prodigy",
              "bonelike",
              "tamper",
              "sharper",
              "chair",
              "hardhead",
              "overfill",
              "lyrically",
              "erratic",
              "schilling",
              "reveler",
              "tabloid",
              "guise",
              "sulfate",
              "activism",
              "lecturer",
              "nanny",
              "overnight",
              "diligent",
              "knelt",
              "refutable",
              "dotted",
              "cosigner",
              "wife",
              "appliance",
              "plutonium",
              "defiant",
              "iphone",
              "outreach",
              "abroad",
              "yoga",
              "singular",
              "uncombed",
              "feline",
              "python",
              "crabbing",
              "sixtieth",
              "gag",
              "erupt",
              "squeegee",
              "juvenile",
              "usher",
              "specked",
              "septum",
              "reissue",
              "fox",
              "undiluted",
              "tattling",
              "conch",
              "hypocrisy",
              "flashy",
              "thousand",
              "gilled",
              "wager",
              "sandbag",
              "crinkle",
              "among",
              "bulb",
              "craving",
              "willing",
              "sincerity",
              "surfer",
              "elated",
              "relapse",
              "moonstone",
              "treading",
              "curse",
              "appease",
              "germinate",
              "crablike",
              "synopsis",
              "snowdrop",
              "railcar",
              "broom",
              "repeal",
              "drastic",
              "ritzy",
              "dexterous",
              "rut",
              "numerous",
              "wiring",
              "scorpion",
              "gorged",
              "clumsy",
              "cognitive",
              "scoured",
              "dirtiness",
              "designer",
              "dealing",
              "unrigged",
              "obsessive",
              "onyx",
              "tweed",
              "unsubtly",
              "brook",
              "overrate",
              "egotistic",
              "mower",
              "coeditor",
              "unexpired",
              "chip",
              "acclaim",
              "copied",
              "uneasy",
              "rope",
              "unrivaled",
              "unchanged",
              "uncross",
              "camcorder",
              "thigh",
              "aerospace",
              "pouring",
              "dullness",
              "trickster",
              "isolation",
              "revert",
              "purse",
              "unsuited",
              "frightful",
              "sardine",
              "output",
              "poem",
              "handgun",
              "ribbon",
              "consumer",
              "nutcase",
              "catapult",
              "happily",
              "jubilant",
              "selected",
              "blasphemy",
              "unwed",
              "sludge",
              "distrust",
              "bullpen",
              "coronary",
              "tactile",
              "abiding",
              "eradicate",
              "exclude",
              "deniable",
              "overcast",
              "deputize",
              "glider",
              "bondless",
              "embark",
              "blunt",
              "dropbox",
              "riveting",
              "outflank",
              "cactus",
              "onlooker",
              "decimeter",
              "slip",
              "treat",
              "decrease",
              "throat",
              "cobalt",
              "freebee",
              "spring",
              "contusion",
              "compacted",
              "exciting",
              "paging",
              "bulginess",
              "decade",
              "precise",
              "swooned",
              "overbid",
              "stream",
              "fried",
              "recount",
              "dad",
              "falcon",
              "ajar",
              "art",
              "twisted",
              "cesarean",
              "handheld",
              "tractor",
              "gulp",
              "unlatch",
              "sandpit",
              "sitcom",
              "shout",
              "singing",
              "subheader",
              "unvarying",
              ""
            ],
            "keepers": null,
            "result": [
              "overfill",
              "aeration"
            ],
            "result_count": 2,
            "seed": null
          },
          "sensitive_attributes": [],
          "identity_schema_version": 0
        },
        {
          "index_key": 3,
          "schema_version": 0,
          "attributes": {
            "id": "-",
            "input": [
              "liable",
              "donated",
              "mayday",
              "blooper",
              "pueblo",
              "tantrum",
              "scary",
              "secret",
              "secluded",
              "babied",
              "ignition",
              "unfasten",
              "affirm",
              "margarine",
              "credit",
              "underage",
              "june",
              "licking",
              "approve",
              "overbite",
              "ditto",
              "pavilion",
              "chewy",
              "drivable",
              "favorable",
              "kitchen",
              "wriggly",
              "shape",
              "resistant",
              "unless",
              "backlight",
              "cruelty",
              "empower",
              "freewill",
              "passage",
              "net",
              "retrial",
              "hulk",
              "drizzly",
              "ambitious",
              "banknote",
              "calm",
              "these",
              "outlet",
              "survivor",
              "silenced",
              "fantasy",
              "flogging",
              "aeration",
              "balsamic",
              "antivirus",
              "glowing",
              "setup",
              "unpopular",
              "immobile",
              "divisive",
              "dosage",
              "amicably",
              "follicle",
              "ogle",
              "subscribe",
              "second",
              "mountable",
              "catnap",
              "yummy",
              "frill",
              "take",
              "challenge",
              "voyage",
              "chevy",
              "caravan",
              "busload",
              "boss",
              "irk",
              "selection",
              "surreal",
              "gliding",
              "preset",
              "dastardly",
              "curliness",
              "colossal",
              "litigate",
              "phony",
              "hardly",
              "connected",
              "waviness",
              "capital",
              "carefully",
              "obstruct",
              "carton",
              "rebuttal",
              "underfeed",
              "aqueduct",
              "chomp",
              "kindle",
              "outfield",
              "niece",
              "consult",
              "truth",
              "gloomy",
              "shiftless",
              "robust",
              "hypnotic",
              "stricken",
              "vaguely",
              "buckle",
              "galore",
              "unheard",
              "slum",
              "marathon",
              "portfolio",
              "anchor",
              "prodigy",
              "bonelike",
              "tamper",
              "sharper",
              "chair",
              "hardhead",
              "overfill",
              "lyrically",
              "erratic",
              "schilling",
              "reveler",
              "tabloid",
              "guise",
              "sulfate",
              "activism",
              "lecturer",
              "nanny",
              "overnight",
              "diligent",
              "knelt",
              "refutable",
              "dotted",
              "cosigner",
              "wife",
              "appliance",
              "plutonium",
              "defiant",
              "iphone",
              "outreach",
              "abroad",
              "yoga",
              "singular",
              "uncombed",
              "feline",
              "python",
              "crabbing",
              "sixtieth",
              "gag",
              "erupt",
              "squeegee",
              "juvenile",
              "usher",
              "specked",
              "septum",
              "reissue",
              "fox",
              "undiluted",
              "tattling",
              "conch",
              "hypocrisy",
              "flashy",
              "thousand",
              "gilled",
              "wager",
              "sandbag",
              "crinkle",
              "among",
              "bulb",
              "craving",
              "willing",
              "sincerity",
              "surfer",
              "elated",
              "relapse",
              "moonstone",
              "treading",
              "curse",
              "appease",
              "germinate",
              "crablike",
              "synopsis",
              "snowdrop",
              "railcar",
              "broom",
              "repeal",
              "drastic",
              "ritzy",
              "dexterous",
              "rut",
              "numerous",
              "wiring",
              "scorpion",
              "gorged",
              "clumsy",
              "cognitive",
              "scoured",
              "dirtiness",
              "designer",
              "dealing",
              "unrigged",
              "obsessive",
              "onyx",
              "tweed",
              "unsubtly",
              "brook",
              "overrate",
              "egotistic",
              "mower",
              "coeditor",
              "unexpired",
              "chip",
              "acclaim",
              "copied",
              "uneasy",
              "rope",
              "unrivaled",
              "unchanged",
              "uncross",
              "camcorder",
              "thigh",
              "aerospace",
              "pouring",
              "dullness",
              "trickster",
              "isolation",
              "revert",
              "purse",
              "unsuited",
              "frightful",
              "sardine",
              "output",
              "poem",
              "handgun",
              "ribbon",
              "consumer",
              "nutcase",
              "catapult",
              "happily",
              "jubilant",
              "selected",
              "blasphemy",
              "unwed",
              "sludge",
              "distrust",
              "bullpen",
              "coronary",
              "tactile",
              "abiding",
              "eradicate",
              "exclude",
              "deniable",
              "overcast",
              "deputize",
              "glider",
              "bondless",
              "embark",
              "blunt",
              "dropbox",
              "riveting",
              "outflank",
              "cactus",
              "onlooker",
              "decimeter",
              "slip",
              "treat",
              "decrease",
              "throat",
              "cobalt",
              "freebee",
              "spring",
              "contusion",
              "compacted",
              "exciting",
              "paging",
              "bulginess",
              "decade",
              "precise",
              "swooned",
              "overbid",
              "stream",
              "fried",
              "recount",
              "dad",
              "falcon",
              "ajar",
              "art",
              "twisted",
              "cesarean",
              "handheld",
              "tractor",
              "gulp",
              "unlatch",
              "sandpit",
              "sitcom",
              "shout",
              "singing",
              "subheader",
              "unvarying",
              ""
            ],
            "keepers": null,
            "result": [
              "retrial",
              "art"
            ],
            "result_count": 2,
            "seed": null
          },
          "sensitive_attributes": [],
          "identity_schema_version": 0
        },
        {
          "index_key": 4,
          "schema_version": 0,
          "attributes": {
            "id": "-",
            "input": [
              "liable",
              "donated",
              "mayday",
              "blooper",
              "pueblo",
              "tantrum",
              "scary",
              "secret",
              "secluded",
              "babied",
              "ignition",
              "unfasten",
              "affirm",
              "margarine",
              "credit",
              "underage",
              "june",
              "licking",
              "approve",
              "overbite",
              "ditto",
              "pavilion",
              "chewy",
              "drivable",
              "favorable",
              "kitchen",
              "wriggly",
              "shape",
              "resistant",
              "unless",
              "backlight",
              "cruelty",
              "empower",
              "freewill",
              "passage",
              "net",
              "retrial",
              "hulk",
              "drizzly",
              "ambitious",
              "banknote",
              "calm",
              "these",
              "outlet",
              "survivor",
              "silenced",
              "fantasy",
              "flogging",
              "aeration",
              "balsamic",
              "antivirus",
              "glowing",
              "setup",
              "unpopular",
              "immobile",
              "divisive",
              "dosage",
              "amicably",
              "follicle",
              "ogle",
              "subscribe",
              "second",
              "mountable",
              "catnap",
              "yummy",
              "frill",
              "take",
              "challenge",
              "voyage",
              "chevy",
              "caravan",
              "busload",
              "boss",
              "irk",
              "selection",
              "surreal",
              "gliding",
              "preset",
              "dastardly",
              "curliness",
              "colossal",
              "litigate",
              "phony",
              "hardly",
              "connected",
              "waviness",
              "capital",
              "carefully",
              "obstruct",
              "carton",
              "rebuttal",
              "underfeed",
              "aqueduct",
              "chomp",
              "kindle",
              "outfield",
              "niece",
              "consult",
              "truth",
              "gloomy",
              "shiftless",
              "robust",
              "hypnotic",
              "stricken",
              "vaguely",
              "buckle",
              "galore",
              "unheard",
              "slum",
              "marathon",
              "portfolio",
              "anchor",
              "prodigy",
              "bonelike",
              "tamper",
              "sharper",
              "chair",
              "hardhead",
              "overfill",
              "lyrically",
              "erratic",
              "schilling",
              "reveler",
              "tabloid",
              "guise",
              "sulfate",
              "activism",
              "lecturer",
              "nanny",
              "overnight",
              "diligent",
              "knelt",
              "refutable",
              "dotted",
              "cosigner",
              "wife",
              "appliance",
              "plutonium",
              "defiant",
              "iphone",
              "outreach",
              "abroad",
              "yoga",
              "singular",
              "uncombed",
              "feline",
              "python",
              "crabbing",
              "sixtieth",
              "gag",
              "erupt",
              "squeegee",
              "juvenile",
              "usher",
              "specked",
              "septum",
              "reissue",
              "fox",
              "undiluted",
              "tattling",
              "conch",
              "hypocrisy",
              "flashy",
              "thousand",
              "gilled",
              "wager",
              "sandbag",
              "crinkle",
              "among",
              "bulb",
              "craving",
              "willing",
              "sincerity",
              "surfer",
              "elated",
              "relapse",
              "moonstone",
              "treading",
              "curse",
              "appease",
              "germinate",
              "crablike",
              "synopsis",
              "snowdrop",
              "railcar",
              "broom",
              "repeal",
              "drastic",
              "ritzy",
              "dexterous",
              "rut",
              "numerous",
              "wiring",
              "scorpion",
              "gorged",
              "clumsy",
              "cognitive",
              "scoured",
              "dirtiness",
              "designer",
              "dealing",
              "unrigged",
              "obsessive",
              "onyx",
              "tweed",
              "unsubtly",
              "brook",
              "overrate",
              "egotistic",
              "mower",
              "coeditor",
              "unexpired",
              "chip",
              "acclaim",
              "copied",
              "uneasy",
              "rope",
              "unrivaled",
              "unchanged",
              "uncross",
              "camcorder",
              "thigh",
              "aerospace",
              "pouring",
              "dullness",
              "trickster",
              "isolation",
              "revert",
              "purse",
              "unsuited",
              "frightful",
              "sardine",
              "output",
              "poem",
              "handgun",
              "ribbon",
              "consumer",
              "nutcase",
              "catapult",
              "happily",
              "jubilant",
              "selected",
              "blasphemy",
              "unwed",
              "sludge",
              "distrust",
              "bullpen",
              "coronary",
              "tactile",
              "abiding",
              "eradicate",
              "exclude",
              "deniable",
              "overcast",
              "deputize",
              "glider",
              "bondless",
              "embark",
              "blunt",
              "dropbox",
              "riveting",
              "outflank",
              "cactus",
              "onlooker",
              "decimeter",
              "slip",
              "treat",
              "decrease",
              "throat",
              "cobalt",
              "freebee",
              "spring",
              "contusion",
              "compacted",
              "exciting",
              "paging",
              "bulginess",
              "decade",
              "precise",
              "swooned",
              "overbid",
              "stream",
              "fried",
              "recount",
              "dad",
              "falcon",
              "ajar",
              "art",
              "twisted",
              "cesarean",
              "handheld",
              "tractor",
              "gulp",
              "unlatch",
              "sandpit",
              "sitcom",
              "shout",
              "singing",
              "subheader",
              "unvarying",
              ""
            ],
            "keepers": null,
            "result": [
              "crabbing",
              "carton"
            ],
            "result_count": 2,
            "seed": null
          },
          "sensitive_attributes": [],
          "identity_schema_version": 0
        },
        {
          "index_key": 5,
          "schema_version": 0,
          "attributes": {
            "id": "-",
            "input": [
              "liable",
              "donated",
              "mayday",
              "blooper",
              "pueblo",
              "tantrum",
              "scary",
              "secret",
              "secluded",
              "babied",
              "ignition",
              "unfasten",
              "affirm",
              "margarine",
              "credit",
              "underage",
              "june",
              "licking",
              "approve",
              "overbite",
              "ditto",
              "pavilion",
              "chewy",
              "drivable",
              "favorable",
              "kitchen",
              "wriggly",
              "shape",
              "resistant",
              "unless",
              "backlight",
              "cruelty",
              "empower",
              "freewill",
              "passage",
              "net",
              "retrial",
              "hulk",
              "drizzly",
              "ambitious",
              "banknote",
              "calm",
              "these",
              "outlet",
              "survivor",
              "silenced",
              "fantasy",
              "flogging",
              "aeration",
              "balsamic",
              "antivirus",
              "glowing",
              "setup",
              "unpopular",
              "immobile",
              "divisive",
              "dosage",
              "amicably",
              "follicle",
              "ogle",
              "subscribe",
              "second",
              "mountable",
              "catnap",
              "yummy",
              "frill",
              "take",
              "challenge",
              "voyage",
              "chevy",
              "caravan",
              "busload",
              "boss",
              "irk",
              "selection",
              "surreal",
              "gliding",
              "preset",
              "dastardly",
              "curliness",
              "colossal",
              "litigate",
              "phony",
              "hardly",
              "connected",
              "waviness",
              "capital",
              "carefully",
              "obstruct",
              "carton",
              "rebuttal",
              "underfeed",
              "aqueduct",
              "chomp",
              "kindle",
              "outfield",
              "niece",
              "consult",
              "truth",
              "gloomy",
              "shiftless",
              "robust",
              "hypnotic",
              "stricken",
              "vaguely",
              "buckle",
              "galore",
              "unheard",
              "slum",
              "marathon",
              "portfolio",
              "anchor",
              "prodigy",
              "bonelike",
              "tamper",
              "sharper",
              "chair",
              "hardhead",
              "overfill",
              "lyrically",
              "erratic",
              "schilling",
              "reveler",
              "tabloid",
              "guise",
              "sulfate",
              "activism",
              "lecturer",
              "nanny",
              "overnight",
              "diligent",
              "knelt",
              "refutable",
              "dotted",
              "cosigner",
              "wife",
              "appliance",
              "plutonium",
              "defiant",
              "iphone",
              "outreach",
              "abroad",
              "yoga",
              "singular",
              "uncombed",
              "feline",
              "python",
              "crabbing",
              "sixtieth",
              "gag",
              "erupt",
              "squeegee",
              "juvenile",
              "usher",
              "specked",
              "septum",
              "reissue",
              "fox",
              "undiluted",
              "tattling",
              "conch",
              "hypocrisy",
              "flashy",
              "thousand",
              "gilled",
              "wager",
              "sandbag",
              "crinkle",
              "among",
              "bulb",
              "craving",
              "willing",
              "sincerity",
              "surfer",
              "elated",
              "relapse",
              "moonstone",
              "treading",
              "curse",
              "appease",
              "germinate",
              "crablike",
              "synopsis",
              "snowdrop",
              "railcar",
              "broom",
              "repeal",
              "drastic",
              "ritzy",
              "dexterous",
              "rut",
              "numerous",
              "wiring",
              "scorpion",
              "gorged",
              "clumsy",
              "cognitive",
              "scoured",
              "dirtiness",
              "designer",
              "dealing",
              "unrigged",
              "obsessive",
              "onyx",
              "tweed",
              "unsubtly",
              "brook",
              "overrate",
              "egotistic",
              "mower",
              "coeditor",
              "unexpired",
              "chip",
              "acclaim",
              "copied",
              "uneasy",
              "rope",
              "unrivaled",
              "unchanged",
              "uncross",
              "camcorder",
              "thigh",
              "aerospace",
              "pouring",
              "dullness",
              "trickster",
              "isolation",
              "revert",
              "purse",
              "unsuited",
              "frightful",
              "sardine",
              "output",
              "poem",
              "handgun",
              "ribbon",
              "consumer",
              "nutcase",
              "catapult",
              "happily",
              "jubilant",
              "selected",
              "blasphemy",
              "unwed",
              "sludge",
              "distrust",
              "bullpen",
              "coronary",
              "tactile",
              "abiding",
              "eradicate",
              "exclude",
              "deniable",
              "overcast",
              "deputize",
              "glider",
              "bondless",
              "embark",
              "blunt",
              "dropbox",
              "riveting",
              "outflank",
              "cactus",
              "onlooker",
              "decimeter",
              "slip",
              "treat",
              "decrease",
              "throat",
              "cobalt",
              "freebee",
              "spring",
              "contusion",
              "compacted",
              "exciting",
              "paging",
              "bulginess",
              "decade",
              "precise",
              "swooned",
              "overbid",
              "stream",
              "fried",
              "recount",
              "dad",
              "falcon",
              "ajar",
              "art",
              "twisted",
              "cesarean",
              "handheld",
              "tractor",
              "gulp",
              "unlatch",
              "sandpit",
              "sitcom",
              "shout",
              "singing",
              "subheader",
              "unvarying",
              ""
            ],
            "keepers": null,
            "result": [
              "gliding",
              "dotted"
            ],
            "result_count": 2,
            "seed": null
          },
          "sensitive_attributes": [],
          "identity_schema_version": 0
        },
        {
          "index_key": 6,
          "schema_version": 0,
          "attributes": {
            "id": "-",
            "input": [
              "liable",
              "donated",
              "mayday",
              "blooper",
              "pueblo",
              "tantrum",
              "scary",
              "secret",
              "secluded",
              "babied",
              "ignition",
              "unfasten",
              "affirm",
              "margarine",
              "credit",
              "underage",
              "june",
              "licking",
              "approve",
              "overbite",
              "ditto",
              "pavilion",
              "chewy",
              "drivable",
              "favorable",
              "kitchen",
              "wriggly",
              "shape",
              "resistant",
              "unless",
              "backlight",
              "cruelty",
              "empower",
              "freewill",
              "passage",
              "net",
              "retrial",
              "hulk",
              "drizzly",
              "ambitious",
              "banknote",
              "calm",
              "these",
              "outlet",
              "survivor",
              "silenced",
              "fantasy",
              "flogging",
              "aeration",
              "balsamic",
              "antivirus",
              "glowing",
              "setup",
              "unpopular",
              "immobile",
              "divisive",
              "dosage",
              "amicably",
              "follicle",
              "ogle",
              "subscribe",
              "second",
              "mountable",
              "catnap",
              "yummy",
              "frill",
              "take",
              "challenge",
              "voyage",
              "chevy",
              "caravan",
              "busload",
              "boss",
              "irk",
              "selection",
              "surreal",
              "gliding",
              "preset",
              "dastardly",
              "curliness",
              "colossal",
              "litigate",
              "phony",
              "hardly",
              "connected",
              "waviness",
              "capital",
              "carefully",
              "obstruct",
              "carton",
              "rebuttal",
              "underfeed",
              "aqueduct",
              "chomp",
              "kindle",
              "outfield",
              "niece",
              "consult",
              "truth",
              "gloomy",
              "shiftless",
              "robust",
              "hypnotic",
              "stricken",
              "vaguely",
              "buckle",
              "galore",
              "unheard",
              "slum",
              "marathon",
              "portfolio",
              "anchor",
              "prodigy",
              "bonelike",
              "tamper",
              "sharper",
              "chair",
              "hardhead",
              "overfill",
              "lyrically",
              "erratic",
              "schilling",
              "reveler",
              "tabloid",
              "guise",
              "sulfate",
              "activism",
              "lecturer",
              "nanny",
              "overnight",
              "diligent",
              "knelt",
              "refutable",
              "dotted",
              "cosigner",
              "wife",
              "appliance",
              "plutonium",
              "defiant",
              "iphone",
              "outreach",
              "abroad",
              "yoga",
              "singular",
              "uncombed",
              "feline",
              "python",
              "crabbing",
              "sixtieth",
              "gag",
              "erupt",
              "squeegee",
              "juvenile",
              "usher",
              "specked",
              "septum",
              "reissue",
              "fox",
              "undiluted",
              "tattling",
              "conch",
              "hypocrisy",
              "flashy",
              "thousand",
              "gilled",
              "wager",
              "sandbag",
              "crinkle",
              "among",
              "bulb",
              "craving",
              "willing",
              "sincerity",
              "surfer",
              "elated",
              "relapse",
              "moonstone",
              "treading",
              "curse",
              "appease",
              "germinate",
              "crablike",
              "synopsis",
              "snowdrop",
              "railcar",
              "broom",
              "repeal",
              "drastic",
              "ritzy",
              "dexterous",
              "rut",
              "numerous",
              "wiring",
              "scorpion",
              "gorged",
              "clumsy",
              "cognitive",
              "scoured",
              "dirtiness",
              "designer",
              "dealing",
              "unrigged",
              "obsessive",
              "onyx",
              "tweed",
              "unsubtly",
              "brook",
              "overrate",
              "egotistic",
              "mower",
              "coeditor",
              "unexpired",
              "chip",
              "acclaim",
              "copied",
              "uneasy",
              "rope",
              "unrivaled",
              "unchanged",
              "uncross",
              "camcorder",
              "thigh",
              "aerospace",
              "pouring",
              "dullness",
              "trickster",
              "isolation",
              "revert",
              "purse",
              "unsuited",
              "frightful",
              "sardine",
              "output",
              "poem",
              "handgun",
              "ribbon",
              "consumer",
              "nutcase",
              "catapult",
              "happily",
              "jubilant",
              "selected",
              "blasphemy",
              "unwed",
              "sludge",
              "distrust",
              "bullpen",
              "coronary",
              "tactile",
              "abiding",
              "eradicate",
              "exclude",
              "deniable",
              "overcast",
              "deputize",
              "glider",
              "bondless",
              "embark",
              "blunt",
              "dropbox",
              "riveting",
              "outflank",
              "cactus",
              "onlooker",
              "decimeter",
              "slip",
              "treat",
              "decrease",
              "throat",
              "cobalt",
              "freebee",
              "spring",
              "contusion",
              "compacted",
              "exciting",
              "paging",
              "bulginess",
              "decade",
              "precise",
              "swooned",
              "overbid",
              "stream",
              "fried",
              "recount",
              "dad",
              "falcon",
              "ajar",
              "art",
              "twisted",
              "cesarean",
              "handheld",
              "tractor",
              "gulp",
              "unlatch",
              "sandpit",
              "sitcom",
              "shout",
              "singing",
              "subheader",
              "unvarying",
              ""
            ],
            "keepers": null,
            "result": [
              "chevy",
              "boss"
            ],
            "result_count": 2,
            "seed": null
          },
          "sensitive_attributes": [],
          "identity_schema_version": 0
        },
        {
          "index_key": 7,
          "schema_version": 0,
          "attributes": {
            "id": "-",
            "input": [
              "liable",
              "donated",
              "mayday",
              "blooper",
              "pueblo",
              "tantrum",
              "scary",
              "secret",
              "secluded",
              "babied",
              "ignition",
              "unfasten",
              "affirm",
              "margarine",
              "credit",
              "underage",
              "june",
              "licking",
              "approve",
              "overbite",
              "ditto",
              "pavilion",
              "chewy",
              "drivable",
              "favorable",
              "kitchen",
              "wriggly",
              "shape",
              "resistant",
              "unless",
              "backlight",
              "cruelty",
              "empower",
              "freewill",
              "passage",
              "net",
              "retrial",
              "hulk",
              "drizzly",
              "ambitious",
              "banknote",
              "calm",
              "these",
              "outlet",
              "survivor",
              "silenced",
              "fantasy",
              "flogging",
              "aeration",
              "balsamic",
              "antivirus",
              "glowing",
              "setup",
              "unpopular",
              "immobile",
              "divisive",
              "dosage",
              "amicably",
              "follicle",
              "ogle",
              "subscribe",
              "second",
              "mountable",
              "catnap",
              "yummy",
              "frill",
              "take",
              "challenge",
              "voyage",
              "chevy",
              "caravan",
              "busload",
              "boss",
              "irk",
              "selection",
              "surreal",
              "gliding",
              "preset",
              "dastardly",
              "curliness",
              "colossal",
              "litigate",
              "phony",
              "hardly",
              "connected",
              "waviness",
              "capital",
              "carefully",
              "obstruct",
              "carton",
              "rebuttal",
              "underfeed",
              "aqueduct",
              "chomp",
              "kindle",
              "outfield",
              "niece",
              "consult",
              "truth",
              "gloomy",
              "shiftless",
              "robust",
              "hypnotic",
              "stricken",
              "vaguely",
              "buckle",
              "galore",
              "unheard",
              "slum",
              "marathon",
              "portfolio",
              "anchor",
              "prodigy",
              "bonelike",
              "tamper",
              "sharper",
              "chair",
              "hardhead",
              "overfill",
              "lyrically",
              "erratic",
              "schilling",
              "reveler",
              "tabloid",
              "guise",
              "sulfate",
              "activism",
              "lecturer",
              "nanny",
              "overnight",
              "diligent",
              "knelt",
              "refutable",
              "dotted",
              "cosigner",
              "wife",
              "appliance",
              "plutonium",
              "defiant",
              "iphone",
              "outreach",
              "abroad",
              "yoga",
              "singular",
              "uncombed",
              "feline",
              "python",
              "crabbing",
              "sixtieth",
              "gag",
              "erupt",
              "squeegee",
              "juvenile",
              "usher",
              "specked",
              "septum",
              "reissue",
              "fox",
              "undiluted",
              "tattling",
              "conch",
              "hypocrisy",
              "flashy",
              "thousand",
              "gilled",
              "wager",
              "sandbag",
              "crinkle",
              "among",
              "bulb",
              "craving",
              "willing",
              "sincerity",
              "surfer",
              "elated",
              "relapse",
              "moonstone",
              "treading",
              "curse",
              "appease",
              "germinate",
              "crablike",
              "synopsis",
              "snowdrop",
              "railcar",
              "broom",
              "repeal",
              "drastic",
              "ritzy",
              "dexterous",
              "rut",
              "numerous",
              "wiring",
              "scorpion",
              "gorged",
              "clumsy",
              "cognitive",
              "scoured",
              "dirtiness",
              "designer",
              "dealing",
              "unrigged",
              "obsessive",
              "onyx",
              "tweed",
              "unsubtly",
              "brook",
              "overrate",
              "egotistic",
              "mower",
              "coeditor",
              "unexpired",
              "chip",
              "acclaim",
              "copied",
              "uneasy",
              "rope",
              "unrivaled",
              "unchanged",
              "uncross",
              "camcorder",
              "thigh",
              "aerospace",
              "pouring",
              "dullness",
              "trickster",
              "isolation",
              "revert",
              "purse",
              "unsuited",
              "frightful",
              "sardine",
              "output",
              "poem",
              "handgun",
              "ribbon",
              "consumer",
              "nutcase",
              "catapult",
              "happily",
              "jubilant",
              "selected",
              "blasphemy",
              "unwed",
              "sludge",
              "distrust",
              "bullpen",
              "coronary",
              "tactile",
              "abiding",
              "eradicate",
              "exclude",
              "deniable",
              "overcast",
              "deputize",
              "glider",
              "bondless",
              "embark",
              "blunt",
              "dropbox",
              "riveting",
              "outflank",
              "cactus",
              "onlooker",
              "decimeter",
              "slip",
              "treat",
              "decrease",
              "throat",
              "cobalt",
              "freebee",
              "spring",
              "contusion",
              "compacted",
              "exciting",
              "paging",
              "bulginess",
              "decade",
              "precise",
              "swooned",
              "overbid",
              "stream",
              "fried",
              "recount",
              "dad",
              "falcon",
              "ajar",
              "art",
              "twisted",
              "cesarean",
              "handheld",
              "tractor",
              "gulp",
              "unlatch",
              "sandpit",
              "sitcom",
              "shout",
              "singing",
              "subheader",
              "unvarying",
              ""
            ],
            "keepers": null,
            "result": [
              "ritzy",
              "handheld"
            ],
            "result_count": 2,
            "seed": null
          },
          "sensitive_attributes": [],
          "identity_schema_version": 0
        },
        {
          "index_key": 8,
          "schema_version": 0,
          "attributes": {
            "id": "-",
            "input": [
              "liable",
              "donated",
              "mayday",
              "blooper",
              "pueblo",
              "tantrum",
              "scary",
              "secret",
              "secluded",
              "babied",
              "ignition",
              "unfasten",
              "affirm",
              "margarine",
              "credit",
              "underage",
              "june",
              "licking",
              "approve",
              "overbite",
              "ditto",
              "pavilion",
              "chewy",
              "drivable",
              "favorable",
              "kitchen",
              "wriggly",
              "shape",
              "resistant",
              "unless",
              "backlight",
              "cruelty",
              "empower",
              "freewill",
              "passage",
              "net",
              "retrial",
              "hulk",
              "drizzly",
              "ambitious",
              "banknote",
              "calm",
              "these",
              "outlet",
              "survivor",
              "silenced",
              "fantasy",
              "flogging",
              "aeration",
              "balsamic",
              "antivirus",
              "glowing",
              "setup",
              "unpopular",
              "immobile",
              "divisive",
              "dosage",
              "amicably",
              "follicle",
              "ogle",
              "subscribe",
              "second",
              "mountable",
              "catnap",
              "yummy",
              "frill",
              "take",
              "challenge",
              "voyage",
              "chevy",
              "caravan",
              "busload",
              "boss",
              "irk",
              "selection",
              "surreal",
              "gliding",
              "preset",
              "dastardly",
              "curliness",
              "colossal",
              "litigate",
              "phony",
              "hardly",
              "connected",
              "waviness",
              "capital",
              "carefully",
              "obstruct",
              "carton",
              "rebuttal",
              "underfeed",
              "aqueduct",
              "chomp",
              "kindle",
              "outfield",
              "niece",
              "consult",
              "truth",
              "gloomy",
              "shiftless",
              "robust",
              "hypnotic",
              "stricken",
              "vaguely",
              "buckle",
              "galore",
              "unheard",
              "slum",
              "marathon",
              "portfolio",
              "anchor",
              "prodigy",
              "bonelike",
              "tamper",
              "sharper",
              "chair",
              "hardhead",
              "overfill",
              "lyrically",
              "erratic",
              "schilling",
              "reveler",
              "tabloid",
              "guise",
              "sulfate",
              "activism",
              "lecturer",
              "nanny",
              "overnight",
              "diligent",
              "knelt",
              "refutable",
              "dotted",
              "cosigner",
              "wife",
              "appliance",
              "plutonium",
              "defiant",
              "iphone",
              "outreach",
              "abroad",
              "yoga",
              "singular",
              "uncombed",
              "feline",
              "python",
              "crabbing",
              "sixtieth",
              "gag",
              "erupt",
              "squeegee",
              "juvenile",
              "usher",
              "specked",
              "septum",
              "reissue",
              "fox",
              "undiluted",
              "tattling",
              "conch",
              "hypocrisy",
              "flashy",
              "thousand",
              "gilled",
              "wager",
              "sandbag",
              "crinkle",
              "among",
              "bulb",
              "craving",
              "willing",
              "sincerity",
              "surfer",
              "elated",
              "relapse",
              "moonstone",
              "treading",
              "curse",
              "appease",
              "germinate",
              "crablike",
              "synopsis",
              "snowdrop",
              "railcar",
              "broom",
              "repeal",
              "drastic",
              "ritzy",
              "dexterous",
              "rut",
              "numerous",
              "wiring",
              "scorpion",
              "gorged",
              "clumsy",
              "cognitive",
              "scoured",
              "dirtiness",
              "designer",
              "dealing",
              "unrigged",
              "obsessive",
              "onyx",
              "tweed",
              "unsubtly",
              "brook",
              "overrate",
              "egotistic",
              "mower",
              "coeditor",
              "unexpired",
              "chip",
              "acclaim",
              "copied",
              "uneasy",
              "rope",
              "unrivaled",
              "unchanged",
              "uncross",
              "camcorder",
              "thigh",
              "aerospace",
              "pouring",
              "dullness",
              "trickster",
              "isolation",
              "revert",
              "purse",
              "unsuited",
              "frightful",
              "sardine",
              "output",
              "poem",
              "handgun",
              "ribbon",
              "consumer",
              "nutcase",
              "catapult",
              "happily",
              "jubilant",
              "selected",
              "blasphemy",
              "unwed",
              "sludge",
              "distrust",
              "bullpen",
              "coronary",
              "tactile",
              "abiding",
              "eradicate",
              "exclude",
              "deniable",
              "overcast",
              "deputize",
              "glider",
              "bondless",
              "embark",
              "blunt",
              "dropbox",
              "riveting",
              "outflank",
              "cactus",
              "onlooker",
              "decimeter",
              "slip",
              "treat",
              "decrease",
              "throat",
              "cobalt",
              "freebee",
              "spring",
              "contusion",
              "compacted",
              "exciting",
              "paging",
              "bulginess",
              "decade",
              "precise",
              "swooned",
              "overbid",
              "stream",
              "fried",
              "recount",
              "dad",
              "falcon",
              "ajar",
              "art",
              "twisted",
              "cesarean",
              "handheld",
              "tractor",
              "gulp",
              "unlatch",
              "sandpit",
              "sitcom",
              "shout",
              "singing",
              "subheader",
              "unvarying",
              ""
            ],
            "keepers": null,
            "result": [
              "freebee",
              "guise"
            ],
            "result_count": 2,
            "seed": null
          },
          "sensitive_attributes": [],
          "identity_schema_version": 0
        },
        {
          "index_key": 9,
          "schema_version": 0,
          "attributes": {
            "id": "-",
            "input": [
              "liable",
              "donated",
              "mayday",
              "blooper",
              "pueblo",
              "tantrum",
              "scary",
              "secret",
              "secluded",
              "babied",
              "ignition",
              "unfasten",
              "affirm",
              "margarine",
              "credit",
              "underage",
              "june",
              "licking",
              "approve",
              "overbite",
              "ditto",
              "pavilion",
              "chewy",
              "drivable",
              "favorable",
              "kitchen",
              "wriggly",
              "shape",
              "resistant",
              "unless",
              "backlight",
              "cruelty",
              "empower",
              "freewill",
              "passage",
              "net",
              "retrial",
              "hulk",
              "drizzly",
              "ambitious",
              "banknote",
              "calm",
              "these",
              "outlet",
              "survivor",
              "silenced",
              "fantasy",
              "flogging",
              "aeration",
              "balsamic",
              "antivirus",
              "glowing",
              "setup",
              "unpopular",
              "immobile",
              "divisive",
              "dosage",
              "amicably",
              "follicle",
              "ogle",
              "subscribe",
              "second",
              "mountable",
              "catnap",
              "yummy",
              "frill",
              "take",
              "challenge",
              "voyage",
              "chevy",
              "caravan",
              "busload",
              "boss",
              "irk",
              "selection",
              "surreal",
              "gliding",
              "preset",
              "dastardly",
              "curliness",
              "colossal",
              "litigate",
              "phony",
              "hardly",
              "connected",
              "waviness",
              "capital",
              "carefully",
              "obstruct",
              "carton",
              "rebuttal",
              "underfeed",
              "aqueduct",
              "chomp",
              "kindle",
              "outfield",
              "niece",
              "consult",
              "truth",
              "gloomy",
              "shiftless",
              "robust",
              "hypnotic",
              "stricken",
              "vaguely",
              "buckle",
              "galore",
              "unheard",
              "slum",
              "marathon",
              "portfolio",
              "anchor",
              "prodigy",
              "bonelike",
              "tamper",
              "sharper",
              "chair",
              "hardhead",
              "overfill",
              "lyrically",
              "erratic",
              "schilling",
              "reveler",
              "tabloid",
              "guise",
              "sulfate",
              "activism",
              "lecturer",
              "nanny",
              "overnight",
              "diligent",
              "knelt",
              "refutable",
              "dotted",
              "cosigner",
              "wife",
              "appliance",
              "plutonium",
              "defiant",
              "iphone",
              "outreach",
              "abroad",
              "yoga",
              "singular",
              "uncombed",
              "feline",
              "python",
              "crabbing",
              "sixtieth",
              "gag",
              "erupt",
              "squeegee",
              "juvenile",
              "usher",
              "specked",
              "septum",
              "reissue",
              "fox",
              "undiluted",
              "tattling",
              "conch",
              "hypocrisy",
              "flashy",
              "thousand",
              "gilled",
              "wager",
              "sandbag",
              "crinkle",
              "among",
              "bulb",
              "craving",
              "willing",
              "sincerity",
              "surfer",
              "elated",
              "relapse",
              "moonstone",
              "treading",
              "curse",
              "appease",
              "germinate",
              "crablike",
              "synopsis",
              "snowdrop",
              "railcar",
              "broom",
              "repeal",
              "drastic",
              "ritzy",
              "dexterous",
              "rut",
              "numerous",
              "wiring",
              "scorpion",
              "gorged",
              "clumsy",
              "cognitive",
              "scoured",
              "dirtiness",
              "designer",
              "dealing",
              "unrigged",
              "obsessive",
              "onyx",
              "tweed",
              "unsubtly",
              "brook",
              "overrate",
              "egotistic",
              "mower",
              "coeditor",
              "unexpired",
              "chip",
              "acclaim",
              "copied",
              "uneasy",
              "rope",
              "unrivaled",
              "unchanged",
              "uncross",
              "camcorder",
              "thigh",
              "aerospace",
              "pouring",
              "dullness",
              "trickster",
              "isolation",
              "revert",
              "purse",
              "unsuited",
              "frightful",
              "sardine",
              "output",
              "poem",
              "handgun",
              "ribbon",
              "consumer",
              "nutcase",
              "catapult",
              "happily",
              "jubilant",
              "selected",
              "blasphemy",
              "unwed",
              "sludge",
              "distrust",
              "bullpen",
              "coronary",
              "tactile",
              "abiding",
              "eradicate",
              "exclude",
              "deniable",
              "overcast",
              "deputize",
              "glider",
              "bondless",
              "embark",
              "blunt",
              "dropbox",
              "riveting",
              "outflank",
              "cactus",
              "onlooker",
              "decimeter",
              "slip",
              "treat",
              "decrease",
              "throat",
              "cobalt",
              "freebee",
              "spring",
              "contusion",
              "compacted",
              "exciting",
              "paging",
              "bulginess",
              "decade",
              "precise",
              "swooned",
              "overbid",
              "stream",
              "fried",
              "recount",
              "dad",
              "falcon",
              "ajar",
              "art",
              "twisted",
              "cesarean",
              "handheld",
              "tractor",
              "gulp",
              "unlatch",
              "sandpit",
              "sitcom",
              "shout",
              "singing",
              "subheader",
              "unvarying",
              ""
            ],
            "keepers": null,
            "result": [
              "abiding",
              "cosigner"
            ],
            "result_count": 2,
            "seed": null
          },
          "sensitive_attributes": [],
          "identity_schema_version": 0
        },
        {
          "index_key": 10,
          "schema_version": 0,
          "attributes": {
            "id": "-",
            "input": [
              "liable",
              "donated",
              "mayday",
              "blooper",
              "pueblo",
              "tantrum",
              "scary",
              "secret",
              "secluded",
              "babied",
              "ignition",
              "unfasten",
              "affirm",
              "margarine",
              "credit",
              "underage",
              "june",
              "licking",
              "approve",
              "overbite",
              "ditto",
              "pavilion",
              "chewy",
              "drivable",
              "favorable",
              "kitchen",
              "wriggly",
              "shape",
              "resistant",
              "unless",
              "backlight",
              "cruelty",
              "empower",
              "freewill",
              "passage",
              "net",
              "retrial",
              "hulk",
              "drizzly",
              "ambitious",
              "banknote",
              "calm",
              "these",
              "outlet",
              "survivor",
              "silenced",
              "fantasy",
              "flogging",
              "aeration",
              "balsamic",
              "antivirus",
              "glowing",
              "setup",
              "unpopular",
              "immobile",
              "divisive",
              "dosage",
              "amicably",
              "follicle",
              "ogle",
              "subscribe",
              "second",
              "mountable",
              "catnap",
              "yummy",
              "frill",
              "take",
              "challenge",
              "voyage",
              "chevy",
              "caravan",
              "busload",
              "boss",
              "irk",
              "selection",
              "surreal",
              "gliding",
              "preset",
              "dastardly",
              "curliness",
              "colossal",
              "litigate",
              "phony",
              "hardly",
              "connected",
              "waviness",
              "capital",
              "carefully",
              "obstruct",
              "carton",
              "rebuttal",
              "underfeed",
              "aqueduct",
              "chomp",
              "kindle",
              "outfield",
              "niece",
              "consult",
              "truth",
              "gloomy",
              "shiftless",
              "robust",
              "hypnotic",
              "stricken",
              "vaguely",
              "buckle",
              "galore",
              "unheard",
              "slum",
              "marathon",
              "portfolio",
              "anchor",
              "prodigy",
              "bonelike",
              "tamper",
              "sharper",
              "chair",
              "hardhead",
              "overfill",
              "lyrically",
              "erratic",
              "schilling",
              "reveler",
              "tabloid",
              "guise",
              "sulfate",
              "activism",
              "lecturer",
              "nanny",
              "overnight",
              "diligent",
              "knelt",
              "refutable",
              "dotted",
              "cosigner",
              "wife",
              "appliance",
              "plutonium",
              "defiant",
              "iphone",
              "outreach",
              "abroad",
              "yoga",
              "singular",
              "uncombed",
              "feline",
              "python",
              "crabbing",
              "sixtieth",
              "gag",
              "erupt",
              "squeegee",
              "juvenile",
              "usher",
              "specked",
              "septum",
              "reissue",
              "fox",
              "undiluted",
              "tattling",
              "conch",
              "hypocrisy",
              "flashy",
              "thousand",
              "gilled",
              "wager",
              "sandbag",
              "crinkle",
              "among",
              "bulb",
              "craving",
              "willing",
              "sincerity",
              "surfer",
              "elated",
              "relapse",
              "moonstone",
              "treading",
              "curse",
              "appease",
              "germinate",
              "crablike",
              "synopsis",
              "snowdrop",
              "railcar",
              "broom",
              "repeal",
              "drastic",
              "ritzy",
              "dexterous",
              "rut",
              "numerous",
              "wiring",
              "scorpion",
              "gorged",
              "clumsy",
              "cognitive",
              "scoured",
              "dirtiness",
              "designer",
              "dealing",
              "unrigged",
              "obsessive",
              "onyx",
              "tweed",
              "unsubtly",
              "brook",
              "overrate",
              "egotistic",
              "mower",
              "coeditor",
              "unexpired",
              "chip",
              "acclaim",
              "copied",
              "uneasy",
              "rope",
              "unrivaled",
              "unchanged",
              "uncross",
              "camcorder",
              "thigh",
              "aerospace",
              "pouring",
              "dullness",
              "trickster",
              "isolation",
              "revert",
              "purse",
              "unsuited",
              "frightful",
              "sardine",
              "output",
              "poem",
              "handgun",
              "ribbon",
              "consumer",
              "nutcase",
              "catapult",
              "happily",
              "jubilant",
              "selected",
              "blasphemy",
              "unwed",
              "sludge",
              "distrust",
              "bullpen",
              "coronary",
              "tactile",
              "abiding",
              "eradicate",
              "exclude",
              "deniable",
              "overcast",
              "deputize",
              "glider",
              "bondless",
              "embark",
              "blunt",
              "dropbox",
              "riveting",
              "outflank",
              "cactus",
              "onlooker",
              "decimeter",
              "slip",
              "treat",
              "decrease",
              "throat",
              "cobalt",
              "freebee",
              "spring",
              "contusion",
              "compacted",
              "exciting",
              "paging",
              "bulginess",
              "decade",
              "precise",
              "swooned",
              "overbid",
              "stream",
              "fried",
              "recount",
              "dad",
              "falcon",
              "ajar",
              "art",
              "twisted",
              "cesarean",
              "handheld",
              "tractor",
              "gulp",
              "unlatch",
              "sandpit",
              "sitcom",
              "shout",
              "singing",
              "subheader",
              "unvarying",
              ""
            ],
            "keepers": null,
            "result": [
              "sandpit",
              "drizzly"
            ],
            "result_count": 2,
            "seed": null
          },
          "sensitive_attributes": [],
          "identity_schema_version": 0
        },
        {
          "index_key": 11,
          "schema_version": 0,
          "attributes": {
            "id": "-",
            "input": [
              "liable",
              "donated",
              "mayday",
              "blooper",
              "pueblo",
              "tantrum",
              "scary",
              "secret",
              "secluded",
              "babied",
              "ignition",
              "unfasten",
              "affirm",
              "margarine",
              "credit",
              "underage",
              "june",
              "licking",
              "approve",
              "overbite",
              "ditto",
              "pavilion",
              "chewy",
              "drivable",
              "favorable",
              "kitchen",
              "wriggly",
              "shape",
              "resistant",
              "unless",
              "backlight",
              "cruelty",
              "empower",
              "freewill",
              "passage",
              "net",
              "retrial",
              "hulk",
              "drizzly",
              "ambitious",
              "banknote",
              "calm",
              "these",
              "outlet",
              "survivor",
              "silenced",
              "fantasy",
              "flogging",
              "aeration",
              "balsamic",
              "antivirus",
              "glowing",
              "setup",
              "unpopular",
              "immobile",
              "divisive",
              "dosage",
              "amicably",
              "follicle",
              "ogle",
              "subscribe",
              "second",
              "mountable",
              "catnap",
              "yummy",
              "frill",
              "take",
              "challenge",
              "voyage",
              "chevy",
              "caravan",
              "busload",
              "boss",
              "irk",
              "selection",
              "surreal",
              "gliding",
              "preset",
              "dastardly",
              "curliness",
              "colossal",
              "litigate",
              "phony",
              "hardly",
              "connected",
              "waviness",
              "capital",
              "carefully",
              "obstruct",
              "carton",
              "rebuttal",
              "underfeed",
              "aqueduct",
              "chomp",
              "kindle",
              "outfield",
              "niece",
              "consult",
              "truth",
              "gloomy",
              "shiftless",
              "robust",
              "hypnotic",
              "stricken",
              "vaguely",
              "buckle",
              "galore",
              "unheard",
              "slum",
              "marathon",
              "portfolio",
              "anchor",
              "prodigy",
              "bonelike",
              "tamper",
              "sharper",
              "chair",
              "hardhead",
              "overfill",
              "lyrically",
              "erratic",
              "schilling",
              "reveler",
              "tabloid",
              "guise",
              "sulfate",
              "activism",
              "lecturer",
              "nanny",
              "overnight",
              "diligent",
              "knelt",
              "refutable",
              "dotted",
              "cosigner",
              "wife",
              "appliance",
              "plutonium",
              "defiant",
              "iphone",
              "outreach",
              "abroad",
              "yoga",
              "singular",
              "uncombed",
              "feline",
              "python",
              "crabbing",
              "sixtieth",
              "gag",
              "erupt",
              "squeegee",
              "juvenile",
              "usher",
              "specked",
              "septum",
              "reissue",
              "fox",
              "undiluted",
              "tattling",
              "conch",
              "hypocrisy",
              "flashy",
              "thousand",
              "gilled",
              "wager",
              "sandbag",
              "crinkle",
              "among",
              "bulb",
              "craving",
              "willing",
              "sincerity",
              "surfer",
              "elated",
              "relapse",
              "moonstone",
              "treading",
              "curse",
              "appease",
              "germinate",
              "crablike",
              "synopsis",
              "snowdrop",
              "railcar",
              "broom",
              "repeal",
              "drastic",
              "ritzy",
              "dexterous",
              "rut",
              "numerous",
              "wiring",
              "scorpion",
              "gorged",
              "clumsy",
              "cognitive",
              "scoured",
              "dirtiness",
              "designer",
              "dealing",
              "unrigged",
              "obsessive",
              "onyx",
              "tweed",
              "unsubtly",
              "brook",
              "overrate",
              "egotistic",
              "mower",
              "coeditor",
              "unexpired",
              "chip",
              "acclaim",
              "copied",
              "uneasy",
              "rope",
              "unrivaled",
              "unchanged",
              "uncross",
              "camcorder",
              "thigh",
              "aerospace",
              "pouring",
              "dullness",
              "trickster",
              "isolation",
              "revert",
              "purse",
              "unsuited",
              "frightful",
              "sardine",
              "output",
              "poem",
              "handgun",
              "ribbon",
              "consumer",
              "nutcase",
              "catapult",
              "happily",
              "jubilant",
              "selected",
              "blasphemy",
              "unwed",
              "sludge",
              "distrust",
              "bullpen",
              "coronary",
              "tactile",
              "abiding",
              "eradicate",
              "exclude",
              "deniable",
              "overcast",
              "deputize",
              "glider",
              "bondless",
              "embark",
              "blunt",
              "dropbox",
              "riveting",
              "outflank",
              "cactus",
              "onlooker",
              "decimeter",
              "slip",
              "treat",
              "decrease",
              "throat",
              "cobalt",
              "freebee",
              "spring",
              "contusion",
              "compacted",
              "exciting",
              "paging",
              "bulginess",
              "decade",
              "precise",
              "swooned",
              "overbid",
              "stream",
              "fried",
              "recount",
              "dad",
              "falcon",
              "ajar",
              "art",
              "twisted",
              "cesarean",
              "handheld",
              "tractor",
              "gulp",
              "unlatch",
              "sandpit",
              "sitcom",
              "shout",
              "singing",
              "subheader",
              "unvarying",
              ""
            ],
            "keepers": null,
            "result": [
              "truth",
              "glowing"
            ],
            "result_count": 2,
            "seed": null
          },
          "sensitive_attributes": [],
          "identity_schema_version": 0
        },
        {
          "index_key": 12,
          "schema_version": 0,
          "attributes": {
            "id": "-",
            "input": [
              "liable",
              "donated",
              "mayday",
              "blooper",
              "pueblo",
              "tantrum",
              "scary",
              "secret",
              "secluded",
              "babied",
              "ignition",
              "unfasten",
              "affirm",
              "margarine",
              "credit",
              "underage",
              "june",
              "licking",
              "approve",
              "overbite",
              "ditto",
              "pavilion",
              "chewy",
              "drivable",
              "favorable",
              "kitchen",
              "wriggly",
              "shape",
              "resistant",
              "unless",
              "backlight",
              "cruelty",
              "empower",
              "freewill",
              "passage",
              "net",
              "retrial",
              "hulk",
              "drizzly",
              "ambitious",
              "banknote",
              "calm",
              "these",
              "outlet",
              "survivor",
              "silenced",
              "fantasy",
              "flogging",
              "aeration",
              "balsamic",
              "antivirus",
              "glowing",
              "setup",
              "unpopular",
              "immobile",
              "divisive",
              "dosage",
              "amicably",
              "follicle",
              "ogle",
              "subscribe",
              "second",
              "mountable",
              "catnap",
              "yummy",
              "frill",
              "take",
              "challenge",
              "voyage",
              "chevy",
              "caravan",
              "busload",
              "boss",
              "irk",
              "selection",
              "surreal",
              "gliding",
              "preset",
              "dastardly",
              "curliness",
              "colossal",
              "litigate",
              "phony",
              "hardly",
              "connected",
              "waviness",
              "capital",
              "carefully",
              "obstruct",
              "carton",
              "rebuttal",
              "underfeed",
              "aqueduct",
              "chomp",
              "kindle",
              "outfield",
              "niece",
              "consult",
              "truth",
              "gloomy",
              "shiftless",
              "robust",
              "hypnotic",
              "stricken",
              "vaguely",
              "buckle",
              "galore",
              "unheard",
              "slum",
              "marathon",
              "portfolio",
              "anchor",
              "prodigy",
              "bonelike",
              "tamper",
              "sharper",
              "chair",
              "hardhead",
              "overfill",
              "lyrically",
              "erratic",
              "schilling",
              "reveler",
              "tabloid",
              "guise",
              "sulfate",
              "activism",
              "lecturer",
              "nanny",
              "overnight",
              "diligent",
              "knelt",
              "refutable",
              "dotted",
              "cosigner",
              "wife",
              "appliance",
              "plutonium",
              "defiant",
              "iphone",
              "outreach",
              "abroad",
              "yoga",
              "singular",
              "uncombed",
              "feline",
              "python",
              "crabbing",
              "sixtieth",
              "gag",
              "erupt",
              "squeegee",
              "juvenile",
              "usher",
              "specked",
              "septum",
              "reissue",
              "fox",
              "undiluted",
              "tattling",
              "conch",
              "hypocrisy",
              "flashy",
              "thousand",
              "gilled",
              "wager",
              "sandbag",
              "crinkle",
              "among",
              "bulb",
              "craving",
              "willing",
              "sincerity",
              "surfer",
              "elated",
              "relapse",
              "moonstone",
              "treading",
              "curse",
              "appease",
              "germinate",
              "crablike",
              "synopsis",
              "snowdrop",
              "railcar",
              "broom",
              "repeal",
              "drastic",
              "ritzy",
              "dexterous",
              "rut",
              "numerous",
              "wiring",
              "scorpion",
              "gorged",
              "clumsy",
              "cognitive",
              "scoured",
              "dirtiness",
              "designer",
              "dealing",
              "unrigged",
              "obsessive",
              "onyx",
              "tweed",
              "unsubtly",
              "brook",
              "overrate",
              "egotistic",
              "mower",
              "coeditor",
              "unexpired",
              "chip",
              "acclaim",
              "copied",
              "uneasy",
              "rope",
              "unrivaled",
              "unchanged",
              "uncross",
              "camcorder",
              "thigh",
              "aerospace",
              "pouring",
              "dullness",
              "trickster",
              "isolation",
              "revert",
              "purse",
              "unsuited",
              "frightful",
              "sardine",
              "output",
              "poem",
              "handgun",
              "ribbon",
              "consumer",
              "nutcase",
              "catapult",
              "happily",
              "jubilant",
              "selected",
              "blasphemy",
              "unwed",
              "sludge",
              "distrust",
              "bullpen",
              "coronary",
              "tactile",
              "abiding",
              "eradicate",
              "exclude",
              "deniable",
              "overcast",
              "deputize",
              "glider",
              "bondless",
              "embark",
              "blunt",
              "dropbox",
              "riveting",
              "outflank",
              "cactus",
              "onlooker",
              "decimeter",
              "slip",
              "treat",
              "decrease",
              "throat",
              "cobalt",
              "freebee",
              "spring",
              "contusion",
              "compacted",
              "exciting",
              "paging",
              "bulginess",
              "decade",
              "precise",
              "swooned",
              "overbid",
              "stream",
              "fried",
              "recount",
              "dad",
              "falcon",
              "ajar",
              "art",
              "twisted",
              "cesarean",
              "handheld",
              "tractor",
              "gulp",
              "unlatch",
              "sandpit",
              "sitcom",
              "shout",
              "singing",
              "subheader",
              "unvarying",
              ""
            ],
            "keepers": null,
            "result": [
              "frill",
              "gorged"
            ],
            "result_count": 2,
            "seed": null
          },
          "sensitive_attributes": [],
          "identity_schema_version": 0
        },
        {
          "index_key": 13,
          "schema_version": 0,
          "attributes": {
            "id": "-",
            "input": [
              "liable",
              "donated",
              "mayday",
              "blooper",
              "pueblo",
              "tantrum",
              "scary",
              "secret",
              "secluded",
              "babied",
              "ignition",
              "unfasten",
              "affirm",
              "margarine",
              "credit",
              "underage",
              "june",
              "licking",
              "approve",
              "overbite",
              "ditto",
              "pavilion",
              "chewy",
              "drivable",
              "favorable",
              "kitchen",
              "wriggly",
              "shape",
              "resistant",
              "unless",
              "backlight",
              "cruelty",
              "empower",
              "freewill",
              "passage",
              "net",
              "retrial",
              "hulk",
              "drizzly",
              "ambitious",
              "banknote",
              "calm",
              "these",
              "outlet",
              "survivor",
              "silenced",
              "fantasy",
              "flogging",
              "aeration",
              "balsamic",
              "antivirus",
              "glowing",
              "setup",
              "unpopular",
              "immobile",
              "divisive",
              "dosage",
              "amicably",
              "follicle",
              "ogle",
              "subscribe",
              "second",
              "mountable",
              "catnap",
              "yummy",
              "frill",
              "take",
              "challenge",
              "voyage",
              "chevy",
              "caravan",
              "busload",
              "boss",
              "irk",
              "selection",
              "surreal",
              "gliding",
              "preset",
              "dastardly",
              "curliness",
              "colossal",
              "litigate",
              "phony",
              "hardly",
              "connected",
              "waviness",
              "capital",
              "carefully",
              "obstruct",
              "carton",
              "rebuttal",
              "underfeed",
              "aqueduct",
              "chomp",
              "kindle",
              "outfield",
              "niece",
              "consult",
              "truth",
              "gloomy",
              "shiftless",
              "robust",
              "hypnotic",
              "stricken",
              "vaguely",
              "buckle",
              "galore",
              "unheard",
              "slum",
              "marathon",
              "portfolio",
              "anchor",
              "prodigy",
              "bonelike",
              "tamper",
              "sharper",
              "chair",
              "hardhead",
              "overfill",
              "lyrically",
              "erratic",
              "schilling",
              "reveler",
              "tabloid",
              "guise",
              "sulfate",
              "activism",
              "lecturer",
              "nanny",
              "overnight",
              "diligent",
              "knelt",
              "refutable",
              "dotted",
              "cosigner",
              "wife",
              "appliance",
              "plutonium",
              "defiant",
              "iphone",
              "outreach",
              "abroad",
              "yoga",
              "singular",
              "uncombed",
              "feline",
              "python",
              "crabbing",
              "sixtieth",
              "gag",
              "erupt",
              "squeegee",
              "juvenile",
              "usher",
              "specked",
              "septum",
              "reissue",
              "fox",
              "undiluted",
              "tattling",
              "conch",
              "hypocrisy",
              "flashy",
              "thousand",
              "gilled",
              "wager",
              "sandbag",
              "crinkle",
              "among",
              "bulb",
              "craving",
              "willing",
              "sincerity",
              "surfer",
              "elated",
              "relapse",
              "moonstone",
              "treading",
              "curse",
              "appease",
              "germinate",
              "crablike",
              "synopsis",
              "snowdrop",
              "railcar",
              "broom",
              "repeal",
              "drastic",
              "ritzy",
              "dexterous",
              "rut",
              "numerous",
              "wiring",
              "scorpion",
              "gorged",
              "clumsy",
              "cognitive",
              "scoured",
              "dirtiness",
              "designer",
              "dealing",
              "unrigged",
              "obsessive",
              "onyx",
              "tweed",
              "unsubtly",
              "brook",
              "overrate",
              "egotistic",
              "mower",
              "coeditor",
              "unexpired",
              "chip",
              "acclaim",
              "copied",
              "uneasy",
              "rope",
              "unrivaled",
              "unchanged",
              "uncross",
              "camcorder",
              "thigh",
              "aerospace",
              "pouring",
              "dullness",
              "trickster",
              "isolation",
              "revert",
              "purse",
              "unsuited",
              "frightful",
              "sardine",
              "output",
              "poem",
              "handgun",
              "ribbon",
              "consumer",
              "nutcase",
              "catapult",
              "happily",
              "jubilant",
              "selected",
              "blasphemy",
              "unwed",
              "sludge",
              "distrust",
              "bullpen",
              "coronary",
              "tactile",
              "abiding",
              "eradicate",
              "exclude",
              "deniable",
              "overcast",
              "deputize",
              "glider",
              "bondless",
              "embark",
              "blunt",
              "dropbox",
              "riveting",
              "outflank",
              "cactus",
              "onlooker",
              "decimeter",
              "slip",
              "treat",
              "decrease",
              "throat",
              "cobalt",
              "freebee",
              "spring",
              "contusion",
              "compacted",
              "exciting",
              "paging",
              "bulginess",
              "decade",
              "precise",
              "swooned",
              "overbid",
              "stream",
              "fried",
              "recount",
              "dad",
              "falcon",
              "ajar",
              "art",
              "twisted",
              "cesarean",
              "handheld",
              "tractor",
              "gulp",
              "unlatch",
              "sandpit",
              "sitcom",
              "shout",
              "singing",
              "subheader",
              "unvarying",
              ""
            ],
            "keepers": null,
            "result": [
              "ritzy",
              "handheld"
            ],
            "result_count": 2,
            "seed": null
          },
          "sensitive_attributes": [],
          "identity_schema_version": 0
        },
        {
          "index_key": 14,
          "schema_version": 0,
          "attributes": {
            "id": "-",
            "input": [
              "liable",
              "donated",
              "mayday",
              "blooper",
              "pueblo",
              "tantrum",
              "scary",
              "secret",
              "secluded",
              "babied",
              "ignition",
              "unfasten",
              "affirm",
              "margarine",
              "credit",
              "underage",
              "june",
              "licking",
              "approve",
              "overbite",
              "ditto",
              "pavilion",
              "chewy",
              "drivable",
              "favorable",
              "kitchen",
              "wriggly",
              "shape",
              "resistant",
              "unless",
              "backlight",
              "cruelty",
              "empower",
              "freewill",
              "passage",
              "net",
              "retrial",
              "hulk",
              "drizzly",
              "ambitious",
              "banknote",
              "calm",
              "these",
              "outlet",
              "survivor",
              "silenced",
              "fantasy",
              "flogging",
              "aeration",
              "balsamic",
              "antivirus",
              "glowing",
              "setup",
              "unpopular",
              "immobile",
              "divisive",
              "dosage",
              "amicably",
              "follicle",
              "ogle",
              "subscribe",
              "second",
              "mountable",
              "catnap",
              "yummy",
              "frill",
              "take",
              "challenge",
              "voyage",
              "chevy",
              "caravan",
              "busload",
              "boss",
              "irk",
              "selection",
              "surreal",
              "gliding",
              "preset",
              "dastardly",
              "curliness",
              "colossal",
              "litigate",
              "phony",
              "hardly",
              "connected",
              "waviness",
              "capital",
              "carefully",
              "obstruct",
              "carton",
              "rebuttal",
              "underfeed",
              "aqueduct",
              "chomp",
              "kindle",
              "outfield",
              "niece",
              "consult",
              "truth",
              "gloomy",
              "shiftless",
              "robust",
              "hypnotic",
              "stricken",
              "vaguely",
              "buckle",
              "galore",
              "unheard",
              "slum",
              "marathon",
              "portfolio",
              "anchor",
              "prodigy",
              "bonelike",
              "tamper",
              "sharper",
              "chair",
              "hardhead",
              "overfill",
              "lyrically",
              "erratic",
              "schilling",
              "reveler",
              "tabloid",
              "guise",
              "sulfate",
              "activism",
              "lecturer",
              "nanny",
              "overnight",
              "diligent",
              "knelt",
              "refutable",
              "dotted",
              "cosigner",
              "wife",
              "appliance",
              "plutonium",
              "defiant",
              "iphone",
              "outreach",
              "abroad",
              "yoga",
              "singular",
              "uncombed",
              "feline",
              "python",
              "crabbing",
              "sixtieth",
              "gag",
              "erupt",
              "squeegee",
              "juvenile",
              "usher",
              "specked",
              "septum",
              "reissue",
              "fox",
              "undiluted",
              "tattling",
              "conch",
              "hypocrisy",
              "flashy",
              "thousand",
              "gilled",
              "wager",
              "sandbag",
              "crinkle",
              "among",
              "bulb",
              "craving",
              "willing",
              "sincerity",
              "surfer",
              "elated",
              "relapse",
              "moonstone",
              "treading",
              "curse",
              "appease",
              "germinate",
              "crablike",
              "synopsis",
              "snowdrop",
              "railcar",
              "broom",
              "repeal",
              "drastic",
              "ritzy",
              "dexterous",
              "rut",
              "numerous",
              "wiring",
              "scorpion",
              "gorged",
              "clumsy",
              "cognitive",
              "scoured",
              "dirtiness",
              "designer",
              "dealing",
              "unrigged",
              "obsessive",
              "onyx",
              "tweed",
              "unsubtly",
              "brook",
              "overrate",
              "egotistic",
              "mower",
              "coeditor",
              "unexpired",
              "chip",
              "acclaim",
              "copied",
              "uneasy",
              "rope",
              "unrivaled",
              "unchanged",
              "uncross",
              "camcorder",
              "thigh",
              "aerospace",
              "pouring",
              "dullness",
              "trickster",
              "isolation",
              "revert",
              "purse",
              "unsuited",
              "frightful",
              "sardine",
              "output",
              "poem",
              "handgun",
              "ribbon",
              "consumer",
              "nutcase",
              "catapult",
              "happily",
              "jubilant",
              "selected",
              "blasphemy",
              "unwed",
              "sludge",
              "distrust",
              "bullpen",
              "coronary",
              "tactile",
              "abiding",
              "eradicate",
              "exclude",
              "deniable",
              "overcast",
              "deputize",
              "glider",
              "bondless",
              "embark",
              "blunt",
              "dropbox",
              "riveting",
              "outflank",
              "cactus",
              "onlooker",
              "decimeter",
              "slip",
              "treat",
              "decrease",
              "throat",
              "cobalt",
              "freebee",
              "spring",
              "contusion",
              "compacted",
              "exciting",
              "paging",
              "bulginess",
              "decade",
              "precise",
              "swooned",
              "overbid",
              "stream",
              "fried",
              "recount",
              "dad",
              "falcon",
              "ajar",
              "art",
              "twisted",
              "cesarean",
              "handheld",
              "tractor",
              "gulp",
              "unlatch",
              "sandpit",
              "sitcom",
              "shout",
              "singing",
              "subheader",
              "unvarying",
              ""
            ],
            "keepers": null,
            "result": [
              "acclaim",
              "overcast"
            ],
            "result_count": 2,
            "seed": null
          },
          "sensitive_attributes": [],
          "identity_schema_version": 0
        },
        {
          "index_key": 15,
          "schema_version": 0,
          "attributes": {
            "id": "-",
            "input": [
              "liable",
              "donated",
              "mayday",
              "blooper",
              "pueblo",
              "tantrum",
              "scary",
              "secret",
              "secluded",
              "babied",
              "ignition",
              "unfasten",
              "affirm",
              "margarine",
              "credit",
              "underage",
              "june",
              "licking",
              "approve",
              "overbite",
              "ditto",
              "pavilion",
              "chewy",
              "drivable",
              "favorable",
              "kitchen",
              "wriggly",
              "shape",
              "resistant",
              "unless",
              "backlight",
              "cruelty",
              "empower",
              "freewill",
              "passage",
              "net",
              "retrial",
              "hulk",
              "drizzly",
              "ambitious",
              "banknote",
              "calm",
              "these",
              "outlet",
              "survivor",
              "silenced",
              "fantasy",
              "flogging",
              "aeration",
              "balsamic",
              "antivirus",
              "glowing",
              "setup",
              "unpopular",
              "immobile",
              "divisive",
              "dosage",
              "amicably",
              "follicle",
              "ogle",
              "subscribe",
              "second",
              "mountable",
              "catnap",
              "yummy",
              "frill",
              "take",
              "challenge",
              "voyage",
              "chevy",
              "caravan",
              "busload",
              "boss",
              "irk",
              "selection",
              "surreal",
              "gliding",
              "preset",
              "dastardly",
              "curliness",
              "colossal",
              "litigate",
              "phony",
              "hardly",
              "connected",
              "waviness",
              "capital",
              "carefully",
              "obstruct",
              "carton",
              "rebuttal",
              "underfeed",
              "aqueduct",
              "chomp",
              "kindle",
              "outfield",
              "niece",
              "consult",
              "truth",
              "gloomy",
              "shiftless",
              "robust",
              "hypnotic",
              "stricken",
              "vaguely",
              "buckle",
              "galore",
              "unheard",
              "slum",
              "marathon",
              "portfolio",
              "anchor",
              "prodigy",
              "bonelike",
              "tamper",
              "sharper",
              "chair",
              "hardhead",
              "overfill",
              "lyrically",
              "erratic",
              "schilling",
              "reveler",
              "tabloid",
              "guise",
              "sulfate",
              "activism",
              "lecturer",
              "nanny",
              "overnight",
              "diligent",
              "knelt",
              "refutable",
              "dotted",
              "cosigner",
              "wife",
              "appliance",
              "plutonium",
              "defiant",
              "iphone",
              "outreach",
              "abroad",
              "yoga",
              "singular",
              "uncombed",
              "feline",
              "python",
              "crabbing",
              "sixtieth",
              "gag",
              "erupt",
              "squeegee",
              "juvenile",
              "usher",
              "specked",
              "septum",
              "reissue",
              "fox",
              "undiluted",
              "tattling",
              "conch",
              "hypocrisy",
              "flashy",
              "thousand",
              "gilled",
              "wager",
              "sandbag",
              "crinkle",
              "among",
              "bulb",
              "craving",
              "willing",
              "sincerity",
              "surfer",
              "elated",
              "relapse",
              "moonstone",
              "treading",
              "curse",
              "appease",
              "germinate",
              "crablike",
              "synopsis",
              "snowdrop",
              "railcar",
              "broom",
              "repeal",
              "drastic",
              "ritzy",
              "dexterous",
              "rut",
              "numerous",
              "wiring",
              "scorpion",
              "gorged",
              "clumsy",
              "cognitive",
              "scoured",
              "dirtiness",
              "designer",
              "dealing",
              "unrigged",
              "obsessive",
              "onyx",
              "tweed",
              "unsubtly",
              "brook",
              "overrate",
              "egotistic",
              "mower",
              "coeditor",
              "unexpired",
              "chip",
              "acclaim",
              "copied",
              "uneasy",
              "rope",
              "unrivaled",
              "unchanged",
              "uncross",
              "camcorder",
              "thigh",
              "aerospace",
              "pouring",
              "dullness",
              "trickster",
              "isolation",
              "revert",
              "purse",
              "unsuited",
              "frightful",
              "sardine",
              "output",
              "poem",
              "handgun",
              "ribbon",
              "consumer",
              "nutcase",
              "catapult",
              "happily",
              "jubilant",
              "selected",
              "blasphemy",
              "unwed",
              "sludge",
              "distrust",
              "bullpen",
              "coronary",
              "tactile",
              "abiding",
              "eradicate",
              "exclude",
              "deniable",
              "overcast",
              "deputize",
              "glider",
              "bondless",
              "embark",
              "blunt",
              "dropbox",
              "riveting",
              "outflank",
              "cactus",
              "onlooker",
              "decimeter",
              "slip",
              "treat",
              "decrease",
              "throat",
              "cobalt",
              "freebee",
              "spring",
              "contusion",
              "compacted",
              "exciting",
              "paging",
              "bulginess",
              "decade",
              "precise",
              "swooned",
              "overbid",
              "stream",
              "fried",
              "recount",
              "dad",
              "falcon",
              "ajar",
              "art",
              "twisted",
              "cesarean",
              "handheld",
              "tractor",
              "gulp",
              "unlatch",
              "sandpit",
              "sitcom",
              "shout",
              "singing",
              "subheader",
              "unvarying",
              ""
            ],
            "keepers": null,
            "result": [
              "sincerity",
              "riveting"
            ],
            "result_count": 2,
            "seed": null
          },
          "sensitive_attributes": [],
          "identity_schema_version": 0
        },
        {
          "index_key": 16,
          "schema_version": 0,
          "attributes": {
            "id": "-",
            "input": [
              "liable",
              "donated",
              "mayday",
              "blooper",
              "pueblo",
              "tantrum",
              "scary",
              "secret",
              "secluded",
              "babied",
              "ignition",
              "unfasten",
              "affirm",
              "margarine",
              "credit",
              "underage",
              "june",
              "licking",
              "approve",
              "overbite",
              "ditto",
              "pavilion",
              "chewy",
              "drivable",
              "favorable",
              "kitchen",
              "wriggly",
              "shape",
              "resistant",
              "unless",
              "backlight",
              "cruelty",
              "empower",
              "freewill",
              "passage",
              "net",
              "retrial",
              "hulk",
              "drizzly",
              "ambitious",
              "banknote",
              "calm",
              "these",
              "outlet",
              "survivor",
              "silenced",
              "fantasy",
              "flogging",
              "aeration",
              "balsamic",
              "antivirus",
              "glowing",
              "setup",
              "unpopular",
              "immobile",
              "divisive",
              "dosage",
              "amicably",
              "follicle",
              "ogle",
              "subscribe",
              "second",
              "mountable",
              "catnap",
              "yummy",
              "frill",
              "take",
              "challenge",
              "voyage",
              "chevy",
              "caravan",
              "busload",
              "boss",
              "irk",
              "selection",
              "surreal",
              "gliding",
              "preset",
              "dastardly",
              "curliness",
              "colossal",
              "litigate",
              "phony",
              "hardly",
              "connected",
              "waviness",
              "capital",
              "carefully",
              "obstruct",
              "carton",
              "rebuttal",
              "underfeed",
              "aqueduct",
              "chomp",
              "kindle",
              "outfield",
              "niece",
              "consult",
              "truth",
              "gloomy",
              "shiftless",
              "robust",
              "hypnotic",
              "stricken",
              "vaguely",
              "buckle",
              "galore",
              "unheard",
              "slum",
              "marathon",
              "portfolio",
              "anchor",
              "prodigy",
              "bonelike",
              "tamper",
              "sharper",
              "chair",
              "hardhead",
              "overfill",
              "lyrically",
              "erratic",
              "schilling",
              "reveler",
              "tabloid",
              "guise",
              "sulfate",
              "activism",
              "lecturer",
              "nanny",
              "overnight",
              "diligent",
              "knelt",
              "refutable",
              "dotted",
              "cosigner",
              "wife",
              "appliance",
              "plutonium",
              "defiant",
              "iphone",
              "outreach",
              "abroad",
              "yoga",
              "singular",
              "uncombed",
              "feline",
              "python",
              "crabbing",
              "sixtieth",
              "gag",
              "erupt",
              "squeegee",
              "juvenile",
              "usher",
              "specked",
              "septum",
              "reissue",
              "fox",
              "undiluted",
              "tattling",
              "conch",
              "hypocrisy",
              "flashy",
              "thousand",
              "gilled",
              "wager",
              "sandbag",
              "crinkle",
              "among",
              "bulb",
              "craving",
              "willing",
              "sincerity",
              "surfer",
              "elated",
              "relapse",
              "moonstone",
              "treading",
              "curse",
              "appease",
              "germinate",
              "crablike",
              "synopsis",
              "snowdrop",
              "railcar",
              "broom",
              "repeal",
              "drastic",
              "ritzy",
              "dexterous",
              "rut",
              "numerous",
              "wiring",
              "scorpion",
              "gorged",
              "clumsy",
              "cognitive",
              "scoured",
              "dirtiness",
              "designer",
              "dealing",
              "unrigged",
              "obsessive",
              "onyx",
              "tweed",
              "unsubtly",
              "brook",
              "overrate",
              "egotistic",
              "mower",
              "coeditor",
              "unexpired",
              "chip",
              "acclaim",
              "copied",
              "uneasy",
              "rope",
              "unrivaled",
              "unchanged",
              "uncross",
              "camcorder",
              "thigh",
              "aerospace",
              "pouring",
              "dullness",
              "trickster",
              "isolation",
              "revert",
              "purse",
              "unsuited",
              "frightful",
              "sardine",
              "output",
              "poem",
              "handgun",
              "ribbon",
              "consumer",
              "nutcase",
              "catapult",
              "happily",
              "jubilant",
              "selected",
              "blasphemy",
              "unwed",
              "sludge",
              "distrust",
              "bullpen",
              "coronary",
              "tactile",
              "abiding",
              "eradicate",
              "exclude",
              "deniable",
              "overcast",
              "deputize",
              "glider",
              "bondless",
              "embark",
              "blunt",
              "dropbox",
              "riveting",
              "outflank",
              "cactus",
              "onlooker",
              "decimeter",
              "slip",
              "treat",
              "decrease",
              "throat",
              "cobalt",
              "freebee",
              "spring",
              "contusion",
              "compacted",
              "exciting",
              "paging",
              "bulginess",
              "decade",
              "precise",
              "swooned",
              "overbid",
              "stream",
              "fried",
              "recount",
              "dad",
              "falcon",
              "ajar",
              "art",
              "twisted",
              "cesarean",
              "handheld",
              "tractor",
              "gulp",
              "unlatch",
              "sandpit",
              "sitcom",
              "shout",
              "singing",
              "subheader",
              "unvarying",
              ""
            ],
            "keepers": null,
            "result": [
              "flashy",
              "carton"
            ],
            "result_count": 2,
            "seed": null
          },
          "sensitive_attributes": [],
          "identity_schema_version": 0
        },
        {
          "index_key": 17,
          "schema_version": 0,
          "attributes": {
            "id": "-",
            "input": [
              "liable",
              "donated",
              "mayday",
              "blooper",
              "pueblo",
              "tantrum",
              "scary",
              "secret",
              "secluded",
              "babied",
              "ignition",
              "unfasten",
              "affirm",
              "margarine",
              "credit",
              "underage",
              "june",
              "licking",
              "approve",
              "overbite",
              "ditto",
              "pavilion",
              "chewy",
              "drivable",
              "favorable",
              "kitchen",
              "wriggly",
              "shape",
              "resistant",
              "unless",
              "backlight",
              "cruelty",
              "empower",
              "freewill",
              "passage",
              "net",
              "retrial",
              "hulk",
              "drizzly",
              "ambitious",
              "banknote",
              "calm",
              "these",
              "outlet",
              "survivor",
              "silenced",
              "fantasy",
              "flogging",
              "aeration",
              "balsamic",
              "antivirus",
              "glowing",
              "setup",
              "unpopular",
              "immobile",
              "divisive",
              "dosage",
              "amicably",
              "follicle",
              "ogle",
              "subscribe",
              "second",
              "mountable",
              "catnap",
              "yummy",
              "frill",
              "take",
              "challenge",
              "voyage",
              "chevy",
              "caravan",
              "busload",
              "boss",
              "irk",
              "selection",
              "surreal",
              "gliding",
              "preset",
              "dastardly",
              "curliness",
              "colossal",
              "litigate",
              "phony",
              "hardly",
              "connected",
              "waviness",
              "capital",
              "carefully",
              "obstruct",
              "carton",
              "rebuttal",
              "underfeed",
              "aqueduct",
              "chomp",
              "kindle",
              "outfield",
              "niece",
              "consult",
              "truth",
              "gloomy",
              "shiftless",
              "robust",
              "hypnotic",
              "stricken",
              "vaguely",
              "buckle",
              "galore",
              "unheard",
              "slum",
              "marathon",
              "portfolio",
              "anchor",
              "prodigy",
              "bonelike",
              "tamper",
              "sharper",
              "chair",
              "hardhead",
              "overfill",
              "lyrically",
              "erratic",
              "schilling",
              "reveler",
              "tabloid",
              "guise",
              "sulfate",
              "activism",
              "lecturer",
              "nanny",
              "overnight",
              "diligent",
              "knelt",
              "refutable",
              "dotted",
              "cosigner",
              "wife",
              "appliance",
              "plutonium",
              "defiant",
              "iphone",
              "outreach",
              "abroad",
              "yoga",
              "singular",
              "uncombed",
              "feline",
              "python",
              "crabbing",
              "sixtieth",
              "gag",
              "erupt",
              "squeegee",
              "juvenile",
              "usher",
              "specked",
              "septum",
              "reissue",
              "fox",
              "undiluted",
              "tattling",
              "conch",
              "hypocrisy",
              "flashy",
              "thousand",
              "gilled",
              "wager",
              "sandbag",
              "crinkle",
              "among",
              "bulb",
              "craving",
              "willing",
              "sincerity",
              "surfer",
              "elated",
              "relapse",
              "moonstone",
              "treading",
              "curse",
              "appease",
              "germinate",
              "crablike",
              "synopsis",
              "snowdrop",
              "railcar",
              "broom",
              "repeal",
              "drastic",
              "ritzy",
              "dexterous",
              "rut",
              "numerous",
              "wiring",
              "scorpion",
              "gorged",
              "clumsy",
              "cognitive",
              "scoured",
              "dirtiness",
              "designer",
              "dealing",
              "unrigged",
              "obsessive",
              "onyx",
              "tweed",
              "unsubtly",
              "brook",
              "overrate",
              "egotistic",
              "mower",
              "coeditor",
              "unexpired",
              "chip",
              "acclaim",
              "copied",
              "uneasy",
              "rope",
              "unrivaled",
              "unchanged",
              "uncross",
              "camcorder",
              "thigh",
              "aerospace",
              "pouring",
              "dullness",
              "trickster",
              "isolation",
              "revert",
              "purse",
              "unsuited",
              "frightful",
              "sardine",
              "output",
              "poem",
              "handgun",
              "ribbon",
              "consumer",
              "nutcase",
              "catapult",
              "happily",
              "jubilant",
              "selected",
              "blasphemy",
              "unwed",
              "sludge",
              "distrust",
              "bullpen",
              "coronary",
              "tactile",
              "abiding",
              "eradicate",
              "exclude",
              "deniable",
              "overcast",
              "deputize",
              "glider",
              "bondless",
              "embark",
              "blunt",
              "dropbox",
              "riveting",
              "outflank",
              "cactus",
              "onlooker",
              "decimeter",
              "slip",
              "treat",
              "decrease",
              "throat",
              "cobalt",
              "freebee",
              "spring",
              "contusion",
              "compacted",
              "exciting",
              "paging",
              "bulginess",
              "decade",
              "precise",
              "swooned",
              "overbid",
              "stream",
              "fried",
              "recount",
              "dad",
              "falcon",
              "ajar",
              "art",
              "twisted",
              "cesarean",
              "handheld",
              "tractor",
              "gulp",
              "unlatch",
              "sandpit",
              "sitcom",
              "shout",
              "singing",
              "subheader",
              "unvarying",
              ""
            ],
            "keepers": null,
            "result": [
              "waviness",
              "unexpired"
            ],
            "result_count": 2,
            "seed": null
          },
          "sensitive_attributes": [],
          "identity_schema_version": 0
        },
        {
          "index_key": 18,
          "schema_version": 0,
          "attributes": {
            "id": "-",
            "input": [
              "liable",
              "donated",
              "mayday",
              "blooper",
              "pueblo",
              "tantrum",
              "scary",
              "secret",
              "secluded",
              "babied",
              "ignition",
              "unfasten",
              "affirm",
              "margarine",
              "credit",
              "underage",
              "june",
              "licking",
              "approve",
              "overbite",
              "ditto",
              "pavilion",
              "chewy",
              "drivable",
              "favorable",
              "kitchen",
              "wriggly",
              "shape",
              "resistant",
              "unless",
              "backlight",
              "cruelty",
              "empower",
              "freewill",
              "passage",
              "net",
              "retrial",
              "hulk",
              "drizzly",
              "ambitious",
              "banknote",
              "calm",
              "these",
              "outlet",
              "survivor",
              "silenced",
              "fantasy",
              "flogging",
              "aeration",
              "balsamic",
              "antivirus",
              "glowing",
              "setup",
              "unpopular",
              "immobile",
              "divisive",
              "dosage",
              "amicably",
              "follicle",
              "ogle",
              "subscribe",
              "second",
              "mountable",
              "catnap",
              "yummy",
              "frill",
              "take",
              "challenge",
              "voyage",
              "chevy",
              "caravan",
              "busload",
              "boss",
              "irk",
              "selection",
              "surreal",
              "gliding",
              "preset",
              "dastardly",
              "curliness",
              "colossal",
              "litigate",
              "phony",
              "hardly",
              "connected",
              "waviness",
              "capital",
              "carefully",
              "obstruct",
              "carton",
              "rebuttal",
              "underfeed",
              "aqueduct",
              "chomp",
              "kindle",
              "outfield",
              "niece",
              "consult",
              "truth",
              "gloomy",
              "shiftless",
              "robust",
              "hypnotic",
              "stricken",
              "vaguely",
              "buckle",
              "galore",
              "unheard",
              "slum",
              "marathon",
              "portfolio",
              "anchor",
              "prodigy",
              "bonelike",
              "tamper",
              "sharper",
              "chair",
              "hardhead",
              "overfill",
              "lyrically",
              "erratic",
              "schilling",
              "reveler",
              "tabloid",
              "guise",
              "sulfate",
              "activism",
              "lecturer",
              "nanny",
              "overnight",
              "diligent",
              "knelt",
              "refutable",
              "dotted",
              "cosigner",
              "wife",
              "appliance",
              "plutonium",
              "defiant",
              "iphone",
              "outreach",
              "abroad",
              "yoga",
              "singular",
              "uncombed",
              "feline",
              "python",
              "crabbing",
              "sixtieth",
              "gag",
              "erupt",
              "squeegee",
              "juvenile",
              "usher",
              "specked",
              "septum",
              "reissue",
              "fox",
              "undiluted",
              "tattling",
              "conch",
              "hypocrisy",
              "flashy",
              "thousand",
              "gilled",
              "wager",
              "sandbag",
              "crinkle",
              "among",
              "bulb",
              "craving",
              "willing",
              "sincerity",
              "surfer",
              "elated",
              "relapse",
              "moonstone",
              "treading",
              "curse",
              "appease",
              "germinate",
              "crablike",
              "synopsis",
              "snowdrop",
              "railcar",
              "broom",
              "repeal",
              "drastic",
              "ritzy",
              "dexterous",
              "rut",
              "numerous",
              "wiring",
              "scorpion",
              "gorged",
              "clumsy",
              "cognitive",
              "scoured",
              "dirtiness",
              "designer",
              "dealing",
              "unrigged",
              "obsessive",
              "onyx",
              "tweed",
              "unsubtly",
              "brook",
              "overrate",
              "egotistic",
              "mower",
              "coeditor",
              "unexpired",
              "chip",
              "acclaim",
              "copied",
              "uneasy",
              "rope",
              "unrivaled",
              "unchanged",
              "uncross",
              "camcorder",
              "thigh",
              "aerospace",
              "pouring",
              "dullness",
              "trickster",
              "isolation",
              "revert",
              "purse",
              "unsuited",
              "frightful",
              "sardine",
              "output",
              "poem",
              "handgun",
              "ribbon",
              "consumer",
              "nutcase",
              "catapult",
              "happily",
              "jubilant",
              "selected",
              "blasphemy",
              "unwed",
              "sludge",
              "distrust",
              "bullpen",
              "coronary",
              "tactile",
              "abiding",
              "eradicate",
              "exclude",
              "deniable",
              "overcast",
              "deputize",
              "glider",
              "bondless",
              "embark",
              "blunt",
              "dropbox",
              "riveting",
              "outflank",
              "cactus",
              "onlooker",
              "decimeter",
              "slip",
              "treat",
              "decrease",
              "throat",
              "cobalt",
              "freebee",
              "spring",
              "contusion",
              "compacted",
              "exciting",
              "paging",
              "bulginess",
              "decade",
              "precise",
              "swooned",
              "overbid",
              "stream",
              "fried",
              "recount",
              "dad",
              "falcon",
              "ajar",
              "art",
              "twisted",
              "cesarean",
              "handheld",
              "tractor",
              "gulp",
              "unlatch",
              "sandpit",
              "sitcom",
              "shout",
              "singing",
              "subheader",
              "unvarying",
              ""
            ],
            "keepers": null,
            "result": [
              "conch",
              "broom"
            ],
            "result_count": 2,
            "seed": null
          },
          "sensitive_attributes": [],
          "identity_schema_version": 0
        },
        {
          "index_key": 19,
          "schema_version": 0,
          "attributes": {
            "id": "-",
            "input": [
              "liable",
              "donated",
              "mayday",
              "blooper",
              "pueblo",
              "tantrum",
              "scary",
              "secret",
              "secluded",
              "babied",
              "ignition",
              "unfasten",
              "affirm",
              "margarine",
              "credit",
              "underage",
              "june",
              "licking",
              "approve",
              "overbite",
              "ditto",
              "pavilion",
              "chewy",
              "drivable",
              "favorable",
              "kitchen",
              "wriggly",
              "shape",
              "resistant",
              "unless",
              "backlight",
              "cruelty",
              "empower",
              "freewill",
              "passage",
              "net",
              "retrial",
              "hulk",
              "drizzly",
              "ambitious",
              "banknote",
              "calm",
              "these",
              "outlet",
              "survivor",
              "silenced",
              "fantasy",
              "flogging",
              "aeration",
              "balsamic",
              "antivirus",
              "glowing",
              "setup",
              "unpopular",
              "immobile",
              "divisive",
              "dosage",
              "amicably",
              "follicle",
              "ogle",
              "subscribe",
              "second",
              "mountable",
              "catnap",
              "yummy",
              "frill",
              "take",
              "challenge",
              "voyage",
              "chevy",
              "caravan",
              "busload",
              "boss",
              "irk",
              "selection",
              "surreal",
              "gliding",
              "preset",
              "dastardly",
              "curliness",
              "colossal",
              "litigate",
              "phony",
              "hardly",
              "connected",
              "waviness",
              "capital",
              "carefully",
              "obstruct",
              "carton",
              "rebuttal",
              "underfeed",
              "aqueduct",
              "chomp",
              "kindle",
              "outfield",
              "niece",
              "consult",
              "truth",
              "gloomy",
              "shiftless",
              "robust",
              "hypnotic",
              "stricken",
              "vaguely",
              "buckle",
              "galore",
              "unheard",
              "slum",
              "marathon",
              "portfolio",
              "anchor",
              "prodigy",
              "bonelike",
              "tamper",
              "sharper",
              "chair",
              "hardhead",
              "overfill",
              "lyrically",
              "erratic",
              "schilling",
              "reveler",
              "tabloid",
              "guise",
              "sulfate",
              "activism",
              "lecturer",
              "nanny",
              "overnight",
              "diligent",
              "knelt",
              "refutable",
              "dotted",
              "cosigner",
              "wife",
              "appliance",
              "plutonium",
              "defiant",
              "iphone",
              "outreach",
              "abroad",
              "yoga",
              "singular",
              "uncombed",
              "feline",
              "python",
              "crabbing",
              "sixtieth",
              "gag",
              "erupt",
              "squeegee",
              "juvenile",
              "usher",
              "specked",
              "septum",
              "reissue",
              "fox",
              "undiluted",
              "tattling",
              "conch",
              "hypocrisy",
              "flashy",
              "thousand",
              "gilled",
              "wager",
              "sandbag",
              "crinkle",
              "among",
              "bulb",
              "craving",
              "willing",
              "sincerity",
              "surfer",
              "elated",
              "relapse",
              "moonstone",
              "treading",
              "curse",
              "appease",
              "germinate",
              "crablike",
              "synopsis",
              "snowdrop",
              "railcar",
              "broom",
              "repeal",
              "drastic",
              "ritzy",
              "dexterous",
              "rut",
              "numerous",
              "wiring",
              "scorpion",
              "gorged",
              "clumsy",
              "cognitive",
              "scoured",
              "dirtiness",
              "designer",
              "dealing",
              "unrigged",
              "obsessive",
              "onyx",
              "tweed",
              "unsubtly",
              "brook",
              "overrate",
              "egotistic",
              "mower",
              "coeditor",
              "unexpired",
              "chip",
              "acclaim",
              "copied",
              "uneasy",
              "rope",
              "unrivaled",
              "unchanged",
              "uncross",
              "camcorder",
              "thigh",
              "aerospace",
              "pouring",
              "dullness",
              "trickster",
              "isolation",
              "revert",
              "purse",
              "unsuited",
              "frightful",
              "sardine",
              "output",
              "poem",
              "handgun",
              "ribbon",
              "consumer",
              "nutcase",
              "catapult",
              "happily",
              "jubilant",
              "selected",
              "blasphemy",
              "unwed",
              "sludge",
              "distrust",
              "bullpen",
              "coronary",
              "tactile",
              "abiding",
              "eradicate",
              "exclude",
              "deniable",
              "overcast",
              "deputize",
              "glider",
              "bondless",
              "embark",
              "blunt",
              "dropbox",
              "riveting",
              "outflank",
              "cactus",
              "onlooker",
              "decimeter",
              "slip",
              "treat",
              "decrease",
              "throat",
              "cobalt",
              "freebee",
              "spring",
              "contusion",
              "compacted",
              "exciting",
              "paging",
              "bulginess",
              "decade",
              "precise",
              "swooned",
              "overbid",
              "stream",
              "fried",
              "recount",
              "dad",
              "falcon",
              "ajar",
              "art",
              "twisted",
              "cesarean",
              "handheld",
              "tractor",
              "gulp",
              "unlatch",
              "sandpit",
              "sitcom",
              "shout",
              "singing",
              "subheader",
              "unvarying",
              ""
            ],
            "keepers": null,
            "result": [
              "ajar",
              "hypocrisy"
            ],
            "result_count": 2,
            "seed": null
          },
          "sensitive_attributes": [],
          "identity_schema_version": 0
        },
        {
          "index_key": 20,
          "schema_version": 0,
          "attributes": {
            "id": "-",
            "input": [
              "liable",
              "donated",
              "mayday",
              "blooper",
              "pueblo",
              "tantrum",
              "scary",
              "secret",
              "secluded",
              "babied",
              "ignition",
              "unfasten",
              "affirm",
              "margarine",
              "credit",
              "underage",
              "june",
              "licking",
              "approve",
              "overbite",
              "ditto",
              "pavilion",
              "chewy",
              "drivable",
              "favorable",
              "kitchen",
              "wriggly",
              "shape",
              "resistant",
              "unless",
              "backlight",
              "cruelty",
              "empower",
              "freewill",
              "passage",
              "net",
              "retrial",
              "hulk",
              "drizzly",
              "ambitious",
              "banknote",
              "calm",
              "these",
              "outlet",
              "survivor",
              "silenced",
              "fantasy",
              "flogging",
              "aeration",
              "balsamic",
              "antivirus",
              "glowing",
              "setup",
              "unpopular",
              "immobile",
              "divisive",
              "dosage",
              "amicably",
              "follicle",
              "ogle",
              "subscribe",
              "second",
              "mountable",
              "catnap",
              "yummy",
              "frill",
              "take",
              "challenge",
              "voyage",
              "chevy",
              "caravan",
              "busload",
              "boss",
              "irk",
              "selection",
              "surreal",
              "gliding",
              "preset",
              "dastardly",
              "curliness",
              "colossal",
              "litigate",
              "phony",
              "hardly",
              "connected",
              "waviness",
              "capital",
              "carefully",
              "obstruct",
              "carton",
              "rebuttal",
              "underfeed",
              "aqueduct",
              "chomp",
              "kindle",
              "outfield",
              "niece",
              "consult",
              "truth",
              "gloomy",
              "shiftless",
              "robust",
              "hypnotic",
              "stricken",
              "vaguely",
              "buckle",
              "galore",
              "unheard",
              "slum",
              "marathon",
              "portfolio",
              "anchor",
              "prodigy",
              "bonelike",
              "tamper",
              "sharper",
              "chair",
              "hardhead",
              "overfill",
              "lyrically",
              "erratic",
              "schilling",
              "reveler",
              "tabloid",
              "guise",
              "sulfate",
              "activism",
              "lecturer",
              "nanny",
              "overnight",
              "diligent",
              "knelt",
              "refutable",
              "dotted",
              "cosigner",
              "wife",
              "appliance",
              "plutonium",
              "defiant",
              "iphone",
              "outreach",
              "abroad",
              "yoga",
              "singular",
              "uncombed",
              "feline",
              "python",
              "crabbing",
              "sixtieth",
              "gag",
              "erupt",
              "squeegee",
              "juvenile",
              "usher",
              "specked",
              "septum",
              "reissue",
              "fox",
              "undiluted",
              "tattling",
              "conch",
              "hypocrisy",
              "flashy",
              "thousand",
              "gilled",
              "wager",
              "sandbag",
              "crinkle",
              "among",
              "bulb",
              "craving",
              "willing",
              "sincerity",
              "surfer",
              "elated",
              "relapse",
              "moonstone",
              "treading",
              "curse",
              "appease",
              "germinate",
              "crablike",
              "synopsis",
              "snowdrop",
              "railcar",
              "broom",
              "repeal",
              "drastic",
              "ritzy",
              "dexterous",
              "rut",
              "numerous",
              "wiring",
              "scorpion",
              "gorged",
              "clumsy",
              "cognitive",
              "scoured",
              "dirtiness",
              "designer",
              "dealing",
              "unrigged",
              "obsessive",
              "onyx",
              "tweed",
              "unsubtly",
              "brook",
              "overrate",
              "egotistic",
              "mower",
              "coeditor",
              "unexpired",
              "chip",
              "acclaim",
              "copied",
              "uneasy",
              "rope",
              "unrivaled",
              "unchanged",
              "uncross",
              "camcorder",
              "thigh",
              "aerospace",
              "pouring",
              "dullness",
              "trickster",
              "isolation",
              "revert",
              "purse",
              "unsuited",
              "frightful",
              "sardine",
              "output",
              "poem",
              "handgun",
              "ribbon",
              "consumer",
              "nutcase",
              "catapult",
              "happily",
              "jubilant",
              "selected",
              "blasphemy",
              "unwed",
              "sludge",
              "distrust",
              "bullpen",
              "coronary",
              "tactile",
              "abiding",
              "eradicate",
              "exclude",
              "deniable",
              "overcast",
              "deputize",
              "glider",
              "bondless",
              "embark",
              "blunt",
              "dropbox",
              "riveting",
              "outflank",
              "cactus",
              "onlooker",
              "decimeter",
              "slip",
              "treat",
              "decrease",
              "throat",
              "cobalt",
              "freebee",
              "spring",
              "contusion",
              "compacted",
              "exciting",
              "paging",
              "bulginess",
              "decade",
              "precise",
              "swooned",
              "overbid",
              "stream",
              "fried",
              "recount",
              "dad",
              "falcon",
              "ajar",
              "art",
              "twisted",
              "cesarean",
              "handheld",
              "tractor",
              "gulp",
              "unlatch",
              "sandpit",
              "sitcom",
              "shout",
              "singing",
              "subheader",
              "unvarying",
              ""
            ],
            "keepers": null,
            "result": [
              "sandbag",
              "sulfate"
            ],
            "result_count": 2,
            "seed": null
          },
          "sensitive_attributes": [],
          "identity_schema_version": 0
        },
        {
          "index_key": 21,
          "schema_version": 0,
          "attributes": {
            "id": "-",
            "input": [
              "liable",
              "donated",
              "mayday",
              "blooper",
              "pueblo",
              "tantrum",
              "scary",
              "secret",
              "secluded",
              "babied",
              "ignition",
              "unfasten",
              "affirm",
              "margarine",
              "credit",
              "underage",
              "june",
              "licking",
              "approve",
              "overbite",
              "ditto",
              "pavilion",
              "chewy",
              "drivable",
              "favorable",
              "kitchen",
              "wriggly",
              "shape",
              "resistant",
              "unless",
              "backlight",
              "cruelty",
              "empower",
              "freewill",
              "passage",
              "net",
              "retrial",
              "hulk",
              "drizzly",
              "ambitious",
              "banknote",
              "calm",
              "these",
              "outlet",
              "survivor",
              "silenced",
              "fantasy",
              "flogging",
              "aeration",
              "balsamic",
              "antivirus",
              "glowing",
              "setup",
              "unpopular",
              "immobile",
              "divisive",
              "dosage",
              "amicably",
              "follicle",
              "ogle",
              "subscribe",
              "second",
              "mountable",
              "catnap",
              "yummy",
              "frill",
              "take",
              "challenge",
              "voyage",
              "chevy",
              "caravan",
              "busload",
              "boss",
              "irk",
              "selection",
              "surreal",
              "gliding",
              "preset",
              "dastardly",
              "curliness",
              "colossal",
              "litigate",
              "phony",
              "hardly",
              "connected",
              "waviness",
              "capital",
              "carefully",
              "obstruct",
              "carton",
              "rebuttal",
              "underfeed",
              "aqueduct",
              "chomp",
              "kindle",
              "outfield",
              "niece",
              "consult",
              "truth",
              "gloomy",
              "shiftless",
              "robust",
              "hypnotic",
              "stricken",
              "vaguely",
              "buckle",
              "galore",
              "unheard",
              "slum",
              "marathon",
              "portfolio",
              "anchor",
              "prodigy",
              "bonelike",
              "tamper",
              "sharper",
              "chair",
              "hardhead",
              "overfill",
              "lyrically",
              "erratic",
              "schilling",
              "reveler",
              "tabloid",
              "guise",
              "sulfate",
              "activism",
              "lecturer",
              "nanny",
              "overnight",
              "diligent",
              "knelt",
              "refutable",
              "dotted",
              "cosigner",
              "wife",
              "appliance",
              "plutonium",
              "defiant",
              "iphone",
              "outreach",
              "abroad",
              "yoga",
              "singular",
              "uncombed",
              "feline",
              "python",
              "crabbing",
              "sixtieth",
              "gag",
              "erupt",
              "squeegee",
              "juvenile",
              "usher",
              "specked",
              "septum",
              "reissue",
              "fox",
              "undiluted",
              "tattling",
              "conch",
              "hypocrisy",
              "flashy",
              "thousand",
              "gilled",
              "wager",
              "sandbag",
              "crinkle",
              "among",
              "bulb",
              "craving",
              "willing",
              "sincerity",
              "surfer",
              "elated",
              "relapse",
              "moonstone",
              "treading",
              "curse",
              "appease",
              "germinate",
              "crablike",
              "synopsis",
              "snowdrop",
              "railcar",
              "broom",
              "repeal",
              "drastic",
              "ritzy",
              "dexterous",
              "rut",
              "numerous",
              "wiring",
              "scorpion",
              "gorged",
              "clumsy",
              "cognitive",
              "scoured",
              "dirtiness",
              "designer",
              "dealing",
              "unrigged",
              "obsessive",
              "onyx",
              "tweed",
              "unsubtly",
              "brook",
              "overrate",
              "egotistic",
              "mower",
              "coeditor",
              "unexpired",
              "chip",
              "acclaim",
              "copied",
              "uneasy",
              "rope",
              "unrivaled",
              "unchanged",
              "uncross",
              "camcorder",
              "thigh",
              "aerospace",
              "pouring",
              "dullness",
              "trickster",
              "isolation",
              "revert",
              "purse",
              "unsuited",
              "frightful",
              "sardine",
              "output",
              "poem",
              "handgun",
              "ribbon",
              "consumer",
              "nutcase",
              "catapult",
              "happily",
              "jubilant",
              "selected",
              "blasphemy",
              "unwed",
              "sludge",
              "distrust",
              "bullpen",
              "coronary",
              "tactile",
              "abiding",
              "eradicate",
              "exclude",
              "deniable",
              "overcast",
              "deputize",
              "glider",
              "bondless",
              "embark",
              "blunt",
              "dropbox",
              "riveting",
              "outflank",
              "cactus",
              "onlooker",
              "decimeter",
              "slip",
              "treat",
              "decrease",
              "throat",
              "cobalt",
              "freebee",
              "spring",
              "contusion",
              "compacted",
              "exciting",
              "paging",
              "bulginess",
              "decade",
              "precise",
              "swooned",
              "overbid",
              "stream",
              "fried",
              "recount",
              "dad",
              "falcon",
              "ajar",
              "art",
              "twisted",
              "cesarean",
              "handheld",
              "tractor",
              "gulp",
              "unlatch",
              "sandpit",
              "sitcom",
              "shout",
              "singing",
              "subheader",
              "unvarying",
              ""
            ],
            "keepers": null,
            "result": [
              "overrate",
              "shiftless"
            ],
            "result_count": 2,
            "seed": null
          },
          "sensitive_attributes": [],
          "identity_schema_version": 0
        },
        {
          "index_key": 22,
          "schema_version": 0,
          "attributes": {
            "id": "-",
            "input": [
              "liable",
              "donated",
              "mayday",
              "blooper",
              "pueblo",
              "tantrum",
              "scary",
              "secret",
              "secluded",
              "babied",
              "ignition",
              "unfasten",
              "affirm",
              "margarine",
              "credit",
              "underage",
              "june",
              "licking",
              "approve",
              "overbite",
              "ditto",
              "pavilion",
              "chewy",
              "drivable",
              "favorable",
              "kitchen",
              "wriggly",
              "shape",
              "resistant",
              "unless",
              "backlight",
              "cruelty",
              "empower",
              "freewill",
              "passage",
              "net",
              "retrial",
              "hulk",
              "drizzly",
              "ambitious",
              "banknote",
              "calm",
              "these",
              "outlet",
              "survivor",
              "silenced",
              "fantasy",
              "flogging",
              "aeration",
              "balsamic",
              "antivirus",
              "glowing",
              "setup",
              "unpopular",
              "immobile",
              "divisive",
              "dosage",
              "amicably",
              "follicle",
              "ogle",
              "subscribe",
              "second",
              "mountable",
              "catnap",
              "yummy",
              "frill",
              "take",
              "challenge",
              "voyage",
              "chevy",
              "caravan",
              "busload",
              "boss",
              "irk",
              "selection",
              "surreal",
              "gliding",
              "preset",
              "dastardly",
              "curliness",
              "colossal",
              "litigate",
              "phony",
              "hardly",
              "connected",
              "waviness",
              "capital",
              "carefully",
              "obstruct",
              "carton",
              "rebuttal",
              "underfeed",
              "aqueduct",
              "chomp",
              "kindle",
              "outfield",
              "niece",
              "consult",
              "truth",
              "gloomy",
              "shiftless",
              "robust",
              "hypnotic",
              "stricken",
              "vaguely",
              "buckle",
              "galore",
              "unheard",
              "slum",
              "marathon",
              "portfolio",
              "anchor",
              "prodigy",
              "bonelike",
              "tamper",
              "sharper",
              "chair",
              "hardhead",
              "overfill",
              "lyrically",
              "erratic",
              "schilling",
              "reveler",
              "tabloid",
              "guise",
              "sulfate",
              "activism",
              "lecturer",
              "nanny",
              "overnight",
              "diligent",
              "knelt",
              "refutable",
              "dotted",
              "cosigner",
              "wife",
              "appliance",
              "plutonium",
              "defiant",
              "iphone",
              "outreach",
              "abroad",
              "yoga",
              "singular",
              "uncombed",
              "feline",
              "python",
              "crabbing",
              "sixtieth",
              "gag",
              "erupt",
              "squeegee",
              "juvenile",
              "usher",
              "specked",
              "septum",
              "reissue",
              "fox",
              "undiluted",
              "tattling",
              "conch",
              "hypocrisy",
              "flashy",
              "thousand",
              "gilled",
              "wager",
              "sandbag",
              "crinkle",
              "among",
              "bulb",
              "craving",
              "willing",
              "sincerity",
              "surfer",
              "elated",
              "relapse",
              "moonstone",
              "treading",
              "curse",
              "appease",
              "germinate",
              "crablike",
              "synopsis",
              "snowdrop",
              "railcar",
              "broom",
              "repeal",
              "drastic",
              "ritzy",
              "dexterous",
              "rut",
              "numerous",
              "wiring",
              "scorpion",
              "gorged",
              "clumsy",
              "cognitive",
              "scoured",
              "dirtiness",
              "designer",
              "dealing",
              "unrigged",
              "obsessive",
              "onyx",
              "tweed",
              "unsubtly",
              "brook",
              "overrate",
              "egotistic",
              "mower",
              "coeditor",
              "unexpired",
              "chip",
              "acclaim",
              "copied",
              "uneasy",
              "rope",
              "unrivaled",
              "unchanged",
              "uncross",
              "camcorder",
              "thigh",
              "aerospace",
              "pouring",
              "dullness",
              "trickster",
              "isolation",
              "revert",
              "purse",
              "unsuited",
              "frightful",
              "sardine",
              "output",
              "poem",
              "handgun",
              "ribbon",
              "consumer",
              "nutcase",
              "catapult",
              "happily",
              "jubilant",
              "selected",
              "blasphemy",
              "unwed",
              "sludge",
              "distrust",
              "bullpen",
              "coronary",
              "tactile",
              "abiding",
              "eradicate",
              "exclude",
              "deniable",
              "overcast",
              "deputize",
              "glider",
              "bondless",
              "embark",
              "blunt",
              "dropbox",
              "riveting",
              "outflank",
              "cactus",
              "onlooker",
              "decimeter",
              "slip",
              "treat",
              "decrease",
              "throat",
              "cobalt",
              "freebee",
              "spring",
              "contusion",
              "compacted",
              "exciting",
              "paging",
              "bulginess",
              "decade",
              "precise",
              "swooned",
              "overbid",
              "stream",
              "fried",
              "recount",
              "dad",
              "falcon",
              "ajar",
              "art",
              "twisted",
              "cesarean",
              "handheld",
              "tractor",
              "gulp",
              "unlatch",
              "sandpit",
              "sitcom",
              "shout",
              "singing",
              "subheader",
              "unvarying",
              ""
            ],
            "keepers": null,
            "result": [
              "riveting",
              "unchanged"
            ],
            "result_count": 2,
            "seed": null
          },
          "sensitive_attributes": [],
          "identity_schema_version": 0
        },
        {
          "index_key": 23,
          "schema_version": 0,
          "attributes": {
            "id": "-",
            "input": [
              "liable",
              "donated",
              "mayday",
              "blooper",
              "pueblo",
              "tantrum",
              "scary",
              "secret",
              "secluded",
              "babied",
              "ignition",
              "unfasten",
              "affirm",
              "margarine",
              "credit",
              "underage",
              "june",
              "licking",
              "approve",
              "overbite",
              "ditto",
              "pavilion",
              "chewy",
              "drivable",
              "favorable",
              "kitchen",
              "wriggly",
              "shape",
              "resistant",
              "unless",
              "backlight",
              "cruelty",
              "empower",
              "freewill",
              "passage",
              "net",
              "retrial",
              "hulk",
              "drizzly",
              "ambitious",
              "banknote",
              "calm",
              "these",
              "outlet",
              "survivor",
              "silenced",
              "fantasy",
              "flogging",
              "aeration",
              "balsamic",
              "antivirus",
              "glowing",
              "setup",
              "unpopular",
              "immobile",
              "divisive",
              "dosage",
              "amicably",
              "follicle",
              "ogle",
              "subscribe",
              "second",
              "mountable",
              "catnap",
              "yummy",
              "frill",
              "take",
              "challenge",
              "voyage",
              "chevy",
              "caravan",
              "busload",
              "boss",
              "irk",
              "selection",
              "surreal",
              "gliding",
              "preset",
              "dastardly",
              "curliness",
              "colossal",
              "litigate",
              "phony",
              "hardly",
              "connected",
              "waviness",
              "capital",
              "carefully",
              "obstruct",
              "carton",
              "rebuttal",
              "underfeed",
              "aqueduct",
              "chomp",
              "kindle",
              "outfield",
              "niece",
              "consult",
              "truth",
              "gloomy",
              "shiftless",
              "robust",
              "hypnotic",
              "stricken",
              "vaguely",
              "buckle",
              "galore",
              "unheard",
              "slum",
              "marathon",
              "portfolio",
              "anchor",
              "prodigy",
              "bonelike",
              "tamper",
              "sharper",
              "chair",
              "hardhead",
              "overfill",
              "lyrically",
              "erratic",
              "schilling",
              "reveler",
              "tabloid",
              "guise",
              "sulfate",
              "activism",
              "lecturer",
              "nanny",
              "overnight",
              "diligent",
              "knelt",
              "refutable",
              "dotted",
              "cosigner",
              "wife",
              "appliance",
              "plutonium",
              "defiant",
              "iphone",
              "outreach",
              "abroad",
              "yoga",
              "singular",
              "uncombed",
              "feline",
              "python",
              "crabbing",
              "sixtieth",
              "gag",
              "erupt",
              "squeegee",
              "juvenile",
              "usher",
              "specked",
              "septum",
              "reissue",
              "fox",
              "undiluted",
              "tattling",
              "conch",
              "hypocrisy",
              "flashy",
              "thousand",
              "gilled",
              "wager",
              "sandbag",
              "crinkle",
              "among",
              "bulb",
              "craving",
              "willing",
              "sincerity",
              "surfer",
              "elated",
              "relapse",
              "moonstone",
              "treading",
              "curse",
              "appease",
              "germinate",
              "crablike",
              "synopsis",
              "snowdrop",
              "railcar",
              "broom",
              "repeal",
              "drastic",
              "ritzy",
              "dexterous",
              "rut",
              "numerous",
              "wiring",
              "scorpion",
              "gorged",
              "clumsy",
              "cognitive",
              "scoured",
              "dirtiness",
              "designer",
              "dealing",
              "unrigged",
              "obsessive",
              "onyx",
              "tweed",
              "unsubtly",
              "brook",
              "overrate",
              "egotistic",
              "mower",
              "coeditor",
              "unexpired",
              "chip",
              "acclaim",
              "copied",
              "uneasy",
              "rope",
              "unrivaled",
              "unchanged",
              "uncross",
              "camcorder",
              "thigh",
              "aerospace",
              "pouring",
              "dullness",
              "trickster",
              "isolation",
              "revert",
              "purse",
              "unsuited",
              "frightful",
              "sardine",
              "output",
              "poem",
              "handgun",
              "ribbon",
              "consumer",
              "nutcase",
              "catapult",
              "happily",
              "jubilant",
              "selected",
              "blasphemy",
              "unwed",
              "sludge",
              "distrust",
              "bullpen",
              "coronary",
              "tactile",
              "abiding",
              "eradicate",
              "exclude",
              "deniable",
              "overcast",
              "deputize",
              "glider",
              "bondless",
              "embark",
              "blunt",
              "dropbox",
              "riveting",
              "outflank",
              "cactus",
              "onlooker",
              "decimeter",
              "slip",
              "treat",
              "decrease",
              "throat",
              "cobalt",
              "freebee",
              "spring",
              "contusion",
              "compacted",
              "exciting",
              "paging",
              "bulginess",
              "decade",
              "precise",
              "swooned",
              "overbid",
              "stream",
              "fried",
              "recount",
              "dad",
              "falcon",
              "ajar",
              "art",
              "twisted",
              "cesarean",
              "handheld",
              "tractor",
              "gulp",
              "unlatch",
              "sandpit",
              "sitcom",
              "shout",
              "singing",
              "subheader",
              "unvarying",
              ""
            ],
            "keepers": null,
            "result": [
              "tantrum",
              "robust"
            ],
            "result_count": 2,
            "seed": null
          },
          "sensitive_attributes": [],
          "identity_schema_version": 0
        },
        {
          "index_key": 24,
          "schema_version": 0,
          "attributes": {
            "id": "-",
            "input": [
              "liable",
              "donated",
              "mayday",
              "blooper",
              "pueblo",
              "tantrum",
              "scary",
              "secret",
              "secluded",
              "babied",
              "ignition",
              "unfasten",
              "affirm",
              "margarine",
              "credit",
              "underage",
              "june",
              "licking",
              "approve",
              "overbite",
              "ditto",
              "pavilion",
              "chewy",
              "drivable",
              "favorable",
              "kitchen",
              "wriggly",
              "shape",
              "resistant",
              "unless",
              "backlight",
              "cruelty",
              "empower",
              "freewill",
              "passage",
              "net",
              "retrial",
              "hulk",
              "drizzly",
              "ambitious",
              "banknote",
              "calm",
              "these",
              "outlet",
              "survivor",
              "silenced",
              "fantasy",
              "flogging",
              "aeration",
              "balsamic",
              "antivirus",
              "glowing",
              "setup",
              "unpopular",
              "immobile",
              "divisive",
              "dosage",
              "amicably",
              "follicle",
              "ogle",
              "subscribe",
              "second",
              "mountable",
              "catnap",
              "yummy",
              "frill",
              "take",
              "challenge",
              "voyage",
              "chevy",
              "caravan",
              "busload",
              "boss",
              "irk",
              "selection",
              "surreal",
              "gliding",
              "preset",
              "dastardly",
              "curliness",
              "colossal",
              "litigate",
              "phony",
              "hardly",
              "connected",
              "waviness",
              "capital",
              "carefully",
              "obstruct",
              "carton",
              "rebuttal",
              "underfeed",
              "aqueduct",
              "chomp",
              "kindle",
              "outfield",
              "niece",
              "consult",
              "truth",
              "gloomy",
              "shiftless",
              "robust",
              "hypnotic",
              "stricken",
              "vaguely",
              "buckle",
              "galore",
              "unheard",
              "slum",
              "marathon",
              "portfolio",
              "anchor",
              "prodigy",
              "bonelike",
              "tamper",
              "sharper",
              "chair",
              "hardhead",
              "overfill",
              "lyrically",
              "erratic",
              "schilling",
              "reveler",
              "tabloid",
              "guise",
              "sulfate",
              "activism",
              "lecturer",
              "nanny",
              "overnight",
              "diligent",
              "knelt",
              "refutable",
              "dotted",
              "cosigner",
              "wife",
              "appliance",
              "plutonium",
              "defiant",
              "iphone",
              "outreach",
              "abroad",
              "yoga",
              "singular",
              "uncombed",
              "feline",
              "python",
              "crabbing",
              "sixtieth",
              "gag",
              "erupt",
              "squeegee",
              "juvenile",
              "usher",
              "specked",
              "septum",
              "reissue",
              "fox",
              "undiluted",
              "tattling",
              "conch",
              "hypocrisy",
              "flashy",
              "thousand",
              "gilled",
              "wager",
              "sandbag",
              "crinkle",
              "among",
              "bulb",
              "craving",
              "willing",
              "sincerity",
              "surfer",
              "elated",
              "relapse",
              "moonstone",
              "treading",
              "curse",
              "appease",
              "germinate",
              "crablike",
              "synopsis",
              "snowdrop",
              "railcar",
              "broom",
              "repeal",
              "drastic",
              "ritzy",
              "dexterous",
              "rut",
              "numerous",
              "wiring",
              "scorpion",
              "gorged",
              "clumsy",
              "cognitive",
              "scoured",
              "dirtiness",
              "designer",
              "dealing",
              "unrigged",
              "obsessive",
              "onyx",
              "tweed",
              "unsubtly",
              "brook",
              "overrate",
              "egotistic",
              "mower",
              "coeditor",
              "unexpired",
              "chip",
              "acclaim",
              "copied",
              "uneasy",
              "rope",
              "unrivaled",
              "unchanged",
              "uncross",
              "camcorder",
              "thigh",
              "aerospace",
              "pouring",
              "dullness",
              "trickster",
              "isolation",
              "revert",
              "purse",
              "unsuited",
              "frightful",
              "sardine",
              "output",
              "poem",
              "handgun",
              "ribbon",
              "consumer",
              "nutcase",
              "catapult",
              "happily",
              "jubilant",
              "selected",
              "blasphemy",
              "unwed",
              "sludge",
              "distrust",
              "bullpen",
              "coronary",
              "tactile",
              "abiding",
              "eradicate",
              "exclude",
              "deniable",
              "overcast",
              "deputize",
              "glider",
              "bondless",
              "embark",
              "blunt",
              "dropbox",
              "riveting",
              "outflank",
              "cactus",
              "onlooker",
              "decimeter",
              "slip",
              "treat",
              "decrease",
              "throat",
              "cobalt",
              "freebee",
              "spring",
              "contusion",
              "compacted",
              "exciting",
              "paging",
              "bulginess",
              "decade",
              "precise",
              "swooned",
              "overbid",
              "stream",
              "fried",
              "recount",
              "dad",
              "falcon",
              "ajar",
              "art",
              "twisted",
              "cesarean",
              "handheld",
              "tractor",
              "gulp",
              "unlatch",
              "sandpit",
              "sitcom",
              "shout",
              "singing",
              "subheader",
              "unvarying",
              ""
            ],
            "keepers": null,
            "result": [
              "falcon",
              "tamper"
            ],
            "result_count": 2,
            "seed": null
          },
          "sensitive_attributes": [],
          "identity_schema_version": 0
        },
        {
          "index_key": 25,
          "schema_version": 0,
          "attributes": {
            "id": "-",
            "input": [
              "liable",
              "donated",
              "mayday",
              "blooper",
              "pueblo",
              "tantrum",
              "scary",
              "secret",
              "secluded",
              "babied",
              "ignition",
              "unfasten",
              "affirm",
              "margarine",
              "credit",
              "underage",
              "june",
              "licking",
              "approve",
              "overbite",
              "ditto",
              "pavilion",
              "chewy",
              "drivable",
              "favorable",
              "kitchen",
              "wriggly",
              "shape",
              "resistant",
              "unless",
              "backlight",
              "cruelty",
              "empower",
              "freewill",
              "passage",
              "net",
              "retrial",
              "hulk",
              "drizzly",
              "ambitious",
              "banknote",
              "calm",
              "these",
              "outlet",
              "survivor",
              "silenced",
              "fantasy",
              "flogging",
              "aeration",
              "balsamic",
              "antivirus",
              "glowing",
              "setup",
              "unpopular",
              "immobile",
              "divisive",
              "dosage",
              "amicably",
              "follicle",
              "ogle",
              "subscribe",
              "second",
              "mountable",
              "catnap",
              "yummy",
              "frill",
              "take",
              "challenge",
              "voyage",
              "chevy",
              "caravan",
              "busload",
              "boss",
              "irk",
              "selection",
              "surreal",
              "gliding",
              "preset",
              "dastardly",
              "curliness",
              "colossal",
              "litigate",
              "phony",
              "hardly",
              "connected",
              "waviness",
              "capital",
              "carefully",
              "obstruct",
              "carton",
              "rebuttal",
              "underfeed",
              "aqueduct",
              "chomp",
              "kindle",
              "outfield",
              "niece",
              "consult",
              "truth",
              "gloomy",
              "shiftless",
              "robust",
              "hypnotic",
              "stricken",
              "vaguely",
              "buckle",
              "galore",
              "unheard",
              "slum",
              "marathon",
              "portfolio",
              "anchor",
              "prodigy",
              "bonelike",
              "tamper",
              "sharper",
              "chair",
              "hardhead",
              "overfill",
              "lyrically",
              "erratic",
              "schilling",
              "reveler",
              "tabloid",
              "guise",
              "sulfate",
              "activism",
              "lecturer",
              "nanny",
              "overnight",
              "diligent",
              "knelt",
              "refutable",
              "dotted",
              "cosigner",
              "wife",
              "appliance",
              "plutonium",
              "defiant",
              "iphone",
              "outreach",
              "abroad",
              "yoga",
              "singular",
              "uncombed",
              "feline",
              "python",
              "crabbing",
              "sixtieth",
              "gag",
              "erupt",
              "squeegee",
              "juvenile",
              "usher",
              "specked",
              "septum",
              "reissue",
              "fox",
              "undiluted",
              "tattling",
              "conch",
              "hypocrisy",
              "flashy",
              "thousand",
              "gilled",
              "wager",
              "sandbag",
              "crinkle",
              "among",
              "bulb",
              "craving",
              "willing",
              "sincerity",
              "surfer",
              "elated",
              "relapse",
              "moonstone",
              "treading",
              "curse",
              "appease",
              "germinate",
              "crablike",
              "synopsis",
              "snowdrop",
              "railcar",
              "broom",
              "repeal",
              "drastic",
              "ritzy",
              "dexterous",
              "rut",
              "numerous",
              "wiring",
              "scorpion",
              "gorged",
              "clumsy",
              "cognitive",
              "scoured",
              "dirtiness",
              "designer",
              "dealing",
              "unrigged",
              "obsessive",
              "onyx",
              "tweed",
              "unsubtly",
              "brook",
              "overrate",
              "egotistic",
              "mower",
              "coeditor",
              "unexpired",
              "chip",
              "acclaim",
              "copied",
              "uneasy",
              "rope",
              "unrivaled",
              "unchanged",
              "uncross",
              "camcorder",
              "thigh",
              "aerospace",
              "pouring",
              "dullness",
              "trickster",
              "isolation",
              "revert",
              "purse",
              "unsuited",
              "frightful",
              "sardine",
              "output",
              "poem",
              "handgun",
              "ribbon",
              "consumer",
              "nutcase",
              "catapult",
              "happily",
              "jubilant",
              "selected",
              "blasphemy",
              "unwed",
              "sludge",
              "distrust",
              "bullpen",
              "coronary",
              "tactile",
              "abiding",
              "eradicate",
              "exclude",
              "deniable",
              "overcast",
              "deputize",
              "glider",
              "bondless",
              "embark",
              "blunt",
              "dropbox",
              "riveting",
              "outflank",
              "cactus",
              "onlooker",
              "decimeter",
              "slip",
              "treat",
              "decrease",
              "throat",
              "cobalt",
              "freebee",
              "spring",
              "contusion",
              "compacted",
              "exciting",
              "paging",
              "bulginess",
              "decade",
              "precise",
              "swooned",
              "overbid",
              "stream",
              "fried",
              "recount",
              "dad",
              "falcon",
              "ajar",
              "art",
              "twisted",
              "cesarean",
              "handheld",
              "tractor",
              "gulp",
              "unlatch",
              "sandpit",
              "sitcom",
              "shout",
              "singing",
              "subheader",
              "unvarying",
              ""
            ],
            "keepers": null,
            "result": [
              "throat",
              "erupt"
            ],
            "result_count": 2,
            "seed": null
          },
          "sensitive_attributes": [],
          "identity_schema_version": 0
        },
        {
          "index_key": 26,
          "schema_version": 0,
          "attributes": {
            "id": "-",
            "input": [
              "liable",
              "donated",
              "mayday",
              "blooper",
              "pueblo",
              "tantrum",
              "scary",
              "secret",
              "secluded",
              "babied",
              "ignition",
              "unfasten",
              "affirm",
              "margarine",
              "credit",
              "underage",
              "june",
              "licking",
              "approve",
              "overbite",
              "ditto",
              "pavilion",
              "chewy",
              "drivable",
              "favorable",
              "kitchen",
              "wriggly",
              "shape",
              "resistant",
              "unless",
              "backlight",
              "cruelty",
              "empower",
              "freewill",
              "passage",
              "net",
              "retrial",
              "hulk",
              "drizzly",
              "ambitious",
              "banknote",
              "calm",
              "these",
              "outlet",
              "survivor",
              "silenced",
              "fantasy",
              "flogging",
              "aeration",
              "balsamic",
              "antivirus",
              "glowing",
              "setup",
              "unpopular",
              "immobile",
              "divisive",
              "dosage",
              "amicably",
              "follicle",
              "ogle",
              "subscribe",
              "second",
              "mountable",
              "catnap",
              "yummy",
              "frill",
              "take",
              "challenge",
              "voyage",
              "chevy",
              "caravan",
              "busload",
              "boss",
              "irk",
              "selection",
              "surreal",
              "gliding",
              "preset",
              "dastardly",
              "curliness",
              "colossal",
              "litigate",
              "phony",
              "hardly",
              "connected",
              "waviness",
              "capital",
              "carefully",
              "obstruct",
              "carton",
              "rebuttal",
              "underfeed",
              "aqueduct",
              "chomp",
              "kindle",
              "outfield",
              "niece",
              "consult",
              "truth",
              "gloomy",
              "shiftless",
              "robust",
              "hypnotic",
              "stricken",
              "vaguely",
              "buckle",
              "galore",
              "unheard",
              "slum",
              "marathon",
              "portfolio",
              "anchor",
              "prodigy",
              "bonelike",
              "tamper",
              "sharper",
              "chair",
              "hardhead",
              "overfill",
              "lyrically",
              "erratic",
              "schilling",
              "reveler",
              "tabloid",
              "guise",
              "sulfate",
              "activism",
              "lecturer",
              "nanny",
              "overnight",
              "diligent",
              "knelt",
              "refutable",
              "dotted",
              "cosigner",
              "wife",
              "appliance",
              "plutonium",
              "defiant",
              "iphone",
              "outreach",
              "abroad",
              "yoga",
              "singular",
              "uncombed",
              "feline",
              "python",
              "crabbing",
              "sixtieth",
              "gag",
              "erupt",
              "squeegee",
              "juvenile",
              "usher",
              "specked",
              "septum",
              "reissue",
              "fox",
              "undiluted",
              "tattling",
              "conch",
              "hypocrisy",
              "flashy",
              "thousand",
              "gilled",
              "wager",
              "sandbag",
              "crinkle",
              "among",
              "bulb",
              "craving",
              "willing",
              "sincerity",
              "surfer",
              "elated",
              "relapse",
              "moonstone",
              "treading",
              "curse",
              "appease",
              "germinate",
              "crablike",
              "synopsis",
              "snowdrop",
              "railcar",
              "broom",
              "repeal",
              "drastic",
              "ritzy",
              "dexterous",
              "rut",
              "numerous",
              "wiring",
              "scorpion",
              "gorged",
              "clumsy",
              "cognitive",
              "scoured",
              "dirtiness",
              "designer",
              "dealing",
              "unrigged",
              "obsessive",
              "onyx",
              "tweed",
              "unsubtly",
              "brook",
              "overrate",
              "egotistic",
              "mower",
              "coeditor",
              "unexpired",
              "chip",
              "acclaim",
              "copied",
              "uneasy",
              "rope",
              "unrivaled",
              "unchanged",
              "uncross",
              "camcorder",
              "thigh",
              "aerospace",
              "pouring",
              "dullness",
              "trickster",
              "isolation",
              "revert",
              "purse",
              "unsuited",
              "frightful",
              "sardine",
              "output",
              "poem",
              "handgun",
              "ribbon",
              "consumer",
              "nutcase",
              "catapult",
              "happily",
              "jubilant",
              "selected",
              "blasphemy",
              "unwed",
              "sludge",
              "distrust",
              "bullpen",
              "coronary",
              "tactile",
              "abiding",
              "eradicate",
              "exclude",
              "deniable",
              "overcast",
              "deputize",
              "glider",
              "bondless",
              "embark",
              "blunt",
              "dropbox",
              "riveting",
              "outflank",
              "cactus",
              "onlooker",
              "decimeter",
              "slip",
              "treat",
              "decrease",
              "throat",
              "cobalt",
              "freebee",
              "spring",
              "contusion",
              "compacted",
              "exciting",
              "paging",
              "bulginess",
              "decade",
              "precise",
              "swooned",
              "overbid",
              "stream",
              "fried",
              "recount",
              "dad",
              "falcon",
              "ajar",
              "art",
              "twisted",
              "cesarean",
              "handheld",
              "tractor",
              "gulp",
              "unlatch",
              "sandpit",
              "sitcom",
              "shout",
              "singing",
              "subheader",
              "unvarying",
              ""
            ],
            "keepers": null,
            "result": [
              "riveting",
              "compacted"
            ],
            "result_count": 2,
            "seed": null
          },
          "sensitive_attributes": [],
          "identity_schema_version": 0
        },
        {
          "index_key": 27,
          "schema_version": 0,
          "attributes": {
            "id": "-",
            "input": [
              "liable",
              "donated",
              "mayday",
              "blooper",
              "pueblo",
              "tantrum",
              "scary",
              "secret",
              "secluded",
              "babied",
              "ignition",
              "unfasten",
              "affirm",
              "margarine",
              "credit",
              "underage",
              "june",
              "licking",
              "approve",
              "overbite",
              "ditto",
              "pavilion",
              "chewy",
              "drivable",
              "favorable",
              "kitchen",
              "wriggly",
              "shape",
              "resistant",
              "unless",
              "backlight",
              "cruelty",
              "empower",
              "freewill",
              "passage",
              "net",
              "retrial",
              "hulk",
              "drizzly",
              "ambitious",
              "banknote",
              "calm",
              "these",
              "outlet",
              "survivor",
              "silenced",
              "fantasy",
              "flogging",
              "aeration",
              "balsamic",
              "antivirus",
              "glowing",
              "setup",
              "unpopular",
              "immobile",
              "divisive",
              "dosage",
              "amicably",
              "follicle",
              "ogle",
              "subscribe",
              "second",
              "mountable",
              "catnap",
              "yummy",
              "frill",
              "take",
              "challenge",
              "voyage",
              "chevy",
              "caravan",
              "busload",
              "boss",
              "irk",
              "selection",
              "surreal",
              "gliding",
              "preset",
              "dastardly",
              "curliness",
              "colossal",
              "litigate",
              "phony",
              "hardly",
              "connected",
              "waviness",
              "capital",
              "carefully",
              "obstruct",
              "carton",
              "rebuttal",
              "underfeed",
              "aqueduct",
              "chomp",
              "kindle",
              "outfield",
              "niece",
              "consult",
              "truth",
              "gloomy",
              "shiftless",
              "robust",
              "hypnotic",
              "stricken",
              "vaguely",
              "buckle",
              "galore",
              "unheard",
              "slum",
              "marathon",
              "portfolio",
              "anchor",
              "prodigy",
              "bonelike",
              "tamper",
              "sharper",
              "chair",
              "hardhead",
              "overfill",
              "lyrically",
              "erratic",
              "schilling",
              "reveler",
              "tabloid",
              "guise",
              "sulfate",
              "activism",
              "lecturer",
              "nanny",
              "overnight",
              "diligent",
              "knelt",
              "refutable",
              "dotted",
              "cosigner",
              "wife",
              "appliance",
              "plutonium",
              "defiant",
              "iphone",
              "outreach",
              "abroad",
              "yoga",
              "singular",
              "uncombed",
              "feline",
              "python",
              "crabbing",
              "sixtieth",
              "gag",
              "erupt",
              "squeegee",
              "juvenile",
              "usher",
              "specked",
              "septum",
              "reissue",
              "fox",
              "undiluted",
              "tattling",
              "conch",
              "hypocrisy",
              "flashy",
              "thousand",
              "gilled",
              "wager",
              "sandbag",
              "crinkle",
              "among",
              "bulb",
              "craving",
              "willing",
              "sincerity",
              "surfer",
              "elated",
              "relapse",
              "moonstone",
              "treading",
              "curse",
              "appease",
              "germinate",
              "crablike",
              "synopsis",
              "snowdrop",
              "railcar",
              "broom",
              "repeal",
              "drastic",
              "ritzy",
              "dexterous",
              "rut",
              "numerous",
              "wiring",
              "scorpion",
              "gorged",
              "clumsy",
              "cognitive",
              "scoured",
              "dirtiness",
              "designer",
              "dealing",
              "unrigged",
              "obsessive",
              "onyx",
              "tweed",
              "unsubtly",
              "brook",
              "overrate",
              "egotistic",
              "mower",
              "coeditor",
              "unexpired",
              "chip",
              "acclaim",
              "copied",
              "uneasy",
              "rope",
              "unrivaled",
              "unchanged",
              "uncross",
              "camcorder",
              "thigh",
              "aerospace",
              "pouring",
              "dullness",
              "trickster",
              "isolation",
              "revert",
              "purse",
              "unsuited",
              "frightful",
              "sardine",
              "output",
              "poem",
              "handgun",
              "ribbon",
              "consumer",
              "nutcase",
              "catapult",
              "happily",
              "jubilant",
              "selected",
              "blasphemy",
              "unwed",
              "sludge",
              "distrust",
              "bullpen",
              "coronary",
              "tactile",
              "abiding",
              "eradicate",
              "exclude",
              "deniable",
              "overcast",
              "deputize",
              "glider",
              "bondless",
              "embark",
              "blunt",
              "dropbox",
              "riveting",
              "outflank",
              "cactus",
              "onlooker",
              "decimeter",
              "slip",
              "treat",
              "decrease",
              "throat",
              "cobalt",
              "freebee",
              "spring",
              "contusion",
              "compacted",
              "exciting",
              "paging",
              "bulginess",
              "decade",
              "precise",
              "swooned",
              "overbid",
              "stream",
              "fried",
              "recount",
              "dad",
              "falcon",
              "ajar",
              "art",
              "twisted",
              "cesarean",
              "handheld",
              "tractor",
              "gulp",
              "unlatch",
              "sandpit",
              "sitcom",
              "shout",
              "singing",
              "subheader",
              "unvarying",
              ""
            ],
            "keepers": null,
            "result": [
              "ritzy",
              "brook"
            ],
            "result_count": 2,
            "seed": null
          },
          "sensitive_attributes": [],
          "identity_schema_version": 0
        },
        {
          "index_key": 28,
          "schema_version": 0,
          "attributes": {
            "id": "-",
            "input": [
              "liable",
              "donated",
              "mayday",
              "blooper",
              "pueblo",
              "tantrum",
              "scary",
              "secret",
              "secluded",
              "babied",
              "ignition",
              "unfasten",
              "affirm",
              "margarine",
              "credit",
              "underage",
              "june",
              "licking",
              "approve",
              "overbite",
              "ditto",
              "pavilion",
              "chewy",
              "drivable",
              "favorable",
              "kitchen",
              "wriggly",
              "shape",
              "resistant",
              "unless",
              "backlight",
              "cruelty",
              "empower",
              "freewill",
              "passage",
              "net",
              "retrial",
              "hulk",
              "drizzly",
              "ambitious",
              "banknote",
              "calm",
              "these",
              "outlet",
              "survivor",
              "silenced",
              "fantasy",
              "flogging",
              "aeration",
              "balsamic",
              "antivirus",
              "glowing",
              "setup",
              "unpopular",
              "immobile",
              "divisive",
              "dosage",
              "amicably",
              "follicle",
              "ogle",
              "subscribe",
              "second",
              "mountable",
              "catnap",
              "yummy",
              "frill",
              "take",
              "challenge",
              "voyage",
              "chevy",
              "caravan",
              "busload",
              "boss",
              "irk",
              "selection",
              "surreal",
              "gliding",
              "preset",
              "dastardly",
              "curliness",
              "colossal",
              "litigate",
              "phony",
              "hardly",
              "connected",
              "waviness",
              "capital",
              "carefully",
              "obstruct",
              "carton",
              "rebuttal",
              "underfeed",
              "aqueduct",
              "chomp",
              "kindle",
              "outfield",
              "niece",
              "consult",
              "truth",
              "gloomy",
              "shiftless",
              "robust",
              "hypnotic",
              "stricken",
              "vaguely",
              "buckle",
              "galore",
              "unheard",
              "slum",
              "marathon",
              "portfolio",
              "anchor",
              "prodigy",
              "bonelike",
              "tamper",
              "sharper",
              "chair",
              "hardhead",
              "overfill",
              "lyrically",
              "erratic",
              "schilling",
              "reveler",
              "tabloid",
              "guise",
              "sulfate",
              "activism",
              "lecturer",
              "nanny",
              "overnight",
              "diligent",
              "knelt",
              "refutable",
              "dotted",
              "cosigner",
              "wife",
              "appliance",
              "plutonium",
              "defiant",
              "iphone",
              "outreach",
              "abroad",
              "yoga",
              "singular",
              "uncombed",
              "feline",
              "python",
              "crabbing",
              "sixtieth",
              "gag",
              "erupt",
              "squeegee",
              "juvenile",
              "usher",
              "specked",
              "septum",
              "reissue",
              "fox",
              "undiluted",
              "tattling",
              "conch",
              "hypocrisy",
              "flashy",
              "thousand",
              "gilled",
              "wager",
              "sandbag",
              "crinkle",
              "among",
              "bulb",
              "craving",
              "willing",
              "sincerity",
              "surfer",
              "elated",
              "relapse",
              "moonstone",
              "treading",
              "curse",
              "appease",
              "germinate",
              "crablike",
              "synopsis",
              "snowdrop",
              "railcar",
              "broom",
              "repeal",
              "drastic",
              "ritzy",
              "dexterous",
              "rut",
              "numerous",
              "wiring",
              "scorpion",
              "gorged",
              "clumsy",
              "cognitive",
              "scoured",
              "dirtiness",
              "designer",
              "dealing",
              "unrigged",
              "obsessive",
              "onyx",
              "tweed",
              "unsubtly",
              "brook",
              "overrate",
              "egotistic",
              "mower",
              "coeditor",
              "unexpired",
              "chip",
              "acclaim",
              "copied",
              "uneasy",
              "rope",
              "unrivaled",
              "unchanged",
              "uncross",
              "camcorder",
              "thigh",
              "aerospace",
              "pouring",
              "dullness",
              "trickster",
              "isolation",
              "revert",
              "purse",
              "unsuited",
              "frightful",
              "sardine",
              "output",
              "poem",
              "handgun",
              "ribbon",
              "consumer",
              "nutcase",
              "catapult",
              "happily",
              "jubilant",
              "selected",
              "blasphemy",
              "unwed",
              "sludge",
              "distrust",
              "bullpen",
              "coronary",
              "tactile",
              "abiding",
              "eradicate",
              "exclude",
              "deniable",
              "overcast",
              "deputize",
              "glider",
              "bondless",
              "embark",
              "blunt",
              "dropbox",
              "riveting",
              "outflank",
              "cactus",
              "onlooker",
              "decimeter",
              "slip",
              "treat",
              "decrease",
              "throat",
              "cobalt",
              "freebee",
              "spring",
              "contusion",
              "compacted",
              "exciting",
              "paging",
              "bulginess",
              "decade",
              "precise",
              "swooned",
              "overbid",
              "stream",
              "fried",
              "recount",
              "dad",
              "falcon",
              "ajar",
              "art",
              "twisted",
              "cesarean",
              "handheld",
              "tractor",
              "gulp",
              "unlatch",
              "sandpit",
              "sitcom",
              "shout",
              "singing",
              "subheader",
              "unvarying",
              ""
            ],
            "keepers": null,
            "result": [
              "secluded",
              "curse"
            ],
            "result_count": 2,
            "seed": null
          },
          "sensitive_attributes": [],
          "identity_schema_version": 0
        },
        {
          "index_key": 29,
          "schema_version": 0,
          "attributes": {
            "id": "-",
            "input": [
              "liable",
              "donated",
              "mayday",
              "blooper",
              "pueblo",
              "tantrum",
              "scary",
              "secret",
              "secluded",
              "babied",
              "ignition",
              "unfasten",
              "affirm",
              "margarine",
              "credit",
              "underage",
              "june",
              "licking",
              "approve",
              "overbite",
              "ditto",
              "pavilion",
              "chewy",
              "drivable",
              "favorable",
              "kitchen",
              "wriggly",
              "shape",
              "resistant",
              "unless",
              "backlight",
              "cruelty",
              "empower",
              "freewill",
              "passage",
              "net",
              "retrial",
              "hulk",
              "drizzly",
              "ambitious",
              "banknote",
              "calm",
              "these",
              "outlet",
              "survivor",
              "silenced",
              "fantasy",
              "flogging",
              "aeration",
              "balsamic",
              "antivirus",
              "glowing",
              "setup",
              "unpopular",
              "immobile",
              "divisive",
              "dosage",
              "amicably",
              "follicle",
              "ogle",
              "subscribe",
              "second",
              "mountable",
              "catnap",
              "yummy",
              "frill",
              "take",
              "challenge",
              "voyage",
              "chevy",
              "caravan",
              "busload",
              "boss",
              "irk",
              "selection",
              "surreal",
              "gliding",
              "preset",
              "dastardly",
              "curliness",
              "colossal",
              "litigate",
              "phony",
              "hardly",
              "connected",
              "waviness",
              "capital",
              "carefully",
              "obstruct",
              "carton",
              "rebuttal",
              "underfeed",
              "aqueduct",
              "chomp",
              "kindle",
              "outfield",
              "niece",
              "consult",
              "truth",
              "gloomy",
              "shiftless",
              "robust",
              "hypnotic",
              "stricken",
              "vaguely",
              "buckle",
              "galore",
              "unheard",
              "slum",
              "marathon",
              "portfolio",
              "anchor",
              "prodigy",
              "bonelike",
              "tamper",
              "sharper",
              "chair",
              "hardhead",
              "overfill",
              "lyrically",
              "erratic",
              "schilling",
              "reveler",
              "tabloid",
              "guise",
              "sulfate",
              "activism",
              "lecturer",
              "nanny",
              "overnight",
              "diligent",
              "knelt",
              "refutable",
              "dotted",
              "cosigner",
              "wife",
              "appliance",
              "plutonium",
              "defiant",
              "iphone",
              "outreach",
              "abroad",
              "yoga",
              "singular",
              "uncombed",
              "feline",
              "python",
              "crabbing",
              "sixtieth",
              "gag",
              "erupt",
              "squeegee",
              "juvenile",
              "usher",
              "specked",
              "septum",
              "reissue",
              "fox",
              "undiluted",
              "tattling",
              "conch",
              "hypocrisy",
              "flashy",
              "thousand",
              "gilled",
              "wager",
              "sandbag",
              "crinkle",
              "among",
              "bulb",
              "craving",
              "willing",
              "sincerity",
              "surfer",
              "elated",
              "relapse",
              "moonstone",
              "treading",
              "curse",
              "appease",
              "germinate",
              "crablike",
              "synopsis",
              "snowdrop",
              "railcar",
              "broom",
              "repeal",
              "drastic",
              "ritzy",
              "dexterous",
              "rut",
              "numerous",
              "wiring",
              "scorpion",
              "gorged",
              "clumsy",
              "cognitive",
              "scoured",
              "dirtiness",
              "designer",
              "dealing",
              "unrigged",
              "obsessive",
              "onyx",
              "tweed",
              "unsubtly",
              "brook",
              "overrate",
              "egotistic",
              "mower",
              "coeditor",
              "unexpired",
              "chip",
              "acclaim",
              "copied",
              "uneasy",
              "rope",
              "unrivaled",
              "unchanged",
              "uncross",
              "camcorder",
              "thigh",
              "aerospace",
              "pouring",
              "dullness",
              "trickster",
              "isolation",
              "revert",
              "purse",
              "unsuited",
              "frightful",
              "sardine",
              "output",
              "poem",
              "handgun",
              "ribbon",
              "consumer",
              "nutcase",
              "catapult",
              "happily",
              "jubilant",
              "selected",
              "blasphemy",
              "unwed",
              "sludge",
              "distrust",
              "bullpen",
              "coronary",
              "tactile",
              "abiding",
              "eradicate",
              "exclude",
              "deniable",
              "overcast",
              "deputize",
              "glider",
              "bondless",
              "embark",
              "blunt",
              "dropbox",
              "riveting",
              "outflank",
              "cactus",
              "onlooker",
              "decimeter",
              "slip",
              "treat",
              "decrease",
              "throat",
              "cobalt",
              "freebee",
              "spring",
              "contusion",
              "compacted",
              "exciting",
              "paging",
              "bulginess",
              "decade",
              "precise",
              "swooned",
              "overbid",
              "stream",
              "fried",
              "recount",
              "dad",
              "falcon",
              "ajar",
              "art",
              "twisted",
              "cesarean",
              "handheld",
              "tractor",
              "gulp",
              "unlatch",
              "sandpit",
              "sitcom",
              "shout",
              "singing",
              "subheader",
              "unvarying",
              ""
            ],
            "keepers": null,
            "result": [
              "camcorder",
              "sixtieth"
            ],
            "result_count": 2,
            "seed": null
          },
          "sensitive_attributes": [],
          "identity_schema_version": 0
        },
        {
          "index_key": 30,
          "schema_version": 0,
          "attributes": {
            "id": "-",
            "input": [
              "liable",
              "donated",
              "mayday",
              "blooper",
              "pueblo",
              "tantrum",
              "scary",
              "secret",
              "secluded",
              "babied",
              "ignition",
              "unfasten",
              "affirm",
              "margarine",
              "credit",
              "underage",
              "june",
              "licking",
              "approve",
              "overbite",
              "ditto",
              "pavilion",
              "chewy",
              "drivable",
              "favorable",
              "kitchen",
              "wriggly",
              "shape",
              "resistant",
              "unless",
              "backlight",
              "cruelty",
              "empower",
              "freewill",
              "passage",
              "net",
              "retrial",
              "hulk",
              "drizzly",
              "ambitious",
              "banknote",
              "calm",
              "these",
              "outlet",
              "survivor",
              "silenced",
              "fantasy",
              "flogging",
              "aeration",
              "balsamic",
              "antivirus",
              "glowing",
              "setup",
              "unpopular",
              "immobile",
              "divisive",
              "dosage",
              "amicably",
              "follicle",
              "ogle",
              "subscribe",
              "second",
              "mountable",
              "catnap",
              "yummy",
              "frill",
              "take",
              "challenge",
              "voyage",
              "chevy",
              "caravan",
              "busload",
              "boss",
              "irk",
              "selection",
              "surreal",
              "gliding",
              "preset",
              "dastardly",
              "curliness",
              "colossal",
              "litigate",
              "phony",
              "hardly",
              "connected",
              "waviness",
              "capital",
              "carefully",
              "obstruct",
              "carton",
              "rebuttal",
              "underfeed",
              "aqueduct",
              "chomp",
              "kindle",
              "outfield",
              "niece",
              "consult",
              "truth",
              "gloomy",
              "shiftless",
              "robust",
              "hypnotic",
              "stricken",
              "vaguely",
              "buckle",
              "galore",
              "unheard",
              "slum",
              "marathon",
              "portfolio",
              "anchor",
              "prodigy",
              "bonelike",
              "tamper",
              "sharper",
              "chair",
              "hardhead",
              "overfill",
              "lyrically",
              "erratic",
              "schilling",
              "reveler",
              "tabloid",
              "guise",
              "sulfate",
              "activism",
              "lecturer",
              "nanny",
              "overnight",
              "diligent",
              "knelt",
              "refutable",
              "dotted",
              "cosigner",
              "wife",
              "appliance",
              "plutonium",
              "defiant",
              "iphone",
              "outreach",
              "abroad",
              "yoga",
              "singular",
              "uncombed",
              "feline",
              "python",
              "crabbing",
              "sixtieth",
              "gag",
              "erupt",
              "squeegee",
              "juvenile",
              "usher",
              "specked",
              "septum",
              "reissue",
              "fox",
              "undiluted",
              "tattling",
              "conch",
              "hypocrisy",
              "flashy",
              "thousand",
              "gilled",
              "wager",
              "sandbag",
              "crinkle",
              "among",
              "bulb",
              "craving",
              "willing",
              "sincerity",
              "surfer",
              "elated",
              "relapse",
              "moonstone",
              "treading",
              "curse",
              "appease",
              "germinate",
              "crablike",
              "synopsis",
              "snowdrop",
              "railcar",
              "broom",
              "repeal",
              "drastic",
              "ritzy",
              "dexterous",
              "rut",
              "numerous",
              "wiring",
              "scorpion",
              "gorged",
              "clumsy",
              "cognitive",
              "scoured",
              "dirtiness",
              "designer",
              "dealing",
              "unrigged",
              "obsessive",
              "onyx",
              "tweed",
              "unsubtly",
              "brook",
              "overrate",
              "egotistic",
              "mower",
              "coeditor",
              "unexpired",
              "chip",
              "acclaim",
              "copied",
              "uneasy",
              "rope",
              "unrivaled",
              "unchanged",
              "uncross",
              "camcorder",
              "thigh",
              "aerospace",
              "pouring",
              "dullness",
              "trickster",
              "isolation",
              "revert",
              "purse",
              "unsuited",
              "frightful",
              "sardine",
              "output",
              "poem",
              "handgun",
              "ribbon",
              "consumer",
              "nutcase",
              "catapult",
              "happily",
              "jubilant",
              "selected",
              "blasphemy",
              "unwed",
              "sludge",
              "distrust",
              "bullpen",
              "coronary",
              "tactile",
              "abiding",
              "eradicate",
              "exclude",
              "deniable",
              "overcast",
              "deputize",
              "glider",
              "bondless",
              "embark",
              "blunt",
              "dropbox",
              "riveting",
              "outflank",
              "cactus",
              "onlooker",
              "decimeter",
              "slip",
              "treat",
              "decrease",
              "throat",
              "cobalt",
              "freebee",
              "spring",
              "contusion",
              "compacted",
              "exciting",
              "paging",
              "bulginess",
              "decade",
              "precise",
              "swooned",
              "overbid",
              "stream",
              "fried",
              "recount",
              "dad",
              "falcon",
              "ajar",
              "art",
              "twisted",
              "cesarean",
              "handheld",
              "tractor",
              "gulp",
              "unlatch",
              "sandpit",
              "sitcom",
              "shout",
              "singing",
              "subheader",
              "unvarying",
              ""
            ],
            "keepers": null,
            "result": [
              "onlooker",
              "sandbag"
            ],
            "result_count": 2,
            "seed": null
          },
          "sensitive_attributes": [],
          "identity_schema_version": 0
        },
        {
          "index_key": 31,
          "schema_version": 0,
          "attributes": {
            "id": "-",
            "input": [
              "liable",
              "donated",
              "mayday",
              "blooper",
              "pueblo",
              "tantrum",
              "scary",
              "secret",
              "secluded",
              "babied",
              "ignition",
              "unfasten",
              "affirm",
              "margarine",
              "credit",
              "underage",
              "june",
              "licking",
              "approve",
              "overbite",
              "ditto",
              "pavilion",
              "chewy",
              "drivable",
              "favorable",
              "kitchen",
              "wriggly",
              "shape",
              "resistant",
              "unless",
              "backlight",
              "cruelty",
              "empower",
              "freewill",
              "passage",
              "net",
              "retrial",
              "hulk",
              "drizzly",
              "ambitious",
              "banknote",
              "calm",
              "these",
              "outlet",
              "survivor",
              "silenced",
              "fantasy",
              "flogging",
              "aeration",
              "balsamic",
              "antivirus",
              "glowing",
              "setup",
              "unpopular",
              "immobile",
              "divisive",
              "dosage",
              "amicably",
              "follicle",
              "ogle",
              "subscribe",
              "second",
              "mountable",
              "catnap",
              "yummy",
              "frill",
              "take",
              "challenge",
              "voyage",
              "chevy",
              "caravan",
              "busload",
              "boss",
              "irk",
              "selection",
              "surreal",
              "gliding",
              "preset",
              "dastardly",
              "curliness",
              "colossal",
              "litigate",
              "phony",
              "hardly",
              "connected",
              "waviness",
              "capital",
              "carefully",
              "obstruct",
              "carton",
              "rebuttal",
              "underfeed",
              "aqueduct",
              "chomp",
              "kindle",
              "outfield",
              "niece",
              "consult",
              "truth",
              "gloomy",
              "shiftless",
              "robust",
              "hypnotic",
              "stricken",
              "vaguely",
              "buckle",
              "galore",
              "unheard",
              "slum",
              "marathon",
              "portfolio",
              "anchor",
              "prodigy",
              "bonelike",
              "tamper",
              "sharper",
              "chair",
              "hardhead",
              "overfill",
              "lyrically",
              "erratic",
              "schilling",
              "reveler",
              "tabloid",
              "guise",
              "sulfate",
              "activism",
              "lecturer",
              "nanny",
              "overnight",
              "diligent",
              "knelt",
              "refutable",
              "dotted",
              "cosigner",
              "wife",
              "appliance",
              "plutonium",
              "defiant",
              "iphone",
              "outreach",
              "abroad",
              "yoga",
              "singular",
              "uncombed",
              "feline",
              "python",
              "crabbing",
              "sixtieth",
              "gag",
              "erupt",
              "squeegee",
              "juvenile",
              "usher",
              "specked",
              "septum",
              "reissue",
              "fox",
              "undiluted",
              "tattling",
              "conch",
              "hypocrisy",
              "flashy",
              "thousand",
              "gilled",
              "wager",
              "sandbag",
              "crinkle",
              "among",
              "bulb",
              "craving",
              "willing",
              "sincerity",
              "surfer",
              "elated",
              "relapse",
              "moonstone",
              "treading",
              "curse",
              "appease",
              "germinate",
              "crablike",
              "synopsis",
              "snowdrop",
              "railcar",
              "broom",
              "repeal",
              "drastic",
              "ritzy",
              "dexterous",
              "rut",
              "numerous",
              "wiring",
              "scorpion",
              "gorged",
              "clumsy",
              "cognitive",
              "scoured",
              "dirtiness",
              "designer",
              "dealing",
              "unrigged",
              "obsessive",
              "onyx",
              "tweed",
              "unsubtly",
              "brook",
              "overrate",
              "egotistic",
              "mower",
              "coeditor",
              "unexpired",
              "chip",
              "acclaim",
              "copied",
              "uneasy",
              "rope",
              "unrivaled",
              "unchanged",
              "uncross",
              "camcorder",
              "thigh",
              "aerospace",
              "pouring",
              "dullness",
              "trickster",
              "isolation",
              "revert",
              "purse",
              "unsuited",
              "frightful",
              "sardine",
              "output",
              "poem",
              "handgun",
              "ribbon",
              "consumer",
              "nutcase",
              "catapult",
              "happily",
              "jubilant",
              "selected",
              "blasphemy",
              "unwed",
              "sludge",
              "distrust",
              "bullpen",
              "coronary",
              "tactile",
              "abiding",
              "eradicate",
              "exclude",
              "deniable",
              "overcast",
              "deputize",
              "glider",
              "bondless",
              "embark",
              "blunt",
              "dropbox",
              "riveting",
              "outflank",
              "cactus",
              "onlooker",
              "decimeter",
              "slip",
              "treat",
              "decrease",
              "throat",
              "cobalt",
              "freebee",
              "spring",
              "contusion",
              "compacted",
              "exciting",
              "paging",
              "bulginess",
              "decade",
              "precise",
              "swooned",
              "overbid",
              "stream",
              "fried",
              "recount",
              "dad",
              "falcon",
              "ajar",
              "art",
              "twisted",
              "cesarean",
              "handheld",
              "tractor",
              "gulp",
              "unlatch",
              "sandpit",
              "sitcom",
              "shout",
              "singing",
              "subheader",
              "unvarying",
              ""
            ],
            "keepers": null,
            "result": [
              "onyx",
              "jubilant"
            ],
            "result_count": 2,
            "seed": null
          },
          "sensitive_attributes": [],
          "identity_schema_version": 0
        },
        {
          "index_key": 32,
          "schema_version": 0,
          "attributes": {
            "id": "-",
            "input": [
              "liable",
              "donated",
              "mayday",
              "blooper",
              "pueblo",
              "tantrum",
              "scary",
              "secret",
              "secluded",
              "babied",
              "ignition",
              "unfasten",
              "affirm",
              "margarine",
              "credit",
              "underage",
              "june",
              "licking",
              "approve",
              "overbite",
              "ditto",
              "pavilion",
              "chewy",
              "drivable",
              "favorable",
              "kitchen",
              "wriggly",
              "shape",
              "resistant",
              "unless",
              "backlight",
              "cruelty",
              "empower",
              "freewill",
              "passage",
              "net",
              "retrial",
              "hulk",
              "drizzly",
              "ambitious",
              "banknote",
              "calm",
              "these",
              "outlet",
              "survivor",
              "silenced",
              "fantasy",
              "flogging",
              "aeration",
              "balsamic",
              "antivirus",
              "glowing",
              "setup",
              "unpopular",
              "immobile",
              "divisive",
              "dosage",
              "amicably",
              "follicle",
              "ogle",
              "subscribe",
              "second",
              "mountable",
              "catnap",
              "yummy",
              "frill",
              "take",
              "challenge",
              "voyage",
              "chevy",
              "caravan",
              "busload",
              "boss",
              "irk",
              "selection",
              "surreal",
              "gliding",
              "preset",
              "dastardly",
              "curliness",
              "colossal",
              "litigate",
              "phony",
              "hardly",
              "connected",
              "waviness",
              "capital",
              "carefully",
              "obstruct",
              "carton",
              "rebuttal",
              "underfeed",
              "aqueduct",
              "chomp",
              "kindle",
              "outfield",
              "niece",
              "consult",
              "truth",
              "gloomy",
              "shiftless",
              "robust",
              "hypnotic",
              "stricken",
              "vaguely",
              "buckle",
              "galore",
              "unheard",
              "slum",
              "marathon",
              "portfolio",
              "anchor",
              "prodigy",
              "bonelike",
              "tamper",
              "sharper",
              "chair",
              "hardhead",
              "overfill",
              "lyrically",
              "erratic",
              "schilling",
              "reveler",
              "tabloid",
              "guise",
              "sulfate",
              "activism",
              "lecturer",
              "nanny",
              "overnight",
              "diligent",
              "knelt",
              "refutable",
              "dotted",
              "cosigner",
              "wife",
              "appliance",
              "plutonium",
              "defiant",
              "iphone",
              "outreach",
              "abroad",
              "yoga",
              "singular",
              "uncombed",
              "feline",
              "python",
              "crabbing",
              "sixtieth",
              "gag",
              "erupt",
              "squeegee",
              "juvenile",
              "usher",
              "specked",
              "septum",
              "reissue",
              "fox",
              "undiluted",
              "tattling",
              "conch",
              "hypocrisy",
              "flashy",
              "thousand",
              "gilled",
              "wager",
              "sandbag",
              "crinkle",
              "among",
              "bulb",
              "craving",
              "willing",
              "sincerity",
              "surfer",
              "elated",
              "relapse",
              "moonstone",
              "treading",
              "curse",
              "appease",
              "germinate",
              "crablike",
              "synopsis",
              "snowdrop",
              "railcar",
              "broom",
              "repeal",
              "drastic",
              "ritzy",
              "dexterous",
              "rut",
              "numerous",
              "wiring",
              "scorpion",
              "gorged",
              "clumsy",
              "cognitive",
              "scoured",
              "dirtiness",
              "designer",
              "dealing",
              "unrigged",
              "obsessive",
              "onyx",
              "tweed",
              "unsubtly",
              "brook",
              "overrate",
              "egotistic",
              "mower",
              "coeditor",
              "unexpired",
              "chip",
              "acclaim",
              "copied",
              "uneasy",
              "rope",
              "unrivaled",
              "unchanged",
              "uncross",
              "camcorder",
              "thigh",
              "aerospace",
              "pouring",
              "dullness",
              "trickster",
              "isolation",
              "revert",
              "purse",
              "unsuited",
              "frightful",
              "sardine",
              "output",
              "poem",
              "handgun",
              "ribbon",
              "consumer",
              "nutcase",
              "catapult",
              "happily",
              "jubilant",
              "selected",
              "blasphemy",
              "unwed",
              "sludge",
              "distrust",
              "bullpen",
              "coronary",
              "tactile",
              "abiding",
              "eradicate",
              "exclude",
              "deniable",
              "overcast",
              "deputize",
              "glider",
              "bondless",
              "embark",
              "blunt",
              "dropbox",
              "riveting",
              "outflank",
              "cactus",
              "onlooker",
              "decimeter",
              "slip",
              "treat",
              "decrease",
              "throat",
              "cobalt",
              "freebee",
              "spring",
              "contusion",
              "compacted",
              "exciting",
              "paging",
              "bulginess",
              "decade",
              "precise",
              "swooned",
              "overbid",
              "stream",
              "fried",
              "recount",
              "dad",
              "falcon",
              "ajar",
              "art",
              "twisted",
              "cesarean",
              "handheld",
              "tractor",
              "gulp",
              "unlatch",
              "sandpit",
              "sitcom",
              "shout",
              "singing",
              "subheader",
              "unvarying",
              ""
            ],
            "keepers": null,
            "result": [
              "poem",
              "immobile"
            ],
            "result_count": 2,
            "seed": null
          },
          "sensitive_attributes": [],
          "identity_schema_version": 0
        },
        {
          "index_key": 33,
          "schema_version": 0,
          "attributes": {
            "id": "-",
            "input": [
              "liable",
              "donated",
              "mayday",
              "blooper",
              "pueblo",
              "tantrum",
              "scary",
              "secret",
              "secluded",
              "babied",
              "ignition",
              "unfasten",
              "affirm",
              "margarine",
              "credit",
              "underage",
              "june",
              "licking",
              "approve",
              "overbite",
              "ditto",
              "pavilion",
              "chewy",
              "drivable",
              "favorable",
              "kitchen",
              "wriggly",
              "shape",
              "resistant",
              "unless",
              "backlight",
              "cruelty",
              "empower",
              "freewill",
              "passage",
              "net",
              "retrial",
              "hulk",
              "drizzly",
              "ambitious",
              "banknote",
              "calm",
              "these",
              "outlet",
              "survivor",
              "silenced",
              "fantasy",
              "flogging",
              "aeration",
              "balsamic",
              "antivirus",
              "glowing",
              "setup",
              "unpopular",
              "immobile",
              "divisive",
              "dosage",
              "amicably",
              "follicle",
              "ogle",
              "subscribe",
              "second",
              "mountable",
              "catnap",
              "yummy",
              "frill",
              "take",
              "challenge",
              "voyage",
              "chevy",
              "caravan",
              "busload",
              "boss",
              "irk",
              "selection",
              "surreal",
              "gliding",
              "preset",
              "dastardly",
              "curliness",
              "colossal",
              "litigate",
              "phony",
              "hardly",
              "connected",
              "waviness",
              "capital",
              "carefully",
              "obstruct",
              "carton",
              "rebuttal",
              "underfeed",
              "aqueduct",
              "chomp",
              "kindle",
              "outfield",
              "niece",
              "consult",
              "truth",
              "gloomy",
              "shiftless",
              "robust",
              "hypnotic",
              "stricken",
              "vaguely",
              "buckle",
              "galore",
              "unheard",
              "slum",
              "marathon",
              "portfolio",
              "anchor",
              "prodigy",
              "bonelike",
              "tamper",
              "sharper",
              "chair",
              "hardhead",
              "overfill",
              "lyrically",
              "erratic",
              "schilling",
              "reveler",
              "tabloid",
              "guise",
              "sulfate",
              "activism",
              "lecturer",
              "nanny",
              "overnight",
              "diligent",
              "knelt",
              "refutable",
              "dotted",
              "cosigner",
              "wife",
              "appliance",
              "plutonium",
              "defiant",
              "iphone",
              "outreach",
              "abroad",
              "yoga",
              "singular",
              "uncombed",
              "feline",
              "python",
              "crabbing",
              "sixtieth",
              "gag",
              "erupt",
              "squeegee",
              "juvenile",
              "usher",
              "specked",
              "septum",
              "reissue",
              "fox",
              "undiluted",
              "tattling",
              "conch",
              "hypocrisy",
              "flashy",
              "thousand",
              "gilled",
              "wager",
              "sandbag",
              "crinkle",
              "among",
              "bulb",
              "craving",
              "willing",
              "sincerity",
              "surfer",
              "elated",
              "relapse",
              "moonstone",
              "treading",
              "curse",
              "appease",
              "germinate",
              "crablike",
              "synopsis",
              "snowdrop",
              "railcar",
              "broom",
              "repeal",
              "drastic",
              "ritzy",
              "dexterous",
              "rut",
              "numerous",
              "wiring",
              "scorpion",
              "gorged",
              "clumsy",
              "cognitive",
              "scoured",
              "dirtiness",
              "designer",
              "dealing",
              "unrigged",
              "obsessive",
              "onyx",
              "tweed",
              "unsubtly",
              "brook",
              "overrate",
              "egotistic",
              "mower",
              "coeditor",
              "unexpired",
              "chip",
              "acclaim",
              "copied",
              "uneasy",
              "rope",
              "unrivaled",
              "unchanged",
              "uncross",
              "camcorder",
              "thigh",
              "aerospace",
              "pouring",
              "dullness",
              "trickster",
              "isolation",
              "revert",
              "purse",
              "unsuited",
              "frightful",
              "sardine",
              "output",
              "poem",
              "handgun",
              "ribbon",
              "consumer",
              "nutcase",
              "catapult",
              "happily",
              "jubilant",
              "selected",
              "blasphemy",
              "unwed",
              "sludge",
              "distrust",
              "bullpen",
              "coronary",
              "tactile",
              "abiding",
              "eradicate",
              "exclude",
              "deniable",
              "overcast",
              "deputize",
              "glider",
              "bondless",
              "embark",
              "blunt",
              "dropbox",
              "riveting",
              "outflank",
              "cactus",
              "onlooker",
              "decimeter",
              "slip",
              "treat",
              "decrease",
              "throat",
              "cobalt",
              "freebee",
              "spring",
              "contusion",
              "compacted",
              "exciting",
              "paging",
              "bulginess",
              "decade",
              "precise",
              "swooned",
              "overbid",
              "stream",
              "fried",
              "recount",
              "dad",
              "falcon",
              "ajar",
              "art",
              "twisted",
              "cesarean",
              "handheld",
              "tractor",
              "gulp",
              "unlatch",
              "sandpit",
              "sitcom",
              "shout",
              "singing",
              "subheader",
              "unvarying",
              ""
            ],
            "keepers": null,
            "result": [
              "coronary",
              "truth"
            ],
            "result_count": 2,
            "seed": null
          },
          "sensitive_attributes": [],
          "identity_schema_version": 0
        },
        {
          "index_key": 34,
          "schema_version": 0,
          "attributes": {
            "id": "-",
            "input": [
              "liable",
              "donated",
              "mayday",
              "blooper",
              "pueblo",
              "tantrum",
              "scary",
              "secret",
              "secluded",
              "babied",
              "ignition",
              "unfasten",
              "affirm",
              "margarine",
              "credit",
              "underage",
              "june",
              "licking",
              "approve",
              "overbite",
              "ditto",
              "pavilion",
              "chewy",
              "drivable",
              "favorable",
              "kitchen",
              "wriggly",
              "shape",
              "resistant",
              "unless",
              "backlight",
              "cruelty",
              "empower",
              "freewill",
              "passage",
              "net",
              "retrial",
              "hulk",
              "drizzly",
              "ambitious",
              "banknote",
              "calm",
              "these",
              "outlet",
              "survivor",
              "silenced",
              "fantasy",
              "flogging",
              "aeration",
              "balsamic",
              "antivirus",
              "glowing",
              "setup",
              "unpopular",
              "immobile",
              "divisive",
              "dosage",
              "amicably",
              "follicle",
              "ogle",
              "subscribe",
              "second",
              "mountable",
              "catnap",
              "yummy",
              "frill",
              "take",
              "challenge",
              "voyage",
              "chevy",
              "caravan",
              "busload",
              "boss",
              "irk",
              "selection",
              "surreal",
              "gliding",
              "preset",
              "dastardly",
              "curliness",
              "colossal",
              "litigate",
              "phony",
              "hardly",
              "connected",
              "waviness",
              "capital",
              "carefully",
              "obstruct",
              "carton",
              "rebuttal",
              "underfeed",
              "aqueduct",
              "chomp",
              "kindle",
              "outfield",
              "niece",
              "consult",
              "truth",
              "gloomy",
              "shiftless",
              "robust",
              "hypnotic",
              "stricken",
              "vaguely",
              "buckle",
              "galore",
              "unheard",
              "slum",
              "marathon",
              "portfolio",
              "anchor",
              "prodigy",
              "bonelike",
              "tamper",
              "sharper",
              "chair",
              "hardhead",
              "overfill",
              "lyrically",
              "erratic",
              "schilling",
              "reveler",
              "tabloid",
              "guise",
              "sulfate",
              "activism",
              "lecturer",
              "nanny",
              "overnight",
              "diligent",
              "knelt",
              "refutable",
              "dotted",
              "cosigner",
              "wife",
              "appliance",
              "plutonium",
              "defiant",
              "iphone",
              "outreach",
              "abroad",
              "yoga",
              "singular",
              "uncombed",
              "feline",
              "python",
              "crabbing",
              "sixtieth",
              "gag",
              "erupt",
              "squeegee",
              "juvenile",
              "usher",
              "specked",
              "septum",
              "reissue",
              "fox",
              "undiluted",
              "tattling",
              "conch",
              "hypocrisy",
              "flashy",
              "thousand",
              "gilled",
              "wager",
              "sandbag",
              "crinkle",
              "among",
              "bulb",
              "craving",
              "willing",
              "sincerity",
              "surfer",
              "elated",
              "relapse",
              "moonstone",
              "treading",
              "curse",
              "appease",
              "germinate",
              "crablike",
              "synopsis",
              "snowdrop",
              "railcar",
              "broom",
              "repeal",
              "drastic",
              "ritzy",
              "dexterous",
              "rut",
              "numerous",
              "wiring",
              "scorpion",
              "gorged",
              "clumsy",
              "cognitive",
              "scoured",
              "dirtiness",
              "designer",
              "dealing",
              "unrigged",
              "obsessive",
              "onyx",
              "tweed",
              "unsubtly",
              "brook",
              "overrate",
              "egotistic",
              "mower",
              "coeditor",
              "unexpired",
              "chip",
              "acclaim",
              "copied",
              "uneasy",
              "rope",
              "unrivaled",
              "unchanged",
              "uncross",
              "camcorder",
              "thigh",
              "aerospace",
              "pouring",
              "dullness",
              "trickster",
              "isolation",
              "revert",
              "purse",
              "unsuited",
              "frightful",
              "sardine",
              "output",
              "poem",
              "handgun",
              "ribbon",
              "consumer",
              "nutcase",
              "catapult",
              "happily",
              "jubilant",
              "selected",
              "blasphemy",
              "unwed",
              "sludge",
              "distrust",
              "bullpen",
              "coronary",
              "tactile",
              "abiding",
              "eradicate",
              "exclude",
              "deniable",
              "overcast",
              "deputize",
              "glider",
              "bondless",
              "embark",
              "blunt",
              "dropbox",
              "riveting",
              "outflank",
              "cactus",
              "onlooker",
              "decimeter",
              "slip",
              "treat",
              "decrease",
              "throat",
              "cobalt",
              "freebee",
              "spring",
              "contusion",
              "compacted",
              "exciting",
              "paging",
              "bulginess",
              "decade",
              "precise",
              "swooned",
              "overbid",
              "stream",
              "fried",
              "recount",
              "dad",
              "falcon",
              "ajar",
              "art",
              "twisted",
              "cesarean",
              "handheld",
              "tractor",
              "gulp",
              "unlatch",
              "sandpit",
              "sitcom",
              "shout",
              "singing",
              "subheader",
              "unvarying",
              ""
            ],
            "keepers": null,
            "result": [
              "retrial",
              "antivirus"
            ],
            "result_count": 2,
            "seed": null
          },
          "sensitive_attributes": [],
          "identity_schema_version": 0
        },
        {
          "index_key": 35,
          "schema_version": 0,
          "attributes": {
            "id": "-",
            "input": [
              "liable",
              "donated",
              "mayday",
              "blooper",
              "pueblo",
              "tantrum",
              "scary",
              "secret",
              "secluded",
              "babied",
              "ignition",
              "unfasten",
              "affirm",
              "margarine",
              "credit",
              "underage",
              "june",
              "licking",
              "approve",
              "overbite",
              "ditto",
              "pavilion",
              "chewy",
              "drivable",
              "favorable",
              "kitchen",
              "wriggly",
              "shape",
              "resistant",
              "unless",
              "backlight",
              "cruelty",
              "empower",
              "freewill",
              "passage",
              "net",
              "retrial",
              "hulk",
              "drizzly",
              "ambitious",
              "banknote",
              "calm",
              "these",
              "outlet",
              "survivor",
              "silenced",
              "fantasy",
              "flogging",
              "aeration",
              "balsamic",
              "antivirus",
              "glowing",
              "setup",
              "unpopular",
              "immobile",
              "divisive",
              "dosage",
              "amicably",
              "follicle",
              "ogle",
              "subscribe",
              "second",
              "mountable",
              "catnap",
              "yummy",
              "frill",
              "take",
              "challenge",
              "voyage",
              "chevy",
              "caravan",
              "busload",
              "boss",
              "irk",
              "selection",
              "surreal",
              "gliding",
              "preset",
              "dastardly",
              "curliness",
              "colossal",
              "litigate",
              "phony",
              "hardly",
              "connected",
              "waviness",
              "capital",
              "carefully",
              "obstruct",
              "carton",
              "rebuttal",
              "underfeed",
              "aqueduct",
              "chomp",
              "kindle",
              "outfield",
              "niece",
              "consult",
              "truth",
              "gloomy",
              "shiftless",
              "robust",
              "hypnotic",
              "stricken",
              "vaguely",
              "buckle",
              "galore",
              "unheard",
              "slum",
              "marathon",
              "portfolio",
              "anchor",
              "prodigy",
              "bonelike",
              "tamper",
              "sharper",
              "chair",
              "hardhead",
              "overfill",
              "lyrically",
              "erratic",
              "schilling",
              "reveler",
              "tabloid",
              "guise",
              "sulfate",
              "activism",
              "lecturer",
              "nanny",
              "overnight",
              "diligent",
              "knelt",
              "refutable",
              "dotted",
              "cosigner",
              "wife",
              "appliance",
              "plutonium",
              "defiant",
              "iphone",
              "outreach",
              "abroad",
              "yoga",
              "singular",
              "uncombed",
              "feline",
              "python",
              "crabbing",
              "sixtieth",
              "gag",
              "erupt",
              "squeegee",
              "juvenile",
              "usher",
              "specked",
              "septum",
              "reissue",
              "fox",
              "undiluted",
              "tattling",
              "conch",
              "hypocrisy",
              "flashy",
              "thousand",
              "gilled",
              "wager",
              "sandbag",
              "crinkle",
              "among",
              "bulb",
              "craving",
              "willing",
              "sincerity",
              "surfer",
              "elated",
              "relapse",
              "moonstone",
              "treading",
              "curse",
              "appease",
              "germinate",
              "crablike",
              "synopsis",
              "snowdrop",
              "railcar",
              "broom",
              "repeal",
              "drastic",
              "ritzy",
              "dexterous",
              "rut",
              "numerous",
              "wiring",
              "scorpion",
              "gorged",
              "clumsy",
              "cognitive",
              "scoured",
              "dirtiness",
              "designer",
              "dealing",
              "unrigged",
              "obsessive",
              "onyx",
              "tweed",
              "unsubtly",
              "brook",
              "overrate",
              "egotistic",
              "mower",
              "coeditor",
              "unexpired",
              "chip",
              "acclaim",
              "copied",
              "uneasy",
              "rope",
              "unrivaled",
              "unchanged",
              "uncross",
              "camcorder",
              "thigh",
              "aerospace",
              "pouring",
              "dullness",
              "trickster",
              "isolation",
              "revert",
              "purse",
              "unsuited",
              "frightful",
              "sardine",
              "output",
              "poem",
              "handgun",
              "ribbon",
              "consumer",
              "nutcase",
              "catapult",
              "happily",
              "jubilant",
              "selected",
              "blasphemy",
              "unwed",
              "sludge",
              "distrust",
              "bullpen",
              "coronary",
              "tactile",
              "abiding",
              "eradicate",
              "exclude",
              "deniable",
              "overcast",
              "deputize",
              "glider",
              "bondless",
              "embark",
              "blunt",
              "dropbox",
              "riveting",
              "outflank",
              "cactus",
              "onlooker",
              "decimeter",
              "slip",
              "treat",
              "decrease",
              "throat",
              "cobalt",
              "freebee",
              "spring",
              "contusion",
              "compacted",
              "exciting",
              "paging",
              "bulginess",
              "decade",
              "precise",
              "swooned",
              "overbid",
              "stream",
              "fried",
              "recount",
              "dad",
              "falcon",
              "ajar",
              "art",
              "twisted",
              "cesarean",
              "handheld",
              "tractor",
              "gulp",
              "unlatch",
              "sandpit",
              "sitcom",
              "shout",
              "singing",
              "subheader",
              "unvarying",
              ""
            ],
            "keepers": null,
            "result": [
              "anchor",
              "flashy"
            ],
            "result_count": 2,
            "seed": null
          },
          "sensitive_attributes": [],
          "identity_schema_version": 0
        },
        {
          "index_key": 36,
          "schema_version": 0,
          "attributes": {
            "id": "-",
            "input": [
              "liable",
              "donated",
              "mayday",
              "blooper",
              "pueblo",
              "tantrum",
              "scary",
              "secret",
              "secluded",
              "babied",
              "ignition",
              "unfasten",
              "affirm",
              "margarine",
              "credit",
              "underage",
              "june",
              "licking",
              "approve",
              "overbite",
              "ditto",
              "pavilion",
              "chewy",
              "drivable",
              "favorable",
              "kitchen",
              "wriggly",
              "shape",
              "resistant",
              "unless",
              "backlight",
              "cruelty",
              "empower",
              "freewill",
              "passage",
              "net",
              "retrial",
              "hulk",
              "drizzly",
              "ambitious",
              "banknote",
              "calm",
              "these",
              "outlet",
              "survivor",
              "silenced",
              "fantasy",
              "flogging",
              "aeration",
              "balsamic",
              "antivirus",
              "glowing",
              "setup",
              "unpopular",
              "immobile",
              "divisive",
              "dosage",
              "amicably",
              "follicle",
              "ogle",
              "subscribe",
              "second",
              "mountable",
              "catnap",
              "yummy",
              "frill",
              "take",
              "challenge",
              "voyage",
              "chevy",
              "caravan",
              "busload",
              "boss",
              "irk",
              "selection",
              "surreal",
              "gliding",
              "preset",
              "dastardly",
              "curliness",
              "colossal",
              "litigate",
              "phony",
              "hardly",
              "connected",
              "waviness",
              "capital",
              "carefully",
              "obstruct",
              "carton",
              "rebuttal",
              "underfeed",
              "aqueduct",
              "chomp",
              "kindle",
              "outfield",
              "niece",
              "consult",
              "truth",
              "gloomy",
              "shiftless",
              "robust",
              "hypnotic",
              "stricken",
              "vaguely",
              "buckle",
              "galore",
              "unheard",
              "slum",
              "marathon",
              "portfolio",
              "anchor",
              "prodigy",
              "bonelike",
              "tamper",
              "sharper",
              "chair",
              "hardhead",
              "overfill",
              "lyrically",
              "erratic",
              "schilling",
              "reveler",
              "tabloid",
              "guise",
              "sulfate",
              "activism",
              "lecturer",
              "nanny",
              "overnight",
              "diligent",
              "knelt",
              "refutable",
              "dotted",
              "cosigner",
              "wife",
              "appliance",
              "plutonium",
              "defiant",
              "iphone",
              "outreach",
              "abroad",
              "yoga",
              "singular",
              "uncombed",
              "feline",
              "python",
              "crabbing",
              "sixtieth",
              "gag",
              "erupt",
              "squeegee",
              "juvenile",
              "usher",
              "specked",
              "septum",
              "reissue",
              "fox",
              "undiluted",
              "tattling",
              "conch",
              "hypocrisy",
              "flashy",
              "thousand",
              "gilled",
              "wager",
              "sandbag",
              "crinkle",
              "among",
              "bulb",
              "craving",
              "willing",
              "sincerity",
              "surfer",
              "elated",
              "relapse",
              "moonstone",
              "treading",
              "curse",
              "appease",
              "germinate",
              "crablike",
              "synopsis",
              "snowdrop",
              "railcar",
              "broom",
              "repeal",
              "drastic",
              "ritzy",
              "dexterous",
              "rut",
              "numerous",
              "wiring",
              "scorpion",
              "gorged",
              "clumsy",
              "cognitive",
              "scoured",
              "dirtiness",
              "designer",
              "dealing",
              "unrigged",
              "obsessive",
              "onyx",
              "tweed",
              "unsubtly",
              "brook",
              "overrate",
              "egotistic",
              "mower",
              "coeditor",
              "unexpired",
              "chip",
              "acclaim",
              "copied",
              "uneasy",
              "rope",
              "unrivaled",
              "unchanged",
              "uncross",
              "camcorder",
              "thigh",
              "aerospace",
              "pouring",
              "dullness",
              "trickster",
              "isolation",
              "revert",
              "purse",
              "unsuited",
              "frightful",
              "sardine",
              "output",
              "poem",
              "handgun",
              "ribbon",
              "consumer",
              "nutcase",
              "catapult",
              "happily",
              "jubilant",
              "selected",
              "blasphemy",
              "unwed",
              "sludge",
              "distrust",
              "bullpen",
              "coronary",
              "tactile",
              "abiding",
              "eradicate",
              "exclude",
              "deniable",
              "overcast",
              "deputize",
              "glider",
              "bondless",
              "embark",
              "blunt",
              "dropbox",
              "riveting",
              "outflank",
              "cactus",
              "onlooker",
              "decimeter",
              "slip",
              "treat",
              "decrease",
              "throat",
              "cobalt",
              "freebee",
              "spring",
              "contusion",
              "compacted",
              "exciting",
              "paging",
              "bulginess",
              "decade",
              "precise",
              "swooned",
              "overbid",
              "stream",
              "fried",
              "recount",
              "dad",
              "falcon",
              "ajar",
              "art",
              "twisted",
              "cesarean",
              "handheld",
              "tractor",
              "gulp",
              "unlatch",
              "sandpit",
              "sitcom",
              "shout",
              "singing",
              "subheader",
              "unvarying",
              ""
            ],
            "keepers": null,
            "result": [
              "ambitious",
              "iphone"
            ],
            "result_count": 2,
            "seed": null
          },
          "sensitive_attributes": [],
          "identity_schema_version": 0
        },
        {
          "index_key": 37,
          "schema_version": 0,
          "attributes": {
            "id": "-",
            "input": [
              "liable",
              "donated",
              "mayday",
              "blooper",
              "pueblo",
              "tantrum",
              "scary",
              "secret",
              "secluded",
              "babied",
              "ignition",
              "unfasten",
              "affirm",
              "margarine",
              "credit",
              "underage",
              "june",
              "licking",
              "approve",
              "overbite",
              "ditto",
              "pavilion",
              "chewy",
              "drivable",
              "favorable",
              "kitchen",
              "wriggly",
              "shape",
              "resistant",
              "unless",
              "backlight",
              "cruelty",
              "empower",
              "freewill",
              "passage",
              "net",
              "retrial",
              "hulk",
              "drizzly",
              "ambitious",
              "banknote",
              "calm",
              "these",
              "outlet",
              "survivor",
              "silenced",
              "fantasy",
              "flogging",
              "aeration",
              "balsamic",
              "antivirus",
              "glowing",
              "setup",
              "unpopular",
              "immobile",
              "divisive",
              "dosage",
              "amicably",
              "follicle",
              "ogle",
              "subscribe",
              "second",
              "mountable",
              "catnap",
              "yummy",
              "frill",
              "take",
              "challenge",
              "voyage",
              "chevy",
              "caravan",
              "busload",
              "boss",
              "irk",
              "selection",
              "surreal",
              "gliding",
              "preset",
              "dastardly",
              "curliness",
              "colossal",
              "litigate",
              "phony",
              "hardly",
              "connected",
              "waviness",
              "capital",
              "carefully",
              "obstruct",
              "carton",
              "rebuttal",
              "underfeed",
              "aqueduct",
              "chomp",
              "kindle",
              "outfield",
              "niece",
              "consult",
              "truth",
              "gloomy",
              "shiftless",
              "robust",
              "hypnotic",
              "stricken",
              "vaguely",
              "buckle",
              "galore",
              "unheard",
              "slum",
              "marathon",
              "portfolio",
              "anchor",
              "prodigy",
              "bonelike",
              "tamper",
              "sharper",
              "chair",
              "hardhead",
              "overfill",
              "lyrically",
              "erratic",
              "schilling",
              "reveler",
              "tabloid",
              "guise",
              "sulfate",
              "activism",
              "lecturer",
              "nanny",
              "overnight",
              "diligent",
              "knelt",
              "refutable",
              "dotted",
              "cosigner",
              "wife",
              "appliance",
              "plutonium",
              "defiant",
              "iphone",
              "outreach",
              "abroad",
              "yoga",
              "singular",
              "uncombed",
              "feline",
              "python",
              "crabbing",
              "sixtieth",
              "gag",
              "erupt",
              "squeegee",
              "juvenile",
              "usher",
              "specked",
              "septum",
              "reissue",
              "fox",
              "undiluted",
              "tattling",
              "conch",
              "hypocrisy",
              "flashy",
              "thousand",
              "gilled",
              "wager",
              "sandbag",
              "crinkle",
              "among",
              "bulb",
              "craving",
              "willing",
              "sincerity",
              "surfer",
              "elated",
              "relapse",
              "moonstone",
              "treading",
              "curse",
              "appease",
              "germinate",
              "crablike",
              "synopsis",
              "snowdrop",
              "railcar",
              "broom",
              "repeal",
              "drastic",
              "ritzy",
              "dexterous",
              "rut",
              "numerous",
              "wiring",
              "scorpion",
              "gorged",
              "clumsy",
              "cognitive",
              "scoured",
              "dirtiness",
              "designer",
              "dealing",
              "unrigged",
              "obsessive",
              "onyx",
              "tweed",
              "unsubtly",
              "brook",
              "overrate",
              "egotistic",
              "mower",
              "coeditor",
              "unexpired",
              "chip",
              "acclaim",
              "copied",
              "uneasy",
              "rope",
              "unrivaled",
              "unchanged",
              "uncross",
              "camcorder",
              "thigh",
              "aerospace",
              "pouring",
              "dullness",
              "trickster",
              "isolation",
              "revert",
              "purse",
              "unsuited",
              "frightful",
              "sardine",
              "output",
              "poem",
              "handgun",
              "ribbon",
              "consumer",
              "nutcase",
              "catapult",
              "happily",
              "jubilant",
              "selected",
              "blasphemy",
              "unwed",
              "sludge",
              "distrust",
              "bullpen",
              "coronary",
              "tactile",
              "abiding",
              "eradicate",
              "exclude",
              "deniable",
              "overcast",
              "deputize",
              "glider",
              "bondless",
              "embark",
              "blunt",
              "dropbox",
              "riveting",
              "outflank",
              "cactus",
              "onlooker",
              "decimeter",
              "slip",
              "treat",
              "decrease",
              "throat",
              "cobalt",
              "freebee",
              "spring",
              "contusion",
              "compacted",
              "exciting",
              "paging",
              "bulginess",
              "decade",
              "precise",
              "swooned",
              "overbid",
              "stream",
              "fried",
              "recount",
              "dad",
              "falcon",
              "ajar",
              "art",
              "twisted",
              "cesarean",
              "handheld",
              "tractor",
              "gulp",
              "unlatch",
              "sandpit",
              "sitcom",
              "shout",
              "singing",
              "subheader",
              "unvarying",
              ""
            ],
            "keepers": null,
            "result": [
              "take",
              "flogging"
            ],
            "result_count": 2,
            "seed": null
          },
          "sensitive_attributes": [],
          "identity_schema_version": 0
        },
        {
          "index_key": 38,
          "schema_version": 0,
          "attributes": {
            "id": "-",
            "input": [
              "liable",
              "donated",
              "mayday",
              "blooper",
              "pueblo",
              "tantrum",
              "scary",
              "secret",
              "secluded",
              "babied",
              "ignition",
              "unfasten",
              "affirm",
              "margarine",
              "credit",
              "underage",
              "june",
              "licking",
              "approve",
              "overbite",
              "ditto",
              "pavilion",
              "chewy",
              "drivable",
              "favorable",
              "kitchen",
              "wriggly",
              "shape",
              "resistant",
              "unless",
              "backlight",
              "cruelty",
              "empower",
              "freewill",
              "passage",
              "net",
              "retrial",
              "hulk",
              "drizzly",
              "ambitious",
              "banknote",
              "calm",
              "these",
              "outlet",
              "survivor",
              "silenced",
              "fantasy",
              "flogging",
              "aeration",
              "balsamic",
              "antivirus",
              "glowing",
              "setup",
              "unpopular",
              "immobile",
              "divisive",
              "dosage",
              "amicably",
              "follicle",
              "ogle",
              "subscribe",
              "second",
              "mountable",
              "catnap",
              "yummy",
              "frill",
              "take",
              "challenge",
              "voyage",
              "chevy",
              "caravan",
              "busload",
              "boss",
              "irk",
              "selection",
              "surreal",
              "gliding",
              "preset",
              "dastardly",
              "curliness",
              "colossal",
              "litigate",
              "phony",
              "hardly",
              "connected",
              "waviness",
              "capital",
              "carefully",
              "obstruct",
              "carton",
              "rebuttal",
              "underfeed",
              "aqueduct",
              "chomp",
              "kindle",
              "outfield",
              "niece",
              "consult",
              "truth",
              "gloomy",
              "shiftless",
              "robust",
              "hypnotic",
              "stricken",
              "vaguely",
              "buckle",
              "galore",
              "unheard",
              "slum",
              "marathon",
              "portfolio",
              "anchor",
              "prodigy",
              "bonelike",
              "tamper",
              "sharper",
              "chair",
              "hardhead",
              "overfill",
              "lyrically",
              "erratic",
              "schilling",
              "reveler",
              "tabloid",
              "guise",
              "sulfate",
              "activism",
              "lecturer",
              "nanny",
              "overnight",
              "diligent",
              "knelt",
              "refutable",
              "dotted",
              "cosigner",
              "wife",
              "appliance",
              "plutonium",
              "defiant",
              "iphone",
              "outreach",
              "abroad",
              "yoga",
              "singular",
              "uncombed",
              "feline",
              "python",
              "crabbing",
              "sixtieth",
              "gag",
              "erupt",
              "squeegee",
              "juvenile",
              "usher",
              "specked",
              "septum",
              "reissue",
              "fox",
              "undiluted",
              "tattling",
              "conch",
              "hypocrisy",
              "flashy",
              "thousand",
              "gilled",
              "wager",
              "sandbag",
              "crinkle",
              "among",
              "bulb",
              "craving",
              "willing",
              "sincerity",
              "surfer",
              "elated",
              "relapse",
              "moonstone",
              "treading",
              "curse",
              "appease",
              "germinate",
              "crablike",
              "synopsis",
              "snowdrop",
              "railcar",
              "broom",
              "repeal",
              "drastic",
              "ritzy",
              "dexterous",
              "rut",
              "numerous",
              "wiring",
              "scorpion",
              "gorged",
              "clumsy",
              "cognitive",
              "scoured",
              "dirtiness",
              "designer",
              "dealing",
              "unrigged",
              "obsessive",
              "onyx",
              "tweed",
              "unsubtly",
              "brook",
              "overrate",
              "egotistic",
              "mower",
              "coeditor",
              "unexpired",
              "chip",
              "acclaim",
              "copied",
              "uneasy",
              "rope",
              "unrivaled",
              "unchanged",
              "uncross",
              "camcorder",
              "thigh",
              "aerospace",
              "pouring",
              "dullness",
              "trickster",
              "isolation",
              "revert",
              "purse",
              "unsuited",
              "frightful",
              "sardine",
              "output",
              "poem",
              "handgun",
              "ribbon",
              "consumer",
              "nutcase",
              "catapult",
              "happily",
              "jubilant",
              "selected",
              "blasphemy",
              "unwed",
              "sludge",
              "distrust",
              "bullpen",
              "coronary",
              "tactile",
              "abiding",
              "eradicate",
              "exclude",
              "deniable",
              "overcast",
              "deputize",
              "glider",
              "bondless",
              "embark",
              "blunt",
              "dropbox",
              "riveting",
              "outflank",
              "cactus",
              "onlooker",
              "decimeter",
              "slip",
              "treat",
              "decrease",
              "throat",
              "cobalt",
              "freebee",
              "spring",
              "contusion",
              "compacted",
              "exciting",
              "paging",
              "bulginess",
              "decade",
              "precise",
              "swooned",
              "overbid",
              "stream",
              "fried",
              "recount",
              "dad",
              "falcon",
              "ajar",
              "art",
              "twisted",
              "cesarean",
              "handheld",
              "tractor",
              "gulp",
              "unlatch",
              "sandpit",
              "sitcom",
              "shout",
              "singing",
              "subheader",
              "unvarying",
              ""
            ],
            "keepers": null,
            "result": [
              "deniable",
              "happily"
            ],
            "result_count": 2,
            "seed": null
          },
          "sensitive_attributes": [],
          "identity_schema_version": 0
        },
        {
          "index_key": 39,
          "schema_version": 0,
          "attributes": {
            "id": "-",
            "input": [
              "liable",
              "donated",
              "mayday",
              "blooper",
              "pueblo",
              "tantrum",
              "scary",
              "secret",
              "secluded",
              "babied",
              "ignition",
              "unfasten",
              "affirm",
              "margarine",
              "credit",
              "underage",
              "june",
              "licking",
              "approve",
              "overbite",
              "ditto",
              "pavilion",
              "chewy",
              "drivable",
              "favorable",
              "kitchen",
              "wriggly",
              "shape",
              "resistant",
              "unless",
              "backlight",
              "cruelty",
              "empower",
              "freewill",
              "passage",
              "net",
              "retrial",
              "hulk",
              "drizzly",
              "ambitious",
              "banknote",
              "calm",
              "these",
              "outlet",
              "survivor",
              "silenced",
              "fantasy",
              "flogging",
              "aeration",
              "balsamic",
              "antivirus",
              "glowing",
              "setup",
              "unpopular",
              "immobile",
              "divisive",
              "dosage",
              "amicably",
              "follicle",
              "ogle",
              "subscribe",
              "second",
              "mountable",
              "catnap",
              "yummy",
              "frill",
              "take",
              "challenge",
              "voyage",
              "chevy",
              "caravan",
              "busload",
              "boss",
              "irk",
              "selection",
              "surreal",
              "gliding",
              "preset",
              "dastardly",
              "curliness",
              "colossal",
              "litigate",
              "phony",
              "hardly",
              "connected",
              "waviness",
              "capital",
              "carefully",
              "obstruct",
              "carton",
              "rebuttal",
              "underfeed",
              "aqueduct",
              "chomp",
              "kindle",
              "outfield",
              "niece",
              "consult",
              "truth",
              "gloomy",
              "shiftless",
              "robust",
              "hypnotic",
              "stricken",
              "vaguely",
              "buckle",
              "galore",
              "unheard",
              "slum",
              "marathon",
              "portfolio",
              "anchor",
              "prodigy",
              "bonelike",
              "tamper",
              "sharper",
              "chair",
              "hardhead",
              "overfill",
              "lyrically",
              "erratic",
              "schilling",
              "reveler",
              "tabloid",
              "guise",
              "sulfate",
              "activism",
              "lecturer",
              "nanny",
              "overnight",
              "diligent",
              "knelt",
              "refutable",
              "dotted",
              "cosigner",
              "wife",
              "appliance",
              "plutonium",
              "defiant",
              "iphone",
              "outreach",
              "abroad",
              "yoga",
              "singular",
              "uncombed",
              "feline",
              "python",
              "crabbing",
              "sixtieth",
              "gag",
              "erupt",
              "squeegee",
              "juvenile",
              "usher",
              "specked",
              "septum",
              "reissue",
              "fox",
              "undiluted",
              "tattling",
              "conch",
              "hypocrisy",
              "flashy",
              "thousand",
              "gilled",
              "wager",
              "sandbag",
              "crinkle",
              "among",
              "bulb",
              "craving",
              "willing",
              "sincerity",
              "surfer",
              "elated",
              "relapse",
              "moonstone",
              "treading",
              "curse",
              "appease",
              "germinate",
              "crablike",
              "synopsis",
              "snowdrop",
              "railcar",
              "broom",
              "repeal",
              "drastic",
              "ritzy",
              "dexterous",
              "rut",
              "numerous",
              "wiring",
              "scorpion",
              "gorged",
              "clumsy",
              "cognitive",
              "scoured",
              "dirtiness",
              "designer",
              "dealing",
              "unrigged",
              "obsessive",
              "onyx",
              "tweed",
              "unsubtly",
              "brook",
              "overrate",
              "egotistic",
              "mower",
              "coeditor",
              "unexpired",
              "chip",
              "acclaim",
              "copied",
              "uneasy",
              "rope",
              "unrivaled",
              "unchanged",
              "uncross",
              "camcorder",
              "thigh",
              "aerospace",
              "pouring",
              "dullness",
              "trickster",
              "isolation",
              "revert",
              "purse",
              "unsuited",
              "frightful",
              "sardine",
              "output",
              "poem",
              "handgun",
              "ribbon",
              "consumer",
              "nutcase",
              "catapult",
              "happily",
              "jubilant",
              "selected",
              "blasphemy",
              "unwed",
              "sludge",
              "distrust",
              "bullpen",
              "coronary",
              "tactile",
              "abiding",
              "eradicate",
              "exclude",
              "deniable",
              "overcast",
              "deputize",
              "glider",
              "bondless",
              "embark",
              "blunt",
              "dropbox",
              "riveting",
              "outflank",
              "cactus",
              "onlooker",
              "decimeter",
              "slip",
              "treat",
              "decrease",
              "throat",
              "cobalt",
              "freebee",
              "spring",
              "contusion",
              "compacted",
              "exciting",
              "paging",
              "bulginess",
              "decade",
              "precise",
              "swooned",
              "overbid",
              "stream",
              "fried",
              "recount",
              "dad",
              "falcon",
              "ajar",
              "art",
              "twisted",
              "cesarean",
              "handheld",
              "tractor",
              "gulp",
              "unlatch",
              "sandpit",
              "sitcom",
              "shout",
              "singing",
              "subheader",
              "unvarying",
              ""
            ],
            "keepers": null,
            "result": [
              "cobalt",
              "crabbing"
            ],
            "result_count": 2,
            "seed": null
          },
          "sensitive_attributes": [],
          "identity_schema_version": 0
        },
        {
          "index_key": 40,
          "schema_version": 0,
          "attributes": {
            "id": "-",
            "input": [
              "liable",
              "donated",
              "mayday",
              "blooper",
              "pueblo",
              "tantrum",
              "scary",
              "secret",
              "secluded",
              "babied",
              "ignition",
              "unfasten",
              "affirm",
              "margarine",
              "credit",
              "underage",
              "june",
              "licking",
              "approve",
              "overbite",
              "ditto",
              "pavilion",
              "chewy",
              "drivable",
              "favorable",
              "kitchen",
              "wriggly",
              "shape",
              "resistant",
              "unless",
              "backlight",
              "cruelty",
              "empower",
              "freewill",
              "passage",
              "net",
              "retrial",
              "hulk",
              "drizzly",
              "ambitious",
              "banknote",
              "calm",
              "these",
              "outlet",
              "survivor",
              "silenced",
              "fantasy",
              "flogging",
              "aeration",
              "balsamic",
              "antivirus",
              "glowing",
              "setup",
              "unpopular",
              "immobile",
              "divisive",
              "dosage",
              "amicably",
              "follicle",
              "ogle",
              "subscribe",
              "second",
              "mountable",
              "catnap",
              "yummy",
              "frill",
              "take",
              "challenge",
              "voyage",
              "chevy",
              "caravan",
              "busload",
              "boss",
              "irk",
              "selection",
              "surreal",
              "gliding",
              "preset",
              "dastardly",
              "curliness",
              "colossal",
              "litigate",
              "phony",
              "hardly",
              "connected",
              "waviness",
              "capital",
              "carefully",
              "obstruct",
              "carton",
              "rebuttal",
              "underfeed",
              "aqueduct",
              "chomp",
              "kindle",
              "outfield",
              "niece",
              "consult",
              "truth",
              "gloomy",
              "shiftless",
              "robust",
              "hypnotic",
              "stricken",
              "vaguely",
              "buckle",
              "galore",
              "unheard",
              "slum",
              "marathon",
              "portfolio",
              "anchor",
              "prodigy",
              "bonelike",
              "tamper",
              "sharper",
              "chair",
              "hardhead",
              "overfill",
              "lyrically",
              "erratic",
              "schilling",
              "reveler",
              "tabloid",
              "guise",
              "sulfate",
              "activism",
              "lecturer",
              "nanny",
              "overnight",
              "diligent",
              "knelt",
              "refutable",
              "dotted",
              "cosigner",
              "wife",
              "appliance",
              "plutonium",
              "defiant",
              "iphone",
              "outreach",
              "abroad",
              "yoga",
              "singular",
              "uncombed",
              "feline",
              "python",
              "crabbing",
              "sixtieth",
              "gag",
              "erupt",
              "squeegee",
              "juvenile",
              "usher",
              "specked",
              "septum",
              "reissue",
              "fox",
              "undiluted",
              "tattling",
              "conch",
              "hypocrisy",
              "flashy",
              "thousand",
              "gilled",
              "wager",
              "sandbag",
              "crinkle",
              "among",
              "bulb",
              "craving",
              "willing",
              "sincerity",
              "surfer",
              "elated",
              "relapse",
              "moonstone",
              "treading",
              "curse",
              "appease",
              "germinate",
              "crablike",
              "synopsis",
              "snowdrop",
              "railcar",
              "broom",
              "repeal",
              "drastic",
              "ritzy",
              "dexterous",
              "rut",
              "numerous",
              "wiring",
              "scorpion",
              "gorged",
              "clumsy",
              "cognitive",
              "scoured",
              "dirtiness",
              "designer",
              "dealing",
              "unrigged",
              "obsessive",
              "onyx",
              "tweed",
              "unsubtly",
              "brook",
              "overrate",
              "egotistic",
              "mower",
              "coeditor",
              "unexpired",
              "chip",
              "acclaim",
              "copied",
              "uneasy",
              "rope",
              "unrivaled",
              "unchanged",
              "uncross",
              "camcorder",
              "thigh",
              "aerospace",
              "pouring",
              "dullness",
              "trickster",
              "isolation",
              "revert",
              "purse",
              "unsuited",
              "frightful",
              "sardine",
              "output",
              "poem",
              "handgun",
              "ribbon",
              "consumer",
              "nutcase",
              "catapult",
              "happily",
              "jubilant",
              "selected",
              "blasphemy",
              "unwed",
              "sludge",
              "distrust",
              "bullpen",
              "coronary",
              "tactile",
              "abiding",
              "eradicate",
              "exclude",
              "deniable",
              "overcast",
              "deputize",
              "glider",
              "bondless",
              "embark",
              "blunt",
              "dropbox",
              "riveting",
              "outflank",
              "cactus",
              "onlooker",
              "decimeter",
              "slip",
              "treat",
              "decrease",
              "throat",
              "cobalt",
              "freebee",
              "spring",
              "contusion",
              "compacted",
              "exciting",
              "paging",
              "bulginess",
              "decade",
              "precise",
              "swooned",
              "overbid",
              "stream",
              "fried",
              "recount",
              "dad",
              "falcon",
              "ajar",
              "art",
              "twisted",
              "cesarean",
              "handheld",
              "tractor",
              "gulp",
              "unlatch",
              "sandpit",
              "sitcom",
              "shout",
              "singing",
              "subheader",
              "unvarying",
              ""
            ],
            "keepers": null,
            "result": [
              "reissue",
              "dealing"
            ],
            "result_count": 2,
            "seed": null
          },
          "sensitive_attributes": [],
          "identity_schema_version": 0
        },
        {
          "index_key": 41,
          "schema_version": 0,
          "attributes": {
            "id": "-",
            "input": [
              "liable",
              "donated",
              "mayday",
              "blooper",
              "pueblo",
              "tantrum",
              "scary",
              "secret",
              "secluded",
              "babied",
              "ignition",
              "unfasten",
              "affirm",
              "margarine",
              "credit",
              "underage",
              "june",
              "licking",
              "approve",
              "overbite",
              "ditto",
              "pavilion",
              "chewy",
              "drivable",
              "favorable",
              "kitchen",
              "wriggly",
              "shape",
              "resistant",
              "unless",
              "backlight",
              "cruelty",
              "empower",
              "freewill",
              "passage",
              "net",
              "retrial",
              "hulk",
              "drizzly",
              "ambitious",
              "banknote",
              "calm",
              "these",
              "outlet",
              "survivor",
              "silenced",
              "fantasy",
              "flogging",
              "aeration",
              "balsamic",
              "antivirus",
              "glowing",
              "setup",
              "unpopular",
              "immobile",
              "divisive",
              "dosage",
              "amicably",
              "follicle",
              "ogle",
              "subscribe",
              "second",
              "mountable",
              "catnap",
              "yummy",
              "frill",
              "take",
              "challenge",
              "voyage",
              "chevy",
              "caravan",
              "busload",
              "boss",
              "irk",
              "selection",
              "surreal",
              "gliding",
              "preset",
              "dastardly",
              "curliness",
              "colossal",
              "litigate",
              "phony",
              "hardly",
              "connected",
              "waviness",
              "capital",
              "carefully",
              "obstruct",
              "carton",
              "rebuttal",
              "underfeed",
              "aqueduct",
              "chomp",
              "kindle",
              "outfield",
              "niece",
              "consult",
              "truth",
              "gloomy",
              "shiftless",
              "robust",
              "hypnotic",
              "stricken",
              "vaguely",
              "buckle",
              "galore",
              "unheard",
              "slum",
              "marathon",
              "portfolio",
              "anchor",
              "prodigy",
              "bonelike",
              "tamper",
              "sharper",
              "chair",
              "hardhead",
              "overfill",
              "lyrically",
              "erratic",
              "schilling",
              "reveler",
              "tabloid",
              "guise",
              "sulfate",
              "activism",
              "lecturer",
              "nanny",
              "overnight",
              "diligent",
              "knelt",
              "refutable",
              "dotted",
              "cosigner",
              "wife",
              "appliance",
              "plutonium",
              "defiant",
              "iphone",
              "outreach",
              "abroad",
              "yoga",
              "singular",
              "uncombed",
              "feline",
              "python",
              "crabbing",
              "sixtieth",
              "gag",
              "erupt",
              "squeegee",
              "juvenile",
              "usher",
              "specked",
              "septum",
              "reissue",
              "fox",
              "undiluted",
              "tattling",
              "conch",
              "hypocrisy",
              "flashy",
              "thousand",
              "gilled",
              "wager",
              "sandbag",
              "crinkle",
              "among",
              "bulb",
              "craving",
              "willing",
              "sincerity",
              "surfer",
              "elated",
              "relapse",
              "moonstone",
              "treading",
              "curse",
              "appease",
              "germinate",
              "crablike",
              "synopsis",
              "snowdrop",
              "railcar",
              "broom",
              "repeal",
              "drastic",
              "ritzy",
              "dexterous",
              "rut",
              "numerous",
              "wiring",
              "scorpion",
              "gorged",
              "clumsy",
              "cognitive",
              "scoured",
              "dirtiness",
              "designer",
              "dealing",
              "unrigged",
              "obsessive",
              "onyx",
              "tweed",
              "unsubtly",
              "brook",
              "overrate",
              "egotistic",
              "mower",
              "coeditor",
              "unexpired",
              "chip",
              "acclaim",
              "copied",
              "uneasy",
              "rope",
              "unrivaled",
              "unchanged",
              "uncross",
              "camcorder",
              "thigh",
              "aerospace",
              "pouring",
              "dullness",
              "trickster",
              "isolation",
              "revert",
              "purse",
              "unsuited",
              "frightful",
              "sardine",
              "output",
              "poem",
              "handgun",
              "ribbon",
              "consumer",
              "nutcase",
              "catapult",
              "happily",
              "jubilant",
              "selected",
              "blasphemy",
              "unwed",
              "sludge",
              "distrust",
              "bullpen",
              "coronary",
              "tactile",
              "abiding",
              "eradicate",
              "exclude",
              "deniable",
              "overcast",
              "deputize",
              "glider",
              "bondless",
              "embark",
              "blunt",
              "dropbox",
              "riveting",
              "outflank",
              "cactus",
              "onlooker",
              "decimeter",
              "slip",
              "treat",
              "decrease",
              "throat",
              "cobalt",
              "freebee",
              "spring",
              "contusion",
              "compacted",
              "exciting",
              "paging",
              "bulginess",
              "decade",
              "precise",
              "swooned",
              "overbid",
              "stream",
              "fried",
              "recount",
              "dad",
              "falcon",
              "ajar",
              "art",
              "twisted",
              "cesarean",
              "handheld",
              "tractor",
              "gulp",
              "unlatch",
              "sandpit",
              "sitcom",
              "shout",
              "singing",
              "subheader",
              "unvarying",
              ""
            ],
            "keepers": null,
            "result": [
              "ribbon",
              "reveler"
            ],
            "result_count": 2,
            "seed": null
          },
          "sensitive_attributes": [],
          "identity_schema_version": 0
        },
        {
          "index_key": 42,
          "schema_version": 0,
          "attributes": {
            "id": "-",
            "input": [
              "liable",
              "donated",
              "mayday",
              "blooper",
              "pueblo",
              "tantrum",
              "scary",
              "secret",
              "secluded",
              "babied",
              "ignition",
              "unfasten",
              "affirm",
              "margarine",
              "credit",
              "underage",
              "june",
              "licking",
              "approve",
              "overbite",
              "ditto",
              "pavilion",
              "chewy",
              "drivable",
              "favorable",
              "kitchen",
              "wriggly",
              "shape",
              "resistant",
              "unless",
              "backlight",
              "cruelty",
              "empower",
              "freewill",
              "passage",
              "net",
              "retrial",
              "hulk",
              "drizzly",
              "ambitious",
              "banknote",
              "calm",
              "these",
              "outlet",
              "survivor",
              "silenced",
              "fantasy",
              "flogging",
              "aeration",
              "balsamic",
              "antivirus",
              "glowing",
              "setup",
              "unpopular",
              "immobile",
              "divisive",
              "dosage",
              "amicably",
              "follicle",
              "ogle",
              "subscribe",
              "second",
              "mountable",
              "catnap",
              "yummy",
              "frill",
              "take",
              "challenge",
              "voyage",
              "chevy",
              "caravan",
              "busload",
              "boss",
              "irk",
              "selection",
              "surreal",
              "gliding",
              "preset",
              "dastardly",
              "curliness",
              "colossal",
              "litigate",
              "phony",
              "hardly",
              "connected",
              "waviness",
              "capital",
              "carefully",
              "obstruct",
              "carton",
              "rebuttal",
              "underfeed",
              "aqueduct",
              "chomp",
              "kindle",
              "outfield",
              "niece",
              "consult",
              "truth",
              "gloomy",
              "shiftless",
              "robust",
              "hypnotic",
              "stricken",
              "vaguely",
              "buckle",
              "galore",
              "unheard",
              "slum",
              "marathon",
              "portfolio",
              "anchor",
              "prodigy",
              "bonelike",
              "tamper",
              "sharper",
              "chair",
              "hardhead",
              "overfill",
              "lyrically",
              "erratic",
              "schilling",
              "reveler",
              "tabloid",
              "guise",
              "sulfate",
              "activism",
              "lecturer",
              "nanny",
              "overnight",
              "diligent",
              "knelt",
              "refutable",
              "dotted",
              "cosigner",
              "wife",
              "appliance",
              "plutonium",
              "defiant",
              "iphone",
              "outreach",
              "abroad",
              "yoga",
              "singular",
              "uncombed",
              "feline",
              "python",
              "crabbing",
              "sixtieth",
              "gag",
              "erupt",
              "squeegee",
              "juvenile",
              "usher",
              "specked",
              "septum",
              "reissue",
              "fox",
              "undiluted",
              "tattling",
              "conch",
              "hypocrisy",
              "flashy",
              "thousand",
              "gilled",
              "wager",
              "sandbag",
              "crinkle",
              "among",
              "bulb",
              "craving",
              "willing",
              "sincerity",
              "surfer",
              "elated",
              "relapse",
              "moonstone",
              "treading",
              "curse",
              "appease",
              "germinate",
              "crablike",
              "synopsis",
              "snowdrop",
              "railcar",
              "broom",
              "repeal",
              "drastic",
              "ritzy",
              "dexterous",
              "rut",
              "numerous",
              "wiring",
              "scorpion",
              "gorged",
              "clumsy",
              "cognitive",
              "scoured",
              "dirtiness",
              "designer",
              "dealing",
              "unrigged",
              "obsessive",
              "onyx",
              "tweed",
              "unsubtly",
              "brook",
              "overrate",
              "egotistic",
              "mower",
              "coeditor",
              "unexpired",
              "chip",
              "acclaim",
              "copied",
              "uneasy",
              "rope",
              "unrivaled",
              "unchanged",
              "uncross",
              "camcorder",
              "thigh",
              "aerospace",
              "pouring",
              "dullness",
              "trickster",
              "isolation",
              "revert",
              "purse",
              "unsuited",
              "frightful",
              "sardine",
              "output",
              "poem",
              "handgun",
              "ribbon",
              "consumer",
              "nutcase",
              "catapult",
              "happily",
              "jubilant",
              "selected",
              "blasphemy",
              "unwed",
              "sludge",
              "distrust",
              "bullpen",
              "coronary",
              "tactile",
              "abiding",
              "eradicate",
              "exclude",
              "deniable",
              "overcast",
              "deputize",
              "glider",
              "bondless",
              "embark",
              "blunt",
              "dropbox",
              "riveting",
              "outflank",
              "cactus",
              "onlooker",
              "decimeter",
              "slip",
              "treat",
              "decrease",
              "throat",
              "cobalt",
              "freebee",
              "spring",
              "contusion",
              "compacted",
              "exciting",
              "paging",
              "bulginess",
              "decade",
              "precise",
              "swooned",
              "overbid",
              "stream",
              "fried",
              "recount",
              "dad",
              "falcon",
              "ajar",
              "art",
              "twisted",
              "cesarean",
              "handheld",
              "tractor",
              "gulp",
              "unlatch",
              "sandpit",
              "sitcom",
              "shout",
              "singing",
              "subheader",
              "unvarying",
              ""
            ],
            "keepers": null,
            "result": [
              "contusion",
              ""
            ],
            "result_count": 2,
            "seed": null
          },
          "sensitive_attributes": [],
          "identity_schema_version": 0
        },
        {
          "index_key": 43,
          "schema_version": 0,
          "attributes": {
            "id": "-",
            "input": [
              "liable",
              "donated",
              "mayday",
              "blooper",
              "pueblo",
              "tantrum",
              "scary",
              "secret",
              "secluded",
              "babied",
              "ignition",
              "unfasten",
              "affirm",
              "margarine",
              "credit",
              "underage",
              "june",
              "licking",
              "approve",
              "overbite",
              "ditto",
              "pavilion",
              "chewy",
              "drivable",
              "favorable",
              "kitchen",
              "wriggly",
              "shape",
              "resistant",
              "unless",
              "backlight",
              "cruelty",
              "empower",
              "freewill",
              "passage",
              "net",
              "retrial",
              "hulk",
              "drizzly",
              "ambitious",
              "banknote",
              "calm",
              "these",
              "outlet",
              "survivor",
              "silenced",
              "fantasy",
              "flogging",
              "aeration",
              "balsamic",
              "antivirus",
              "glowing",
              "setup",
              "unpopular",
              "immobile",
              "divisive",
              "dosage",
              "amicably",
              "follicle",
              "ogle",
              "subscribe",
              "second",
              "mountable",
              "catnap",
              "yummy",
              "frill",
              "take",
              "challenge",
              "voyage",
              "chevy",
              "caravan",
              "busload",
              "boss",
              "irk",
              "selection",
              "surreal",
              "gliding",
              "preset",
              "dastardly",
              "curliness",
              "colossal",
              "litigate",
              "phony",
              "hardly",
              "connected",
              "waviness",
              "capital",
              "carefully",
              "obstruct",
              "carton",
              "rebuttal",
              "underfeed",
              "aqueduct",
              "chomp",
              "kindle",
              "outfield",
              "niece",
              "consult",
              "truth",
              "gloomy",
              "shiftless",
              "robust",
              "hypnotic",
              "stricken",
              "vaguely",
              "buckle",
              "galore",
              "unheard",
              "slum",
              "marathon",
              "portfolio",
              "anchor",
              "prodigy",
              "bonelike",
              "tamper",
              "sharper",
              "chair",
              "hardhead",
              "overfill",
              "lyrically",
              "erratic",
              "schilling",
              "reveler",
              "tabloid",
              "guise",
              "sulfate",
              "activism",
              "lecturer",
              "nanny",
              "overnight",
              "diligent",
              "knelt",
              "refutable",
              "dotted",
              "cosigner",
              "wife",
              "appliance",
              "plutonium",
              "defiant",
              "iphone",
              "outreach",
              "abroad",
              "yoga",
              "singular",
              "uncombed",
              "feline",
              "python",
              "crabbing",
              "sixtieth",
              "gag",
              "erupt",
              "squeegee",
              "juvenile",
              "usher",
              "specked",
              "septum",
              "reissue",
              "fox",
              "undiluted",
              "tattling",
              "conch",
              "hypocrisy",
              "flashy",
              "thousand",
              "gilled",
              "wager",
              "sandbag",
              "crinkle",
              "among",
              "bulb",
              "craving",
              "willing",
              "sincerity",
              "surfer",
              "elated",
              "relapse",
              "moonstone",
              "treading",
              "curse",
              "appease",
              "germinate",
              "crablike",
              "synopsis",
              "snowdrop",
              "railcar",
              "broom",
              "repeal",
              "drastic",
              "ritzy",
              "dexterous",
              "rut",
              "numerous",
              "wiring",
              "scorpion",
              "gorged",
              "clumsy",
              "cognitive",
              "scoured",
              "dirtiness",
              "designer",
              "dealing",
              "unrigged",
              "obsessive",
              "onyx",
              "tweed",
              "unsubtly",
              "brook",
              "overrate",
              "egotistic",
              "mower",
              "coeditor",
              "unexpired",
              "chip",
              "acclaim",
              "copied",
              "uneasy",
              "rope",
              "unrivaled",
              "unchanged",
              "uncross",
              "camcorder",
              "thigh",
              "aerospace",
              "pouring",
              "dullness",
              "trickster",
              "isolation",
              "revert",
              "purse",
              "unsuited",
              "frightful",
              "sardine",
              "output",
              "poem",
              "handgun",
              "ribbon",
              "consumer",
              "nutcase",
              "catapult",
              "happily",
              "jubilant",
              "selected",
              "blasphemy",
              "unwed",
              "sludge",
              "distrust",
              "bullpen",
              "coronary",
              "tactile",
              "abiding",
              "eradicate",
              "exclude",
              "deniable",
              "overcast",
              "deputize",
              "glider",
              "bondless",
              "embark",
              "blunt",
              "dropbox",
              "riveting",
              "outflank",
              "cactus",
              "onlooker",
              "decimeter",
              "slip",
              "treat",
              "decrease",
              "throat",
              "cobalt",
              "freebee",
              "spring",
              "contusion",
              "compacted",
              "exciting",
              "paging",
              "bulginess",
              "decade",
              "precise",
              "swooned",
              "overbid",
              "stream",
              "fried",
              "recount",
              "dad",
              "falcon",
              "ajar",
              "art",
              "twisted",
              "cesarean",
              "handheld",
              "tractor",
              "gulp",
              "unlatch",
              "sandpit",
              "sitcom",
              "shout",
              "singing",
              "subheader",
              "unvarying",
              ""
            ],
            "keepers": null,
            "result": [
              "prodigy",
              "deniable"
            ],
            "result_count": 2,
            "seed": null
          },
          "sensitive_attributes": [],
          "identity_schema_version": 0
        },
        {
          "index_key": 44,
          "schema_version": 0,
          "attributes": {
            "id": "-",
            "input": [
              "liable",
              "donated",
              "mayday",
              "blooper",
              "pueblo",
              "tantrum",
              "scary",
              "secret",
              "secluded",
              "babied",
              "ignition",
              "unfasten",
              "affirm",
              "margarine",
              "credit",
              "underage",
              "june",
              "licking",
              "approve",
              "overbite",
              "ditto",
              "pavilion",
              "chewy",
              "drivable",
              "favorable",
              "kitchen",
              "wriggly",
              "shape",
              "resistant",
              "unless",
              "backlight",
              "cruelty",
              "empower",
              "freewill",
              "passage",
              "net",
              "retrial",
              "hulk",
              "drizzly",
              "ambitious",
              "banknote",
              "calm",
              "these",
              "outlet",
              "survivor",
              "silenced",
              "fantasy",
              "flogging",
              "aeration",
              "balsamic",
              "antivirus",
              "glowing",
              "setup",
              "unpopular",
              "immobile",
              "divisive",
              "dosage",
              "amicably",
              "follicle",
              "ogle",
              "subscribe",
              "second",
              "mountable",
              "catnap",
              "yummy",
              "frill",
              "take",
              "challenge",
              "voyage",
              "chevy",
              "caravan",
              "busload",
              "boss",
              "irk",
              "selection",
              "surreal",
              "gliding",
              "preset",
              "dastardly",
              "curliness",
              "colossal",
              "litigate",
              "phony",
              "hardly",
              "connected",
              "waviness",
              "capital",
              "carefully",
              "obstruct",
              "carton",
              "rebuttal",
              "underfeed",
              "aqueduct",
              "chomp",
              "kindle",
              "outfield",
              "niece",
              "consult",
              "truth",
              "gloomy",
              "shiftless",
              "robust",
              "hypnotic",
              "stricken",
              "vaguely",
              "buckle",
              "galore",
              "unheard",
              "slum",
              "marathon",
              "portfolio",
              "anchor",
              "prodigy",
              "bonelike",
              "tamper",
              "sharper",
              "chair",
              "hardhead",
              "overfill",
              "lyrically",
              "erratic",
              "schilling",
              "reveler",
              "tabloid",
              "guise",
              "sulfate",
              "activism",
              "lecturer",
              "nanny",
              "overnight",
              "diligent",
              "knelt",
              "refutable",
              "dotted",
              "cosigner",
              "wife",
              "appliance",
              "plutonium",
              "defiant",
              "iphone",
              "outreach",
              "abroad",
              "yoga",
              "singular",
              "uncombed",
              "feline",
              "python",
              "crabbing",
              "sixtieth",
              "gag",
              "erupt",
              "squeegee",
              "juvenile",
              "usher",
              "specked",
              "septum",
              "reissue",
              "fox",
              "undiluted",
              "tattling",
              "conch",
              "hypocrisy",
              "flashy",
              "thousand",
              "gilled",
              "wager",
              "sandbag",
              "crinkle",
              "among",
              "bulb",
              "craving",
              "willing",
              "sincerity",
              "surfer",
              "elated",
              "relapse",
              "moonstone",
              "treading",
              "curse",
              "appease",
              "germinate",
              "crablike",
              "synopsis",
              "snowdrop",
              "railcar",
              "broom",
              "repeal",
              "drastic",
              "ritzy",
              "dexterous",
              "rut",
              "numerous",
              "wiring",
              "scorpion",
              "gorged",
              "clumsy",
              "cognitive",
              "scoured",
              "dirtiness",
              "designer",
              "dealing",
              "unrigged",
              "obsessive",
              "onyx",
              "tweed",
              "unsubtly",
              "brook",
              "overrate",
              "egotistic",
              "mower",
              "coeditor",
              "unexpired",
              "chip",
              "acclaim",
              "copied",
              "uneasy",
              "rope",
              "unrivaled",
              "unchanged",
              "uncross",
              "camcorder",
              "thigh",
              "aerospace",
              "pouring",
              "dullness",
              "trickster",
              "isolation",
              "revert",
              "purse",
              "unsuited",
              "frightful",
              "sardine",
              "output",
              "poem",
              "handgun",
              "ribbon",
              "consumer",
              "nutcase",
              "catapult",
              "happily",
              "jubilant",
              "selected",
              "blasphemy",
              "unwed",
              "sludge",
              "distrust",
              "bullpen",
              "coronary",
              "tactile",
              "abiding",
              "eradicate",
              "exclude",
              "deniable",
              "overcast",
              "deputize",
              "glider",
              "bondless",
              "embark",
              "blunt",
              "dropbox",
              "riveting",
              "outflank",
              "cactus",
              "onlooker",
              "decimeter",
              "slip",
              "treat",
              "decrease",
              "throat",
              "cobalt",
              "freebee",
              "spring",
              "contusion",
              "compacted",
              "exciting",
              "paging",
              "bulginess",
              "decade",
              "precise",
              "swooned",
              "overbid",
              "stream",
              "fried",
              "recount",
              "dad",
              "falcon",
              "ajar",
              "art",
              "twisted",
              "cesarean",
              "handheld",
              "tractor",
              "gulp",
              "unlatch",
              "sandpit",
              "sitcom",
              "shout",
              "singing",
              "subheader",
              "unvarying",
              ""
            ],
            "keepers": null,
            "result": [
              "portfolio",
              "art"
            ],
            "result_count": 2,
            "seed": null
          },
          "sensitive_attributes": [],
          "identity_schema_version": 0
        },
        {
          "index_key": 45,
          "schema_version": 0,
          "attributes": {
            "id": "-",
            "input": [
              "liable",
              "donated",
              "mayday",
              "blooper",
              "pueblo",
              "tantrum",
              "scary",
              "secret",
              "secluded",
              "babied",
              "ignition",
              "unfasten",
              "affirm",
              "margarine",
              "credit",
              "underage",
              "june",
              "licking",
              "approve",
              "overbite",
              "ditto",
              "pavilion",
              "chewy",
              "drivable",
              "favorable",
              "kitchen",
              "wriggly",
              "shape",
              "resistant",
              "unless",
              "backlight",
              "cruelty",
              "empower",
              "freewill",
              "passage",
              "net",
              "retrial",
              "hulk",
              "drizzly",
              "ambitious",
              "banknote",
              "calm",
              "these",
              "outlet",
              "survivor",
              "silenced",
              "fantasy",
              "flogging",
              "aeration",
              "balsamic",
              "antivirus",
              "glowing",
              "setup",
              "unpopular",
              "immobile",
              "divisive",
              "dosage",
              "amicably",
              "follicle",
              "ogle",
              "subscribe",
              "second",
              "mountable",
              "catnap",
              "yummy",
              "frill",
              "take",
              "challenge",
              "voyage",
              "chevy",
              "caravan",
              "busload",
              "boss",
              "irk",
              "selection",
              "surreal",
              "gliding",
              "preset",
              "dastardly",
              "curliness",
              "colossal",
              "litigate",
              "phony",
              "hardly",
              "connected",
              "waviness",
              "capital",
              "carefully",
              "obstruct",
              "carton",
              "rebuttal",
              "underfeed",
              "aqueduct",
              "chomp",
              "kindle",
              "outfield",
              "niece",
              "consult",
              "truth",
              "gloomy",
              "shiftless",
              "robust",
              "hypnotic",
              "stricken",
              "vaguely",
              "buckle",
              "galore",
              "unheard",
              "slum",
              "marathon",
              "portfolio",
              "anchor",
              "prodigy",
              "bonelike",
              "tamper",
              "sharper",
              "chair",
              "hardhead",
              "overfill",
              "lyrically",
              "erratic",
              "schilling",
              "reveler",
              "tabloid",
              "guise",
              "sulfate",
              "activism",
              "lecturer",
              "nanny",
              "overnight",
              "diligent",
              "knelt",
              "refutable",
              "dotted",
              "cosigner",
              "wife",
              "appliance",
              "plutonium",
              "defiant",
              "iphone",
              "outreach",
              "abroad",
              "yoga",
              "singular",
              "uncombed",
              "feline",
              "python",
              "crabbing",
              "sixtieth",
              "gag",
              "erupt",
              "squeegee",
              "juvenile",
              "usher",
              "specked",
              "septum",
              "reissue",
              "fox",
              "undiluted",
              "tattling",
              "conch",
              "hypocrisy",
              "flashy",
              "thousand",
              "gilled",
              "wager",
              "sandbag",
              "crinkle",
              "among",
              "bulb",
              "craving",
              "willing",
              "sincerity",
              "surfer",
              "elated",
              "relapse",
              "moonstone",
              "treading",
              "curse",
              "appease",
              "germinate",
              "crablike",
              "synopsis",
              "snowdrop",
              "railcar",
              "broom",
              "repeal",
              "drastic",
              "ritzy",
              "dexterous",
              "rut",
              "numerous",
              "wiring",
              "scorpion",
              "gorged",
              "clumsy",
              "cognitive",
              "scoured",
              "dirtiness",
              "designer",
              "dealing",
              "unrigged",
              "obsessive",
              "onyx",
              "tweed",
              "unsubtly",
              "brook",
              "overrate",
              "egotistic",
              "mower",
              "coeditor",
              "unexpired",
              "chip",
              "acclaim",
              "copied",
              "uneasy",
              "rope",
              "unrivaled",
              "unchanged",
              "uncross",
              "camcorder",
              "thigh",
              "aerospace",
              "pouring",
              "dullness",
              "trickster",
              "isolation",
              "revert",
              "purse",
              "unsuited",
              "frightful",
              "sardine",
              "output",
              "poem",
              "handgun",
              "ribbon",
              "consumer",
              "nutcase",
              "catapult",
              "happily",
              "jubilant",
              "selected",
              "blasphemy",
              "unwed",
              "sludge",
              "distrust",
              "bullpen",
              "coronary",
              "tactile",
              "abiding",
              "eradicate",
              "exclude",
              "deniable",
              "overcast",
              "deputize",
              "glider",
              "bondless",
              "embark",
              "blunt",
              "dropbox",
              "riveting",
              "outflank",
              "cactus",
              "onlooker",
              "decimeter",
              "slip",
              "treat",
              "decrease",
              "throat",
              "cobalt",
              "freebee",
              "spring",
              "contusion",
              "compacted",
              "exciting",
              "paging",
              "bulginess",
              "decade",
              "precise",
              "swooned",
              "overbid",
              "stream",
              "fried",
              "recount",
              "dad",
              "falcon",
              "ajar",
              "art",
              "twisted",
              "cesarean",
              "handheld",
              "tractor",
              "gulp",
              "unlatch",
              "sandpit",
              "sitcom",
              "shout",
              "singing",
              "subheader",
              "unvarying",
              ""
            ],
            "keepers": null,
            "result": [
              "favorable",
              "unpopular"
            ],
            "result_count": 2,
            "seed": null
          },
          "sensitive_attributes": [],
          "identity_schema_version": 0
        },
        {
          "index_key": 46,
          "schema_version": 0,
          "attributes": {
            "id": "-",
            "input": [
              "liable",
              "donated",
              "mayday",
              "blooper",
              "pueblo",
              "tantrum",
              "scary",
              "secret",
              "secluded",
              "babied",
              "ignition",
              "unfasten",
              "affirm",
              "margarine",
              "credit",
              "underage",
              "june",
              "licking",
              "approve",
              "overbite",
              "ditto",
              "pavilion",
              "chewy",
              "drivable",
              "favorable",
              "kitchen",
              "wriggly",
              "shape",
              "resistant",
              "unless",
              "backlight",
              "cruelty",
              "empower",
              "freewill",
              "passage",
              "net",
              "retrial",
              "hulk",
              "drizzly",
              "ambitious",
              "banknote",
              "calm",
              "these",
              "outlet",
              "survivor",
              "silenced",
              "fantasy",
              "flogging",
              "aeration",
              "balsamic",
              "antivirus",
              "glowing",
              "setup",
              "unpopular",
              "immobile",
              "divisive",
              "dosage",
              "amicably",
              "follicle",
              "ogle",
              "subscribe",
              "second",
              "mountable",
              "catnap",
              "yummy",
              "frill",
              "take",
              "challenge",
              "voyage",
              "chevy",
              "caravan",
              "busload",
              "boss",
              "irk",
              "selection",
              "surreal",
              "gliding",
              "preset",
              "dastardly",
              "curliness",
              "colossal",
              "litigate",
              "phony",
              "hardly",
              "connected",
              "waviness",
              "capital",
              "carefully",
              "obstruct",
              "carton",
              "rebuttal",
              "underfeed",
              "aqueduct",
              "chomp",
              "kindle",
              "outfield",
              "niece",
              "consult",
              "truth",
              "gloomy",
              "shiftless",
              "robust",
              "hypnotic",
              "stricken",
              "vaguely",
              "buckle",
              "galore",
              "unheard",
              "slum",
              "marathon",
              "portfolio",
              "anchor",
              "prodigy",
              "bonelike",
              "tamper",
              "sharper",
              "chair",
              "hardhead",
              "overfill",
              "lyrically",
              "erratic",
              "schilling",
              "reveler",
              "tabloid",
              "guise",
              "sulfate",
              "activism",
              "lecturer",
              "nanny",
              "overnight",
              "diligent",
              "knelt",
              "refutable",
              "dotted",
              "cosigner",
              "wife",
              "appliance",
              "plutonium",
              "defiant",
              "iphone",
              "outreach",
              "abroad",
              "yoga",
              "singular",
              "uncombed",
              "feline",
              "python",
              "crabbing",
              "sixtieth",
              "gag",
              "erupt",
              "squeegee",
              "juvenile",
              "usher",
              "specked",
              "septum",
              "reissue",
              "fox",
              "undiluted",
              "tattling",
              "conch",
              "hypocrisy",
              "flashy",
              "thousand",
              "gilled",
              "wager",
              "sandbag",
              "crinkle",
              "among",
              "bulb",
              "craving",
              "willing",
              "sincerity",
              "surfer",
              "elated",
              "relapse",
              "moonstone",
              "treading",
              "curse",
              "appease",
              "germinate",
              "crablike",
              "synopsis",
              "snowdrop",
              "railcar",
              "broom",
              "repeal",
              "drastic",
              "ritzy",
              "dexterous",
              "rut",
              "numerous",
              "wiring",
              "scorpion",
              "gorged",
              "clumsy",
              "cognitive",
              "scoured",
              "dirtiness",
              "designer",
              "dealing",
              "unrigged",
              "obsessive",
              "onyx",
              "tweed",
              "unsubtly",
              "brook",
              "overrate",
              "egotistic",
              "mower",
              "coeditor",
              "unexpired",
              "chip",
              "acclaim",
              "copied",
              "uneasy",
              "rope",
              "unrivaled",
              "unchanged",
              "uncross",
              "camcorder",
              "thigh",
              "aerospace",
              "pouring",
              "dullness",
              "trickster",
              "isolation",
              "revert",
              "purse",
              "unsuited",
              "frightful",
              "sardine",
              "output",
              "poem",
              "handgun",
              "ribbon",
              "consumer",
              "nutcase",
              "catapult",
              "happily",
              "jubilant",
              "selected",
              "blasphemy",
              "unwed",
              "sludge",
              "distrust",
              "bullpen",
              "coronary",
              "tactile",
              "abiding",
              "eradicate",
              "exclude",
              "deniable",
              "overcast",
              "deputize",
              "glider",
              "bondless",
              "embark",
              "blunt",
              "dropbox",
              "riveting",
              "outflank",
              "cactus",
              "onlooker",
              "decimeter",
              "slip",
              "treat",
              "decrease",
              "throat",
              "cobalt",
              "freebee",
              "spring",
              "contusion",
              "compacted",
              "exciting",
              "paging",
              "bulginess",
              "decade",
              "precise",
              "swooned",
              "overbid",
              "stream",
              "fried",
              "recount",
              "dad",
              "falcon",
              "ajar",
              "art",
              "twisted",
              "cesarean",
              "handheld",
              "tractor",
              "gulp",
              "unlatch",
              "sandpit",
              "sitcom",
              "shout",
              "singing",
              "subheader",
              "unvarying",
              ""
            ],
            "keepers": null,
            "result": [
              "uneasy",
              "voyage"
            ],
            "result_count": 2,
            "seed": null
          },
          "sensitive_attributes": [],
          "identity_schema_version": 0
        },
        {
          "index_key": 47,
          "schema_version": 0,
          "attributes": {
            "id": "-",
            "input": [
              "liable",
              "donated",
              "mayday",
              "blooper",
              "pueblo",
              "tantrum",
              "scary",
              "secret",
              "secluded",
              "babied",
              "ignition",
              "unfasten",
              "affirm",
              "margarine",
              "credit",
              "underage",
              "june",
              "licking",
              "approve",
              "overbite",
              "ditto",
              "pavilion",
              "chewy",
              "drivable",
              "favorable",
              "kitchen",
              "wriggly",
              "shape",
              "resistant",
              "unless",
              "backlight",
              "cruelty",
              "empower",
              "freewill",
              "passage",
              "net",
              "retrial",
              "hulk",
              "drizzly",
              "ambitious",
              "banknote",
              "calm",
              "these",
              "outlet",
              "survivor",
              "silenced",
              "fantasy",
              "flogging",
              "aeration",
              "balsamic",
              "antivirus",
              "glowing",
              "setup",
              "unpopular",
              "immobile",
              "divisive",
              "dosage",
              "amicably",
              "follicle",
              "ogle",
              "subscribe",
              "second",
              "mountable",
              "catnap",
              "yummy",
              "frill",
              "take",
              "challenge",
              "voyage",
              "chevy",
              "caravan",
              "busload",
              "boss",
              "irk",
              "selection",
              "surreal",
              "gliding",
              "preset",
              "dastardly",
              "curliness",
              "colossal",
              "litigate",
              "phony",
              "hardly",
              "connected",
              "waviness",
              "capital",
              "carefully",
              "obstruct",
              "carton",
              "rebuttal",
              "underfeed",
              "aqueduct",
              "chomp",
              "kindle",
              "outfield",
              "niece",
              "consult",
              "truth",
              "gloomy",
              "shiftless",
              "robust",
              "hypnotic",
              "stricken",
              "vaguely",
              "buckle",
              "galore",
              "unheard",
              "slum",
              "marathon",
              "portfolio",
              "anchor",
              "prodigy",
              "bonelike",
              "tamper",
              "sharper",
              "chair",
              "hardhead",
              "overfill",
              "lyrically",
              "erratic",
              "schilling",
              "reveler",
              "tabloid",
              "guise",
              "sulfate",
              "activism",
              "lecturer",
              "nanny",
              "overnight",
              "diligent",
              "knelt",
              "refutable",
              "dotted",
              "cosigner",
              "wife",
              "appliance",
              "plutonium",
              "defiant",
              "iphone",
              "outreach",
              "abroad",
              "yoga",
              "singular",
              "uncombed",
              "feline",
              "python",
              "crabbing",
              "sixtieth",
              "gag",
              "erupt",
              "squeegee",
              "juvenile",
              "usher",
              "specked",
              "septum",
              "reissue",
              "fox",
              "undiluted",
              "tattling",
              "conch",
              "hypocrisy",
              "flashy",
              "thousand",
              "gilled",
              "wager",
              "sandbag",
              "crinkle",
              "among",
              "bulb",
              "craving",
              "willing",
              "sincerity",
              "surfer",
              "elated",
              "relapse",
              "moonstone",
              "treading",
              "curse",
              "appease",
              "germinate",
              "crablike",
              "synopsis",
              "snowdrop",
              "railcar",
              "broom",
              "repeal",
              "drastic",
              "ritzy",
              "dexterous",
              "rut",
              "numerous",
              "wiring",
              "scorpion",
              "gorged",
              "clumsy",
              "cognitive",
              "scoured",
              "dirtiness",
              "designer",
              "dealing",
              "unrigged",
              "obsessive",
              "onyx",
              "tweed",
              "unsubtly",
              "brook",
              "overrate",
              "egotistic",
              "mower",
              "coeditor",
              "unexpired",
              "chip",
              "acclaim",
              "copied",
              "uneasy",
              "rope",
              "unrivaled",
              "unchanged",
              "uncross",
              "camcorder",
              "thigh",
              "aerospace",
              "pouring",
              "dullness",
              "trickster",
              "isolation",
              "revert",
              "purse",
              "unsuited",
              "frightful",
              "sardine",
              "output",
              "poem",
              "handgun",
              "ribbon",
              "consumer",
              "nutcase",
              "catapult",
              "happily",
              "jubilant",
              "selected",
              "blasphemy",
              "unwed",
              "sludge",
              "distrust",
              "bullpen",
              "coronary",
              "tactile",
              "abiding",
              "eradicate",
              "exclude",
              "deniable",
              "overcast",
              "deputize",
              "glider",
              "bondless",
              "embark",
              "blunt",
              "dropbox",
              "riveting",
              "outflank",
              "cactus",
              "onlooker",
              "decimeter",
              "slip",
              "treat",
              "decrease",
              "throat",
              "cobalt",
              "freebee",
              "spring",
              "contusion",
              "compacted",
              "exciting",
              "paging",
              "bulginess",
              "decade",
              "precise",
              "swooned",
              "overbid",
              "stream",
              "fried",
              "recount",
              "dad",
              "falcon",
              "ajar",
              "art",
              "twisted",
              "cesarean",
              "handheld",
              "tractor",
              "gulp",
              "unlatch",
              "sandpit",
              "sitcom",
              "shout",
              "singing",
              "subheader",
              "unvarying",
              ""
            ],
            "keepers": null,
            "result": [
              "chevy",
              "obstruct"
            ],
            "result_count": 2,
            "seed": null
          },
          "sensitive_attributes": [],
          "identity_schema_version": 0
        },
        {
          "index_key": 48,
          "schema_version": 0,
          "attributes": {
            "id": "-",
            "input": [
              "liable",
              "donated",
              "mayday",
              "blooper",
              "pueblo",
              "tantrum",
              "scary",
              "secret",
              "secluded",
              "babied",
              "ignition",
              "unfasten",
              "affirm",
              "margarine",
              "credit",
              "underage",
              "june",
              "licking",
              "approve",
              "overbite",
              "ditto",
              "pavilion",
              "chewy",
              "drivable",
              "favorable",
              "kitchen",
              "wriggly",
              "shape",
              "resistant",
              "unless",
              "backlight",
              "cruelty",
              "empower",
              "freewill",
              "passage",
              "net",
              "retrial",
              "hulk",
              "drizzly",
              "ambitious",
              "banknote",
              "calm",
              "these",
              "outlet",
              "survivor",
              "silenced",
              "fantasy",
              "flogging",
              "aeration",
              "balsamic",
              "antivirus",
              "glowing",
              "setup",
              "unpopular",
              "immobile",
              "divisive",
              "dosage",
              "amicably",
              "follicle",
              "ogle",
              "subscribe",
              "second",
              "mountable",
              "catnap",
              "yummy",
              "frill",
              "take",
              "challenge",
              "voyage",
              "chevy",
              "caravan",
              "busload",
              "boss",
              "irk",
              "selection",
              "surreal",
              "gliding",
              "preset",
              "dastardly",
              "curliness",
              "colossal",
              "litigate",
              "phony",
              "hardly",
              "connected",
              "waviness",
              "capital",
              "carefully",
              "obstruct",
              "carton",
              "rebuttal",
              "underfeed",
              "aqueduct",
              "chomp",
              "kindle",
              "outfield",
              "niece",
              "consult",
              "truth",
              "gloomy",
              "shiftless",
              "robust",
              "hypnotic",
              "stricken",
              "vaguely",
              "buckle",
              "galore",
              "unheard",
              "slum",
              "marathon",
              "portfolio",
              "anchor",
              "prodigy",
              "bonelike",
              "tamper",
              "sharper",
              "chair",
              "hardhead",
              "overfill",
              "lyrically",
              "erratic",
              "schilling",
              "reveler",
              "tabloid",
              "guise",
              "sulfate",
              "activism",
              "lecturer",
              "nanny",
              "overnight",
              "diligent",
              "knelt",
              "refutable",
              "dotted",
              "cosigner",
              "wife",
              "appliance",
              "plutonium",
              "defiant",
              "iphone",
              "outreach",
              "abroad",
              "yoga",
              "singular",
              "uncombed",
              "feline",
              "python",
              "crabbing",
              "sixtieth",
              "gag",
              "erupt",
              "squeegee",
              "juvenile",
              "usher",
              "specked",
              "septum",
              "reissue",
              "fox",
              "undiluted",
              "tattling",
              "conch",
              "hypocrisy",
              "flashy",
              "thousand",
              "gilled",
              "wager",
              "sandbag",
              "crinkle",
              "among",
              "bulb",
              "craving",
              "willing",
              "sincerity",
              "surfer",
              "elated",
              "relapse",
              "moonstone",
              "treading",
              "curse",
              "appease",
              "germinate",
              "crablike",
              "synopsis",
              "snowdrop",
              "railcar",
              "broom",
              "repeal",
              "drastic",
              "ritzy",
              "dexterous",
              "rut",
              "numerous",
              "wiring",
              "scorpion",
              "gorged",
              "clumsy",
              "cognitive",
              "scoured",
              "dirtiness",
              "designer",
              "dealing",
              "unrigged",
              "obsessive",
              "onyx",
              "tweed",
              "unsubtly",
              "brook",
              "overrate",
              "egotistic",
              "mower",
              "coeditor",
              "unexpired",
              "chip",
              "acclaim",
              "copied",
              "uneasy",
              "rope",
              "unrivaled",
              "unchanged",
              "uncross",
              "camcorder",
              "thigh",
              "aerospace",
              "pouring",
              "dullness",
              "trickster",
              "isolation",
              "revert",
              "purse",
              "unsuited",
              "frightful",
              "sardine",
              "output",
              "poem",
              "handgun",
              "ribbon",
              "consumer",
              "nutcase",
              "catapult",
              "happily",
              "jubilant",
              "selected",
              "blasphemy",
              "unwed",
              "sludge",
              "distrust",
              "bullpen",
              "coronary",
              "tactile",
              "abiding",
              "eradicate",
              "exclude",
              "deniable",
              "overcast",
              "deputize",
              "glider",
              "bondless",
              "embark",
              "blunt",
              "dropbox",
              "riveting",
              "outflank",
              "cactus",
              "onlooker",
              "decimeter",
              "slip",
              "treat",
              "decrease",
              "throat",
              "cobalt",
              "freebee",
              "spring",
              "contusion",
              "compacted",
              "exciting",
              "paging",
              "bulginess",
              "decade",
              "precise",
              "swooned",
              "overbid",
              "stream",
              "fried",
              "recount",
              "dad",
              "falcon",
              "ajar",
              "art",
              "twisted",
              "cesarean",
              "handheld",
              "tractor",
              "gulp",
              "unlatch",
              "sandpit",
              "sitcom",
              "shout",
              "singing",
              "subheader",
              "unvarying",
              ""
            ],
            "keepers": null,
            "result": [
              "deniable",
              "decimeter"
            ],
            "result_count": 2,
            "seed": null
          },
          "sensitive_attributes": [],
          "identity_schema_version": 0
        },
        {
          "index_key": 49,
          "schema_version": 0,
          "attributes": {
            "id": "-",
            "input": [
              "liable",
              "donated",
              "mayday",
              "blooper",
              "pueblo",
              "tantrum",
              "scary",
              "secret",
              "secluded",
              "babied",
              "ignition",
              "unfasten",
              "affirm",
              "margarine",
              "credit",
              "underage",
              "june",
              "licking",
              "approve",
              "overbite",
              "ditto",
              "pavilion",
              "chewy",
              "drivable",
              "favorable",
              "kitchen",
              "wriggly",
              "shape",
              "resistant",
              "unless",
              "backlight",
              "cruelty",
              "empower",
              "freewill",
              "passage",
              "net",
              "retrial",
              "hulk",
              "drizzly",
              "ambitious",
              "banknote",
              "calm",
              "these",
              "outlet",
              "survivor",
              "silenced",
              "fantasy",
              "flogging",
              "aeration",
              "balsamic",
              "antivirus",
              "glowing",
              "setup",
              "unpopular",
              "immobile",
              "divisive",
              "dosage",
              "amicably",
              "follicle",
              "ogle",
              "subscribe",
              "second",
              "mountable",
              "catnap",
              "yummy",
              "frill",
              "take",
              "challenge",
              "voyage",
              "chevy",
              "caravan",
              "busload",
              "boss",
              "irk",
              "selection",
              "surreal",
              "gliding",
              "preset",
              "dastardly",
              "curliness",
              "colossal",
              "litigate",
              "phony",
              "hardly",
              "connected",
              "waviness",
              "capital",
              "carefully",
              "obstruct",
              "carton",
              "rebuttal",
              "underfeed",
              "aqueduct",
              "chomp",
              "kindle",
              "outfield",
              "niece",
              "consult",
              "truth",
              "gloomy",
              "shiftless",
              "robust",
              "hypnotic",
              "stricken",
              "vaguely",
              "buckle",
              "galore",
              "unheard",
              "slum",
              "marathon",
              "portfolio",
              "anchor",
              "prodigy",
              "bonelike",
              "tamper",
              "sharper",
              "chair",
              "hardhead",
              "overfill",
              "lyrically",
              "erratic",
              "schilling",
              "reveler",
              "tabloid",
              "guise",
              "sulfate",
              "activism",
              "lecturer",
              "nanny",
              "overnight",
              "diligent",
              "knelt",
              "refutable",
              "dotted",
              "cosigner",
              "wife",
              "appliance",
              "plutonium",
              "defiant",
              "iphone",
              "outreach",
              "abroad",
              "yoga",
              "singular",
              "uncombed",
              "feline",
              "python",
              "crabbing",
              "sixtieth",
              "gag",
              "erupt",
              "squeegee",
              "juvenile",
              "usher",
              "specked",
              "septum",
              "reissue",
              "fox",
              "undiluted",
              "tattling",
              "conch",
              "hypocrisy",
              "flashy",
              "thousand",
              "gilled",
              "wager",
              "sandbag",
              "crinkle",
              "among",
              "bulb",
              "craving",
              "willing",
              "sincerity",
              "surfer",
              "elated",
              "relapse",
              "moonstone",
              "treading",
              "curse",
              "appease",
              "germinate",
              "crablike",
              "synopsis",
              "snowdrop",
              "railcar",
              "broom",
              "repeal",
              "drastic",
              "ritzy",
              "dexterous",
              "rut",
              "numerous",
              "wiring",
              "scorpion",
              "gorged",
              "clumsy",
              "cognitive",
              "scoured",
              "dirtiness",
              "designer",
              "dealing",
              "unrigged",
              "obsessive",
              "onyx",
              "tweed",
              "unsubtly",
              "brook",
              "overrate",
              "egotistic",
              "mower",
              "coeditor",
              "unexpired",
              "chip",
              "acclaim",
              "copied",
              "uneasy",
              "rope",
              "unrivaled",
              "unchanged",
              "uncross",
              "camcorder",
              "thigh",
              "aerospace",
              "pouring",
              "dullness",
              "trickster",
              "isolation",
              "revert",
              "purse",
              "unsuited",
              "frightful",
              "sardine",
              "output",
              "poem",
              "handgun",
              "ribbon",
              "consumer",
              "nutcase",
              "catapult",
              "happily",
              "jubilant",
              "selected",
              "blasphemy",
              "unwed",
              "sludge",
              "distrust",
              "bullpen",
              "coronary",
              "tactile",
              "abiding",
              "eradicate",
              "exclude",
              "deniable",
              "overcast",
              "deputize",
              "glider",
              "bondless",
              "embark",
              "blunt",
              "dropbox",
              "riveting",
              "outflank",
              "cactus",
              "onlooker",
              "decimeter",
              "slip",
              "treat",
              "decrease",
              "throat",
              "cobalt",
              "freebee",
              "spring",
              "contusion",
              "compacted",
              "exciting",
              "paging",
              "bulginess",
              "decade",
              "precise",
              "swooned",
              "overbid",
              "stream",
              "fried",
              "recount",
              "dad",
              "falcon",
              "ajar",
              "art",
              "twisted",
              "cesarean",
              "handheld",
              "tractor",
              "gulp",
              "unlatch",
              "sandpit",
              "sitcom",
              "shout",
              "singing",
              "subheader",
              "unvarying",
              ""
            ],
            "keepers": null,
            "result": [
              "follicle",
              "erratic"
            ],
            "result_count": 2,
            "seed": null
          },
          "sensitive_attributes": [],
          "identity_schema_version": 0
        },
        {
          "index_key": 50,
          "schema_version": 0,
          "attributes": {
            "id": "-",
            "input": [
              "liable",
              "donated",
              "mayday",
              "blooper",
              "pueblo",
              "tantrum",
              "scary",
              "secret",
              "secluded",
              "babied",
              "ignition",
              "unfasten",
              "affirm",
              "margarine",
              "credit",
              "underage",
              "june",
              "licking",
              "approve",
              "overbite",
              "ditto",
              "pavilion",
              "chewy",
              "drivable",
              "favorable",
              "kitchen",
              "wriggly",
              "shape",
              "resistant",
              "unless",
              "backlight",
              "cruelty",
              "empower",
              "freewill",
              "passage",
              "net",
              "retrial",
              "hulk",
              "drizzly",
              "ambitious",
              "banknote",
              "calm",
              "these",
              "outlet",
              "survivor",
              "silenced",
              "fantasy",
              "flogging",
              "aeration",
              "balsamic",
              "antivirus",
              "glowing",
              "setup",
              "unpopular",
              "immobile",
              "divisive",
              "dosage",
              "amicably",
              "follicle",
              "ogle",
              "subscribe",
              "second",
              "mountable",
              "catnap",
              "yummy",
              "frill",
              "take",
              "challenge",
              "voyage",
              "chevy",
              "caravan",
              "busload",
              "boss",
              "irk",
              "selection",
              "surreal",
              "gliding",
              "preset",
              "dastardly",
              "curliness",
              "colossal",
              "litigate",
              "phony",
              "hardly",
              "connected",
              "waviness",
              "capital",
              "carefully",
              "obstruct",
              "carton",
              "rebuttal",
              "underfeed",
              "aqueduct",
              "chomp",
              "kindle",
              "outfield",
              "niece",
              "consult",
              "truth",
              "gloomy",
              "shiftless",
              "robust",
              "hypnotic",
              "stricken",
              "vaguely",
              "buckle",
              "galore",
              "unheard",
              "slum",
              "marathon",
              "portfolio",
              "anchor",
              "prodigy",
              "bonelike",
              "tamper",
              "sharper",
              "chair",
              "hardhead",
              "overfill",
              "lyrically",
              "erratic",
              "schilling",
              "reveler",
              "tabloid",
              "guise",
              "sulfate",
              "activism",
              "lecturer",
              "nanny",
              "overnight",
              "diligent",
              "knelt",
              "refutable",
              "dotted",
              "cosigner",
              "wife",
              "appliance",
              "plutonium",
              "defiant",
              "iphone",
              "outreach",
              "abroad",
              "yoga",
              "singular",
              "uncombed",
              "feline",
              "python",
              "crabbing",
              "sixtieth",
              "gag",
              "erupt",
              "squeegee",
              "juvenile",
              "usher",
              "specked",
              "septum",
              "reissue",
              "fox",
              "undiluted",
              "tattling",
              "conch",
              "hypocrisy",
              "flashy",
              "thousand",
              "gilled",
              "wager",
              "sandbag",
              "crinkle",
              "among",
              "bulb",
              "craving",
              "willing",
              "sincerity",
              "surfer",
              "elated",
              "relapse",
              "moonstone",
              "treading",
              "curse",
              "appease",
              "germinate",
              "crablike",
              "synopsis",
              "snowdrop",
              "railcar",
              "broom",
              "repeal",
              "drastic",
              "ritzy",
              "dexterous",
              "rut",
              "numerous",
              "wiring",
              "scorpion",
              "gorged",
              "clumsy",
              "cognitive",
              "scoured",
              "dirtiness",
              "designer",
              "dealing",
              "unrigged",
              "obsessive",
              "onyx",
              "tweed",
              "unsubtly",
              "brook",
              "overrate",
              "egotistic",
              "mower",
              "coeditor",
              "unexpired",
              "chip",
              "acclaim",
              "copied",
              "uneasy",
              "rope",
              "unrivaled",
              "unchanged",
              "uncross",
              "camcorder",
              "thigh",
              "aerospace",
              "pouring",
              "dullness",
              "trickster",
              "isolation",
              "revert",
              "purse",
              "unsuited",
              "frightful",
              "sardine",
              "output",
              "poem",
              "handgun",
              "ribbon",
              "consumer",
              "nutcase",
              "catapult",
              "happily",
              "jubilant",
              "selected",
              "blasphemy",
              "unwed",
              "sludge",
              "distrust",
              "bullpen",
              "coronary",
              "tactile",
              "abiding",
              "eradicate",
              "exclude",
              "deniable",
              "overcast",
              "deputize",
              "glider",
              "bondless",
              "embark",
              "blunt",
              "dropbox",
              "riveting",
              "outflank",
              "cactus",
              "onlooker",
              "decimeter",
              "slip",
              "treat",
              "decrease",
              "throat",
              "cobalt",
              "freebee",
              "spring",
              "contusion",
              "compacted",
              "exciting",
              "paging",
              "bulginess",
              "decade",
              "precise",
              "swooned",
              "overbid",
              "stream",
              "fried",
              "recount",
              "dad",
              "falcon",
              "ajar",
              "art",
              "twisted",
              "cesarean",
              "handheld",
              "tractor",
              "gulp",
              "unlatch",
              "sandpit",
              "sitcom",
              "shout",
              "singing",
              "subheader",
              "unvarying",
              ""
            ],
            "keepers": null,
            "result": [
              "crabbing",
              "crablike"
            ],
            "result_count": 2,
            "seed": null
          },
          "sensitive_attributes": [],
          "identity_schema_version": 0
        }
      ]
    },
    {
      "mode": "managed",
      "type": "random_string",
      "name": "suffix",
      "provider": "provider[\"registry.terraform.io/hashicorp/random\"]",
      "instances": [
        {
          "schema_version": 2,
          "attributes": {
            "id": "rx7agq",
            "keepers": null,
            "length": 6,
            "lower": true,
            "min_lower": 0,
            "min_numeric": 0,
            "min_special": 0,
            "min_upper": 0,
            "number": true,
            "numeric": true,
            "override_special": null,
            "result": "rx7agq",
            "special": false,
            "upper": false
          },
          "sensitive_attributes": [],
          "identity_schema_version": 0
        }
      ]
    }
  ],
  "check_results": null
}
